{"format_version":"1.0","provider_schemas":{"registry.terraform.io/vmware/nsxt":{"provider":{"version":0,"block":{"attributes":{"allow_unverified_ssl":{"type":"bool","description_kind":"plain","optional":true},"ca":{"type":"string","description":"CA certificate passed as string","description_kind":"plain","optional":true},"ca_file":{"type":"string","description_kind":"plain","optional":true},"client_auth_cert":{"type":"string","description":"Client certificate passed as string","description_kind":"plain","optional":true},"client_auth_cert_file":{"type":"string","description_kind":"plain","optional":true},"client_auth_key":{"type":"string","description":"Client certificate key passed as string","description_kind":"plain","optional":true},"client_auth_key_file":{"type":"string","description_kind":"plain","optional":true},"enforcement_point":{"type":"string","description":"Enforcement Point for NSXT Policy","description_kind":"plain","optional":true},"global_manager":{"type":"bool","description":"Is this a policy global manager endpoint","description_kind":"plain","optional":true},"host":{"type":"string","description":"The hostname or IP address of the NSX manager.","description_kind":"plain","optional":true},"license_keys":{"type":["list","string"],"description":"license keys","description_kind":"plain","optional":true},"max_retries":{"type":"number","description":"Maximum number of HTTP client retries","description_kind":"plain","optional":true},"on_demand_connection":{"type":"bool","description":"Avoid initializing NSX connection on startup","description_kind":"plain","optional":true},"password":{"type":"string","description_kind":"plain","optional":true,"sensitive":true},"remote_auth":{"type":"bool","description_kind":"plain","optional":true},"retry_max_delay":{"type":"number","description":"Maximum delay in milliseconds between retries of a request","description_kind":"plain","optional":true},"retry_min_delay":{"type":"number","description":"Minimum delay in milliseconds between retries of a request","description_kind":"plain","optional":true},"retry_on_status_codes":{"type":["list","number"],"description":"HTTP replies status codes to retry on","description_kind":"plain","optional":true},"session_auth":{"type":"bool","description_kind":"plain","optional":true},"tolerate_partial_success":{"type":"bool","description":"Treat partial success status as success","description_kind":"plain","optional":true},"username":{"type":"string","description_kind":"plain","optional":true},"vmc_auth_host":{"type":"string","description":"URL for VMC authorization service (CSP)","description_kind":"plain","optional":true},"vmc_auth_mode":{"type":"string","description":"Mode for VMC authorization","description_kind":"plain","optional":true},"vmc_token":{"type":"string","description":"Long-living API token for VMC authorization","description_kind":"plain","optional":true}},"description_kind":"plain"}},"resource_schemas":{"nsxt_algorithm_type_ns_service":{"version":0,"block":{"attributes":{"algorithm":{"type":"string","description":"Algorithm","description_kind":"plain","required":true},"default_service":{"type":"bool","description":"A boolean flag which reflects whether this is a default NSServices which can't be modified/deleted","description_kind":"plain","computed":true},"description":{"type":"string","description":"Description of this resource","description_kind":"plain","optional":true},"destination_port":{"type":"string","description":"A single destination port","description_kind":"plain","required":true},"display_name":{"type":"string","description":"The display name of this resource. Defaults to ID if not set","description_kind":"plain","optional":true,"computed":true},"id":{"type":"string","description_kind":"plain","optional":true,"computed":true},"revision":{"type":"number","description":"The _revision property describes the current revision of the resource. To prevent clients from overwriting each other's changes, PUT operations must include the current _revision of the resource, which clients should obtain by issuing a GET operation. If the _revision provided in a PUT request is missing or stale, the operation will be rejected","description_kind":"plain","computed":true},"source_ports":{"type":["set","string"],"description":"Set of source ports or ranges","description_kind":"plain","optional":true}},"block_types":{"tag":{"nesting_mode":"set","block":{"attributes":{"scope":{"type":"string","description_kind":"plain","optional":true},"tag":{"type":"string","description_kind":"plain","optional":true}},"description":"Set of opaque identifiers meaningful to the user","description_kind":"plain"}}},"description_kind":"plain","deprecated":true}},"nsxt_cluster_virtual_ip":{"version":0,"block":{"attributes":{"force":{"type":"bool","description":"On enable it ignores duplicate address detection and DNS lookup validation check","description_kind":"plain","optional":true},"id":{"type":"string","description_kind":"plain","optional":true,"computed":true},"ip_address":{"type":"string","description":"Virtual IPv4 address","description_kind":"plain","optional":true},"ipv6_address":{"type":"string","description":"Virtual IPv6 address","description_kind":"plain","optional":true}},"description_kind":"plain"}},"nsxt_compute_manager":{"version":0,"block":{"attributes":{"access_level_for_oidc":{"type":"string","description":"Specifies access level to NSX from the compute manager","description_kind":"plain","optional":true},"create_service_account":{"type":"bool","description":"Specifies whether service account is created or not on compute manager","description_kind":"plain","optional":true},"description":{"type":"string","description":"Description for this resource","description_kind":"plain","optional":true},"display_name":{"type":"string","description":"Display name for this resource","description_kind":"plain","required":true},"id":{"type":"string","description_kind":"plain","optional":true,"computed":true},"multi_nsx":{"type":"bool","description":"Specifies whether multi nsx feature is enabled for compute manager","description_kind":"plain","optional":true},"origin_type":{"type":"string","description":"Compute manager type like vCenter","description_kind":"plain","optional":true},"reverse_proxy_https_port":{"type":"number","description":"Proxy https port of compute manager","description_kind":"plain","optional":true},"revision":{"type":"number","description":"The _revision property describes the current revision of the resource. To prevent clients from overwriting each other's changes, PUT operations must include the current _revision of the resource, which clients should obtain by issuing a GET operation. If the _revision provided in a PUT request is missing or stale, the operation will be rejected","description_kind":"plain","computed":true},"server":{"type":"string","description":"IP address or hostname of compute manager","description_kind":"plain","required":true},"set_as_oidc_provider":{"type":"bool","description":"Specifies whether compute manager has been set as OIDC provider","description_kind":"plain","optional":true}},"block_types":{"credential":{"nesting_mode":"list","block":{"block_types":{"saml_login":{"nesting_mode":"list","block":{"attributes":{"thumbprint":{"type":"string","description":"Thumbprint of the server","description_kind":"plain","required":true},"token":{"type":"string","description":"The saml token to login to server","description_kind":"plain","required":true,"sensitive":true}},"description":"A login credential specifying saml token","description_kind":"plain"},"max_items":1},"session_login":{"nesting_mode":"list","block":{"attributes":{"session_id":{"type":"string","description":"The session_id to login to server","description_kind":"plain","required":true,"sensitive":true},"thumbprint":{"type":"string","description":"Thumbprint of the login server","description_kind":"plain","required":true}},"description":"A login credential specifying session_id","description_kind":"plain"},"max_items":1},"username_password_login":{"nesting_mode":"list","block":{"attributes":{"password":{"type":"string","description":"The authentication password for login","description_kind":"plain","required":true,"sensitive":true},"thumbprint":{"type":"string","description":"Thumbprint of the login server","description_kind":"plain","required":true},"username":{"type":"string","description":"The username for login","description_kind":"plain","required":true}},"description":"A login credential specifying a username and password","description_kind":"plain"},"max_items":1},"verifiable_asymmetric_login":{"nesting_mode":"list","block":{"attributes":{"asymmetric_credential":{"type":"string","description":"Asymmetric login credential","description_kind":"plain","required":true,"sensitive":true},"credential_key":{"type":"string","description":"Credential key","description_kind":"plain","required":true,"sensitive":true},"credential_verifier":{"type":"string","description":"Credential verifier","description_kind":"plain","required":true,"sensitive":true}},"description":"A verifiable asymmetric login credential","description_kind":"plain"},"max_items":1}},"description":"Login credentials for the compute manager","description_kind":"plain"},"min_items":1,"max_items":1},"extension_certificate":{"nesting_mode":"list","block":{"attributes":{"pem_encoded":{"type":"string","description":"PEM encoded certificate data","description_kind":"plain","required":true},"private_key":{"type":"string","description":"Private key of certificate","description_kind":"plain","required":true,"sensitive":true}},"description":"Specifies certificate for compute manager extension","description_kind":"plain"},"max_items":1},"tag":{"nesting_mode":"set","block":{"attributes":{"scope":{"type":"string","description_kind":"plain","optional":true},"tag":{"type":"string","description_kind":"plain","optional":true}},"description":"Set of opaque identifiers meaningful to the user","description_kind":"plain"}}},"description_kind":"plain"}},"nsxt_dhcp_relay_profile":{"version":0,"block":{"attributes":{"description":{"type":"string","description":"Description of this resource","description_kind":"plain","optional":true},"display_name":{"type":"string","description":"The display name of this resource. Defaults to ID if not set","description_kind":"plain","optional":true,"computed":true},"id":{"type":"string","description_kind":"plain","optional":true,"computed":true},"revision":{"type":"number","description":"The _revision property describes the current revision of the resource. To prevent clients from overwriting each other's changes, PUT operations must include the current _revision of the resource, which clients should obtain by issuing a GET operation. If the _revision provided in a PUT request is missing or stale, the operation will be rejected","description_kind":"plain","computed":true},"server_addresses":{"type":["set","string"],"description":"Set of dhcp relay server addresses","description_kind":"plain","required":true}},"block_types":{"tag":{"nesting_mode":"set","block":{"attributes":{"scope":{"type":"string","description_kind":"plain","optional":true},"tag":{"type":"string","description_kind":"plain","optional":true}},"description":"Set of opaque identifiers meaningful to the user","description_kind":"plain"}}},"description_kind":"plain","deprecated":true}},"nsxt_dhcp_relay_service":{"version":0,"block":{"attributes":{"description":{"type":"string","description":"Description of this resource","description_kind":"plain","optional":true},"dhcp_relay_profile_id":{"type":"string","description":"DHCP relay profile referenced by the dhcp relay service","description_kind":"plain","required":true},"display_name":{"type":"string","description":"The display name of this resource. Defaults to ID if not set","description_kind":"plain","optional":true,"computed":true},"id":{"type":"string","description_kind":"plain","optional":true,"computed":true},"revision":{"type":"number","description":"The _revision property describes the current revision of the resource. To prevent clients from overwriting each other's changes, PUT operations must include the current _revision of the resource, which clients should obtain by issuing a GET operation. If the _revision provided in a PUT request is missing or stale, the operation will be rejected","description_kind":"plain","computed":true}},"block_types":{"tag":{"nesting_mode":"set","block":{"attributes":{"scope":{"type":"string","description_kind":"plain","optional":true},"tag":{"type":"string","description_kind":"plain","optional":true}},"description":"Set of opaque identifiers meaningful to the user","description_kind":"plain"}}},"description_kind":"plain","deprecated":true}},"nsxt_dhcp_server_ip_pool":{"version":0,"block":{"attributes":{"description":{"type":"string","description":"Description of this resource","description_kind":"plain","optional":true},"display_name":{"type":"string","description":"The display name of this resource. Defaults to ID if not set","description_kind":"plain","optional":true,"computed":true},"error_threshold":{"type":"number","description":"Error threshold","description_kind":"plain","optional":true},"gateway_ip":{"type":"string","description":"Gateway ip","description_kind":"plain","optional":true},"id":{"type":"string","description_kind":"plain","optional":true,"computed":true},"lease_time":{"type":"number","description":"Lease time, in seconds","description_kind":"plain","optional":true},"logical_dhcp_server_id":{"type":"string","description":"Id of dhcp server this pool is serving","description_kind":"plain","required":true},"revision":{"type":"number","description":"The _revision property describes the current revision of the resource. To prevent clients from overwriting each other's changes, PUT operations must include the current _revision of the resource, which clients should obtain by issuing a GET operation. If the _revision provided in a PUT request is missing or stale, the operation will be rejected","description_kind":"plain","computed":true},"warning_threshold":{"type":"number","description":"Warning threshold","description_kind":"plain","optional":true}},"block_types":{"dhcp_generic_option":{"nesting_mode":"list","block":{"attributes":{"code":{"type":"number","description":"DHCP option code, [0-255]","description_kind":"plain","required":true},"values":{"type":["list","string"],"description":"DHCP option values","description_kind":"plain","required":true}},"description":"Generic DHCP options","description_kind":"plain"}},"dhcp_option_121":{"nesting_mode":"list","block":{"attributes":{"network":{"type":"string","description":"Destination in cidr","description_kind":"plain","required":true},"next_hop":{"type":"string","description":"Next hop IP","description_kind":"plain","required":true}},"description":"DHCP classless static routes","description_kind":"plain"}},"ip_range":{"nesting_mode":"list","block":{"attributes":{"end":{"type":"string","description_kind":"plain","required":true},"start":{"type":"string","description_kind":"plain","required":true}},"description":"List of IP Ranges","description_kind":"plain"}},"tag":{"nesting_mode":"set","block":{"attributes":{"scope":{"type":"string","description_kind":"plain","optional":true},"tag":{"type":"string","description_kind":"plain","optional":true}},"description":"Set of opaque identifiers meaningful to the user","description_kind":"plain"}}},"description_kind":"plain","deprecated":true}},"nsxt_dhcp_server_profile":{"version":0,"block":{"attributes":{"description":{"type":"string","description":"Description of this resource","description_kind":"plain","optional":true},"display_name":{"type":"string","description":"The display name of this resource. Defaults to ID if not set","description_kind":"plain","optional":true,"computed":true},"edge_cluster_id":{"type":"string","description":"Edge cluster uuid","description_kind":"plain","required":true},"edge_cluster_member_indexes":{"type":["list","number"],"description":"Edge nodes from the given cluster","description_kind":"plain","optional":true},"id":{"type":"string","description_kind":"plain","optional":true,"computed":true},"revision":{"type":"number","description":"The _revision property describes the current revision of the resource. To prevent clients from overwriting each other's changes, PUT operations must include the current _revision of the resource, which clients should obtain by issuing a GET operation. If the _revision provided in a PUT request is missing or stale, the operation will be rejected","description_kind":"plain","computed":true}},"block_types":{"tag":{"nesting_mode":"set","block":{"attributes":{"scope":{"type":"string","description_kind":"plain","optional":true},"tag":{"type":"string","description_kind":"plain","optional":true}},"description":"Set of opaque identifiers meaningful to the user","description_kind":"plain"}}},"description_kind":"plain","deprecated":true}},"nsxt_edge_cluster":{"version":0,"block":{"attributes":{"description":{"type":"string","description":"Description for this resource","description_kind":"plain","optional":true},"display_name":{"type":"string","description":"Display name for this resource","description_kind":"plain","required":true},"edge_ha_profile_id":{"type":"string","description":"Edge high availability cluster profile Id","description_kind":"plain","optional":true,"computed":true},"id":{"type":"string","description_kind":"plain","optional":true,"computed":true},"member_node_type":{"type":"string","description":"Node type of the cluster members","description_kind":"plain","computed":true},"node_rtep_ips":{"type":["list",["object",{"member_index":"number","rtep_ips":["list","string"],"transport_node_id":"string"}]],"description":"Remote tunnel endpoint ip address","description_kind":"plain","computed":true},"revision":{"type":"number","description":"The _revision property describes the current revision of the resource. To prevent clients from overwriting each other's changes, PUT operations must include the current _revision of the resource, which clients should obtain by issuing a GET operation. If the _revision provided in a PUT request is missing or stale, the operation will be rejected","description_kind":"plain","computed":true}},"block_types":{"member":{"nesting_mode":"list","block":{"attributes":{"description":{"type":"string","description":"Description of this resource","description_kind":"plain","optional":true},"display_name":{"type":"string","description":"The display name of this resource. Defaults to ID if not set","description_kind":"plain","optional":true,"computed":true},"member_index":{"type":"number","description":"System generated index for cluster member","description_kind":"plain","computed":true},"transport_node_id":{"type":"string","description":"UUID of edge transport node","description_kind":"plain","required":true}},"description":"Edge cluster members","description_kind":"plain"}},"tag":{"nesting_mode":"set","block":{"attributes":{"scope":{"type":"string","description_kind":"plain","optional":true},"tag":{"type":"string","description_kind":"plain","optional":true}},"description":"Set of opaque identifiers meaningful to the user","description_kind":"plain"}}},"description_kind":"plain"}},"nsxt_ether_type_ns_service":{"version":0,"block":{"attributes":{"default_service":{"type":"bool","description":"A boolean flag which reflects whether this is a default NSServices which can't be modified/deleted","description_kind":"plain","computed":true},"description":{"type":"string","description":"Description of this resource","description_kind":"plain","optional":true},"display_name":{"type":"string","description":"The display name of this resource. Defaults to ID if not set","description_kind":"plain","optional":true,"computed":true},"ether_type":{"type":"number","description":"Type of the encapsulated protocol","description_kind":"plain","required":true},"id":{"type":"string","description_kind":"plain","optional":true,"computed":true},"revision":{"type":"number","description":"The _revision property describes the current revision of the resource. To prevent clients from overwriting each other's changes, PUT operations must include the current _revision of the resource, which clients should obtain by issuing a GET operation. If the _revision provided in a PUT request is missing or stale, the operation will be rejected","description_kind":"plain","computed":true}},"block_types":{"tag":{"nesting_mode":"set","block":{"attributes":{"scope":{"type":"string","description_kind":"plain","optional":true},"tag":{"type":"string","description_kind":"plain","optional":true}},"description":"Set of opaque identifiers meaningful to the user","description_kind":"plain"}}},"description_kind":"plain","deprecated":true}},"nsxt_failure_domain":{"version":0,"block":{"attributes":{"description":{"type":"string","description":"Description for this resource","description_kind":"plain","optional":true},"display_name":{"type":"string","description":"Display name for this resource","description_kind":"plain","required":true},"id":{"type":"string","description_kind":"plain","optional":true,"computed":true},"preferred_edge_services":{"type":"string","description":"Set preference for failure domain","description_kind":"plain","optional":true},"revision":{"type":"number","description":"The _revision property describes the current revision of the resource. To prevent clients from overwriting each other's changes, PUT operations must include the current _revision of the resource, which clients should obtain by issuing a GET operation. If the _revision provided in a PUT request is missing or stale, the operation will be rejected","description_kind":"plain","computed":true}},"block_types":{"tag":{"nesting_mode":"set","block":{"attributes":{"scope":{"type":"string","description_kind":"plain","optional":true},"tag":{"type":"string","description_kind":"plain","optional":true}},"description":"Set of opaque identifiers meaningful to the user","description_kind":"plain"}}},"description_kind":"plain"}},"nsxt_firewall_section":{"version":0,"block":{"attributes":{"description":{"type":"string","description":"Description of this resource","description_kind":"plain","optional":true},"display_name":{"type":"string","description":"The display name of this resource. Defaults to ID if not set","description_kind":"plain","optional":true,"computed":true},"id":{"type":"string","description_kind":"plain","optional":true,"computed":true},"insert_before":{"type":"string","description":"Id of section that should come after this one","description_kind":"plain","optional":true},"is_default":{"type":"bool","description":"A boolean flag which reflects whether a firewall section is default section or not","description_kind":"plain","computed":true},"revision":{"type":"number","description":"The _revision property describes the current revision of the resource. To prevent clients from overwriting each other's changes, PUT operations must include the current _revision of the resource, which clients should obtain by issuing a GET operation. If the _revision provided in a PUT request is missing or stale, the operation will be rejected","description_kind":"plain","computed":true},"section_type":{"type":"string","description":"Type of the rules which a section can contain. Only homogeneous sections are supported","description_kind":"plain","required":true},"stateful":{"type":"bool","description":"Stateful or Stateless nature of firewall section is enforced on all rules inside the section","description_kind":"plain","required":true}},"block_types":{"applied_to":{"nesting_mode":"set","block":{"attributes":{"is_valid":{"type":"bool","description":"A boolean flag which will be set to false if the referenced NSX resource has been deleted","description_kind":"plain","computed":true},"target_display_name":{"type":"string","description":"Display name of the NSX resource","description_kind":"plain","computed":true},"target_id":{"type":"string","description":"Identifier of the NSX resource","description_kind":"plain","optional":true},"target_type":{"type":"string","description":"Type of the NSX resource","description_kind":"plain","optional":true}},"description":"List of objects where the rules in this section will be enforced. This will take precedence over rule level appliedTo","description_kind":"plain"}},"rule":{"nesting_mode":"list","block":{"attributes":{"action":{"type":"string","description":"Action enforced on the packets which matches the firewall rule","description_kind":"plain","required":true},"description":{"type":"string","description":"Description of this resource","description_kind":"plain","optional":true},"destinations_excluded":{"type":"bool","description":"When this boolean flag is set to true, the rule destinations will be negated","description_kind":"plain","optional":true},"direction":{"type":"string","description":"Rule direction in case of stateless firewall rules. This will only be considered if section level parameter is set to stateless. Default to IN_OUT if not specified","description_kind":"plain","optional":true},"disabled":{"type":"bool","description":"Flag to disable rule. Disabled will only be persisted but never provisioned/realized","description_kind":"plain","optional":true},"display_name":{"type":"string","description":"Defaults to ID if not set","description_kind":"plain","optional":true},"id":{"type":"string","description":"ID of this resource","description_kind":"plain","computed":true},"ip_protocol":{"type":"string","description":"Type of IP packet that should be matched while enforcing the rule (IPV4, IPV6, IPV4_IPV6)","description_kind":"plain","optional":true},"logged":{"type":"bool","description":"Flag to enable packet logging. Default is disabled","description_kind":"plain","optional":true},"notes":{"type":"string","description":"User notes specific to the rule","description_kind":"plain","optional":true},"revision":{"type":"number","description":"The _revision property describes the current revision of the resource. To prevent clients from overwriting each other's changes, PUT operations must include the current _revision of the resource, which clients should obtain by issuing a GET operation. If the _revision provided in a PUT request is missing or stale, the operation will be rejected","description_kind":"plain","computed":true},"rule_tag":{"type":"string","description":"User level field which will be printed in CLI and packet logs","description_kind":"plain","optional":true},"sources_excluded":{"type":"bool","description":"When this boolean flag is set to true, the rule sources will be negated","description_kind":"plain","optional":true}},"block_types":{"applied_to":{"nesting_mode":"set","block":{"attributes":{"is_valid":{"type":"bool","description":"A boolean flag which will be set to false if the referenced NSX resource has been deleted","description_kind":"plain","computed":true},"target_display_name":{"type":"string","description":"Display name of the NSX resource","description_kind":"plain","computed":true},"target_id":{"type":"string","description":"Identifier of the NSX resource","description_kind":"plain","optional":true},"target_type":{"type":"string","description":"Type of the NSX resource","description_kind":"plain","optional":true}},"description":"List of objects where rule will be enforced. The section level field overrides this one. Null will be treated as any","description_kind":"plain"}},"destination":{"nesting_mode":"set","block":{"attributes":{"is_valid":{"type":"bool","description":"A boolean flag which will be set to false if the referenced NSX resource has been deleted","description_kind":"plain","computed":true},"target_display_name":{"type":"string","description":"Display name of the NSX resource","description_kind":"plain","computed":true},"target_id":{"type":"string","description":"Identifier of the NSX resource","description_kind":"plain","optional":true},"target_type":{"type":"string","description":"Type of the NSX resource","description_kind":"plain","optional":true}},"description":"List of the destinations. Null will be treated as any","description_kind":"plain"}},"service":{"nesting_mode":"set","block":{"attributes":{"is_valid":{"type":"bool","description":"A boolean flag which will be set to false if the referenced NSX resource has been deleted","description_kind":"plain","computed":true},"target_display_name":{"type":"string","description":"Display name of the NSX resource","description_kind":"plain","computed":true},"target_id":{"type":"string","description":"Identifier of the NSX resource","description_kind":"plain","optional":true},"target_type":{"type":"string","description":"Type of the NSX resource","description_kind":"plain","optional":true}},"description":"List of the services. Null will be treated as any","description_kind":"plain"}},"source":{"nesting_mode":"set","block":{"attributes":{"is_valid":{"type":"bool","description":"A boolean flag which will be set to false if the referenced NSX resource has been deleted","description_kind":"plain","computed":true},"target_display_name":{"type":"string","description":"Display name of the NSX resource","description_kind":"plain","computed":true},"target_id":{"type":"string","description":"Identifier of the NSX resource","description_kind":"plain","optional":true},"target_type":{"type":"string","description":"Type of the NSX resource","description_kind":"plain","optional":true}},"description":"List of sources. Null will be treated as any","description_kind":"plain"}}},"description":"List of firewall rules in the section. Only homogeneous rules are supported","description_kind":"plain"}},"tag":{"nesting_mode":"set","block":{"attributes":{"scope":{"type":"string","description_kind":"plain","optional":true},"tag":{"type":"string","description_kind":"plain","optional":true}},"description":"Set of opaque identifiers meaningful to the user","description_kind":"plain"}}},"description_kind":"plain","deprecated":true}},"nsxt_icmp_type_ns_service":{"version":0,"block":{"attributes":{"default_service":{"type":"bool","description":"A boolean flag which reflects whether this is a default NSServices which can't be modified/deleted","description_kind":"plain","computed":true},"description":{"type":"string","description":"Description of this resource","description_kind":"plain","optional":true},"display_name":{"type":"string","description":"The display name of this resource. Defaults to ID if not set","description_kind":"plain","optional":true,"computed":true},"icmp_code":{"type":"number","description":"ICMP message code","description_kind":"plain","optional":true},"icmp_type":{"type":"number","description":"ICMP message type","description_kind":"plain","optional":true},"id":{"type":"string","description_kind":"plain","optional":true,"computed":true},"protocol":{"type":"string","description":"Version of ICMP protocol (ICMPv4/ICMPv6)","description_kind":"plain","required":true},"revision":{"type":"number","description":"The _revision property describes the current revision of the resource. To prevent clients from overwriting each other's changes, PUT operations must include the current _revision of the resource, which clients should obtain by issuing a GET operation. If the _revision provided in a PUT request is missing or stale, the operation will be rejected","description_kind":"plain","computed":true}},"block_types":{"tag":{"nesting_mode":"set","block":{"attributes":{"scope":{"type":"string","description_kind":"plain","optional":true},"tag":{"type":"string","description_kind":"plain","optional":true}},"description":"Set of opaque identifiers meaningful to the user","description_kind":"plain"}}},"description_kind":"plain","deprecated":true}},"nsxt_igmp_type_ns_service":{"version":0,"block":{"attributes":{"default_service":{"type":"bool","description":"A boolean flag which reflects whether this is a default NSServices which can't be modified/deleted","description_kind":"plain","computed":true},"description":{"type":"string","description":"Description of this resource","description_kind":"plain","optional":true},"display_name":{"type":"string","description":"The display name of this resource. Defaults to ID if not set","description_kind":"plain","optional":true,"computed":true},"id":{"type":"string","description_kind":"plain","optional":true,"computed":true},"revision":{"type":"number","description":"The _revision property describes the current revision of the resource. To prevent clients from overwriting each other's changes, PUT operations must include the current _revision of the resource, which clients should obtain by issuing a GET operation. If the _revision provided in a PUT request is missing or stale, the operation will be rejected","description_kind":"plain","computed":true}},"block_types":{"tag":{"nesting_mode":"set","block":{"attributes":{"scope":{"type":"string","description_kind":"plain","optional":true},"tag":{"type":"string","description_kind":"plain","optional":true}},"description":"Set of opaque identifiers meaningful to the user","description_kind":"plain"}}},"description_kind":"plain","deprecated":true}},"nsxt_ip_block":{"version":0,"block":{"attributes":{"cidr":{"type":"string","description":"Represents network address and the prefix length which will be associated with a layer-2 broadcast domain","description_kind":"plain","required":true},"description":{"type":"string","description":"Description of this resource","description_kind":"plain","optional":true},"display_name":{"type":"string","description":"The display name of this resource. Defaults to ID if not set","description_kind":"plain","optional":true,"computed":true},"id":{"type":"string","description_kind":"plain","optional":true,"computed":true},"revision":{"type":"number","description":"The _revision property describes the current revision of the resource. To prevent clients from overwriting each other's changes, PUT operations must include the current _revision of the resource, which clients should obtain by issuing a GET operation. If the _revision provided in a PUT request is missing or stale, the operation will be rejected","description_kind":"plain","computed":true}},"block_types":{"tag":{"nesting_mode":"set","block":{"attributes":{"scope":{"type":"string","description_kind":"plain","optional":true},"tag":{"type":"string","description_kind":"plain","optional":true}},"description":"Set of opaque identifiers meaningful to the user","description_kind":"plain"}}},"description_kind":"plain","deprecated":true}},"nsxt_ip_block_subnet":{"version":0,"block":{"attributes":{"allocation_ranges":{"type":["list",["object",{"end":"string","start":"string"}]],"description":"A collection of IPv4 Pool Ranges","description_kind":"plain","computed":true},"block_id":{"type":"string","description":"Block id for which the subnet is created","description_kind":"plain","required":true},"cidr":{"type":"string","description":"Represents network address and the prefix length which will be associated with a layer-2 broadcast domain","description_kind":"plain","computed":true},"description":{"type":"string","description":"Description of this resource","description_kind":"plain","optional":true},"display_name":{"type":"string","description":"The display name of this resource. Defaults to ID if not set","description_kind":"plain","optional":true,"computed":true},"id":{"type":"string","description_kind":"plain","optional":true,"computed":true},"revision":{"type":"number","description":"The _revision property describes the current revision of the resource. To prevent clients from overwriting each other's changes, PUT operations must include the current _revision of the resource, which clients should obtain by issuing a GET operation. If the _revision provided in a PUT request is missing or stale, the operation will be rejected","description_kind":"plain","computed":true},"size":{"type":"number","description":"Represents the size or number of ip addresses in the subnet","description_kind":"plain","required":true}},"block_types":{"tag":{"nesting_mode":"set","block":{"attributes":{"scope":{"type":"string","description_kind":"plain","optional":true},"tag":{"type":"string","description_kind":"plain","optional":true}},"description":"Set of opaque identifiers meaningful to the user","description_kind":"plain"}}},"description_kind":"plain","deprecated":true}},"nsxt_ip_discovery_switching_profile":{"version":0,"block":{"attributes":{"arp_bindings_limit":{"type":"number","description":"Limit for the amount of ARP bindings","description_kind":"plain","optional":true},"arp_snooping_enabled":{"type":"bool","description":"Indicates whether ARP snooping is enabled","description_kind":"plain","optional":true},"description":{"type":"string","description":"Description of this resource","description_kind":"plain","optional":true},"dhcp_snooping_enabled":{"type":"bool","description":"Indicates whether DHCP snooping is enabled","description_kind":"plain","optional":true},"display_name":{"type":"string","description":"The display name of this resource. Defaults to ID if not set","description_kind":"plain","optional":true,"computed":true},"id":{"type":"string","description_kind":"plain","optional":true,"computed":true},"revision":{"type":"number","description":"The _revision property describes the current revision of the resource. To prevent clients from overwriting each other's changes, PUT operations must include the current _revision of the resource, which clients should obtain by issuing a GET operation. If the _revision provided in a PUT request is missing or stale, the operation will be rejected","description_kind":"plain","computed":true},"vm_tools_enabled":{"type":"bool","description":"Indicating whether VM tools will be enabled. This option is only supported on ESX where vm-tools is installed","description_kind":"plain","optional":true}},"block_types":{"tag":{"nesting_mode":"set","block":{"attributes":{"scope":{"type":"string","description_kind":"plain","optional":true},"tag":{"type":"string","description_kind":"plain","optional":true}},"description":"Set of opaque identifiers meaningful to the user","description_kind":"plain"}}},"description_kind":"plain","deprecated":true}},"nsxt_ip_pool":{"version":0,"block":{"attributes":{"description":{"type":"string","description":"Description of this resource","description_kind":"plain","optional":true},"display_name":{"type":"string","description":"The display name of this resource. Defaults to ID if not set","description_kind":"plain","optional":true,"computed":true},"id":{"type":"string","description_kind":"plain","optional":true,"computed":true},"revision":{"type":"number","description":"The _revision property describes the current revision of the resource. To prevent clients from overwriting each other's changes, PUT operations must include the current _revision of the resource, which clients should obtain by issuing a GET operation. If the _revision provided in a PUT request is missing or stale, the operation will be rejected","description_kind":"plain","computed":true}},"block_types":{"subnet":{"nesting_mode":"list","block":{"attributes":{"allocation_ranges":{"type":["list","string"],"description":"A collection of IPv4 Pool Ranges","description_kind":"plain","required":true},"cidr":{"type":"string","description":"Network address and the prefix length which will be associated with a layer-2 broadcast domain","description_kind":"plain","required":true},"dns_nameservers":{"type":["list","string"],"description":"A collection of DNS servers for the subnet","description_kind":"plain","optional":true},"dns_suffix":{"type":"string","description":"The DNS suffix for the DNS server","description_kind":"plain","optional":true},"gateway_ip":{"type":"string","description":"The default gateway address on a layer-3 router","description_kind":"plain","optional":true}},"description":"List of IPv4 subnets","description_kind":"plain"},"max_items":5},"tag":{"nesting_mode":"set","block":{"attributes":{"scope":{"type":"string","description_kind":"plain","optional":true},"tag":{"type":"string","description_kind":"plain","optional":true}},"description":"Set of opaque identifiers meaningful to the user","description_kind":"plain"}}},"description_kind":"plain","deprecated":true}},"nsxt_ip_pool_allocation_ip_address":{"version":0,"block":{"attributes":{"allocation_id":{"type":"string","description":"IP Address that is allocated from the pool","description_kind":"plain","optional":true,"computed":true},"id":{"type":"string","description_kind":"plain","optional":true,"computed":true},"ip_pool_id":{"type":"string","description":"ID of IP pool that allocation belongs to","description_kind":"plain","required":true}},"description_kind":"plain","deprecated":true}},"nsxt_ip_protocol_ns_service":{"version":0,"block":{"attributes":{"default_service":{"type":"bool","description":"A boolean flag which reflects whether this is a default NSServices which can't be modified/deleted","description_kind":"plain","computed":true},"description":{"type":"string","description":"Description of this resource","description_kind":"plain","optional":true},"display_name":{"type":"string","description":"The display name of this resource. Defaults to ID if not set","description_kind":"plain","optional":true,"computed":true},"id":{"type":"string","description_kind":"plain","optional":true,"computed":true},"protocol":{"type":"number","description":"IP protocol number","description_kind":"plain","required":true},"revision":{"type":"number","description":"The _revision property describes the current revision of the resource. To prevent clients from overwriting each other's changes, PUT operations must include the current _revision of the resource, which clients should obtain by issuing a GET operation. If the _revision provided in a PUT request is missing or stale, the operation will be rejected","description_kind":"plain","computed":true}},"block_types":{"tag":{"nesting_mode":"set","block":{"attributes":{"scope":{"type":"string","description_kind":"plain","optional":true},"tag":{"type":"string","description_kind":"plain","optional":true}},"description":"Set of opaque identifiers meaningful to the user","description_kind":"plain"}}},"description_kind":"plain","deprecated":true}},"nsxt_ip_set":{"version":0,"block":{"attributes":{"description":{"type":"string","description":"Description of this resource","description_kind":"plain","optional":true},"display_name":{"type":"string","description":"The display name of this resource. Defaults to ID if not set","description_kind":"plain","optional":true,"computed":true},"id":{"type":"string","description_kind":"plain","optional":true,"computed":true},"ip_addresses":{"type":["set","string"],"description":"Set of IP addresses","description_kind":"plain","optional":true},"revision":{"type":"number","description":"The _revision property describes the current revision of the resource. To prevent clients from overwriting each other's changes, PUT operations must include the current _revision of the resource, which clients should obtain by issuing a GET operation. If the _revision provided in a PUT request is missing or stale, the operation will be rejected","description_kind":"plain","computed":true}},"block_types":{"tag":{"nesting_mode":"set","block":{"attributes":{"scope":{"type":"string","description_kind":"plain","optional":true},"tag":{"type":"string","description_kind":"plain","optional":true}},"description":"Set of opaque identifiers meaningful to the user","description_kind":"plain"}}},"description_kind":"plain","deprecated":true}},"nsxt_l4_port_set_ns_service":{"version":0,"block":{"attributes":{"default_service":{"type":"bool","description":"A boolean flag which reflects whether this is a default NSServices which can't be modified/deleted","description_kind":"plain","computed":true},"description":{"type":"string","description":"Description of this resource","description_kind":"plain","optional":true},"destination_ports":{"type":["set","string"],"description":"Set of destination ports","description_kind":"plain","optional":true},"display_name":{"type":"string","description":"The display name of this resource. Defaults to ID if not set","description_kind":"plain","optional":true,"computed":true},"id":{"type":"string","description_kind":"plain","optional":true,"computed":true},"protocol":{"type":"string","description":"L4 Protocol","description_kind":"plain","required":true},"revision":{"type":"number","description":"The _revision property describes the current revision of the resource. To prevent clients from overwriting each other's changes, PUT operations must include the current _revision of the resource, which clients should obtain by issuing a GET operation. If the _revision provided in a PUT request is missing or stale, the operation will be rejected","description_kind":"plain","computed":true},"source_ports":{"type":["set","string"],"description":"Set of source ports","description_kind":"plain","optional":true}},"block_types":{"tag":{"nesting_mode":"set","block":{"attributes":{"scope":{"type":"string","description_kind":"plain","optional":true},"tag":{"type":"string","description_kind":"plain","optional":true}},"description":"Set of opaque identifiers meaningful to the user","description_kind":"plain"}}},"description_kind":"plain","deprecated":true}},"nsxt_lb_client_ssl_profile":{"version":0,"block":{"attributes":{"ciphers":{"type":["set","string"],"description":"Supported SSL cipher list","description_kind":"plain","optional":true,"computed":true},"description":{"type":"string","description":"Description of this resource","description_kind":"plain","optional":true},"display_name":{"type":"string","description":"The display name of this resource. Defaults to ID if not set","description_kind":"plain","optional":true,"computed":true},"id":{"type":"string","description_kind":"plain","optional":true,"computed":true},"is_secure":{"type":"bool","description":"This flag is set to true when all the ciphers and protocols are secure. It is set to false when one of the ciphers or protocols is insecure","description_kind":"plain","computed":true},"prefer_server_ciphers":{"type":"bool","description":"Allow server to override the client's preference","description_kind":"plain","optional":true},"protocols":{"type":["set","string"],"description":"SSL versions TLS1.1 and TLS1.2 are supported and enabled by default. SSLv2, SSLv3, and TLS1.0 are supported, but disabled by default","description_kind":"plain","optional":true,"computed":true},"revision":{"type":"number","description":"The _revision property describes the current revision of the resource. To prevent clients from overwriting each other's changes, PUT operations must include the current _revision of the resource, which clients should obtain by issuing a GET operation. If the _revision provided in a PUT request is missing or stale, the operation will be rejected","description_kind":"plain","computed":true},"session_cache_enabled":{"type":"bool","description":"Reuse previously negotiated security parameters during handshake","description_kind":"plain","optional":true},"session_cache_timeout":{"type":"number","description":"For how long the SSL session parameters can be reused","description_kind":"plain","optional":true}},"block_types":{"tag":{"nesting_mode":"set","block":{"attributes":{"scope":{"type":"string","description_kind":"plain","optional":true},"tag":{"type":"string","description_kind":"plain","optional":true}},"description":"Set of opaque identifiers meaningful to the user","description_kind":"plain"}}},"description_kind":"plain","deprecated":true}},"nsxt_lb_cookie_persistence_profile":{"version":0,"block":{"attributes":{"cookie_fallback":{"type":"bool","description":"A boolean flag which reflects whether once the server points by this cookie is down, a new server is selected, or the requests will be rejected","description_kind":"plain","optional":true},"cookie_garble":{"type":"bool","description":"A boolean flag which reflects whether the cookie value (server IP and port) would be encrypted or in plain text","description_kind":"plain","optional":true},"cookie_mode":{"type":"string","description":"The cookie persistence mode","description_kind":"plain","optional":true},"cookie_name":{"type":"string","description":"The name of the cookie","description_kind":"plain","required":true},"description":{"type":"string","description":"Description of this resource","description_kind":"plain","optional":true},"display_name":{"type":"string","description":"The display name of this resource. Defaults to ID if not set","description_kind":"plain","optional":true,"computed":true},"id":{"type":"string","description_kind":"plain","optional":true,"computed":true},"persistence_shared":{"type":"bool","description":"A boolean flag which reflects whether the cookie persistence is private or shared","description_kind":"plain","optional":true},"revision":{"type":"number","description":"The _revision property describes the current revision of the resource. To prevent clients from overwriting each other's changes, PUT operations must include the current _revision of the resource, which clients should obtain by issuing a GET operation. If the _revision provided in a PUT request is missing or stale, the operation will be rejected","description_kind":"plain","computed":true}},"block_types":{"insert_mode_params":{"nesting_mode":"list","block":{"attributes":{"cookie_domain":{"type":"string","description":"HTTP cookie domain","description_kind":"plain","optional":true},"cookie_expiry_type":{"type":"string","description":"Type of cookie expiration timing","description_kind":"plain","optional":true},"cookie_path":{"type":"string","description":"HTTP cookie path","description_kind":"plain","optional":true},"max_idle_time":{"type":"number","description":"Maximum interval (in seconds) the cookie is valid for from the last time it was seen in a request (required if cookie_expiry_type is set)","description_kind":"plain","optional":true,"computed":true},"max_life_time":{"type":"number","description":"Maximum interval (in seconds) the cookie is valid for from the first time the cookie was seen in a request (required if cookie_expiry_type is SESSION_COOKIE_TIME expiration)","description_kind":"plain","optional":true,"computed":true}},"description":"Additional parameters for the INSERT cookie mode","description_kind":"plain"},"max_items":1},"tag":{"nesting_mode":"set","block":{"attributes":{"scope":{"type":"string","description_kind":"plain","optional":true},"tag":{"type":"string","description_kind":"plain","optional":true}},"description":"Set of opaque identifiers meaningful to the user","description_kind":"plain"}}},"description_kind":"plain","deprecated":true}},"nsxt_lb_fast_tcp_application_profile":{"version":0,"block":{"attributes":{"close_timeout":{"type":"number","description":"Timeout in seconds to specify how long a closed TCP connection should be kept for this application before cleaning up the connection","description_kind":"plain","optional":true},"description":{"type":"string","description":"Description of this resource","description_kind":"plain","optional":true},"display_name":{"type":"string","description":"The display name of this resource. Defaults to ID if not set","description_kind":"plain","optional":true,"computed":true},"ha_flow_mirroring":{"type":"bool","description":"A boolean flag which reflects whether flow mirroring is enabled, and all the flows to the bounded virtual server are mirrored to the standby node","description_kind":"plain","optional":true},"id":{"type":"string","description_kind":"plain","optional":true,"computed":true},"idle_timeout":{"type":"number","description":"Timeout in seconds to specify how long an idle TCP connection in ESTABLISHED state should be kept for this application before cleaning up","description_kind":"plain","optional":true},"revision":{"type":"number","description":"The _revision property describes the current revision of the resource. To prevent clients from overwriting each other's changes, PUT operations must include the current _revision of the resource, which clients should obtain by issuing a GET operation. If the _revision provided in a PUT request is missing or stale, the operation will be rejected","description_kind":"plain","computed":true}},"block_types":{"tag":{"nesting_mode":"set","block":{"attributes":{"scope":{"type":"string","description_kind":"plain","optional":true},"tag":{"type":"string","description_kind":"plain","optional":true}},"description":"Set of opaque identifiers meaningful to the user","description_kind":"plain"}}},"description_kind":"plain","deprecated":true}},"nsxt_lb_fast_udp_application_profile":{"version":0,"block":{"attributes":{"description":{"type":"string","description":"Description of this resource","description_kind":"plain","optional":true},"display_name":{"type":"string","description":"The display name of this resource. Defaults to ID if not set","description_kind":"plain","optional":true,"computed":true},"ha_flow_mirroring":{"type":"bool","description":"A boolean flag which reflects whether flow mirroring is enabled, and all the flows to the bounded virtual server are mirrored to the standby node","description_kind":"plain","optional":true},"id":{"type":"string","description_kind":"plain","optional":true,"computed":true},"idle_timeout":{"type":"number","description":"Timeout in seconds to specify how long an idle UDP connection in ESTABLISHED state should be kept for this application before cleaning up","description_kind":"plain","optional":true},"revision":{"type":"number","description":"The _revision property describes the current revision of the resource. To prevent clients from overwriting each other's changes, PUT operations must include the current _revision of the resource, which clients should obtain by issuing a GET operation. If the _revision provided in a PUT request is missing or stale, the operation will be rejected","description_kind":"plain","computed":true}},"block_types":{"tag":{"nesting_mode":"set","block":{"attributes":{"scope":{"type":"string","description_kind":"plain","optional":true},"tag":{"type":"string","description_kind":"plain","optional":true}},"description":"Set of opaque identifiers meaningful to the user","description_kind":"plain"}}},"description_kind":"plain","deprecated":true}},"nsxt_lb_http_application_profile":{"version":0,"block":{"attributes":{"description":{"type":"string","description":"Description of this resource","description_kind":"plain","optional":true},"display_name":{"type":"string","description":"The display name of this resource. Defaults to ID if not set","description_kind":"plain","optional":true,"computed":true},"http_redirect_to":{"type":"string","description":"A URL that incoming requests for that virtual server can be temporarily redirected to, If a website is temporarily down or has moved","description_kind":"plain","optional":true},"http_redirect_to_https":{"type":"bool","description":"A boolean flag which reflects whether the client will automatically be redirected to use SSL","description_kind":"plain","optional":true},"id":{"type":"string","description_kind":"plain","optional":true,"computed":true},"idle_timeout":{"type":"number","description":"Timeout in seconds to specify how long an HTTP application can remain idle","description_kind":"plain","optional":true},"ntlm":{"type":"bool","description":"A boolean flag which reflects whether NTLM challenge/response methodology will be used over HTTP","description_kind":"plain","optional":true},"request_body_size":{"type":"number","description":"Maximum request body size in bytes (Unlimited if not specified)","description_kind":"plain","optional":true},"request_header_size":{"type":"number","description":"Maximum request header size in bytes. Requests with larger header size will be processed as best effort whereas a request with header below this specified size is guaranteed to be processed","description_kind":"plain","optional":true},"response_timeout":{"type":"number","description":"Number of seconds waiting for the server response before the connection is closed","description_kind":"plain","optional":true},"revision":{"type":"number","description":"The _revision property describes the current revision of the resource. To prevent clients from overwriting each other's changes, PUT operations must include the current _revision of the resource, which clients should obtain by issuing a GET operation. If the _revision provided in a PUT request is missing or stale, the operation will be rejected","description_kind":"plain","computed":true},"x_forwarded_for":{"type":"string","description":"When this value is set, the x_forwarded_for header in the incoming request will be inserted or replaced","description_kind":"plain","optional":true}},"block_types":{"tag":{"nesting_mode":"set","block":{"attributes":{"scope":{"type":"string","description_kind":"plain","optional":true},"tag":{"type":"string","description_kind":"plain","optional":true}},"description":"Set of opaque identifiers meaningful to the user","description_kind":"plain"}}},"description_kind":"plain","deprecated":true}},"nsxt_lb_http_forwarding_rule":{"version":0,"block":{"attributes":{"description":{"type":"string","description":"Description of this resource","description_kind":"plain","optional":true},"display_name":{"type":"string","description":"The display name of this resource. Defaults to ID if not set","description_kind":"plain","optional":true,"computed":true},"id":{"type":"string","description_kind":"plain","optional":true,"computed":true},"match_strategy":{"type":"string","description":"Strategy when multiple match conditions are specified in one rule (ANY vs ALL)","description_kind":"plain","optional":true},"revision":{"type":"number","description":"The _revision property describes the current revision of the resource. To prevent clients from overwriting each other's changes, PUT operations must include the current _revision of the resource, which clients should obtain by issuing a GET operation. If the _revision provided in a PUT request is missing or stale, the operation will be rejected","description_kind":"plain","computed":true}},"block_types":{"body_condition":{"nesting_mode":"set","block":{"attributes":{"case_sensitive":{"type":"bool","description":"If true, case is significant in condition matching","description_kind":"plain","optional":true},"inverse":{"type":"bool","description":"Whether to reverse match result of this condition","description_kind":"plain","optional":true},"match_type":{"type":"string","description":"Match type (STARTS_WITH, ENDS_WITH, EQUALS, CONTAINS, REGEX)","description_kind":"plain","required":true},"value":{"type":"string","description_kind":"plain","required":true}},"description":"Rule condition based on http request body","description_kind":"plain"}},"cookie_condition":{"nesting_mode":"set","block":{"attributes":{"case_sensitive":{"type":"bool","description":"If true, case is significant in condition matching","description_kind":"plain","optional":true},"inverse":{"type":"bool","description":"Whether to reverse match result of this condition","description_kind":"plain","optional":true},"match_type":{"type":"string","description":"Match type (STARTS_WITH, ENDS_WITH, EQUALS, CONTAINS, REGEX)","description_kind":"plain","required":true},"name":{"type":"string","description_kind":"plain","required":true},"value":{"type":"string","description_kind":"plain","required":true}},"description":"Rule condition based on http header","description_kind":"plain"}},"header_condition":{"nesting_mode":"set","block":{"attributes":{"case_sensitive":{"type":"bool","description":"If true, case is significant in condition matching","description_kind":"plain","optional":true},"inverse":{"type":"bool","description":"Whether to reverse match result of this condition","description_kind":"plain","optional":true},"match_type":{"type":"string","description":"Match type (STARTS_WITH, ENDS_WITH, EQUALS, CONTAINS, REGEX)","description_kind":"plain","required":true},"name":{"type":"string","description_kind":"plain","required":true},"value":{"type":"string","description_kind":"plain","required":true}},"description":"Rule condition based on http header","description_kind":"plain"}},"http_redirect_action":{"nesting_mode":"set","block":{"attributes":{"redirect_status":{"type":"string","description_kind":"plain","required":true},"redirect_url":{"type":"string","description_kind":"plain","required":true}},"description":"Redirect the request with a defined status and url","description_kind":"plain"},"max_items":1},"http_reject_action":{"nesting_mode":"set","block":{"attributes":{"reply_message":{"type":"string","description_kind":"plain","required":true},"reply_status":{"type":"string","description_kind":"plain","required":true}},"description":"Reject the request with a defined status and message","description_kind":"plain"},"max_items":1},"ip_condition":{"nesting_mode":"set","block":{"attributes":{"inverse":{"type":"bool","description":"Whether to reverse match result of this condition","description_kind":"plain","optional":true},"source_address":{"type":"string","description_kind":"plain","required":true}},"description":"Rule condition based on IP settings of the message","description_kind":"plain"}},"method_condition":{"nesting_mode":"set","block":{"attributes":{"inverse":{"type":"bool","description":"Whether to reverse match result of this condition","description_kind":"plain","optional":true},"method":{"type":"string","description_kind":"plain","required":true}},"description":"Rule condition based on http request method","description_kind":"plain"}},"select_pool_action":{"nesting_mode":"set","block":{"attributes":{"pool_id":{"type":"string","description_kind":"plain","required":true}},"description":"Forward the request to the a defined pool","description_kind":"plain"},"max_items":1},"tag":{"nesting_mode":"set","block":{"attributes":{"scope":{"type":"string","description_kind":"plain","optional":true},"tag":{"type":"string","description_kind":"plain","optional":true}},"description":"Set of opaque identifiers meaningful to the user","description_kind":"plain"}},"tcp_condition":{"nesting_mode":"set","block":{"attributes":{"inverse":{"type":"bool","description":"Whether to reverse match result of this condition","description_kind":"plain","optional":true},"source_port":{"type":"string","description_kind":"plain","required":true}},"description":"Rule condition based on TCP settings of the message","description_kind":"plain"}},"uri_condition":{"nesting_mode":"set","block":{"attributes":{"case_sensitive":{"type":"bool","description":"If true, case is significant in condition matching","description_kind":"plain","optional":true},"inverse":{"type":"bool","description":"Whether to reverse match result of this condition","description_kind":"plain","optional":true},"match_type":{"type":"string","description":"Match type (STARTS_WITH, ENDS_WITH, EQUALS, CONTAINS, REGEX)","description_kind":"plain","required":true},"uri":{"type":"string","description_kind":"plain","required":true}},"description":"Rule condition based on http request URI","description_kind":"plain"}},"version_condition":{"nesting_mode":"set","block":{"attributes":{"inverse":{"type":"bool","description":"Whether to reverse match result of this condition","description_kind":"plain","optional":true},"version":{"type":"string","description_kind":"plain","required":true}},"description":"Rule condition based on http request version","description_kind":"plain"},"max_items":1}},"description_kind":"plain","deprecated":true}},"nsxt_lb_http_monitor":{"version":0,"block":{"attributes":{"description":{"type":"string","description":"Description of this resource","description_kind":"plain","optional":true},"display_name":{"type":"string","description":"The display name of this resource. Defaults to ID if not set","description_kind":"plain","optional":true,"computed":true},"fall_count":{"type":"number","description":"Number of consecutive checks that must fail before marking it down","description_kind":"plain","optional":true},"id":{"type":"string","description_kind":"plain","optional":true,"computed":true},"interval":{"type":"number","description":"The frequency at which the system issues the monitor check (in seconds)","description_kind":"plain","optional":true},"monitor_port":{"type":"string","description":"If the monitor port is specified, it would override pool member port setting for healthcheck. A port range is not supported","description_kind":"plain","optional":true},"request_body":{"type":"string","description":"String to send as HTTP health check request body. Valid only for certain HTTP methods like POST","description_kind":"plain","optional":true},"request_method":{"type":"string","description":"Health check method for HTTP monitor type","description_kind":"plain","optional":true},"request_url":{"type":"string","description":"URL used for HTTP monitor","description_kind":"plain","optional":true},"request_version":{"type":"string","description":"HTTP request version","description_kind":"plain","optional":true},"response_body":{"type":"string","description":"If HTTP specified, healthcheck HTTP response body is matched against the specified string (regular expressions not supported), and succeeds only if there is a match","description_kind":"plain","optional":true},"response_status_codes":{"type":["list","number"],"description":"The HTTP response status code should be a valid HTTP status code","description_kind":"plain","optional":true,"computed":true},"revision":{"type":"number","description":"The _revision property describes the current revision of the resource. To prevent clients from overwriting each other's changes, PUT operations must include the current _revision of the resource, which clients should obtain by issuing a GET operation. If the _revision provided in a PUT request is missing or stale, the operation will be rejected","description_kind":"plain","computed":true},"rise_count":{"type":"number","description":"Number of consecutive checks that must pass before marking it up","description_kind":"plain","optional":true},"timeout":{"type":"number","description":"Number of seconds the target has to respond to the monitor request","description_kind":"plain","optional":true}},"block_types":{"request_header":{"nesting_mode":"set","block":{"attributes":{"name":{"type":"string","description":"Header name","description_kind":"plain","required":true},"value":{"type":"string","description":"Header value","description_kind":"plain","required":true}},"description":"Array of HTTP request headers","description_kind":"plain"}},"tag":{"nesting_mode":"set","block":{"attributes":{"scope":{"type":"string","description_kind":"plain","optional":true},"tag":{"type":"string","description_kind":"plain","optional":true}},"description":"Set of opaque identifiers meaningful to the user","description_kind":"plain"}}},"description_kind":"plain","deprecated":true}},"nsxt_lb_http_request_rewrite_rule":{"version":0,"block":{"attributes":{"description":{"type":"string","description":"Description of this resource","description_kind":"plain","optional":true},"display_name":{"type":"string","description":"The display name of this resource. Defaults to ID if not set","description_kind":"plain","optional":true,"computed":true},"id":{"type":"string","description_kind":"plain","optional":true,"computed":true},"match_strategy":{"type":"string","description":"Strategy when multiple match conditions are specified in one rule (ANY vs ALL)","description_kind":"plain","optional":true},"revision":{"type":"number","description":"The _revision property describes the current revision of the resource. To prevent clients from overwriting each other's changes, PUT operations must include the current _revision of the resource, which clients should obtain by issuing a GET operation. If the _revision provided in a PUT request is missing or stale, the operation will be rejected","description_kind":"plain","computed":true}},"block_types":{"body_condition":{"nesting_mode":"set","block":{"attributes":{"case_sensitive":{"type":"bool","description":"If true, case is significant in condition matching","description_kind":"plain","optional":true},"inverse":{"type":"bool","description":"Whether to reverse match result of this condition","description_kind":"plain","optional":true},"match_type":{"type":"string","description":"Match type (STARTS_WITH, ENDS_WITH, EQUALS, CONTAINS, REGEX)","description_kind":"plain","required":true},"value":{"type":"string","description_kind":"plain","required":true}},"description":"Rule condition based on http request body","description_kind":"plain"}},"cookie_condition":{"nesting_mode":"set","block":{"attributes":{"case_sensitive":{"type":"bool","description":"If true, case is significant in condition matching","description_kind":"plain","optional":true},"inverse":{"type":"bool","description":"Whether to reverse match result of this condition","description_kind":"plain","optional":true},"match_type":{"type":"string","description":"Match type (STARTS_WITH, ENDS_WITH, EQUALS, CONTAINS, REGEX)","description_kind":"plain","required":true},"name":{"type":"string","description_kind":"plain","required":true},"value":{"type":"string","description_kind":"plain","required":true}},"description":"Rule condition based on http header","description_kind":"plain"}},"header_condition":{"nesting_mode":"set","block":{"attributes":{"case_sensitive":{"type":"bool","description":"If true, case is significant in condition matching","description_kind":"plain","optional":true},"inverse":{"type":"bool","description":"Whether to reverse match result of this condition","description_kind":"plain","optional":true},"match_type":{"type":"string","description":"Match type (STARTS_WITH, ENDS_WITH, EQUALS, CONTAINS, REGEX)","description_kind":"plain","required":true},"name":{"type":"string","description_kind":"plain","required":true},"value":{"type":"string","description_kind":"plain","required":true}},"description":"Rule condition based on http header","description_kind":"plain"}},"header_rewrite_action":{"nesting_mode":"set","block":{"attributes":{"name":{"type":"string","description_kind":"plain","required":true},"value":{"type":"string","description_kind":"plain","optional":true}},"description":"Header to replace original header in outgoing message","description_kind":"plain"},"max_items":1},"ip_condition":{"nesting_mode":"set","block":{"attributes":{"inverse":{"type":"bool","description":"Whether to reverse match result of this condition","description_kind":"plain","optional":true},"source_address":{"type":"string","description_kind":"plain","required":true}},"description":"Rule condition based on IP settings of the message","description_kind":"plain"}},"method_condition":{"nesting_mode":"set","block":{"attributes":{"inverse":{"type":"bool","description":"Whether to reverse match result of this condition","description_kind":"plain","optional":true},"method":{"type":"string","description_kind":"plain","required":true}},"description":"Rule condition based on http request method","description_kind":"plain"}},"tag":{"nesting_mode":"set","block":{"attributes":{"scope":{"type":"string","description_kind":"plain","optional":true},"tag":{"type":"string","description_kind":"plain","optional":true}},"description":"Set of opaque identifiers meaningful to the user","description_kind":"plain"}},"tcp_condition":{"nesting_mode":"set","block":{"attributes":{"inverse":{"type":"bool","description":"Whether to reverse match result of this condition","description_kind":"plain","optional":true},"source_port":{"type":"string","description_kind":"plain","required":true}},"description":"Rule condition based on TCP settings of the message","description_kind":"plain"}},"uri_arguments_condition":{"nesting_mode":"set","block":{"attributes":{"case_sensitive":{"type":"bool","description":"If true, case is significant in condition matching","description_kind":"plain","optional":true},"inverse":{"type":"bool","description":"Whether to reverse match result of this condition","description_kind":"plain","optional":true},"match_type":{"type":"string","description":"Match type (STARTS_WITH, ENDS_WITH, EQUALS, CONTAINS, REGEX)","description_kind":"plain","required":true},"uri_arguments":{"type":"string","description_kind":"plain","required":true}},"description":"Rule condition based on http request URI arguments (query string)","description_kind":"plain"}},"uri_condition":{"nesting_mode":"set","block":{"attributes":{"case_sensitive":{"type":"bool","description":"If true, case is significant in condition matching","description_kind":"plain","optional":true},"inverse":{"type":"bool","description":"Whether to reverse match result of this condition","description_kind":"plain","optional":true},"match_type":{"type":"string","description":"Match type (STARTS_WITH, ENDS_WITH, EQUALS, CONTAINS, REGEX)","description_kind":"plain","required":true},"uri":{"type":"string","description_kind":"plain","required":true}},"description":"Rule condition based on http request URI","description_kind":"plain"}},"uri_rewrite_action":{"nesting_mode":"set","block":{"attributes":{"uri":{"type":"string","description_kind":"plain","required":true},"uri_arguments":{"type":"string","description_kind":"plain","optional":true}},"description":"Uri to replace original URI in outgoing request","description_kind":"plain"},"max_items":1},"version_condition":{"nesting_mode":"set","block":{"attributes":{"inverse":{"type":"bool","description":"Whether to reverse match result of this condition","description_kind":"plain","optional":true},"version":{"type":"string","description_kind":"plain","required":true}},"description":"Rule condition based on http request version","description_kind":"plain"},"max_items":1}},"description_kind":"plain","deprecated":true}},"nsxt_lb_http_response_rewrite_rule":{"version":0,"block":{"attributes":{"description":{"type":"string","description":"Description of this resource","description_kind":"plain","optional":true},"display_name":{"type":"string","description":"The display name of this resource. Defaults to ID if not set","description_kind":"plain","optional":true,"computed":true},"id":{"type":"string","description_kind":"plain","optional":true,"computed":true},"match_strategy":{"type":"string","description":"Strategy when multiple match conditions are specified in one rule (ANY vs ALL)","description_kind":"plain","optional":true},"revision":{"type":"number","description":"The _revision property describes the current revision of the resource. To prevent clients from overwriting each other's changes, PUT operations must include the current _revision of the resource, which clients should obtain by issuing a GET operation. If the _revision provided in a PUT request is missing or stale, the operation will be rejected","description_kind":"plain","computed":true}},"block_types":{"cookie_condition":{"nesting_mode":"set","block":{"attributes":{"case_sensitive":{"type":"bool","description":"If true, case is significant in condition matching","description_kind":"plain","optional":true},"inverse":{"type":"bool","description":"Whether to reverse match result of this condition","description_kind":"plain","optional":true},"match_type":{"type":"string","description":"Match type (STARTS_WITH, ENDS_WITH, EQUALS, CONTAINS, REGEX)","description_kind":"plain","required":true},"name":{"type":"string","description_kind":"plain","required":true},"value":{"type":"string","description_kind":"plain","required":true}},"description":"Rule condition based on http header","description_kind":"plain"}},"header_rewrite_action":{"nesting_mode":"set","block":{"attributes":{"name":{"type":"string","description_kind":"plain","required":true},"value":{"type":"string","description_kind":"plain","optional":true}},"description":"Header to replace original header in outgoing message","description_kind":"plain"},"min_items":1,"max_items":1},"ip_condition":{"nesting_mode":"set","block":{"attributes":{"inverse":{"type":"bool","description":"Whether to reverse match result of this condition","description_kind":"plain","optional":true},"source_address":{"type":"string","description_kind":"plain","required":true}},"description":"Rule condition based on IP settings of the message","description_kind":"plain"}},"method_condition":{"nesting_mode":"set","block":{"attributes":{"inverse":{"type":"bool","description":"Whether to reverse match result of this condition","description_kind":"plain","optional":true},"method":{"type":"string","description_kind":"plain","required":true}},"description":"Rule condition based on http request method","description_kind":"plain"}},"request_header_condition":{"nesting_mode":"set","block":{"attributes":{"case_sensitive":{"type":"bool","description":"If true, case is significant in condition matching","description_kind":"plain","optional":true},"inverse":{"type":"bool","description":"Whether to reverse match result of this condition","description_kind":"plain","optional":true},"match_type":{"type":"string","description":"Match type (STARTS_WITH, ENDS_WITH, EQUALS, CONTAINS, REGEX)","description_kind":"plain","required":true},"name":{"type":"string","description_kind":"plain","required":true},"value":{"type":"string","description_kind":"plain","required":true}},"description":"Rule condition based on http header","description_kind":"plain"}},"response_header_condition":{"nesting_mode":"set","block":{"attributes":{"case_sensitive":{"type":"bool","description":"If true, case is significant in condition matching","description_kind":"plain","optional":true},"inverse":{"type":"bool","description":"Whether to reverse match result of this condition","description_kind":"plain","optional":true},"match_type":{"type":"string","description":"Match type (STARTS_WITH, ENDS_WITH, EQUALS, CONTAINS, REGEX)","description_kind":"plain","required":true},"name":{"type":"string","description_kind":"plain","required":true},"value":{"type":"string","description_kind":"plain","required":true}},"description":"Rule condition based on http header","description_kind":"plain"}},"tag":{"nesting_mode":"set","block":{"attributes":{"scope":{"type":"string","description_kind":"plain","optional":true},"tag":{"type":"string","description_kind":"plain","optional":true}},"description":"Set of opaque identifiers meaningful to the user","description_kind":"plain"}},"tcp_condition":{"nesting_mode":"set","block":{"attributes":{"inverse":{"type":"bool","description":"Whether to reverse match result of this condition","description_kind":"plain","optional":true},"source_port":{"type":"string","description_kind":"plain","required":true}},"description":"Rule condition based on TCP settings of the message","description_kind":"plain"}},"uri_arguments_condition":{"nesting_mode":"set","block":{"attributes":{"case_sensitive":{"type":"bool","description":"If true, case is significant in condition matching","description_kind":"plain","optional":true},"inverse":{"type":"bool","description":"Whether to reverse match result of this condition","description_kind":"plain","optional":true},"match_type":{"type":"string","description":"Match type (STARTS_WITH, ENDS_WITH, EQUALS, CONTAINS, REGEX)","description_kind":"plain","required":true},"uri_arguments":{"type":"string","description_kind":"plain","required":true}},"description":"Rule condition based on http request URI arguments (query string)","description_kind":"plain"}},"uri_condition":{"nesting_mode":"set","block":{"attributes":{"case_sensitive":{"type":"bool","description":"If true, case is significant in condition matching","description_kind":"plain","optional":true},"inverse":{"type":"bool","description":"Whether to reverse match result of this condition","description_kind":"plain","optional":true},"match_type":{"type":"string","description":"Match type (STARTS_WITH, ENDS_WITH, EQUALS, CONTAINS, REGEX)","description_kind":"plain","required":true},"uri":{"type":"string","description_kind":"plain","required":true}},"description":"Rule condition based on http request URI","description_kind":"plain"}},"version_condition":{"nesting_mode":"set","block":{"attributes":{"inverse":{"type":"bool","description":"Whether to reverse match result of this condition","description_kind":"plain","optional":true},"version":{"type":"string","description_kind":"plain","required":true}},"description":"Rule condition based on http request version","description_kind":"plain"},"max_items":1}},"description_kind":"plain","deprecated":true}},"nsxt_lb_http_virtual_server":{"version":0,"block":{"attributes":{"access_log_enabled":{"type":"bool","description":"Whether access log is enabled","description_kind":"plain","optional":true},"application_profile_id":{"type":"string","description":"The http application profile defines the application protocol characteristics","description_kind":"plain","required":true},"default_pool_member_port":{"type":"string","description":"Default pool member port","description_kind":"plain","optional":true},"description":{"type":"string","description":"Description of this resource","description_kind":"plain","optional":true},"display_name":{"type":"string","description":"The display name of this resource. Defaults to ID if not set","description_kind":"plain","optional":true,"computed":true},"enabled":{"type":"bool","description":"Whether the virtual server is enabled","description_kind":"plain","optional":true},"id":{"type":"string","description_kind":"plain","optional":true,"computed":true},"ip_address":{"type":"string","description":"Virtual server IP address","description_kind":"plain","required":true},"max_concurrent_connections":{"type":"number","description":"If not specified, connections are unlimited","description_kind":"plain","optional":true},"max_new_connection_rate":{"type":"number","description":"If not specified, connection rate is unlimited","description_kind":"plain","optional":true},"persistence_profile_id":{"type":"string","description":"Persistence profile is used to allow related client connections to be sent to the same backend server","description_kind":"plain","optional":true},"pool_id":{"type":"string","description":"Server pool for backend connections","description_kind":"plain","optional":true},"port":{"type":"string","description":"Virtual server port","description_kind":"plain","required":true},"revision":{"type":"number","description":"The _revision property describes the current revision of the resource. To prevent clients from overwriting each other's changes, PUT operations must include the current _revision of the resource, which clients should obtain by issuing a GET operation. If the _revision provided in a PUT request is missing or stale, the operation will be rejected","description_kind":"plain","computed":true},"rule_ids":{"type":["list","string"],"description":"Customization of load balancing behavior using match/action rules","description_kind":"plain","optional":true},"sorry_pool_id":{"type":"string","description":"When load balancer can not select a backend server to serve the request in default pool or pool in rules, the request would be served by sorry server pool","description_kind":"plain","optional":true}},"block_types":{"client_ssl":{"nesting_mode":"list","block":{"attributes":{"ca_ids":{"type":["set","string"],"description":"List of CA ids for client authentication","description_kind":"plain","optional":true},"certificate_chain_depth":{"type":"number","description":"Verification depth in the server certificate chain","description_kind":"plain","optional":true},"client_auth":{"type":"bool","description":"Whether client certificate authentication is mandatory","description_kind":"plain","optional":true},"client_ssl_profile_id":{"type":"string","description":"Id of client SSL profile that defines reusable properties","description_kind":"plain","required":true},"crl_ids":{"type":["set","string"],"description":"List of CRL ids for client authentication","description_kind":"plain","optional":true},"default_certificate_id":{"type":"string","description":"Id of certificate that will be used if the server does not host multiple hostnames on the same IP address or if the client does not support SNI extension","description_kind":"plain","required":true},"sni_certificate_ids":{"type":["set","string"],"description":"List of certificates to serve different hostnames","description_kind":"plain","optional":true}},"description":"Client SSL settings for Virtual Server","description_kind":"plain"},"max_items":1},"server_ssl":{"nesting_mode":"list","block":{"attributes":{"ca_ids":{"type":["set","string"],"description":"List of CA ids for server authentication","description_kind":"plain","optional":true},"certificate_chain_depth":{"type":"number","description":"Verification depth in the server certificate chain","description_kind":"plain","optional":true},"client_certificate_id":{"type":"string","description":"Id of certificate that will be used if the server does not host multiple hostnames on the same IP address or if the client does not support SNI extension","description_kind":"plain","optional":true},"crl_ids":{"type":["set","string"],"description":"List of CRL ids for server authentication","description_kind":"plain","optional":true},"server_auth":{"type":"bool","description":"Server authentication mode","description_kind":"plain","optional":true},"server_ssl_profile_id":{"type":"string","description":"Id of server SSL profile that defines reusable properties","description_kind":"plain","required":true}},"description":"Server SSL settings for Virtual Server","description_kind":"plain"},"max_items":1},"tag":{"nesting_mode":"set","block":{"attributes":{"scope":{"type":"string","description_kind":"plain","optional":true},"tag":{"type":"string","description_kind":"plain","optional":true}},"description":"Set of opaque identifiers meaningful to the user","description_kind":"plain"}}},"description_kind":"plain","deprecated":true}},"nsxt_lb_https_monitor":{"version":0,"block":{"attributes":{"certificate_chain_depth":{"type":"number","description":"Verification depth in the server certificate chain","description_kind":"plain","optional":true},"ciphers":{"type":["set","string"],"description":"Supported SSL cipher list","description_kind":"plain","optional":true,"computed":true},"client_certificate_id":{"type":"string","description":"client certificate can be specified to support client authentication","description_kind":"plain","optional":true},"description":{"type":"string","description":"Description of this resource","description_kind":"plain","optional":true},"display_name":{"type":"string","description":"The display name of this resource. Defaults to ID if not set","description_kind":"plain","optional":true,"computed":true},"fall_count":{"type":"number","description":"Number of consecutive checks that must fail before marking it down","description_kind":"plain","optional":true},"id":{"type":"string","description_kind":"plain","optional":true,"computed":true},"interval":{"type":"number","description":"The frequency at which the system issues the monitor check (in seconds)","description_kind":"plain","optional":true},"is_secure":{"type":"bool","description":"This flag is set to true when all the ciphers and protocols are secure. It is set to false when one of the ciphers or protocols is insecure","description_kind":"plain","computed":true},"monitor_port":{"type":"string","description":"If the monitor port is specified, it would override pool member port setting for healthcheck. A port range is not supported","description_kind":"plain","optional":true},"protocols":{"type":["set","string"],"description":"SSL versions TLS1.1 and TLS1.2 are supported and enabled by default. SSLv2, SSLv3, and TLS1.0 are supported, but disabled by default","description_kind":"plain","optional":true,"computed":true},"request_body":{"type":"string","description":"String to send as HTTP health check request body. Valid only for certain HTTP methods like POST","description_kind":"plain","optional":true},"request_method":{"type":"string","description":"Health check method for HTTP monitor type","description_kind":"plain","optional":true},"request_url":{"type":"string","description":"URL used for HTTP monitor","description_kind":"plain","optional":true},"request_version":{"type":"string","description":"HTTP request version","description_kind":"plain","optional":true},"response_body":{"type":"string","description":"If HTTP specified, healthcheck HTTP response body is matched against the specified string (regular expressions not supported), and succeeds only if there is a match","description_kind":"plain","optional":true},"response_status_codes":{"type":["list","number"],"description":"The HTTP response status code should be a valid HTTP status code","description_kind":"plain","optional":true,"computed":true},"revision":{"type":"number","description":"The _revision property describes the current revision of the resource. To prevent clients from overwriting each other's changes, PUT operations must include the current _revision of the resource, which clients should obtain by issuing a GET operation. If the _revision provided in a PUT request is missing or stale, the operation will be rejected","description_kind":"plain","computed":true},"rise_count":{"type":"number","description":"Number of consecutive checks that must pass before marking it up","description_kind":"plain","optional":true},"server_auth":{"type":"string","description":"Server authentication mode","description_kind":"plain","optional":true},"server_auth_ca_ids":{"type":["set","string"],"description":"If server auth type is REQUIRED, server certificate must be signed by one of the CAs","description_kind":"plain","optional":true},"server_auth_crl_ids":{"type":["set","string"],"description":"Certificate Revocation List (CRL) to disallow compromised server certificates","description_kind":"plain","optional":true},"timeout":{"type":"number","description":"Number of seconds the target has to respond to the monitor request","description_kind":"plain","optional":true}},"block_types":{"request_header":{"nesting_mode":"set","block":{"attributes":{"name":{"type":"string","description":"Header name","description_kind":"plain","required":true},"value":{"type":"string","description":"Header value","description_kind":"plain","required":true}},"description":"Array of HTTP request headers","description_kind":"plain"}},"tag":{"nesting_mode":"set","block":{"attributes":{"scope":{"type":"string","description_kind":"plain","optional":true},"tag":{"type":"string","description_kind":"plain","optional":true}},"description":"Set of opaque identifiers meaningful to the user","description_kind":"plain"}}},"description_kind":"plain","deprecated":true}},"nsxt_lb_icmp_monitor":{"version":0,"block":{"attributes":{"data_length":{"type":"number","description":"The data size (in bytes) of the ICMP healthcheck packet","description_kind":"plain","optional":true},"description":{"type":"string","description":"Description of this resource","description_kind":"plain","optional":true},"display_name":{"type":"string","description":"The display name of this resource. Defaults to ID if not set","description_kind":"plain","optional":true,"computed":true},"fall_count":{"type":"number","description":"Number of consecutive checks that must fail before marking it down","description_kind":"plain","optional":true},"id":{"type":"string","description_kind":"plain","optional":true,"computed":true},"interval":{"type":"number","description":"The frequency at which the system issues the monitor check (in seconds)","description_kind":"plain","optional":true},"monitor_port":{"type":"string","description":"If the monitor port is specified, it would override pool member port setting for healthcheck. A port range is not supported","description_kind":"plain","optional":true},"revision":{"type":"number","description":"The _revision property describes the current revision of the resource. To prevent clients from overwriting each other's changes, PUT operations must include the current _revision of the resource, which clients should obtain by issuing a GET operation. If the _revision provided in a PUT request is missing or stale, the operation will be rejected","description_kind":"plain","computed":true},"rise_count":{"type":"number","description":"Number of consecutive checks that must pass before marking it up","description_kind":"plain","optional":true},"timeout":{"type":"number","description":"Number of seconds the target has to respond to the monitor request","description_kind":"plain","optional":true}},"block_types":{"tag":{"nesting_mode":"set","block":{"attributes":{"scope":{"type":"string","description_kind":"plain","optional":true},"tag":{"type":"string","description_kind":"plain","optional":true}},"description":"Set of opaque identifiers meaningful to the user","description_kind":"plain"}}},"description_kind":"plain","deprecated":true}},"nsxt_lb_passive_monitor":{"version":0,"block":{"attributes":{"description":{"type":"string","description":"Description of this resource","description_kind":"plain","optional":true},"display_name":{"type":"string","description":"The display name of this resource. Defaults to ID if not set","description_kind":"plain","optional":true,"computed":true},"id":{"type":"string","description_kind":"plain","optional":true,"computed":true},"max_fails":{"type":"number","description":"When the consecutive failures reach this value, then the member is considered temporarily unavailable for a configurable period","description_kind":"plain","optional":true},"revision":{"type":"number","description":"The _revision property describes the current revision of the resource. To prevent clients from overwriting each other's changes, PUT operations must include the current _revision of the resource, which clients should obtain by issuing a GET operation. If the _revision provided in a PUT request is missing or stale, the operation will be rejected","description_kind":"plain","computed":true},"timeout":{"type":"number","description":"After this timeout period, the member is tried again for a new connection to see if it is available","description_kind":"plain","optional":true}},"block_types":{"tag":{"nesting_mode":"set","block":{"attributes":{"scope":{"type":"string","description_kind":"plain","optional":true},"tag":{"type":"string","description_kind":"plain","optional":true}},"description":"Set of opaque identifiers meaningful to the user","description_kind":"plain"}}},"description_kind":"plain","deprecated":true}},"nsxt_lb_pool":{"version":0,"block":{"attributes":{"active_monitor_id":{"type":"string","description":"Active health monitor Id. If one is not set, the active healthchecks will be disabled","description_kind":"plain","optional":true},"algorithm":{"type":"string","description":"Load balancing algorithm controls how the incoming connections are distributed among the members","description_kind":"plain","optional":true},"description":{"type":"string","description":"Description of this resource","description_kind":"plain","optional":true},"display_name":{"type":"string","description":"The display name of this resource. Defaults to ID if not set","description_kind":"plain","optional":true,"computed":true},"id":{"type":"string","description_kind":"plain","optional":true,"computed":true},"min_active_members":{"type":"number","description":"The minimum number of members for the pool to be considered active","description_kind":"plain","optional":true},"passive_monitor_id":{"type":"string","description":"Passive health monitor Id. If one is not set, the passive healthchecks will be disabled","description_kind":"plain","optional":true},"revision":{"type":"number","description":"The _revision property describes the current revision of the resource. To prevent clients from overwriting each other's changes, PUT operations must include the current _revision of the resource, which clients should obtain by issuing a GET operation. If the _revision provided in a PUT request is missing or stale, the operation will be rejected","description_kind":"plain","computed":true},"tcp_multiplexing_enabled":{"type":"bool","description":"TCP multiplexing allows the same TCP connection between load balancer and the backend server to be used for sending multiple client requests from different client TCP connections","description_kind":"plain","optional":true},"tcp_multiplexing_number":{"type":"number","description":"The maximum number of TCP connections per pool that are idly kept alive for sending future client requests","description_kind":"plain","optional":true}},"block_types":{"member":{"nesting_mode":"list","block":{"attributes":{"admin_state":{"type":"string","description":"Member admin state","description_kind":"plain","optional":true},"backup_member":{"type":"bool","description":"A boolean flag which reflects whether this is a backup pool member","description_kind":"plain","optional":true},"display_name":{"type":"string","description":"Pool member name","description_kind":"plain","optional":true,"computed":true},"ip_address":{"type":"string","description":"Pool member IP address","description_kind":"plain","required":true},"max_concurrent_connections":{"type":"number","description":"To ensure members are not overloaded, connections to a member can be capped by the load balancer. When a member reaches this limit, it is skipped during server selection. If it is not specified, it means that connections are unlimited","description_kind":"plain","optional":true},"port":{"type":"string","description":"If port is specified, all connections will be sent to this port. Only single port is supported. If unset, the same port the client connected to will be used, it could be overrode by default_pool_member_port setting in virtual server. The port should not specified for port range case","description_kind":"plain","optional":true},"weight":{"type":"number","description":"Pool member weight is used for WEIGHTED_ROUND_ROBIN balancing algorithm. The weight value would be ignored in other algorithms","description_kind":"plain","optional":true}},"description":"List of server pool members. Each pool member is identified, typically, by an IP address and a port","description_kind":"plain"}},"member_group":{"nesting_mode":"list","block":{"attributes":{"ip_version_filter":{"type":"string","description":"Ip revision filter is used to filter IPv4 or IPv6 addresses from the grouping object. If the filter is not specified, both IPv4 and IPv6 addresses would be used as server IPs","description_kind":"plain","optional":true},"limit_ip_list_size":{"type":"bool","description":"Specifies whether to limit pool members. If false, dynamic pool can grow up to the load balancer max pool member capacity.","description_kind":"plain","optional":true},"max_ip_list_size":{"type":"number","description":"Limits the max number of pool members to the specified value if limit_ip_list_size is set to true, ignored otherwise.","description_kind":"plain","optional":true},"port":{"type":"number","description":"If port is specified, all connections will be sent to this port. If unset, the same port the client connected to will be used","description_kind":"plain","optional":true}},"block_types":{"grouping_object":{"nesting_mode":"list","block":{"attributes":{"is_valid":{"type":"bool","description":"A boolean flag which will be set to false if the referenced NSX resource has been deleted","description_kind":"plain","computed":true},"target_display_name":{"type":"string","description":"Display name of the NSX resource","description_kind":"plain","computed":true},"target_id":{"type":"string","description":"Identifier of the NSX resource","description_kind":"plain","optional":true},"target_type":{"type":"string","description":"Type of the NSX resource","description_kind":"plain","optional":true}},"description":"Load balancer pool support grouping object as dynamic pool members. The IP list of the grouping object such as NSGroup would be used as pool member IP setting","description_kind":"plain"},"min_items":1,"max_items":1}},"description":"Dynamic pool members for the loadbalancing pool. When member group is defined, members setting should not be specified","description_kind":"plain"},"max_items":1},"snat_translation":{"nesting_mode":"list","block":{"attributes":{"ip":{"type":"string","description":"Ip address or Ip range for SNAT of type SNAT_IP_POOL","description_kind":"plain","optional":true},"type":{"type":"string","description":"Type of SNAT performed to ensure reverse traffic from the server can be received and processed by the loadbalancer","description_kind":"plain","optional":true}},"description":"SNAT translation configuration","description_kind":"plain"},"max_items":1},"tag":{"nesting_mode":"set","block":{"attributes":{"scope":{"type":"string","description_kind":"plain","optional":true},"tag":{"type":"string","description_kind":"plain","optional":true}},"description":"Set of opaque identifiers meaningful to the user","description_kind":"plain"}}},"description_kind":"plain","deprecated":true}},"nsxt_lb_server_ssl_profile":{"version":0,"block":{"attributes":{"ciphers":{"type":["set","string"],"description":"Supported SSL cipher list","description_kind":"plain","optional":true,"computed":true},"description":{"type":"string","description":"Description of this resource","description_kind":"plain","optional":true},"display_name":{"type":"string","description":"The display name of this resource. Defaults to ID if not set","description_kind":"plain","optional":true,"computed":true},"id":{"type":"string","description_kind":"plain","optional":true,"computed":true},"is_secure":{"type":"bool","description":"This flag is set to true when all the ciphers and protocols are secure. It is set to false when one of the ciphers or protocols is insecure","description_kind":"plain","computed":true},"protocols":{"type":["set","string"],"description":"SSL versions TLS1.1 and TLS1.2 are supported and enabled by default. SSLv2, SSLv3, and TLS1.0 are supported, but disabled by default","description_kind":"plain","optional":true,"computed":true},"revision":{"type":"number","description":"The _revision property describes the current revision of the resource. To prevent clients from overwriting each other's changes, PUT operations must include the current _revision of the resource, which clients should obtain by issuing a GET operation. If the _revision provided in a PUT request is missing or stale, the operation will be rejected","description_kind":"plain","computed":true},"session_cache_enabled":{"type":"bool","description":"Reuse previously negotiated security parameters during handshake","description_kind":"plain","optional":true}},"block_types":{"tag":{"nesting_mode":"set","block":{"attributes":{"scope":{"type":"string","description_kind":"plain","optional":true},"tag":{"type":"string","description_kind":"plain","optional":true}},"description":"Set of opaque identifiers meaningful to the user","description_kind":"plain"}}},"description_kind":"plain","deprecated":true}},"nsxt_lb_service":{"version":0,"block":{"attributes":{"description":{"type":"string","description":"Description of this resource","description_kind":"plain","optional":true},"display_name":{"type":"string","description":"The display name of this resource. Defaults to ID if not set","description_kind":"plain","optional":true,"computed":true},"enabled":{"type":"bool","description":"Whether the load balancer service is enabled","description_kind":"plain","optional":true},"error_log_level":{"type":"string","description":"Load balancer engine writes information about encountered issues of different severity levels to the error log. This setting is used to define the severity level of the error log","description_kind":"plain","optional":true},"id":{"type":"string","description_kind":"plain","optional":true,"computed":true},"logical_router_id":{"type":"string","description":"Logical Tier1 Router to which the Load Balancer is to be attached","description_kind":"plain","required":true},"revision":{"type":"number","description":"The _revision property describes the current revision of the resource. To prevent clients from overwriting each other's changes, PUT operations must include the current _revision of the resource, which clients should obtain by issuing a GET operation. If the _revision provided in a PUT request is missing or stale, the operation will be rejected","description_kind":"plain","computed":true},"size":{"type":"string","description":"Size of load balancer service","description_kind":"plain","optional":true},"virtual_server_ids":{"type":["set","string"],"description":"Virtual servers associated with this Load Balancer","description_kind":"plain","optional":true}},"block_types":{"tag":{"nesting_mode":"set","block":{"attributes":{"scope":{"type":"string","description_kind":"plain","optional":true},"tag":{"type":"string","description_kind":"plain","optional":true}},"description":"Set of opaque identifiers meaningful to the user","description_kind":"plain"}}},"description_kind":"plain","deprecated":true}},"nsxt_lb_source_ip_persistence_profile":{"version":0,"block":{"attributes":{"description":{"type":"string","description":"Description of this resource","description_kind":"plain","optional":true},"display_name":{"type":"string","description":"The display name of this resource. Defaults to ID if not set","description_kind":"plain","optional":true,"computed":true},"ha_persistence_mirroring":{"type":"bool","description":"A boolean flag which reflects whether persistence entries will be synchronized to the HA peer","description_kind":"plain","optional":true},"id":{"type":"string","description_kind":"plain","optional":true,"computed":true},"persistence_shared":{"type":"bool","description":"A boolean flag which reflects whether the cookie persistence is private or shared","description_kind":"plain","optional":true},"purge_when_full":{"type":"bool","description":"A boolean flag which reflects whether entries will be purged when the persistence table is full","description_kind":"plain","optional":true},"revision":{"type":"number","description":"The _revision property describes the current revision of the resource. To prevent clients from overwriting each other's changes, PUT operations must include the current _revision of the resource, which clients should obtain by issuing a GET operation. If the _revision provided in a PUT request is missing or stale, the operation will be rejected","description_kind":"plain","computed":true},"timeout":{"type":"number","description":"Persistence expiration time in seconds, counted from the time all the connections are completed","description_kind":"plain","optional":true}},"block_types":{"tag":{"nesting_mode":"set","block":{"attributes":{"scope":{"type":"string","description_kind":"plain","optional":true},"tag":{"type":"string","description_kind":"plain","optional":true}},"description":"Set of opaque identifiers meaningful to the user","description_kind":"plain"}}},"description_kind":"plain","deprecated":true}},"nsxt_lb_tcp_monitor":{"version":0,"block":{"attributes":{"description":{"type":"string","description":"Description of this resource","description_kind":"plain","optional":true},"display_name":{"type":"string","description":"The display name of this resource. Defaults to ID if not set","description_kind":"plain","optional":true,"computed":true},"fall_count":{"type":"number","description":"Number of consecutive checks that must fail before marking it down","description_kind":"plain","optional":true},"id":{"type":"string","description_kind":"plain","optional":true,"computed":true},"interval":{"type":"number","description":"The frequency at which the system issues the monitor check (in seconds)","description_kind":"plain","optional":true},"monitor_port":{"type":"string","description":"If the monitor port is specified, it would override pool member port setting for healthcheck. A port range is not supported","description_kind":"plain","optional":true},"receive":{"type":"string","description":"Expected data, if specified, can be anywhere in the response and it has to be a string, regular expressions are not supported","description_kind":"plain","optional":true},"revision":{"type":"number","description":"The _revision property describes the current revision of the resource. To prevent clients from overwriting each other's changes, PUT operations must include the current _revision of the resource, which clients should obtain by issuing a GET operation. If the _revision provided in a PUT request is missing or stale, the operation will be rejected","description_kind":"plain","computed":true},"rise_count":{"type":"number","description":"Number of consecutive checks that must pass before marking it up","description_kind":"plain","optional":true},"send":{"type":"string","description":"If both send and receive are not specified, then just a TCP connection is established (3-way handshake) to validate server is healthy, no data is sent.","description_kind":"plain","optional":true},"timeout":{"type":"number","description":"Number of seconds the target has to respond to the monitor request","description_kind":"plain","optional":true}},"block_types":{"tag":{"nesting_mode":"set","block":{"attributes":{"scope":{"type":"string","description_kind":"plain","optional":true},"tag":{"type":"string","description_kind":"plain","optional":true}},"description":"Set of opaque identifiers meaningful to the user","description_kind":"plain"}}},"description_kind":"plain","deprecated":true}},"nsxt_lb_tcp_virtual_server":{"version":0,"block":{"attributes":{"access_log_enabled":{"type":"bool","description":"Whether access log is enabled","description_kind":"plain","optional":true},"application_profile_id":{"type":"string","description":"The tcp application profile defines the application protocol characteristics","description_kind":"plain","required":true},"default_pool_member_ports":{"type":["list","string"],"description":"Default pool member ports or port range","description_kind":"plain","optional":true},"description":{"type":"string","description":"Description of this resource","description_kind":"plain","optional":true},"display_name":{"type":"string","description":"The display name of this resource. Defaults to ID if not set","description_kind":"plain","optional":true,"computed":true},"enabled":{"type":"bool","description":"whether the virtual server is enabled","description_kind":"plain","optional":true},"id":{"type":"string","description_kind":"plain","optional":true,"computed":true},"ip_address":{"type":"string","description":"virtual server IP address","description_kind":"plain","required":true},"max_concurrent_connections":{"type":"number","description":"If not specified, connections are unlimited","description_kind":"plain","optional":true},"max_new_connection_rate":{"type":"number","description":"If not specified, connection rate is unlimited","description_kind":"plain","optional":true},"persistence_profile_id":{"type":"string","description":"Persistence profile is used to allow related client connections to be sent to the same backend server. Source ip persistence is supported.","description_kind":"plain","optional":true},"pool_id":{"type":"string","description":"Server pool for backend connections","description_kind":"plain","optional":true},"ports":{"type":["list","string"],"description":"Single port, multiple ports or port ranges","description_kind":"plain","required":true},"revision":{"type":"number","description":"The _revision property describes the current revision of the resource. To prevent clients from overwriting each other's changes, PUT operations must include the current _revision of the resource, which clients should obtain by issuing a GET operation. If the _revision provided in a PUT request is missing or stale, the operation will be rejected","description_kind":"plain","computed":true},"sorry_pool_id":{"type":"string","description":"When load balancer can not select a backend server to serve the request in default pool, the request would be served by sorry server pool","description_kind":"plain","optional":true}},"block_types":{"tag":{"nesting_mode":"set","block":{"attributes":{"scope":{"type":"string","description_kind":"plain","optional":true},"tag":{"type":"string","description_kind":"plain","optional":true}},"description":"Set of opaque identifiers meaningful to the user","description_kind":"plain"}}},"description_kind":"plain","deprecated":true}},"nsxt_lb_udp_monitor":{"version":0,"block":{"attributes":{"description":{"type":"string","description":"Description of this resource","description_kind":"plain","optional":true},"display_name":{"type":"string","description":"The display name of this resource. Defaults to ID if not set","description_kind":"plain","optional":true,"computed":true},"fall_count":{"type":"number","description":"Number of consecutive checks that must fail before marking it down","description_kind":"plain","optional":true},"id":{"type":"string","description_kind":"plain","optional":true,"computed":true},"interval":{"type":"number","description":"The frequency at which the system issues the monitor check (in seconds)","description_kind":"plain","optional":true},"monitor_port":{"type":"string","description":"If the monitor port is specified, it would override pool member port setting for healthcheck. A port range is not supported","description_kind":"plain","optional":true},"receive":{"type":"string","description":"Expected data, if specified, can be anywhere in the response and it has to be a string, regular expressions are not supported","description_kind":"plain","required":true},"revision":{"type":"number","description":"The _revision property describes the current revision of the resource. To prevent clients from overwriting each other's changes, PUT operations must include the current _revision of the resource, which clients should obtain by issuing a GET operation. If the _revision provided in a PUT request is missing or stale, the operation will be rejected","description_kind":"plain","computed":true},"rise_count":{"type":"number","description":"Number of consecutive checks that must pass before marking it up","description_kind":"plain","optional":true},"send":{"type":"string","description":"The data to be sent to the monitored server.","description_kind":"plain","required":true},"timeout":{"type":"number","description":"Number of seconds the target has to respond to the monitor request","description_kind":"plain","optional":true}},"block_types":{"tag":{"nesting_mode":"set","block":{"attributes":{"scope":{"type":"string","description_kind":"plain","optional":true},"tag":{"type":"string","description_kind":"plain","optional":true}},"description":"Set of opaque identifiers meaningful to the user","description_kind":"plain"}}},"description_kind":"plain","deprecated":true}},"nsxt_lb_udp_virtual_server":{"version":0,"block":{"attributes":{"access_log_enabled":{"type":"bool","description":"Whether access log is enabled","description_kind":"plain","optional":true},"application_profile_id":{"type":"string","description":"The tcp application profile defines the application protocol characteristics","description_kind":"plain","required":true},"default_pool_member_ports":{"type":["list","string"],"description":"Default pool member ports or port range","description_kind":"plain","optional":true},"description":{"type":"string","description":"Description of this resource","description_kind":"plain","optional":true},"display_name":{"type":"string","description":"The display name of this resource. Defaults to ID if not set","description_kind":"plain","optional":true,"computed":true},"enabled":{"type":"bool","description":"whether the virtual server is enabled","description_kind":"plain","optional":true},"id":{"type":"string","description_kind":"plain","optional":true,"computed":true},"ip_address":{"type":"string","description":"virtual server IP address","description_kind":"plain","required":true},"max_concurrent_connections":{"type":"number","description":"If not specified, connections are unlimited","description_kind":"plain","optional":true},"max_new_connection_rate":{"type":"number","description":"If not specified, connection rate is unlimited","description_kind":"plain","optional":true},"persistence_profile_id":{"type":"string","description":"Persistence profile is used to allow related client connections to be sent to the same backend server. Source ip persistence is supported.","description_kind":"plain","optional":true},"pool_id":{"type":"string","description":"Server pool for backend connections","description_kind":"plain","optional":true},"ports":{"type":["list","string"],"description":"Single port, multiple ports or port ranges","description_kind":"plain","required":true},"revision":{"type":"number","description":"The _revision property describes the current revision of the resource. To prevent clients from overwriting each other's changes, PUT operations must include the current _revision of the resource, which clients should obtain by issuing a GET operation. If the _revision provided in a PUT request is missing or stale, the operation will be rejected","description_kind":"plain","computed":true},"sorry_pool_id":{"type":"string","description":"When load balancer can not select a backend server to serve the request in default pool, the request would be served by sorry server pool","description_kind":"plain","optional":true}},"block_types":{"tag":{"nesting_mode":"set","block":{"attributes":{"scope":{"type":"string","description_kind":"plain","optional":true},"tag":{"type":"string","description_kind":"plain","optional":true}},"description":"Set of opaque identifiers meaningful to the user","description_kind":"plain"}}},"description_kind":"plain","deprecated":true}},"nsxt_logical_dhcp_port":{"version":0,"block":{"attributes":{"admin_state":{"type":"string","description":"Represents Desired state of the object","description_kind":"plain","optional":true},"description":{"type":"string","description":"Description of this resource","description_kind":"plain","optional":true},"dhcp_server_id":{"type":"string","description":"Id of the Logical DHCP server this port belongs to","description_kind":"plain","required":true},"display_name":{"type":"string","description":"The display name of this resource. Defaults to ID if not set","description_kind":"plain","optional":true,"computed":true},"id":{"type":"string","description_kind":"plain","optional":true,"computed":true},"logical_switch_id":{"type":"string","description":"Id of the Logical switch that this port belongs to","description_kind":"plain","required":true},"revision":{"type":"number","description":"The _revision property describes the current revision of the resource. To prevent clients from overwriting each other's changes, PUT operations must include the current _revision of the resource, which clients should obtain by issuing a GET operation. If the _revision provided in a PUT request is missing or stale, the operation will be rejected","description_kind":"plain","computed":true}},"block_types":{"tag":{"nesting_mode":"set","block":{"attributes":{"scope":{"type":"string","description_kind":"plain","optional":true},"tag":{"type":"string","description_kind":"plain","optional":true}},"description":"Set of opaque identifiers meaningful to the user","description_kind":"plain"}}},"description_kind":"plain","deprecated":true}},"nsxt_logical_dhcp_server":{"version":0,"block":{"attributes":{"attached_logical_port_id":{"type":"string","description":"Id of attached logical port","description_kind":"plain","computed":true},"description":{"type":"string","description":"Description of this resource","description_kind":"plain","optional":true},"dhcp_profile_id":{"type":"string","description":"DHCP profile uuid","description_kind":"plain","required":true},"dhcp_server_ip":{"type":"string","description":"DHCP server ip in cidr format","description_kind":"plain","required":true},"display_name":{"type":"string","description":"The display name of this resource. Defaults to ID if not set","description_kind":"plain","optional":true,"computed":true},"dns_name_servers":{"type":["list","string"],"description":"DNS IPs","description_kind":"plain","optional":true},"domain_name":{"type":"string","description":"Domain name","description_kind":"plain","optional":true},"gateway_ip":{"type":"string","description":"Gateway IP","description_kind":"plain","optional":true},"id":{"type":"string","description_kind":"plain","optional":true,"computed":true},"revision":{"type":"number","description":"The _revision property describes the current revision of the resource. To prevent clients from overwriting each other's changes, PUT operations must include the current _revision of the resource, which clients should obtain by issuing a GET operation. If the _revision provided in a PUT request is missing or stale, the operation will be rejected","description_kind":"plain","computed":true}},"block_types":{"dhcp_generic_option":{"nesting_mode":"list","block":{"attributes":{"code":{"type":"number","description":"DHCP option code, [0-255]","description_kind":"plain","required":true},"values":{"type":["list","string"],"description":"DHCP option values","description_kind":"plain","required":true}},"description":"Generic DHCP options","description_kind":"plain"}},"dhcp_option_121":{"nesting_mode":"list","block":{"attributes":{"network":{"type":"string","description":"Destination in cidr","description_kind":"plain","required":true},"next_hop":{"type":"string","description":"Next hop IP","description_kind":"plain","required":true}},"description":"DHCP classless static routes","description_kind":"plain"}},"tag":{"nesting_mode":"set","block":{"attributes":{"scope":{"type":"string","description_kind":"plain","optional":true},"tag":{"type":"string","description_kind":"plain","optional":true}},"description":"Set of opaque identifiers meaningful to the user","description_kind":"plain"}}},"description_kind":"plain","deprecated":true}},"nsxt_logical_port":{"version":0,"block":{"attributes":{"admin_state":{"type":"string","description":"Represents Desired state of the object","description_kind":"plain","optional":true},"description":{"type":"string","description":"Description of this resource","description_kind":"plain","optional":true},"display_name":{"type":"string","description":"The display name of this resource. Defaults to ID if not set","description_kind":"plain","optional":true,"computed":true},"id":{"type":"string","description_kind":"plain","optional":true,"computed":true},"logical_switch_id":{"type":"string","description":"Id of the Logical switch that this port belongs to","description_kind":"plain","required":true},"revision":{"type":"number","description":"The _revision property describes the current revision of the resource. To prevent clients from overwriting each other's changes, PUT operations must include the current _revision of the resource, which clients should obtain by issuing a GET operation. If the _revision provided in a PUT request is missing or stale, the operation will be rejected","description_kind":"plain","computed":true}},"block_types":{"switching_profile_id":{"nesting_mode":"set","block":{"attributes":{"key":{"type":"string","description":"The resource type of this profile","description_kind":"plain","required":true},"value":{"type":"string","description":"The ID of this profile","description_kind":"plain","required":true}},"description":"List of IDs of switching profiles (of various types) to be associated with this object. Default switching profiles will be used if not specified","description_kind":"plain"}},"tag":{"nesting_mode":"set","block":{"attributes":{"scope":{"type":"string","description_kind":"plain","optional":true},"tag":{"type":"string","description_kind":"plain","optional":true}},"description":"Set of opaque identifiers meaningful to the user","description_kind":"plain"}}},"description_kind":"plain","deprecated":true}},"nsxt_logical_router_centralized_service_port":{"version":0,"block":{"attributes":{"description":{"type":"string","description":"Description of this resource","description_kind":"plain","optional":true},"display_name":{"type":"string","description":"The display name of this resource. Defaults to ID if not set","description_kind":"plain","optional":true,"computed":true},"id":{"type":"string","description_kind":"plain","optional":true,"computed":true},"ip_address":{"type":"string","description":"Logical router port subnet (ipAddress / prefix length)","description_kind":"plain","required":true},"linked_logical_switch_port_id":{"type":"string","description":"Identifier for port on logical switch to connect to","description_kind":"plain","required":true},"logical_router_id":{"type":"string","description":"Identifier for logical router on which this port is created","description_kind":"plain","required":true},"revision":{"type":"number","description":"The _revision property describes the current revision of the resource. To prevent clients from overwriting each other's changes, PUT operations must include the current _revision of the resource, which clients should obtain by issuing a GET operation. If the _revision provided in a PUT request is missing or stale, the operation will be rejected","description_kind":"plain","computed":true},"urpf_mode":{"type":"string","description":"Unicast Reverse Path Forwarding mode","description_kind":"plain","optional":true}},"block_types":{"tag":{"nesting_mode":"set","block":{"attributes":{"scope":{"type":"string","description_kind":"plain","optional":true},"tag":{"type":"string","description_kind":"plain","optional":true}},"description":"Set of opaque identifiers meaningful to the user","description_kind":"plain"}}},"description_kind":"plain","deprecated":true}},"nsxt_logical_router_downlink_port":{"version":0,"block":{"attributes":{"description":{"type":"string","description":"Description of this resource","description_kind":"plain","optional":true},"display_name":{"type":"string","description":"The display name of this resource. Defaults to ID if not set","description_kind":"plain","optional":true,"computed":true},"id":{"type":"string","description_kind":"plain","optional":true,"computed":true},"ip_address":{"type":"string","description":"Logical router port subnet (ipAddress / prefix length)","description_kind":"plain","required":true},"linked_logical_switch_port_id":{"type":"string","description":"Identifier for port on logical switch to connect to","description_kind":"plain","required":true},"logical_router_id":{"type":"string","description":"Identifier for logical router on which this port is created","description_kind":"plain","required":true},"mac_address":{"type":"string","description":"MAC address","description_kind":"plain","computed":true},"revision":{"type":"number","description":"The _revision property describes the current revision of the resource. To prevent clients from overwriting each other's changes, PUT operations must include the current _revision of the resource, which clients should obtain by issuing a GET operation. If the _revision provided in a PUT request is missing or stale, the operation will be rejected","description_kind":"plain","computed":true},"urpf_mode":{"type":"string","description":"Unicast Reverse Path Forwarding mode","description_kind":"plain","optional":true}},"block_types":{"service_binding":{"nesting_mode":"list","block":{"attributes":{"is_valid":{"type":"bool","description":"A boolean flag which will be set to false if the referenced NSX resource has been deleted","description_kind":"plain","computed":true},"target_display_name":{"type":"string","description":"Display name of the NSX resource","description_kind":"plain","computed":true},"target_id":{"type":"string","description":"Identifier of the NSX resource","description_kind":"plain","optional":true},"target_type":{"type":"string","description":"Type of the NSX resource","description_kind":"plain","optional":true}},"description":"Service Bindings","description_kind":"plain"}},"tag":{"nesting_mode":"set","block":{"attributes":{"scope":{"type":"string","description_kind":"plain","optional":true},"tag":{"type":"string","description_kind":"plain","optional":true}},"description":"Set of opaque identifiers meaningful to the user","description_kind":"plain"}}},"description_kind":"plain","deprecated":true}},"nsxt_logical_router_link_port_on_tier0":{"version":0,"block":{"attributes":{"description":{"type":"string","description":"Description of this resource","description_kind":"plain","optional":true},"display_name":{"type":"string","description":"The display name of this resource. Defaults to ID if not set","description_kind":"plain","optional":true,"computed":true},"id":{"type":"string","description_kind":"plain","optional":true,"computed":true},"linked_logical_router_port_id":{"type":"string","description":"Identifier for port on logical router to connect to","description_kind":"plain","computed":true},"logical_router_id":{"type":"string","description":"Identifier for logical router on which this port is created","description_kind":"plain","required":true},"revision":{"type":"number","description":"The _revision property describes the current revision of the resource. To prevent clients from overwriting each other's changes, PUT operations must include the current _revision of the resource, which clients should obtain by issuing a GET operation. If the _revision provided in a PUT request is missing or stale, the operation will be rejected","description_kind":"plain","computed":true}},"block_types":{"tag":{"nesting_mode":"set","block":{"attributes":{"scope":{"type":"string","description_kind":"plain","optional":true},"tag":{"type":"string","description_kind":"plain","optional":true}},"description":"Set of opaque identifiers meaningful to the user","description_kind":"plain"}}},"description_kind":"plain","deprecated":true}},"nsxt_logical_router_link_port_on_tier1":{"version":0,"block":{"attributes":{"description":{"type":"string","description":"Description of this resource","description_kind":"plain","optional":true},"display_name":{"type":"string","description":"The display name of this resource. Defaults to ID if not set","description_kind":"plain","optional":true,"computed":true},"id":{"type":"string","description_kind":"plain","optional":true,"computed":true},"linked_logical_router_port_id":{"type":"string","description":"Identifier for port on logical router to connect to","description_kind":"plain","required":true},"logical_router_id":{"type":"string","description":"Identifier for logical router on which this port is created","description_kind":"plain","required":true},"revision":{"type":"number","description":"The _revision property describes the current revision of the resource. To prevent clients from overwriting each other's changes, PUT operations must include the current _revision of the resource, which clients should obtain by issuing a GET operation. If the _revision provided in a PUT request is missing or stale, the operation will be rejected","description_kind":"plain","computed":true}},"block_types":{"tag":{"nesting_mode":"set","block":{"attributes":{"scope":{"type":"string","description_kind":"plain","optional":true},"tag":{"type":"string","description_kind":"plain","optional":true}},"description":"Set of opaque identifiers meaningful to the user","description_kind":"plain"}}},"description_kind":"plain","deprecated":true}},"nsxt_logical_switch":{"version":0,"block":{"attributes":{"admin_state":{"type":"string","description":"Represents Desired state of the object","description_kind":"plain","optional":true},"description":{"type":"string","description":"Description of this resource","description_kind":"plain","optional":true},"display_name":{"type":"string","description":"The display name of this resource. Defaults to ID if not set","description_kind":"plain","optional":true,"computed":true},"id":{"type":"string","description_kind":"plain","optional":true,"computed":true},"ip_pool_id":{"type":"string","description":"IP pool id that associated with a LogicalSwitch","description_kind":"plain","optional":true},"mac_pool_id":{"type":"string","description":"Mac pool id that associated with a LogicalSwitch","description_kind":"plain","optional":true},"replication_mode":{"type":"string","description":"Replication mode of the Logical Switch","description_kind":"plain","optional":true},"revision":{"type":"number","description":"The _revision property describes the current revision of the resource. To prevent clients from overwriting each other's changes, PUT operations must include the current _revision of the resource, which clients should obtain by issuing a GET operation. If the _revision provided in a PUT request is missing or stale, the operation will be rejected","description_kind":"plain","computed":true},"transport_zone_id":{"type":"string","description":"Id of the TransportZone to which this LogicalSwitch is associated","description_kind":"plain","required":true},"vlan":{"type":"number","description_kind":"plain","deprecated":true,"optional":true},"vni":{"type":"number","description":"VNI for this LogicalSwitch","description_kind":"plain","optional":true,"computed":true}},"block_types":{"address_binding":{"nesting_mode":"set","block":{"attributes":{"ip_address":{"type":"string","description":"A single IP address or a subnet cidr","description_kind":"plain","optional":true},"mac_address":{"type":"string","description":"A single MAC address","description_kind":"plain","optional":true},"vlan":{"type":"number","description":"A single vlan tag value","description_kind":"plain","optional":true}},"description":"Address bindings for the Logical switch","description_kind":"plain"}},"switching_profile_id":{"nesting_mode":"set","block":{"attributes":{"key":{"type":"string","description":"The resource type of this profile","description_kind":"plain","required":true},"value":{"type":"string","description":"The ID of this profile","description_kind":"plain","required":true}},"description":"List of IDs of switching profiles (of various types) to be associated with this object. Default switching profiles will be used if not specified","description_kind":"plain"}},"tag":{"nesting_mode":"set","block":{"attributes":{"scope":{"type":"string","description_kind":"plain","optional":true},"tag":{"type":"string","description_kind":"plain","optional":true}},"description":"Set of opaque identifiers meaningful to the user","description_kind":"plain"}}},"description_kind":"plain","deprecated":true}},"nsxt_logical_tier0_router":{"version":0,"block":{"attributes":{"description":{"type":"string","description":"Description of this resource","description_kind":"plain","optional":true},"display_name":{"type":"string","description":"The display name of this resource. Defaults to ID if not set","description_kind":"plain","optional":true,"computed":true},"edge_cluster_id":{"type":"string","description":"Edge Cluster Id","description_kind":"plain","required":true},"failover_mode":{"type":"string","description":"Failover mode which determines whether the preferred service router instance for given logical router will preempt the peer","description_kind":"plain","optional":true,"computed":true},"high_availability_mode":{"type":"string","description":"High availability mode","description_kind":"plain","optional":true},"id":{"type":"string","description_kind":"plain","optional":true,"computed":true},"revision":{"type":"number","description":"The _revision property describes the current revision of the resource. To prevent clients from overwriting each other's changes, PUT operations must include the current _revision of the resource, which clients should obtain by issuing a GET operation. If the _revision provided in a PUT request is missing or stale, the operation will be rejected","description_kind":"plain","computed":true}},"block_types":{"firewall_sections":{"nesting_mode":"list","block":{"attributes":{"is_valid":{"type":"bool","description":"A boolean flag which will be set to false if the referenced NSX resource has been deleted","description_kind":"plain","computed":true},"target_display_name":{"type":"string","description":"Display name of the NSX resource","description_kind":"plain","computed":true},"target_id":{"type":"string","description":"Identifier of the NSX resource","description_kind":"plain","optional":true},"target_type":{"type":"string","description":"Type of the NSX resource","description_kind":"plain","optional":true}},"description":"List of Firewall sections related to the logical router","description_kind":"plain"}},"tag":{"nesting_mode":"set","block":{"attributes":{"scope":{"type":"string","description_kind":"plain","optional":true},"tag":{"type":"string","description_kind":"plain","optional":true}},"description":"Set of opaque identifiers meaningful to the user","description_kind":"plain"}}},"description_kind":"plain","deprecated":true}},"nsxt_logical_tier1_router":{"version":0,"block":{"attributes":{"advertise_config_revision":{"type":"number","description":"The _revision property describes the current revision of the resource. To prevent clients from overwriting each other's changes, PUT operations must include the current _revision of the resource, which clients should obtain by issuing a GET operation. If the _revision provided in a PUT request is missing or stale, the operation will be rejected","description_kind":"plain","computed":true},"advertise_connected_routes":{"type":"bool","description":"Enable connected NSX routes advertisement","description_kind":"plain","optional":true},"advertise_lb_snat_ip_routes":{"type":"bool","description":"Enable LB SNAT IP routes advertisement","description_kind":"plain","optional":true},"advertise_lb_vip_routes":{"type":"bool","description":"Enable LB VIP routes advertisement","description_kind":"plain","optional":true},"advertise_nat_routes":{"type":"bool","description":"Enable NAT routes advertisement","description_kind":"plain","optional":true},"advertise_static_routes":{"type":"bool","description":"Enable static routes advertisement","description_kind":"plain","optional":true},"description":{"type":"string","description":"Description of this resource","description_kind":"plain","optional":true},"display_name":{"type":"string","description":"The display name of this resource. Defaults to ID if not set","description_kind":"plain","optional":true,"computed":true},"edge_cluster_id":{"type":"string","description":"Edge Cluster Id","description_kind":"plain","optional":true},"enable_router_advertisement":{"type":"bool","description":"Enable router advertisement","description_kind":"plain","optional":true},"failover_mode":{"type":"string","description":"Failover mode which determines whether the preferred service router instance for given logical router will preempt the peer","description_kind":"plain","optional":true},"id":{"type":"string","description_kind":"plain","optional":true,"computed":true},"revision":{"type":"number","description":"The _revision property describes the current revision of the resource. To prevent clients from overwriting each other's changes, PUT operations must include the current _revision of the resource, which clients should obtain by issuing a GET operation. If the _revision provided in a PUT request is missing or stale, the operation will be rejected","description_kind":"plain","computed":true}},"block_types":{"firewall_sections":{"nesting_mode":"list","block":{"attributes":{"is_valid":{"type":"bool","description":"A boolean flag which will be set to false if the referenced NSX resource has been deleted","description_kind":"plain","computed":true},"target_display_name":{"type":"string","description":"Display name of the NSX resource","description_kind":"plain","computed":true},"target_id":{"type":"string","description":"Identifier of the NSX resource","description_kind":"plain","optional":true},"target_type":{"type":"string","description":"Type of the NSX resource","description_kind":"plain","optional":true}},"description":"List of Firewall sections related to the logical router","description_kind":"plain"}},"tag":{"nesting_mode":"set","block":{"attributes":{"scope":{"type":"string","description_kind":"plain","optional":true},"tag":{"type":"string","description_kind":"plain","optional":true}},"description":"Set of opaque identifiers meaningful to the user","description_kind":"plain"}}},"description_kind":"plain","deprecated":true}},"nsxt_mac_management_switching_profile":{"version":0,"block":{"attributes":{"description":{"type":"string","description":"Description of this resource","description_kind":"plain","optional":true},"display_name":{"type":"string","description":"The display name of this resource. Defaults to ID if not set","description_kind":"plain","optional":true,"computed":true},"id":{"type":"string","description_kind":"plain","optional":true,"computed":true},"mac_change_allowed":{"type":"bool","description":"Allowing source MAC address change","description_kind":"plain","optional":true},"revision":{"type":"number","description":"The _revision property describes the current revision of the resource. To prevent clients from overwriting each other's changes, PUT operations must include the current _revision of the resource, which clients should obtain by issuing a GET operation. If the _revision provided in a PUT request is missing or stale, the operation will be rejected","description_kind":"plain","computed":true}},"block_types":{"mac_learning":{"nesting_mode":"list","block":{"attributes":{"enabled":{"type":"bool","description":"Allowing source MAC address learning","description_kind":"plain","optional":true},"limit":{"type":"number","description":"The maximum number of MAC addresses that can be learned on this port","description_kind":"plain","optional":true},"limit_policy":{"type":"string","description":"The policy after MAC Limit is exceeded","description_kind":"plain","optional":true},"unicast_flooding_allowed":{"type":"bool","description":"Allowing flooding for unlearned MAC for ingress traffic","description_kind":"plain","optional":true}},"description_kind":"plain"},"max_items":1},"tag":{"nesting_mode":"set","block":{"attributes":{"scope":{"type":"string","description_kind":"plain","optional":true},"tag":{"type":"string","description_kind":"plain","optional":true}},"description":"Set of opaque identifiers meaningful to the user","description_kind":"plain"}}},"description_kind":"plain","deprecated":true}},"nsxt_manager_cluster":{"version":0,"block":{"attributes":{"id":{"type":"string","description_kind":"plain","optional":true,"computed":true},"revision":{"type":"number","description":"The _revision property describes the current revision of the resource. To prevent clients from overwriting each other's changes, PUT operations must include the current _revision of the resource, which clients should obtain by issuing a GET operation. If the _revision provided in a PUT request is missing or stale, the operation will be rejected","description_kind":"plain","computed":true}},"block_types":{"node":{"nesting_mode":"list","block":{"attributes":{"fqdn":{"type":"string","description":"FQDN for the cluster node","description_kind":"plain","computed":true},"id":{"type":"string","description":"ID of the cluster node","description_kind":"plain","computed":true},"ip_address":{"type":"string","description":"IP address of the cluster node that will join the cluster","description_kind":"plain","required":true},"password":{"type":"string","description":"The password for login","description_kind":"plain","required":true,"sensitive":true},"status":{"type":"string","description":"Status of the cluster node","description_kind":"plain","computed":true},"username":{"type":"string","description":"The username for login","description_kind":"plain","required":true}},"description":"Nodes in the cluster","description_kind":"plain"},"min_items":1}},"description_kind":"plain"}},"nsxt_nat_rule":{"version":0,"block":{"attributes":{"action":{"type":"string","description":"The action for the NAT Rule","description_kind":"plain","required":true},"description":{"type":"string","description":"Description of this resource","description_kind":"plain","optional":true},"display_name":{"type":"string","description":"The display name of this resource. Defaults to ID if not set","description_kind":"plain","optional":true,"computed":true},"enabled":{"type":"bool","description":"enable/disable the rule","description_kind":"plain","optional":true},"id":{"type":"string","description_kind":"plain","optional":true,"computed":true},"logging":{"type":"bool","description":"enable/disable the logging of rule","description_kind":"plain","optional":true},"logical_router_id":{"type":"string","description":"Logical router id","description_kind":"plain","required":true},"match_destination_network":{"type":"string","description":"IP Address | CIDR","description_kind":"plain","optional":true},"match_source_network":{"type":"string","description":"IP Address | CIDR","description_kind":"plain","optional":true},"nat_pass":{"type":"bool","description":"A boolean flag which reflects whether the following firewall stage will be skipped","description_kind":"plain","optional":true},"revision":{"type":"number","description":"The _revision property describes the current revision of the resource. To prevent clients from overwriting each other's changes, PUT operations must include the current _revision of the resource, which clients should obtain by issuing a GET operation. If the _revision provided in a PUT request is missing or stale, the operation will be rejected","description_kind":"plain","computed":true},"rule_priority":{"type":"number","description":"The priority of the rule (ascending). Valid range [0-2147483647]","description_kind":"plain","optional":true,"computed":true},"translated_network":{"type":"string","description":"IP Address | IP Range | CIDR","description_kind":"plain","optional":true},"translated_ports":{"type":"string","description":"port number or port range. DNAT only","description_kind":"plain","optional":true}},"block_types":{"tag":{"nesting_mode":"set","block":{"attributes":{"scope":{"type":"string","description_kind":"plain","optional":true},"tag":{"type":"string","description_kind":"plain","optional":true}},"description":"Set of opaque identifiers meaningful to the user","description_kind":"plain"}}},"description_kind":"plain","deprecated":true}},"nsxt_ns_group":{"version":0,"block":{"attributes":{"description":{"type":"string","description":"Description of this resource","description_kind":"plain","optional":true},"display_name":{"type":"string","description":"The display name of this resource. Defaults to ID if not set","description_kind":"plain","optional":true,"computed":true},"id":{"type":"string","description_kind":"plain","optional":true,"computed":true},"revision":{"type":"number","description":"The _revision property describes the current revision of the resource. To prevent clients from overwriting each other's changes, PUT operations must include the current _revision of the resource, which clients should obtain by issuing a GET operation. If the _revision provided in a PUT request is missing or stale, the operation will be rejected","description_kind":"plain","computed":true}},"block_types":{"member":{"nesting_mode":"set","block":{"attributes":{"target_type":{"type":"string","description":"Type of the resource on which this expression is evaluated","description_kind":"plain","required":true},"value":{"type":"string","description":"Value that satisfies this expression","description_kind":"plain","required":true}},"description":"Reference to the direct/static members of the NSGroup.","description_kind":"plain"}},"membership_criteria":{"nesting_mode":"list","block":{"attributes":{"scope":{"type":"string","description_kind":"plain","optional":true},"scope_op":{"type":"string","description_kind":"plain","optional":true},"tag":{"type":"string","description_kind":"plain","optional":true},"tag_op":{"type":"string","description_kind":"plain","optional":true},"target_type":{"type":"string","description_kind":"plain","required":true}},"description":"List of tag expressions which define the membership criteria for this NSGroup.","description_kind":"plain"}},"tag":{"nesting_mode":"set","block":{"attributes":{"scope":{"type":"string","description_kind":"plain","optional":true},"tag":{"type":"string","description_kind":"plain","optional":true}},"description":"Set of opaque identifiers meaningful to the user","description_kind":"plain"}}},"description_kind":"plain","deprecated":true}},"nsxt_ns_service_group":{"version":0,"block":{"attributes":{"description":{"type":"string","description":"Description of this resource","description_kind":"plain","optional":true},"display_name":{"type":"string","description":"The display name of this resource. Defaults to ID if not set","description_kind":"plain","optional":true,"computed":true},"id":{"type":"string","description_kind":"plain","optional":true,"computed":true},"members":{"type":["set","string"],"description":"List of NSService or NSServiceGroup resources that can be added as members to an NSServiceGroup","description_kind":"plain","required":true},"revision":{"type":"number","description":"The _revision property describes the current revision of the resource. To prevent clients from overwriting each other's changes, PUT operations must include the current _revision of the resource, which clients should obtain by issuing a GET operation. If the _revision provided in a PUT request is missing or stale, the operation will be rejected","description_kind":"plain","computed":true}},"block_types":{"tag":{"nesting_mode":"set","block":{"attributes":{"scope":{"type":"string","description_kind":"plain","optional":true},"tag":{"type":"string","description_kind":"plain","optional":true}},"description":"Set of opaque identifiers meaningful to the user","description_kind":"plain"}}},"description_kind":"plain","deprecated":true}},"nsxt_policy_bgp_config":{"version":0,"block":{"attributes":{"ecmp":{"type":"bool","description":"Flag to enable ECMP","description_kind":"plain","optional":true},"enabled":{"type":"bool","description":"Flag to enable BGP configuration","description_kind":"plain","optional":true},"gateway_id":{"type":"string","description":"NSX ID of associated Tier0 Gateway","description_kind":"plain","computed":true},"gateway_path":{"type":"string","description":"Gateway for this BGP config","description_kind":"plain","required":true},"graceful_restart_mode":{"type":"string","description":"BGP Graceful Restart Configuration Mode","description_kind":"plain","optional":true},"graceful_restart_stale_route_timer":{"type":"number","description":"BGP Stale Route Timer","description_kind":"plain","optional":true},"graceful_restart_timer":{"type":"number","description":"BGP Graceful Restart Timer","description_kind":"plain","optional":true},"id":{"type":"string","description_kind":"plain","optional":true,"computed":true},"inter_sr_ibgp":{"type":"bool","description":"Enable inter SR IBGP configuration","description_kind":"plain","optional":true,"computed":true},"local_as_num":{"type":"string","description":"BGP AS number in ASPLAIN/ASDOT Format","description_kind":"plain","optional":true,"computed":true},"locale_service_id":{"type":"string","description":"NSX ID of associated Gateway Locale Service","description_kind":"plain","computed":true},"multipath_relax":{"type":"bool","description":"Flag to enable BGP multipath relax option","description_kind":"plain","optional":true,"computed":true},"path":{"type":"string","description":"Policy path for this resource","description_kind":"plain","computed":true},"revision":{"type":"number","description":"The _revision property describes the current revision of the resource. To prevent clients from overwriting each other's changes, PUT operations must include the current _revision of the resource, which clients should obtain by issuing a GET operation. If the _revision provided in a PUT request is missing or stale, the operation will be rejected","description_kind":"plain","computed":true},"site_path":{"type":"string","description":"Site Path for this BGP config","description_kind":"plain","optional":true}},"block_types":{"route_aggregation":{"nesting_mode":"list","block":{"attributes":{"prefix":{"type":"string","description":"CIDR of aggregate address","description_kind":"plain","optional":true},"summary_only":{"type":"bool","description":"Send only summarized route","description_kind":"plain","optional":true}},"description":"List of routes to be aggregated","description_kind":"plain"},"max_items":1000},"tag":{"nesting_mode":"set","block":{"attributes":{"scope":{"type":"string","description_kind":"plain","optional":true},"tag":{"type":"string","description_kind":"plain","optional":true}},"description":"Set of opaque identifiers meaningful to the user","description_kind":"plain"}}},"description_kind":"plain"}},"nsxt_policy_bgp_neighbor":{"version":0,"block":{"attributes":{"allow_as_in":{"type":"bool","description":"Flag to enable allowas_in option for BGP neighbor","description_kind":"plain","optional":true},"bgp_path":{"type":"string","description":"Policy path to the BGP for this neighbor","description_kind":"plain","required":true},"description":{"type":"string","description":"Description for this resource","description_kind":"plain","optional":true},"display_name":{"type":"string","description":"Display name for this resource","description_kind":"plain","required":true},"graceful_restart_mode":{"type":"string","description":"BGP Graceful Restart Configuration Mode","description_kind":"plain","optional":true},"hold_down_time":{"type":"number","description":"Wait time in seconds before declaring peer dead","description_kind":"plain","optional":true},"id":{"type":"string","description_kind":"plain","optional":true,"computed":true},"keep_alive_time":{"type":"number","description":"Interval between keep alive messages sent to peer","description_kind":"plain","optional":true},"maximum_hop_limit":{"type":"number","description":"Maximum number of hops allowed to reach BGP neighbor","description_kind":"plain","optional":true},"neighbor_address":{"type":"string","description":"Neighbor IP Address","description_kind":"plain","required":true},"nsx_id":{"type":"string","description":"NSX ID for this resource","description_kind":"plain","optional":true,"computed":true},"password":{"type":"string","description":"Password for BGP neighbor authentication","description_kind":"plain","optional":true,"sensitive":true},"path":{"type":"string","description":"Policy path for this resource","description_kind":"plain","computed":true},"remote_as_num":{"type":"string","description":"ASN of the neighbor in ASPLAIN or ASDOT Format","description_kind":"plain","required":true},"revision":{"type":"number","description":"The _revision property describes the current revision of the resource. To prevent clients from overwriting each other's changes, PUT operations must include the current _revision of the resource, which clients should obtain by issuing a GET operation. If the _revision provided in a PUT request is missing or stale, the operation will be rejected","description_kind":"plain","computed":true},"source_addresses":{"type":["list","string"],"description":"Source IP Addresses for BGP peering","description_kind":"plain","optional":true}},"block_types":{"bfd_config":{"nesting_mode":"list","block":{"attributes":{"enabled":{"type":"bool","description":"Flag to enable/disable BFD configuration","description_kind":"plain","optional":true},"interval":{"type":"number","description":"Time interval between heartbeat packets in milliseconds","description_kind":"plain","optional":true},"multiple":{"type":"number","description":"Number of times heartbeat packet is missed before BFD declares the neighbor is down","description_kind":"plain","optional":true}},"description":"BFD configuration for failure detection","description_kind":"plain"},"max_items":1},"route_filtering":{"nesting_mode":"list","block":{"attributes":{"address_family":{"type":"string","description":"Address family type","description_kind":"plain","required":true},"enabled":{"type":"bool","description":"Flag to enable/disable address family","description_kind":"plain","optional":true},"in_route_filter":{"type":"string","description":"Prefix-list or route map path for IN direction","description_kind":"plain","optional":true},"maximum_routes":{"type":"number","description":"Maximum number of routes for the address family","description_kind":"plain","optional":true},"out_route_filter":{"type":"string","description":"Prefix-list or route map path for OUT direction","description_kind":"plain","optional":true}},"description":"Enable address families and route filtering in each direction","description_kind":"plain"},"max_items":2},"tag":{"nesting_mode":"set","block":{"attributes":{"scope":{"type":"string","description_kind":"plain","optional":true},"tag":{"type":"string","description_kind":"plain","optional":true}},"description":"Set of opaque identifiers meaningful to the user","description_kind":"plain"}}},"description_kind":"plain"}},"nsxt_policy_context_profile":{"version":0,"block":{"attributes":{"description":{"type":"string","description":"Description for this resource","description_kind":"plain","optional":true},"display_name":{"type":"string","description":"Display name for this resource","description_kind":"plain","required":true},"id":{"type":"string","description_kind":"plain","optional":true,"computed":true},"nsx_id":{"type":"string","description":"NSX ID for this resource","description_kind":"plain","optional":true,"computed":true},"path":{"type":"string","description":"Policy path for this resource","description_kind":"plain","computed":true},"revision":{"type":"number","description":"The _revision property describes the current revision of the resource. To prevent clients from overwriting each other's changes, PUT operations must include the current _revision of the resource, which clients should obtain by issuing a GET operation. If the _revision provided in a PUT request is missing or stale, the operation will be rejected","description_kind":"plain","computed":true}},"block_types":{"app_id":{"nesting_mode":"set","block":{"attributes":{"description":{"type":"string","description":"Description for this resource","description_kind":"plain","optional":true},"is_alg_type":{"type":"bool","description":"Whether the app_id value is ALG type or not","description_kind":"plain","computed":true},"value":{"type":["set","string"],"description":"Values for attribute key","description_kind":"plain","required":true}},"block_types":{"sub_attribute":{"nesting_mode":"set","block":{"attributes":{"cifs_smb_version":{"type":["set","string"],"description":"Values for sub attribute key cifs_smb_version","description_kind":"plain","optional":true},"tls_cipher_suite":{"type":["set","string"],"description":"Values for sub attribute key tls_cipher_suite","description_kind":"plain","optional":true},"tls_version":{"type":["set","string"],"description":"Values for sub attribute key tls_version","description_kind":"plain","optional":true}},"description_kind":"plain"},"max_items":1}},"description_kind":"plain"}},"context":{"nesting_mode":"list","block":{"attributes":{"project_id":{"type":"string","description":"Id of the project which the resource belongs to.","description_kind":"plain","required":true}},"description":"Resource context","description_kind":"plain"},"max_items":1},"custom_url":{"nesting_mode":"set","block":{"attributes":{"custom_url_partial_match":{"type":"bool","description":"True value for this flag will be treated as a partial match for custom url","description_kind":"plain","optional":true},"description":{"type":"string","description":"Description for this resource","description_kind":"plain","optional":true},"value":{"type":["set","string"],"description":"Values for attribute key","description_kind":"plain","required":true}},"description_kind":"plain"},"max_items":1},"domain_name":{"nesting_mode":"set","block":{"attributes":{"description":{"type":"string","description":"Description for this resource","description_kind":"plain","optional":true},"value":{"type":["set","string"],"description":"Values for attribute key","description_kind":"plain","required":true}},"description_kind":"plain"},"max_items":1},"tag":{"nesting_mode":"set","block":{"attributes":{"scope":{"type":"string","description_kind":"plain","optional":true},"tag":{"type":"string","description_kind":"plain","optional":true}},"description":"Set of opaque identifiers meaningful to the user","description_kind":"plain"}},"url_category":{"nesting_mode":"set","block":{"attributes":{"description":{"type":"string","description":"Description for this resource","description_kind":"plain","optional":true},"value":{"type":["set","string"],"description":"Values for attribute key","description_kind":"plain","required":true}},"description_kind":"plain"},"max_items":1}},"description_kind":"plain"}},"nsxt_policy_context_profile_custom_attribute":{"version":0,"block":{"attributes":{"attribute":{"type":"string","description":"Custom Attribute","description_kind":"plain","required":true},"id":{"type":"string","description_kind":"plain","optional":true,"computed":true},"key":{"type":"string","description":"Key for attribute","description_kind":"plain","required":true}},"block_types":{"context":{"nesting_mode":"list","block":{"attributes":{"project_id":{"type":"string","description":"Id of the project which the resource belongs to.","description_kind":"plain","required":true}},"description":"Resource context","description_kind":"plain"},"max_items":1}},"description_kind":"plain"}},"nsxt_policy_dhcp_relay":{"version":0,"block":{"attributes":{"description":{"type":"string","description":"Description for this resource","description_kind":"plain","optional":true},"display_name":{"type":"string","description":"Display name for this resource","description_kind":"plain","required":true},"id":{"type":"string","description_kind":"plain","optional":true,"computed":true},"nsx_id":{"type":"string","description":"NSX ID for this resource","description_kind":"plain","optional":true,"computed":true},"path":{"type":"string","description":"Policy path for this resource","description_kind":"plain","computed":true},"revision":{"type":"number","description":"The _revision property describes the current revision of the resource. To prevent clients from overwriting each other's changes, PUT operations must include the current _revision of the resource, which clients should obtain by issuing a GET operation. If the _revision provided in a PUT request is missing or stale, the operation will be rejected","description_kind":"plain","computed":true},"server_addresses":{"type":["list","string"],"description_kind":"plain","required":true}},"block_types":{"context":{"nesting_mode":"list","block":{"attributes":{"project_id":{"type":"string","description":"Id of the project which the resource belongs to.","description_kind":"plain","required":true}},"description":"Resource context","description_kind":"plain"},"max_items":1},"tag":{"nesting_mode":"set","block":{"attributes":{"scope":{"type":"string","description_kind":"plain","optional":true},"tag":{"type":"string","description_kind":"plain","optional":true}},"description":"Set of opaque identifiers meaningful to the user","description_kind":"plain"}}},"description_kind":"plain"}},"nsxt_policy_dhcp_server":{"version":0,"block":{"attributes":{"description":{"type":"string","description":"Description for this resource","description_kind":"plain","optional":true},"display_name":{"type":"string","description":"Display name for this resource","description_kind":"plain","required":true},"edge_cluster_path":{"type":"string","description":"Edge Cluster path","description_kind":"plain","optional":true},"id":{"type":"string","description_kind":"plain","optional":true,"computed":true},"lease_time":{"type":"number","description":"IP Address lease time in seconds","description_kind":"plain","optional":true},"nsx_id":{"type":"string","description":"NSX ID for this resource","description_kind":"plain","optional":true,"computed":true},"path":{"type":"string","description":"Policy path for this resource","description_kind":"plain","computed":true},"preferred_edge_paths":{"type":["list","string"],"description":"The first edge node is assigned as active edge, and second one as standby edge","description_kind":"plain","optional":true},"revision":{"type":"number","description":"The _revision property describes the current revision of the resource. To prevent clients from overwriting each other's changes, PUT operations must include the current _revision of the resource, which clients should obtain by issuing a GET operation. If the _revision provided in a PUT request is missing or stale, the operation will be rejected","description_kind":"plain","computed":true},"server_addresses":{"type":["list","string"],"description":"DHCP server address in CIDR format","description_kind":"plain","optional":true,"computed":true}},"block_types":{"context":{"nesting_mode":"list","block":{"attributes":{"project_id":{"type":"string","description":"Id of the project which the resource belongs to.","description_kind":"plain","required":true}},"description":"Resource context","description_kind":"plain"},"max_items":1},"tag":{"nesting_mode":"set","block":{"attributes":{"scope":{"type":"string","description_kind":"plain","optional":true},"tag":{"type":"string","description_kind":"plain","optional":true}},"description":"Set of opaque identifiers meaningful to the user","description_kind":"plain"}}},"description_kind":"plain"}},"nsxt_policy_dhcp_v4_static_binding":{"version":0,"block":{"attributes":{"description":{"type":"string","description":"Description for this resource","description_kind":"plain","optional":true},"display_name":{"type":"string","description":"Display name for this resource","description_kind":"plain","required":true},"gateway_address":{"type":"string","description":"When not specified, gateway address is auto-assigned from segment configuration","description_kind":"plain","optional":true},"hostname":{"type":"string","description":"Hostname to assign to the host","description_kind":"plain","optional":true},"id":{"type":"string","description_kind":"plain","optional":true,"computed":true},"ip_address":{"type":"string","description":"IP assigned to host. The IP address must belong to the subnetconfigured on segment","description_kind":"plain","required":true},"lease_time":{"type":"number","description":"DHCP lease time in seconds","description_kind":"plain","optional":true},"mac_address":{"type":"string","description":"MAC address of the host","description_kind":"plain","required":true},"nsx_id":{"type":"string","description":"NSX ID for this resource","description_kind":"plain","optional":true,"computed":true},"path":{"type":"string","description":"Policy path for this resource","description_kind":"plain","computed":true},"revision":{"type":"number","description":"The _revision property describes the current revision of the resource. To prevent clients from overwriting each other's changes, PUT operations must include the current _revision of the resource, which clients should obtain by issuing a GET operation. If the _revision provided in a PUT request is missing or stale, the operation will be rejected","description_kind":"plain","computed":true},"segment_path":{"type":"string","description":"segment path","description_kind":"plain","required":true}},"block_types":{"context":{"nesting_mode":"list","block":{"attributes":{"project_id":{"type":"string","description":"Id of the project which the resource belongs to.","description_kind":"plain","required":true}},"description":"Resource context","description_kind":"plain"},"max_items":1},"dhcp_generic_option":{"nesting_mode":"list","block":{"attributes":{"code":{"type":"number","description":"DHCP option code, [0-255]","description_kind":"plain","required":true},"values":{"type":["list","string"],"description":"DHCP option values","description_kind":"plain","required":true}},"description":"Generic DHCP options","description_kind":"plain"}},"dhcp_option_121":{"nesting_mode":"list","block":{"attributes":{"network":{"type":"string","description":"Destination in cidr","description_kind":"plain","required":true},"next_hop":{"type":"string","description":"Next hop IP","description_kind":"plain","required":true}},"description":"DHCP classless static routes","description_kind":"plain"}},"tag":{"nesting_mode":"set","block":{"attributes":{"scope":{"type":"string","description_kind":"plain","optional":true},"tag":{"type":"string","description_kind":"plain","optional":true}},"description":"Set of opaque identifiers meaningful to the user","description_kind":"plain"}}},"description_kind":"plain"}},"nsxt_policy_dhcp_v6_static_binding":{"version":0,"block":{"attributes":{"description":{"type":"string","description":"Description for this resource","description_kind":"plain","optional":true},"display_name":{"type":"string","description":"Display name for this resource","description_kind":"plain","required":true},"dns_nameservers":{"type":["list","string"],"description":"DNS nameservers","description_kind":"plain","optional":true},"domain_names":{"type":["list","string"],"description":"Domain names","description_kind":"plain","optional":true},"id":{"type":"string","description_kind":"plain","optional":true,"computed":true},"ip_addresses":{"type":["list","string"],"description":"IP addresses","description_kind":"plain","optional":true},"lease_time":{"type":"number","description":"DHCP lease time in seconds","description_kind":"plain","optional":true},"mac_address":{"type":"string","description":"MAC address of the host","description_kind":"plain","required":true},"nsx_id":{"type":"string","description":"NSX ID for this resource","description_kind":"plain","optional":true,"computed":true},"path":{"type":"string","description":"Policy path for this resource","description_kind":"plain","computed":true},"preferred_time":{"type":"number","description":"The time interval in seconds, in which the prefix is advertised as preferred","description_kind":"plain","optional":true},"revision":{"type":"number","description":"The _revision property describes the current revision of the resource. To prevent clients from overwriting each other's changes, PUT operations must include the current _revision of the resource, which clients should obtain by issuing a GET operation. If the _revision provided in a PUT request is missing or stale, the operation will be rejected","description_kind":"plain","computed":true},"segment_path":{"type":"string","description":"segment path","description_kind":"plain","required":true},"sntp_servers":{"type":["list","string"],"description":"SNTP server IP addresses","description_kind":"plain","optional":true}},"block_types":{"context":{"nesting_mode":"list","block":{"attributes":{"project_id":{"type":"string","description":"Id of the project which the resource belongs to.","description_kind":"plain","required":true}},"description":"Resource context","description_kind":"plain"},"max_items":1},"tag":{"nesting_mode":"set","block":{"attributes":{"scope":{"type":"string","description_kind":"plain","optional":true},"tag":{"type":"string","description_kind":"plain","optional":true}},"description":"Set of opaque identifiers meaningful to the user","description_kind":"plain"}}},"description_kind":"plain"}},"nsxt_policy_dns_forwarder_zone":{"version":0,"block":{"attributes":{"description":{"type":"string","description":"Description for this resource","description_kind":"plain","optional":true},"display_name":{"type":"string","description":"Display name for this resource","description_kind":"plain","required":true},"dns_domain_names":{"type":["list","string"],"description":"Domain names","description_kind":"plain","optional":true},"id":{"type":"string","description_kind":"plain","optional":true,"computed":true},"nsx_id":{"type":"string","description":"NSX ID for this resource","description_kind":"plain","optional":true,"computed":true},"path":{"type":"string","description":"Policy path for this resource","description_kind":"plain","computed":true},"revision":{"type":"number","description":"The _revision property describes the current revision of the resource. To prevent clients from overwriting each other's changes, PUT operations must include the current _revision of the resource, which clients should obtain by issuing a GET operation. If the _revision provided in a PUT request is missing or stale, the operation will be rejected","description_kind":"plain","computed":true},"source_ip":{"type":"string","description":"The source IP used by the DNS Forwarder zone","description_kind":"plain","optional":true},"upstream_servers":{"type":["list","string"],"description":"DNS servers to which the DNS request needs to be forwarded","description_kind":"plain","required":true}},"block_types":{"context":{"nesting_mode":"list","block":{"attributes":{"project_id":{"type":"string","description":"Id of the project which the resource belongs to.","description_kind":"plain","required":true}},"description":"Resource context","description_kind":"plain"},"max_items":1},"tag":{"nesting_mode":"set","block":{"attributes":{"scope":{"type":"string","description_kind":"plain","optional":true},"tag":{"type":"string","description_kind":"plain","optional":true}},"description":"Set of opaque identifiers meaningful to the user","description_kind":"plain"}}},"description_kind":"plain"}},"nsxt_policy_domain":{"version":0,"block":{"attributes":{"description":{"type":"string","description":"Description for this resource","description_kind":"plain","optional":true},"display_name":{"type":"string","description":"Display name for this resource","description_kind":"plain","required":true},"id":{"type":"string","description_kind":"plain","optional":true,"computed":true},"nsx_id":{"type":"string","description":"NSX ID for this resource","description_kind":"plain","optional":true,"computed":true},"path":{"type":"string","description":"Policy path for this resource","description_kind":"plain","computed":true},"revision":{"type":"number","description":"The _revision property describes the current revision of the resource. To prevent clients from overwriting each other's changes, PUT operations must include the current _revision of the resource, which clients should obtain by issuing a GET operation. If the _revision provided in a PUT request is missing or stale, the operation will be rejected","description_kind":"plain","computed":true},"sites":{"type":["set","string"],"description":"Sites where this domain is deployed","description_kind":"plain","required":true}},"block_types":{"tag":{"nesting_mode":"set","block":{"attributes":{"scope":{"type":"string","description_kind":"plain","optional":true},"tag":{"type":"string","description_kind":"plain","optional":true}},"description":"Set of opaque identifiers meaningful to the user","description_kind":"plain"}}},"description_kind":"plain"}},"nsxt_policy_evpn_config":{"version":0,"block":{"attributes":{"description":{"type":"string","description":"Description for this resource","description_kind":"plain","optional":true},"display_name":{"type":"string","description":"Display name for this resource","description_kind":"plain","required":true},"evpn_tenant_path":{"type":"string","description":"Policy path for EVPN Tenant","description_kind":"plain","optional":true},"gateway_path":{"type":"string","description":"Policy path for the Gateway","description_kind":"plain","required":true},"id":{"type":"string","description_kind":"plain","optional":true,"computed":true},"mode":{"type":"string","description":"EVPN Mode","description_kind":"plain","required":true},"path":{"type":"string","description":"Policy path for this resource","description_kind":"plain","computed":true},"revision":{"type":"number","description":"The _revision property describes the current revision of the resource. To prevent clients from overwriting each other's changes, PUT operations must include the current _revision of the resource, which clients should obtain by issuing a GET operation. If the _revision provided in a PUT request is missing or stale, the operation will be rejected","description_kind":"plain","computed":true},"vni_pool_path":{"type":"string","description":"Policy path for VNI Pool","description_kind":"plain","optional":true}},"block_types":{"tag":{"nesting_mode":"set","block":{"attributes":{"scope":{"type":"string","description_kind":"plain","optional":true},"tag":{"type":"string","description_kind":"plain","optional":true}},"description":"Set of opaque identifiers meaningful to the user","description_kind":"plain"}}},"description_kind":"plain"}},"nsxt_policy_evpn_tenant":{"version":0,"block":{"attributes":{"description":{"type":"string","description":"Description for this resource","description_kind":"plain","optional":true},"display_name":{"type":"string","description":"Display name for this resource","description_kind":"plain","required":true},"id":{"type":"string","description_kind":"plain","optional":true,"computed":true},"nsx_id":{"type":"string","description":"NSX ID for this resource","description_kind":"plain","optional":true,"computed":true},"path":{"type":"string","description":"Policy path for this resource","description_kind":"plain","computed":true},"revision":{"type":"number","description":"The _revision property describes the current revision of the resource. To prevent clients from overwriting each other's changes, PUT operations must include the current _revision of the resource, which clients should obtain by issuing a GET operation. If the _revision provided in a PUT request is missing or stale, the operation will be rejected","description_kind":"plain","computed":true},"transport_zone_path":{"type":"string","description":"Policy path to overlay transport zone","description_kind":"plain","required":true},"vni_pool_path":{"type":"string","description":"Policy path to the vni pool used for Evpn in ROUTE-SERVER mode","description_kind":"plain","required":true}},"block_types":{"mapping":{"nesting_mode":"set","block":{"attributes":{"vlans":{"type":"string","description":"Values for attribute key","description_kind":"plain","required":true},"vnis":{"type":"string","description":"Values for attribute key","description_kind":"plain","required":true}},"description_kind":"plain"},"min_items":1},"tag":{"nesting_mode":"set","block":{"attributes":{"scope":{"type":"string","description_kind":"plain","optional":true},"tag":{"type":"string","description_kind":"plain","optional":true}},"description":"Set of opaque identifiers meaningful to the user","description_kind":"plain"}}},"description_kind":"plain"}},"nsxt_policy_evpn_tunnel_endpoint":{"version":0,"block":{"attributes":{"description":{"type":"string","description":"Description for this resource","description_kind":"plain","optional":true},"display_name":{"type":"string","description":"Display name for this resource","description_kind":"plain","required":true},"edge_node_path":{"type":"string","description":"Edge Node Path","description_kind":"plain","required":true},"external_interface_path":{"type":"string","description":"Path External Interfaceon Tier0 Gateway","description_kind":"plain","required":true},"gateway_id":{"type":"string","description":"Id of associated Tier0 Gateway on NSX","description_kind":"plain","computed":true},"id":{"type":"string","description_kind":"plain","optional":true,"computed":true},"local_address":{"type":"string","description":"Local IPv4 IP address","description_kind":"plain","required":true},"locale_service_id":{"type":"string","description":"Id of associated Gateway Locale Service on NSX","description_kind":"plain","computed":true},"mtu":{"type":"number","description":"Maximum transmission unit specifies the size of the largest packet that a network protocol can transmit","description_kind":"plain","optional":true},"nsx_id":{"type":"string","description":"NSX ID for this resource","description_kind":"plain","optional":true,"computed":true},"path":{"type":"string","description":"Policy path for this resource","description_kind":"plain","computed":true},"revision":{"type":"number","description":"The _revision property describes the current revision of the resource. To prevent clients from overwriting each other's changes, PUT operations must include the current _revision of the resource, which clients should obtain by issuing a GET operation. If the _revision provided in a PUT request is missing or stale, the operation will be rejected","description_kind":"plain","computed":true}},"block_types":{"tag":{"nesting_mode":"set","block":{"attributes":{"scope":{"type":"string","description_kind":"plain","optional":true},"tag":{"type":"string","description_kind":"plain","optional":true}},"description":"Set of opaque identifiers meaningful to the user","description_kind":"plain"}}},"description_kind":"plain"}},"nsxt_policy_fixed_segment":{"version":0,"block":{"attributes":{"connectivity_path":{"type":"string","description":"Policy path to the connecting Tier-0 or Tier-1","description_kind":"plain","required":true},"description":{"type":"string","description":"Description for this resource","description_kind":"plain","optional":true},"dhcp_config_path":{"type":"string","description":"Policy path to DHCP server or relay configuration to use for subnets configured on this segment","description_kind":"plain","optional":true},"display_name":{"type":"string","description":"Display name for this resource","description_kind":"plain","required":true},"domain_name":{"type":"string","description":"DNS domain names","description_kind":"plain","optional":true},"id":{"type":"string","description_kind":"plain","optional":true,"computed":true},"nsx_id":{"type":"string","description":"NSX ID for this resource","description_kind":"plain","optional":true,"computed":true},"overlay_id":{"type":"number","description":"Overlay connectivity ID for this Segment","description_kind":"plain","optional":true,"computed":true},"path":{"type":"string","description":"Policy path for this resource","description_kind":"plain","computed":true},"replication_mode":{"type":"string","description":"Replication mode - MTEP or SOURCE","description_kind":"plain","optional":true},"revision":{"type":"number","description":"The _revision property describes the current revision of the resource. To prevent clients from overwriting each other's changes, PUT operations must include the current _revision of the resource, which clients should obtain by issuing a GET operation. If the _revision provided in a PUT request is missing or stale, the operation will be rejected","description_kind":"plain","computed":true},"transport_zone_path":{"type":"string","description":"Policy path to the transport zone","description_kind":"plain","optional":true,"computed":true},"vlan_ids":{"type":["list","string"],"description":"VLAN IDs for VLAN backed Segment","description_kind":"plain","optional":true}},"block_types":{"advanced_config":{"nesting_mode":"list","block":{"attributes":{"address_pool_path":{"type":"string","description":"Policy path to IP address pool","description_kind":"plain","optional":true},"connectivity":{"type":"string","description":"Connectivity configuration to manually connect (ON) or disconnect (OFF)","description_kind":"plain","optional":true},"hybrid":{"type":"bool","description":"Flag to identify a hybrid logical switch","description_kind":"plain","optional":true},"local_egress":{"type":"bool","description":"Flag to enable local egress","description_kind":"plain","optional":true},"uplink_teaming_policy":{"type":"string","description":"The name of the switching uplink teaming policy for the bridge endpoint","description_kind":"plain","optional":true},"urpf_mode":{"type":"string","description":"This URPF mode is applied to the downlink logical router port created while attaching this segment to gateway","description_kind":"plain","optional":true}},"description":"Advanced segment configuration","description_kind":"plain"},"max_items":1},"bridge_config":{"nesting_mode":"list","block":{"attributes":{"profile_path":{"type":"string","description":"profile path","description_kind":"plain","required":true},"transport_zone_path":{"type":"string","description":"vlan transport zone path","description_kind":"plain","required":true},"uplink_teaming_policy":{"type":"string","description_kind":"plain","optional":true},"vlan_ids":{"type":["list","string"],"description":"VLAN specification for bridge endpoint","description_kind":"plain","required":true}},"description":"Bridge configuration","description_kind":"plain"}},"context":{"nesting_mode":"list","block":{"attributes":{"project_id":{"type":"string","description":"Id of the project which the resource belongs to.","description_kind":"plain","required":true}},"description":"Resource context","description_kind":"plain"},"max_items":1},"l2_extension":{"nesting_mode":"list","block":{"attributes":{"l2vpn_paths":{"type":["list","string"],"description":"Policy paths of associated L2 VPN sessions","description_kind":"plain","optional":true},"tunnel_id":{"type":"number","description":"Tunnel ID","description_kind":"plain","optional":true}},"description":"Configuration for extending Segment through L2 VPN","description_kind":"plain"},"max_items":1},"subnet":{"nesting_mode":"list","block":{"attributes":{"cidr":{"type":"string","description":"Gateway IP address in CIDR format","description_kind":"plain","optional":true},"dhcp_ranges":{"type":["list","string"],"description":"DHCP address ranges for dynamic IP allocation","description_kind":"plain","optional":true},"network":{"type":"string","description":"Network CIDR for subnet","description_kind":"plain","computed":true}},"block_types":{"dhcp_v4_config":{"nesting_mode":"list","block":{"attributes":{"dns_servers":{"type":["list","string"],"description":"IP addresses of DNS servers for subnet","description_kind":"plain","optional":true},"lease_time":{"type":"number","description":"DHCP lease time in seconds","description_kind":"plain","optional":true},"server_address":{"type":"string","description":"IP address of the DHCP server in CIDR format","description_kind":"plain","optional":true}},"block_types":{"dhcp_generic_option":{"nesting_mode":"list","block":{"attributes":{"code":{"type":"number","description":"DHCP option code, [0-255]","description_kind":"plain","required":true},"values":{"type":["list","string"],"description":"DHCP option values","description_kind":"plain","required":true}},"description":"Generic DHCP options","description_kind":"plain"}},"dhcp_option_121":{"nesting_mode":"list","block":{"attributes":{"network":{"type":"string","description":"Destination in cidr","description_kind":"plain","required":true},"next_hop":{"type":"string","description":"Next hop IP","description_kind":"plain","required":true}},"description":"DHCP classless static routes","description_kind":"plain"}}},"description_kind":"plain"},"max_items":1},"dhcp_v6_config":{"nesting_mode":"list","block":{"attributes":{"dns_servers":{"type":["list","string"],"description":"IP addresses of DNS servers for subnet","description_kind":"plain","optional":true},"domain_names":{"type":["list","string"],"description":"Domain names","description_kind":"plain","optional":true},"lease_time":{"type":"number","description":"DHCP lease time in seconds","description_kind":"plain","optional":true},"preferred_time":{"type":"number","description":"The time interval in seconds, in which the prefix is advertised as preferred","description_kind":"plain","optional":true},"server_address":{"type":"string","description":"IP address of the DHCP server in CIDR format","description_kind":"plain","optional":true},"sntp_servers":{"type":["list","string"],"description":"IPv6 address of SNTP servers for subnet","description_kind":"plain","optional":true}},"block_types":{"excluded_range":{"nesting_mode":"list","block":{"attributes":{"end":{"type":"string","description":"The end IP Address for the range","description_kind":"plain","required":true},"start":{"type":"string","description":"The start IP Address for the range","description_kind":"plain","required":true}},"description":"Excluded addresses to define dynamic ip allocation ranges","description_kind":"plain"}}},"description_kind":"plain"},"max_items":1}},"description":"Subnet configuration with at most 1 IPv4 CIDR and multiple IPv6 CIDRs","description_kind":"plain"}},"tag":{"nesting_mode":"set","block":{"attributes":{"scope":{"type":"string","description_kind":"plain","optional":true},"tag":{"type":"string","description_kind":"plain","optional":true}},"description":"Set of opaque identifiers meaningful to the user","description_kind":"plain"}}},"description_kind":"plain"}},"nsxt_policy_gateway_community_list":{"version":0,"block":{"attributes":{"communities":{"type":["set","string"],"description":"List of BGP community entries","description_kind":"plain","required":true},"description":{"type":"string","description":"Description for this resource","description_kind":"plain","optional":true},"display_name":{"type":"string","description":"Display name for this resource","description_kind":"plain","required":true},"gateway_path":{"type":"string","description":"Policy path for Tier0 gateway","description_kind":"plain","required":true},"id":{"type":"string","description_kind":"plain","optional":true,"computed":true},"nsx_id":{"type":"string","description":"NSX ID for this resource","description_kind":"plain","optional":true,"computed":true},"path":{"type":"string","description":"Policy path for this resource","description_kind":"plain","computed":true},"revision":{"type":"number","description":"The _revision property describes the current revision of the resource. To prevent clients from overwriting each other's changes, PUT operations must include the current _revision of the resource, which clients should obtain by issuing a GET operation. If the _revision provided in a PUT request is missing or stale, the operation will be rejected","description_kind":"plain","computed":true}},"block_types":{"tag":{"nesting_mode":"set","block":{"attributes":{"scope":{"type":"string","description_kind":"plain","optional":true},"tag":{"type":"string","description_kind":"plain","optional":true}},"description":"Set of opaque identifiers meaningful to the user","description_kind":"plain"}}},"description_kind":"plain"}},"nsxt_policy_gateway_dns_forwarder":{"version":0,"block":{"attributes":{"cache_size":{"type":"number","description":"Cache size in KB","description_kind":"plain","optional":true},"conditional_forwarder_zone_paths":{"type":["set","string"],"description":"List of conditional (FQDN) forwarder zone paths","description_kind":"plain","optional":true},"default_forwarder_zone_path":{"type":"string","description":"Zone to which DNS requests are forwarded by default","description_kind":"plain","required":true},"description":{"type":"string","description":"Description for this resource","description_kind":"plain","optional":true},"display_name":{"type":"string","description":"Display name for this resource","description_kind":"plain","required":true},"enabled":{"type":"bool","description_kind":"plain","optional":true},"gateway_path":{"type":"string","description":"Policy path for the Gateway","description_kind":"plain","required":true},"id":{"type":"string","description_kind":"plain","optional":true,"computed":true},"listener_ip":{"type":"string","description":"IP on which the DNS Forwarder listens","description_kind":"plain","required":true},"log_level":{"type":"string","description":"Log level","description_kind":"plain","optional":true},"path":{"type":"string","description":"Policy path for this resource","description_kind":"plain","computed":true},"revision":{"type":"number","description":"The _revision property describes the current revision of the resource. To prevent clients from overwriting each other's changes, PUT operations must include the current _revision of the resource, which clients should obtain by issuing a GET operation. If the _revision provided in a PUT request is missing or stale, the operation will be rejected","description_kind":"plain","computed":true}},"block_types":{"context":{"nesting_mode":"list","block":{"attributes":{"project_id":{"type":"string","description":"Id of the project which the resource belongs to.","description_kind":"plain","required":true}},"description":"Resource context","description_kind":"plain"},"max_items":1},"tag":{"nesting_mode":"set","block":{"attributes":{"scope":{"type":"string","description_kind":"plain","optional":true},"tag":{"type":"string","description_kind":"plain","optional":true}},"description":"Set of opaque identifiers meaningful to the user","description_kind":"plain"}}},"description_kind":"plain"}},"nsxt_policy_gateway_policy":{"version":0,"block":{"attributes":{"category":{"type":"string","description":"Category","description_kind":"plain","required":true},"comments":{"type":"string","description":"Comments for security policy lock/unlock","description_kind":"plain","optional":true},"description":{"type":"string","description":"Description for this resource","description_kind":"plain","optional":true},"display_name":{"type":"string","description":"Display name for this resource","description_kind":"plain","required":true},"domain":{"type":"string","description":"The domain name to use for resources. If not specified 'default' is used","description_kind":"plain","optional":true},"id":{"type":"string","description_kind":"plain","optional":true,"computed":true},"locked":{"type":"bool","description":"Indicates whether a security policy should be locked. If locked by a user, no other user would be able to modify this policy","description_kind":"plain","optional":true},"nsx_id":{"type":"string","description":"NSX ID for this resource","description_kind":"plain","optional":true,"computed":true},"path":{"type":"string","description":"Policy path for this resource","description_kind":"plain","computed":true},"revision":{"type":"number","description":"The _revision property describes the current revision of the resource. To prevent clients from overwriting each other's changes, PUT operations must include the current _revision of the resource, which clients should obtain by issuing a GET operation. If the _revision provided in a PUT request is missing or stale, the operation will be rejected","description_kind":"plain","computed":true},"sequence_number":{"type":"number","description":"This field is used to resolve conflicts between security policies across domains","description_kind":"plain","optional":true},"stateful":{"type":"bool","description":"When it is stateful, the state of the network connects are tracked and a stateful packet inspection is performed","description_kind":"plain","optional":true},"tcp_strict":{"type":"bool","description":"Ensures that a 3 way TCP handshake is done before the data packets are sent","description_kind":"plain","optional":true,"computed":true}},"block_types":{"context":{"nesting_mode":"list","block":{"attributes":{"project_id":{"type":"string","description":"Id of the project which the resource belongs to.","description_kind":"plain","required":true}},"description":"Resource context","description_kind":"plain"},"max_items":1},"rule":{"nesting_mode":"list","block":{"attributes":{"action":{"type":"string","description":"Action","description_kind":"plain","optional":true},"description":{"type":"string","description":"Description for this resource","description_kind":"plain","optional":true},"destination_groups":{"type":["set","string"],"description":"List of destination groups","description_kind":"plain","optional":true},"destinations_excluded":{"type":"bool","description":"Negation of destination groups","description_kind":"plain","optional":true},"direction":{"type":"string","description":"Traffic direction","description_kind":"plain","optional":true},"disabled":{"type":"bool","description":"Flag to disable the rule","description_kind":"plain","optional":true},"display_name":{"type":"string","description":"Display name for this resource","description_kind":"plain","required":true},"ip_version":{"type":"string","description":"IP version","description_kind":"plain","optional":true},"log_label":{"type":"string","description":"Additional information (string) which will be propagated to the rule syslog","description_kind":"plain","optional":true},"logged":{"type":"bool","description":"Flag to enable packet logging","description_kind":"plain","optional":true},"notes":{"type":"string","description":"Text for additional notes on changes","description_kind":"plain","optional":true},"nsx_id":{"type":"string","description":"NSX ID for this resource","description_kind":"plain","computed":true},"profiles":{"type":["set","string"],"description":"List of profiles","description_kind":"plain","optional":true},"revision":{"type":"number","description":"The _revision property describes the current revision of the resource. To prevent clients from overwriting each other's changes, PUT operations must include the current _revision of the resource, which clients should obtain by issuing a GET operation. If the _revision provided in a PUT request is missing or stale, the operation will be rejected","description_kind":"plain","computed":true},"rule_id":{"type":"number","description":"Unique positive number that is assigned by the system and is useful for debugging","description_kind":"plain","computed":true},"scope":{"type":["set","string"],"description":"List of policy paths where the rule is applied","description_kind":"plain","required":true},"sequence_number":{"type":"number","description":"Sequence number of the this rule","description_kind":"plain","optional":true,"computed":true},"services":{"type":["set","string"],"description":"List of services to match","description_kind":"plain","optional":true},"source_groups":{"type":["set","string"],"description":"List of source groups","description_kind":"plain","optional":true},"sources_excluded":{"type":"bool","description":"Negation of source groups","description_kind":"plain","optional":true}},"block_types":{"tag":{"nesting_mode":"set","block":{"attributes":{"scope":{"type":"string","description_kind":"plain","optional":true},"tag":{"type":"string","description_kind":"plain","optional":true}},"description":"Set of opaque identifiers meaningful to the user","description_kind":"plain"}}},"description":"List of rules in the section","description_kind":"plain"},"max_items":1000},"tag":{"nesting_mode":"set","block":{"attributes":{"scope":{"type":"string","description_kind":"plain","optional":true},"tag":{"type":"string","description_kind":"plain","optional":true}},"description":"Set of opaque identifiers meaningful to the user","description_kind":"plain"}}},"description_kind":"plain"}},"nsxt_policy_gateway_prefix_list":{"version":0,"block":{"attributes":{"description":{"type":"string","description":"Description for this resource","description_kind":"plain","optional":true},"display_name":{"type":"string","description":"Display name for this resource","description_kind":"plain","required":true},"gateway_path":{"type":"string","description":"Policy path for Tier0 gateway","description_kind":"plain","required":true},"id":{"type":"string","description_kind":"plain","optional":true,"computed":true},"nsx_id":{"type":"string","description":"NSX ID for this resource","description_kind":"plain","optional":true,"computed":true},"path":{"type":"string","description":"Policy path for this resource","description_kind":"plain","computed":true},"revision":{"type":"number","description":"The _revision property describes the current revision of the resource. To prevent clients from overwriting each other's changes, PUT operations must include the current _revision of the resource, which clients should obtain by issuing a GET operation. If the _revision provided in a PUT request is missing or stale, the operation will be rejected","description_kind":"plain","computed":true}},"block_types":{"prefix":{"nesting_mode":"list","block":{"attributes":{"action":{"type":"string","description":"Action for the prefix list","description_kind":"plain","optional":true},"ge":{"type":"number","description":"Prefix length greater than or equal to","description_kind":"plain","optional":true},"le":{"type":"number","description":"Prefix length less than or equal to","description_kind":"plain","optional":true},"network":{"type":"string","description":"Network prefix in CIDR format. If not set it will match ANY network","description_kind":"plain","optional":true}},"description":"Ordered list of network prefixes","description_kind":"plain"},"min_items":1},"tag":{"nesting_mode":"set","block":{"attributes":{"scope":{"type":"string","description_kind":"plain","optional":true},"tag":{"type":"string","description_kind":"plain","optional":true}},"description":"Set of opaque identifiers meaningful to the user","description_kind":"plain"}}},"description_kind":"plain"}},"nsxt_policy_gateway_qos_profile":{"version":0,"block":{"attributes":{"burst_size":{"type":"number","description_kind":"plain","optional":true},"committed_bandwidth":{"type":"number","description_kind":"plain","optional":true},"description":{"type":"string","description":"Description for this resource","description_kind":"plain","optional":true},"display_name":{"type":"string","description":"Display name for this resource","description_kind":"plain","required":true},"excess_action":{"type":"string","description_kind":"plain","optional":true},"id":{"type":"string","description_kind":"plain","optional":true,"computed":true},"nsx_id":{"type":"string","description":"NSX ID for this resource","description_kind":"plain","optional":true,"computed":true},"path":{"type":"string","description":"Policy path for this resource","description_kind":"plain","computed":true},"revision":{"type":"number","description":"The _revision property describes the current revision of the resource. To prevent clients from overwriting each other's changes, PUT operations must include the current _revision of the resource, which clients should obtain by issuing a GET operation. If the _revision provided in a PUT request is missing or stale, the operation will be rejected","description_kind":"plain","computed":true}},"block_types":{"tag":{"nesting_mode":"set","block":{"attributes":{"scope":{"type":"string","description_kind":"plain","optional":true},"tag":{"type":"string","description_kind":"plain","optional":true}},"description":"Set of opaque identifiers meaningful to the user","description_kind":"plain"}}},"description_kind":"plain"}},"nsxt_policy_gateway_redistribution_config":{"version":0,"block":{"attributes":{"bgp_enabled":{"type":"bool","description":"Flag to enable route redistribution for BGP","description_kind":"plain","optional":true},"gateway_id":{"type":"string","description":"Id of associated Tier0 Gateway on NSX","description_kind":"plain","computed":true},"gateway_path":{"type":"string","description":"Policy path for Tier0 gateway","description_kind":"plain","required":true},"id":{"type":"string","description_kind":"plain","optional":true,"computed":true},"locale_service_id":{"type":"string","description":"Id of associated Gateway Locale Service on NSX","description_kind":"plain","computed":true},"ospf_enabled":{"type":"bool","description":"Flag to enable route redistribution for OSPF","description_kind":"plain","optional":true},"site_path":{"type":"string","description":"Path of the site the Tier0 redistribution","description_kind":"plain","optional":true}},"block_types":{"rule":{"nesting_mode":"list","block":{"attributes":{"bgp":{"type":"bool","description":"BGP destination for this rule","description_kind":"plain","optional":true},"name":{"type":"string","description":"Rule name","description_kind":"plain","optional":true},"ospf":{"type":"bool","description":"OSPF destination for this rule","description_kind":"plain","optional":true},"route_map_path":{"type":"string","description":"Route map to be associated with the redistribution rule","description_kind":"plain","optional":true},"types":{"type":["set","string"],"description":"List of redistribution types","description_kind":"plain","optional":true}},"description":"List of routes to be aggregated","description_kind":"plain"}}},"description_kind":"plain"}},"nsxt_policy_gateway_route_map":{"version":0,"block":{"attributes":{"description":{"type":"string","description":"Description for this resource","description_kind":"plain","optional":true},"display_name":{"type":"string","description":"Display name for this resource","description_kind":"plain","required":true},"gateway_path":{"type":"string","description":"Policy path for Tier0 gateway","description_kind":"plain","required":true},"id":{"type":"string","description_kind":"plain","optional":true,"computed":true},"nsx_id":{"type":"string","description":"NSX ID for this resource","description_kind":"plain","optional":true,"computed":true},"path":{"type":"string","description":"Policy path for this resource","description_kind":"plain","computed":true},"revision":{"type":"number","description":"The _revision property describes the current revision of the resource. To prevent clients from overwriting each other's changes, PUT operations must include the current _revision of the resource, which clients should obtain by issuing a GET operation. If the _revision provided in a PUT request is missing or stale, the operation will be rejected","description_kind":"plain","computed":true}},"block_types":{"entry":{"nesting_mode":"list","block":{"attributes":{"action":{"type":"string","description":"Action for the route map entry","description_kind":"plain","optional":true},"prefix_list_matches":{"type":["set","string"],"description":"List of paths for prefix lists for route map","description_kind":"plain","optional":true}},"block_types":{"community_list_match":{"nesting_mode":"list","block":{"attributes":{"criteria":{"type":"string","description":"Community list path or a regular expression","description_kind":"plain","required":true},"match_operator":{"type":"string","description":"Match operator for community list entries","description_kind":"plain","required":true}},"description":"Prefix list match criteria for route map","description_kind":"plain"}},"set":{"nesting_mode":"list","block":{"attributes":{"as_path_prepend":{"type":"string","description":"Autonomous System (AS) path prepend to influence route selection","description_kind":"plain","optional":true},"community":{"type":"string","description":"Set BGP regular or large community for matching routes","description_kind":"plain","optional":true},"local_preference":{"type":"number","description":"Local preference indicates the degree of preference for one BGP route over other BGP routes","description_kind":"plain","optional":true,"computed":true},"med":{"type":"number","description":"A lower Multi exit descriminator (MED) is preferred over a higher value","description_kind":"plain","optional":true,"computed":true},"prefer_global_v6_next_hop":{"type":"bool","description":"Indicator whether to prefer global address over link-local as the next hop","description_kind":"plain","optional":true},"weight":{"type":"number","description":"Weight is used to select a route when multiple routes are available to the same network","description_kind":"plain","optional":true}},"description":"Set criteria for route map entry","description_kind":"plain"},"max_items":1}},"description":"List of Route Map entries","description_kind":"plain"},"min_items":1},"tag":{"nesting_mode":"set","block":{"attributes":{"scope":{"type":"string","description_kind":"plain","optional":true},"tag":{"type":"string","description_kind":"plain","optional":true}},"description":"Set of opaque identifiers meaningful to the user","description_kind":"plain"}}},"description_kind":"plain"}},"nsxt_policy_group":{"version":0,"block":{"attributes":{"description":{"type":"string","description":"Description for this resource","description_kind":"plain","optional":true},"display_name":{"type":"string","description":"Display name for this resource","description_kind":"plain","required":true},"domain":{"type":"string","description":"The domain name to use for resources. If not specified 'default' is used","description_kind":"plain","optional":true},"group_type":{"type":"string","description":"Indicates the group type","description_kind":"plain","optional":true},"id":{"type":"string","description_kind":"plain","optional":true,"computed":true},"nsx_id":{"type":"string","description":"NSX ID for this resource","description_kind":"plain","optional":true,"computed":true},"path":{"type":"string","description":"Policy path for this resource","description_kind":"plain","computed":true},"revision":{"type":"number","description":"The _revision property describes the current revision of the resource. To prevent clients from overwriting each other's changes, PUT operations must include the current _revision of the resource, which clients should obtain by issuing a GET operation. If the _revision provided in a PUT request is missing or stale, the operation will be rejected","description_kind":"plain","computed":true}},"block_types":{"conjunction":{"nesting_mode":"list","block":{"attributes":{"operator":{"type":"string","description":"The conjunction operator; either OR or AND","description_kind":"plain","required":true}},"description":"A conjunction applied to 2 sets of criteria.","description_kind":"plain"}},"context":{"nesting_mode":"list","block":{"attributes":{"project_id":{"type":"string","description":"Id of the project which the resource belongs to.","description_kind":"plain","required":true}},"description":"Resource context","description_kind":"plain"},"max_items":1},"criteria":{"nesting_mode":"list","block":{"block_types":{"condition":{"nesting_mode":"list","block":{"attributes":{"key":{"type":"string","description":"The resource key attribute to apply the condition to.","description_kind":"plain","required":true},"member_type":{"type":"string","description":"The NSX member to apply the condition to. Can be one of; IPSet, LogicalPort, LogicalSwitch, Segment, SegmentPort or VirtualMachine","description_kind":"plain","required":true},"operator":{"type":"string","description":"The operator to use for the condition. Can be one of; CONTAINS, ENDSWITH, EQUALS, NOTEQUALS or STARTSWITH","description_kind":"plain","required":true},"value":{"type":"string","description":"The value to check for in the condition","description_kind":"plain","required":true}},"description":"A Condition querying resources for membership in the Group","description_kind":"plain"},"max_items":5},"external_id_expression":{"nesting_mode":"list","block":{"attributes":{"external_ids":{"type":["set","string"],"description":"List of external IDs","description_kind":"plain","required":true},"member_type":{"type":"string","description":"External ID member type, default to virtual machine if not specified","description_kind":"plain","optional":true}},"description":"External ID expression specifying additional members in the Group","description_kind":"plain"}},"ipaddress_expression":{"nesting_mode":"list","block":{"attributes":{"ip_addresses":{"type":["set","string"],"description":"List of single IP addresses, IP address ranges or Subnets. Cannot mix IPv4 and IPv6 in a single list","description_kind":"plain","required":true}},"description":"An IP Address expression specifying IP Address members in the Group","description_kind":"plain"},"max_items":1},"macaddress_expression":{"nesting_mode":"list","block":{"attributes":{"mac_addresses":{"type":["set","string"],"description":"List of Mac Addresses","description_kind":"plain","required":true}},"description":"MAC address expression specifying MAC Address members in the Group","description_kind":"plain"},"max_items":1},"path_expression":{"nesting_mode":"list","block":{"attributes":{"member_paths":{"type":["set","string"],"description":"List of policy paths of direct group members","description_kind":"plain","required":true}},"description":"A list of object paths for members in the group","description_kind":"plain"},"max_items":1}},"description":"Criteria to determine Group membership","description_kind":"plain"}},"extended_criteria":{"nesting_mode":"list","block":{"block_types":{"identity_group":{"nesting_mode":"set","block":{"attributes":{"distinguished_name":{"type":"string","description":"LDAP distinguished name","description_kind":"plain","optional":true},"domain_base_distinguished_name":{"type":"string","description":"Identity (Directory) domain base distinguished name","description_kind":"plain","optional":true},"sid":{"type":"string","description":"Identity (Directory) Group SID (security identifier)","description_kind":"plain","optional":true}},"description":"Identity Group expression","description_kind":"plain"}}},"description":"Extended criteria to determine group membership. extended_criteria is implicitly \"AND\" with criteria","description_kind":"plain"},"max_items":1},"tag":{"nesting_mode":"set","block":{"attributes":{"scope":{"type":"string","description_kind":"plain","optional":true},"tag":{"type":"string","description_kind":"plain","optional":true}},"description":"Set of opaque identifiers meaningful to the user","description_kind":"plain"}}},"description_kind":"plain"}},"nsxt_policy_host_transport_node_profile":{"version":0,"block":{"attributes":{"description":{"type":"string","description":"Description for this resource","description_kind":"plain","optional":true},"display_name":{"type":"string","description":"Display name for this resource","description_kind":"plain","required":true},"id":{"type":"string","description_kind":"plain","optional":true,"computed":true},"ignore_overridden_hosts":{"type":"bool","description":"Determines if cluster-level configuration should be applied on overridden hosts","description_kind":"plain","optional":true},"nsx_id":{"type":"string","description":"NSX ID for this resource","description_kind":"plain","optional":true,"computed":true},"path":{"type":"string","description":"Policy path for this resource","description_kind":"plain","computed":true},"revision":{"type":"number","description":"The _revision property describes the current revision of the resource. To prevent clients from overwriting each other's changes, PUT operations must include the current _revision of the resource, which clients should obtain by issuing a GET operation. If the _revision provided in a PUT request is missing or stale, the operation will be rejected","description_kind":"plain","computed":true}},"block_types":{"preconfigured_host_switch":{"nesting_mode":"list","block":{"attributes":{"endpoint":{"type":"string","description":"Name of the virtual tunnel endpoint","description_kind":"plain","optional":true},"host_switch_id":{"type":"string","description":"External Id of the preconfigured host switch","description_kind":"plain","required":true}},"block_types":{"transport_zone_endpoint":{"nesting_mode":"list","block":{"attributes":{"transport_zone":{"type":"string","description":"Unique ID identifying the transport zone for this endpoint","description_kind":"plain","required":true},"transport_zone_profile":{"type":["list","string"],"description":"Identifiers of the transport zone profiles associated with this transport zone endpoint on this transport node","description_kind":"plain","optional":true,"computed":true}},"description":"Transport zone endpoints","description_kind":"plain"}}},"description":"Preconfigured host switch","description_kind":"plain"},"max_items":1},"standard_host_switch":{"nesting_mode":"list","block":{"attributes":{"host_switch_id":{"type":"string","description":"The host switch id. This ID will be used to reference a host switch","description_kind":"plain","optional":true,"computed":true},"host_switch_mode":{"type":"string","description":"Operational mode of a HostSwitch","description_kind":"plain","optional":true},"host_switch_profile":{"type":["list","string"],"description":"Identifiers of host switch profiles to be associated with this host switch","description_kind":"plain","optional":true},"host_switch_type":{"type":"string","description":"Type of HostSwitch","description_kind":"plain","optional":true},"is_migrate_pnics":{"type":"bool","description":"Migrate any pnics which are in use","description_kind":"plain","optional":true},"portgroup_transport_zone":{"type":"string","description":"Transport Zone ID representing the DVS used in NSX on DVPG","description_kind":"plain","optional":true}},"block_types":{"cpu_config":{"nesting_mode":"list","block":{"attributes":{"num_lcores":{"type":"number","description":"Number of Logical cpu cores (Lcores) to be placed on a specified NUMA node","description_kind":"plain","required":true},"numa_node_index":{"type":"number","description":"Unique index of the Non Uniform Memory Access (NUMA) node","description_kind":"plain","required":true}},"description":"Enhanced Networking Stack enabled HostSwitch CPU configuration","description_kind":"plain"}},"ip_assignment":{"nesting_mode":"list","block":{"attributes":{"assigned_by_dhcp":{"type":"bool","description":"Enables DHCP assignment","description_kind":"plain","optional":true},"static_ip_pool":{"type":"string","description":"IP assignment specification for Static IP Pool","description_kind":"plain","optional":true}},"block_types":{"static_ip":{"nesting_mode":"list","block":{"attributes":{"default_gateway":{"type":"string","description":"Gateway IP","description_kind":"plain","required":true},"ip_addresses":{"type":["list","string"],"description":"List of IPs for transport node host switch virtual tunnel endpoints","description_kind":"plain","required":true},"subnet_mask":{"type":"string","description":"Subnet mask","description_kind":"plain","required":true}},"description":"IP assignment specification for Static IP List.","description_kind":"plain"},"max_items":1},"static_ip_mac":{"nesting_mode":"list","block":{"attributes":{"default_gateway":{"type":"string","description":"Gateway IP","description_kind":"plain","required":true},"subnet_mask":{"type":"string","description":"Subnet mask","description_kind":"plain","required":true}},"block_types":{"ip_mac_pair":{"nesting_mode":"list","block":{"attributes":{"ip":{"type":"string","description":"IP address","description_kind":"plain","required":true},"mac":{"type":"string","description":"MAC address","description_kind":"plain","optional":true}},"description":"List of IPs and MACs for transport node host switch virtual tunnel endpoints","description_kind":"plain"},"min_items":1}},"description":"IP and MAC assignment specification for Static IP List","description_kind":"plain"},"max_items":1}},"description":"Specification for IPs to be used with host switch virtual tunnel endpoints","description_kind":"plain"},"min_items":1,"max_items":1},"pnic":{"nesting_mode":"list","block":{"attributes":{"device_name":{"type":"string","description":"Device name or key","description_kind":"plain","required":true},"uplink_name":{"type":"string","description":"Uplink name for this Pnic","description_kind":"plain","required":true}},"description":"Physical NICs connected to the host switch","description_kind":"plain"}},"transport_node_profile_sub_config":{"nesting_mode":"list","block":{"attributes":{"name":{"type":"string","description":"Name of the transport node profile config option","description_kind":"plain","required":true}},"block_types":{"host_switch_config_option":{"nesting_mode":"list","block":{"attributes":{"host_switch_id":{"type":"string","description":"The host switch id. This ID will be used to reference a host switch","description_kind":"plain","optional":true},"host_switch_profile":{"type":["list","string"],"description":"Identifiers of host switch profiles to be associated with this host switch","description_kind":"plain","optional":true}},"block_types":{"ip_assignment":{"nesting_mode":"list","block":{"attributes":{"assigned_by_dhcp":{"type":"bool","description":"Enables DHCP assignment","description_kind":"plain","optional":true},"static_ip_pool":{"type":"string","description":"IP assignment specification for Static IP Pool","description_kind":"plain","optional":true}},"block_types":{"static_ip":{"nesting_mode":"list","block":{"attributes":{"default_gateway":{"type":"string","description":"Gateway IP","description_kind":"plain","required":true},"ip_addresses":{"type":["list","string"],"description":"List of IPs for transport node host switch virtual tunnel endpoints","description_kind":"plain","required":true},"subnet_mask":{"type":"string","description":"Subnet mask","description_kind":"plain","required":true}},"description":"IP assignment specification for Static IP List.","description_kind":"plain"},"max_items":1},"static_ip_mac":{"nesting_mode":"list","block":{"attributes":{"default_gateway":{"type":"string","description":"Gateway IP","description_kind":"plain","required":true},"subnet_mask":{"type":"string","description":"Subnet mask","description_kind":"plain","required":true}},"block_types":{"ip_mac_pair":{"nesting_mode":"list","block":{"attributes":{"ip":{"type":"string","description":"IP address","description_kind":"plain","required":true},"mac":{"type":"string","description":"MAC address","description_kind":"plain","optional":true}},"description":"List of IPs and MACs for transport node host switch virtual tunnel endpoints","description_kind":"plain"},"min_items":1}},"description":"IP and MAC assignment specification for Static IP List","description_kind":"plain"},"max_items":1}},"description":"Specification for IPs to be used with host switch virtual tunnel endpoints","description_kind":"plain"},"min_items":1,"max_items":1},"uplink":{"nesting_mode":"list","block":{"attributes":{"uplink_name":{"type":"string","description":"Uplink name from UplinkHostSwitch profile","description_kind":"plain","required":true},"vds_lag_name":{"type":"string","description":"Link Aggregation Group (LAG) name of Virtual Distributed Switch","description_kind":"plain","optional":true},"vds_uplink_name":{"type":"string","description":"Uplink name of VMware vSphere Distributed Switch (VDS)","description_kind":"plain","optional":true}},"description":"Uplink/LAG of VMware vSphere Distributed Switch connected to the HostSwitch","description_kind":"plain"}}},"description":"Subset of the host switch configuration","description_kind":"plain"},"min_items":1,"max_items":1}},"description":"Transport Node Profile sub-configuration Options","description_kind":"plain"},"max_items":16},"transport_zone_endpoint":{"nesting_mode":"list","block":{"attributes":{"transport_zone":{"type":"string","description":"Unique ID identifying the transport zone for this endpoint","description_kind":"plain","required":true},"transport_zone_profile":{"type":["list","string"],"description":"Identifiers of the transport zone profiles associated with this transport zone endpoint on this transport node","description_kind":"plain","optional":true,"computed":true}},"description":"Transport zone endpoints","description_kind":"plain"}},"uplink":{"nesting_mode":"list","block":{"attributes":{"uplink_name":{"type":"string","description":"Uplink name from UplinkHostSwitch profile","description_kind":"plain","required":true},"vds_lag_name":{"type":"string","description":"Link Aggregation Group (LAG) name of Virtual Distributed Switch","description_kind":"plain","optional":true},"vds_uplink_name":{"type":"string","description":"Uplink name of VMware vSphere Distributed Switch (VDS)","description_kind":"plain","optional":true}},"description":"Uplink/LAG of VMware vSphere Distributed Switch connected to the HostSwitch","description_kind":"plain"}},"vmk_install_migration":{"nesting_mode":"list","block":{"attributes":{"destination_network":{"type":"string","description":"The network id to which the ESX vmk interface will be migrated","description_kind":"plain","required":true},"device_name":{"type":"string","description":"ESX vmk interface name","description_kind":"plain","required":true}},"description":"The vmknic and logical switch mappings","description_kind":"plain"}}},"description":"Standard host switch specification","description_kind":"plain"},"max_items":1},"tag":{"nesting_mode":"set","block":{"attributes":{"scope":{"type":"string","description_kind":"plain","optional":true},"tag":{"type":"string","description_kind":"plain","optional":true}},"description":"Set of opaque identifiers meaningful to the user","description_kind":"plain"}}},"description_kind":"plain"}},"nsxt_policy_intrusion_service_policy":{"version":0,"block":{"attributes":{"comments":{"type":"string","description":"Comments for security policy lock/unlock","description_kind":"plain","optional":true},"description":{"type":"string","description":"Description for this resource","description_kind":"plain","optional":true},"display_name":{"type":"string","description":"Display name for this resource","description_kind":"plain","required":true},"domain":{"type":"string","description":"The domain name to use for resources. If not specified 'default' is used","description_kind":"plain","optional":true},"id":{"type":"string","description_kind":"plain","optional":true,"computed":true},"locked":{"type":"bool","description":"Indicates whether a security policy should be locked. If locked by a user, no other user would be able to modify this policy","description_kind":"plain","optional":true},"nsx_id":{"type":"string","description":"NSX ID for this resource","description_kind":"plain","optional":true,"computed":true},"path":{"type":"string","description":"Policy path for this resource","description_kind":"plain","computed":true},"revision":{"type":"number","description":"The _revision property describes the current revision of the resource. To prevent clients from overwriting each other's changes, PUT operations must include the current _revision of the resource, which clients should obtain by issuing a GET operation. If the _revision provided in a PUT request is missing or stale, the operation will be rejected","description_kind":"plain","computed":true},"sequence_number":{"type":"number","description":"This field is used to resolve conflicts between security policies across domains","description_kind":"plain","optional":true},"stateful":{"type":"bool","description":"When it is stateful, the state of the network connects are tracked and a stateful packet inspection is performed","description_kind":"plain","optional":true}},"block_types":{"rule":{"nesting_mode":"list","block":{"attributes":{"action":{"type":"string","description":"Action","description_kind":"plain","optional":true},"description":{"type":"string","description":"Description for this resource","description_kind":"plain","optional":true},"destination_groups":{"type":["set","string"],"description":"List of destination groups","description_kind":"plain","optional":true},"destinations_excluded":{"type":"bool","description":"Negation of destination groups","description_kind":"plain","optional":true},"direction":{"type":"string","description":"Traffic direction","description_kind":"plain","optional":true},"disabled":{"type":"bool","description":"Flag to disable the rule","description_kind":"plain","optional":true},"display_name":{"type":"string","description":"Display name for this resource","description_kind":"plain","required":true},"ids_profiles":{"type":["set","string"],"description":"List of policy Paths for IDS Profiles","description_kind":"plain","required":true},"ip_version":{"type":"string","description":"IP version","description_kind":"plain","optional":true},"log_label":{"type":"string","description":"Additional information (string) which will be propagated to the rule syslog","description_kind":"plain","optional":true},"logged":{"type":"bool","description":"Flag to enable packet logging","description_kind":"plain","optional":true},"notes":{"type":"string","description":"Text for additional notes on changes","description_kind":"plain","optional":true},"nsx_id":{"type":"string","description":"NSX ID for this resource","description_kind":"plain","computed":true},"profiles":{"type":["set","string"],"description":"List of profiles","description_kind":"plain","optional":true},"revision":{"type":"number","description":"The _revision property describes the current revision of the resource. To prevent clients from overwriting each other's changes, PUT operations must include the current _revision of the resource, which clients should obtain by issuing a GET operation. If the _revision provided in a PUT request is missing or stale, the operation will be rejected","description_kind":"plain","computed":true},"rule_id":{"type":"number","description":"Unique positive number that is assigned by the system and is useful for debugging","description_kind":"plain","computed":true},"scope":{"type":["set","string"],"description":"List of policy paths where the rule is applied","description_kind":"plain","optional":true},"sequence_number":{"type":"number","description":"Sequence number of the this rule","description_kind":"plain","optional":true,"computed":true},"services":{"type":["set","string"],"description":"List of services to match","description_kind":"plain","optional":true},"source_groups":{"type":["set","string"],"description":"List of source groups","description_kind":"plain","optional":true},"sources_excluded":{"type":"bool","description":"Negation of source groups","description_kind":"plain","optional":true}},"block_types":{"tag":{"nesting_mode":"set","block":{"attributes":{"scope":{"type":"string","description_kind":"plain","optional":true},"tag":{"type":"string","description_kind":"plain","optional":true}},"description":"Set of opaque identifiers meaningful to the user","description_kind":"plain"}}},"description":"List of rules in the section","description_kind":"plain"},"max_items":1000},"tag":{"nesting_mode":"set","block":{"attributes":{"scope":{"type":"string","description_kind":"plain","optional":true},"tag":{"type":"string","description_kind":"plain","optional":true}},"description":"Set of opaque identifiers meaningful to the user","description_kind":"plain"}}},"description_kind":"plain"}},"nsxt_policy_intrusion_service_profile":{"version":0,"block":{"attributes":{"description":{"type":"string","description":"Description for this resource","description_kind":"plain","optional":true},"display_name":{"type":"string","description":"Display name for this resource","description_kind":"plain","required":true},"id":{"type":"string","description_kind":"plain","optional":true,"computed":true},"nsx_id":{"type":"string","description":"NSX ID for this resource","description_kind":"plain","optional":true,"computed":true},"path":{"type":"string","description":"Policy path for this resource","description_kind":"plain","computed":true},"revision":{"type":"number","description":"The _revision property describes the current revision of the resource. To prevent clients from overwriting each other's changes, PUT operations must include the current _revision of the resource, which clients should obtain by issuing a GET operation. If the _revision provided in a PUT request is missing or stale, the operation will be rejected","description_kind":"plain","computed":true},"severities":{"type":["set","string"],"description":"Severities of signatures which are part of this profile","description_kind":"plain","required":true}},"block_types":{"criteria":{"nesting_mode":"list","block":{"attributes":{"attack_targets":{"type":["set","string"],"description":"List of attack target criteria","description_kind":"plain","optional":true},"attack_types":{"type":["set","string"],"description":"List of attack type criteria","description_kind":"plain","optional":true},"cvss":{"type":["set","string"],"description":"Common Vulnerability Scoring System Ranges","description_kind":"plain","optional":true},"products_affected":{"type":["set","string"],"description":"List of products affected","description_kind":"plain","optional":true}},"description":"Filtering criteria for the IDS Profile","description_kind":"plain"},"max_items":1},"overridden_signature":{"nesting_mode":"set","block":{"attributes":{"action":{"type":"string","description":"This will take precedence over IDS signature action","description_kind":"plain","optional":true},"enabled":{"type":"bool","description_kind":"plain","optional":true},"signature_id":{"type":"string","description_kind":"plain","required":true}},"description":"Signatures that has been overridden for this Profile","description_kind":"plain"}},"tag":{"nesting_mode":"set","block":{"attributes":{"scope":{"type":"string","description_kind":"plain","optional":true},"tag":{"type":"string","description_kind":"plain","optional":true}},"description":"Set of opaque identifiers meaningful to the user","description_kind":"plain"}}},"description_kind":"plain"}},"nsxt_policy_ip_address_allocation":{"version":0,"block":{"attributes":{"allocation_ip":{"type":"string","description":"The IP allocated. If unspecified any free IP will be allocated.","description_kind":"plain","optional":true,"computed":true},"description":{"type":"string","description":"Description for this resource","description_kind":"plain","optional":true},"display_name":{"type":"string","description":"Display name for this resource","description_kind":"plain","required":true},"id":{"type":"string","description_kind":"plain","optional":true,"computed":true},"nsx_id":{"type":"string","description":"NSX ID for this resource","description_kind":"plain","optional":true,"computed":true},"path":{"type":"string","description":"Policy path for this resource","description_kind":"plain","computed":true},"pool_path":{"type":"string","description":"The path of the IP Pool for this allocation","description_kind":"plain","required":true},"revision":{"type":"number","description":"The _revision property describes the current revision of the resource. To prevent clients from overwriting each other's changes, PUT operations must include the current _revision of the resource, which clients should obtain by issuing a GET operation. If the _revision provided in a PUT request is missing or stale, the operation will be rejected","description_kind":"plain","computed":true}},"block_types":{"context":{"nesting_mode":"list","block":{"attributes":{"project_id":{"type":"string","description":"Id of the project which the resource belongs to.","description_kind":"plain","required":true}},"description":"Resource context","description_kind":"plain"},"max_items":1},"tag":{"nesting_mode":"set","block":{"attributes":{"scope":{"type":"string","description_kind":"plain","optional":true},"tag":{"type":"string","description_kind":"plain","optional":true}},"description":"Set of opaque identifiers meaningful to the user","description_kind":"plain"}}},"description_kind":"plain"}},"nsxt_policy_ip_block":{"version":0,"block":{"attributes":{"cidr":{"type":"string","description":"Network address and the prefix length which will be associated with a layer-2 broadcast domain","description_kind":"plain","required":true},"description":{"type":"string","description":"Description for this resource","description_kind":"plain","optional":true},"display_name":{"type":"string","description":"Display name for this resource","description_kind":"plain","required":true},"id":{"type":"string","description_kind":"plain","optional":true,"computed":true},"nsx_id":{"type":"string","description":"NSX ID for this resource","description_kind":"plain","optional":true,"computed":true},"path":{"type":"string","description":"Policy path for this resource","description_kind":"plain","computed":true},"revision":{"type":"number","description":"The _revision property describes the current revision of the resource. To prevent clients from overwriting each other's changes, PUT operations must include the current _revision of the resource, which clients should obtain by issuing a GET operation. If the _revision provided in a PUT request is missing or stale, the operation will be rejected","description_kind":"plain","computed":true}},"block_types":{"context":{"nesting_mode":"list","block":{"attributes":{"project_id":{"type":"string","description":"Id of the project which the resource belongs to.","description_kind":"plain","required":true}},"description":"Resource context","description_kind":"plain"},"max_items":1},"tag":{"nesting_mode":"set","block":{"attributes":{"scope":{"type":"string","description_kind":"plain","optional":true},"tag":{"type":"string","description_kind":"plain","optional":true}},"description":"Set of opaque identifiers meaningful to the user","description_kind":"plain"}}},"description_kind":"plain"}},"nsxt_policy_ip_discovery_profile":{"version":0,"block":{"attributes":{"arp_binding_limit":{"type":"number","description":"Maximum number of ARP bindings","description_kind":"plain","optional":true},"arp_nd_binding_timeout":{"type":"number","description":"ARP and ND cache timeout (in minutes)","description_kind":"plain","optional":true},"arp_snooping_enabled":{"type":"bool","description":"Is ARP snooping enabled or not","description_kind":"plain","optional":true},"description":{"type":"string","description":"Description for this resource","description_kind":"plain","optional":true},"dhcp_snooping_enabled":{"type":"bool","description":"Is DHCP snooping enabled or not","description_kind":"plain","optional":true},"dhcp_snooping_v6_enabled":{"type":"bool","description":"Is DHCP snoping v6 enabled or not","description_kind":"plain","optional":true},"display_name":{"type":"string","description":"Display name for this resource","description_kind":"plain","required":true},"duplicate_ip_detection_enabled":{"type":"bool","description":"Duplicate IP detection","description_kind":"plain","optional":true},"id":{"type":"string","description_kind":"plain","optional":true,"computed":true},"nd_snooping_enabled":{"type":"bool","description":"Is ND snooping enabled or not","description_kind":"plain","optional":true},"nd_snooping_limit":{"type":"number","description":"Maximum number of ND (Neighbor Discovery Protocol) bindings","description_kind":"plain","optional":true},"nsx_id":{"type":"string","description":"NSX ID for this resource","description_kind":"plain","optional":true,"computed":true},"path":{"type":"string","description":"Policy path for this resource","description_kind":"plain","computed":true},"revision":{"type":"number","description":"The _revision property describes the current revision of the resource. To prevent clients from overwriting each other's changes, PUT operations must include the current _revision of the resource, which clients should obtain by issuing a GET operation. If the _revision provided in a PUT request is missing or stale, the operation will be rejected","description_kind":"plain","computed":true},"tofu_enabled":{"type":"bool","description":"Is TOFU enabled or not","description_kind":"plain","optional":true},"vmtools_enabled":{"type":"bool","description":"Is VM tools enabled or not","description_kind":"plain","optional":true},"vmtools_v6_enabled":{"type":"bool","description":"Is VM tools enabled or not","description_kind":"plain","optional":true}},"block_types":{"context":{"nesting_mode":"list","block":{"attributes":{"project_id":{"type":"string","description":"Id of the project which the resource belongs to.","description_kind":"plain","required":true}},"description":"Resource context","description_kind":"plain"},"max_items":1},"tag":{"nesting_mode":"set","block":{"attributes":{"scope":{"type":"string","description_kind":"plain","optional":true},"tag":{"type":"string","description_kind":"plain","optional":true}},"description":"Set of opaque identifiers meaningful to the user","description_kind":"plain"}}},"description_kind":"plain"}},"nsxt_policy_ip_pool":{"version":0,"block":{"attributes":{"description":{"type":"string","description":"Description for this resource","description_kind":"plain","optional":true},"display_name":{"type":"string","description":"Display name for this resource","description_kind":"plain","required":true},"id":{"type":"string","description_kind":"plain","optional":true,"computed":true},"nsx_id":{"type":"string","description":"NSX ID for this resource","description_kind":"plain","optional":true,"computed":true},"path":{"type":"string","description":"Policy path for this resource","description_kind":"plain","computed":true},"revision":{"type":"number","description":"The _revision property describes the current revision of the resource. To prevent clients from overwriting each other's changes, PUT operations must include the current _revision of the resource, which clients should obtain by issuing a GET operation. If the _revision provided in a PUT request is missing or stale, the operation will be rejected","description_kind":"plain","computed":true}},"block_types":{"context":{"nesting_mode":"list","block":{"attributes":{"project_id":{"type":"string","description":"Id of the project which the resource belongs to.","description_kind":"plain","required":true}},"description":"Resource context","description_kind":"plain"},"max_items":1},"tag":{"nesting_mode":"set","block":{"attributes":{"scope":{"type":"string","description_kind":"plain","optional":true},"tag":{"type":"string","description_kind":"plain","optional":true}},"description":"Set of opaque identifiers meaningful to the user","description_kind":"plain"}}},"description_kind":"plain"}},"nsxt_policy_ip_pool_block_subnet":{"version":0,"block":{"attributes":{"auto_assign_gateway":{"type":"bool","description":"If true, the first IP in the range will be reserved for gateway","description_kind":"plain","optional":true},"block_path":{"type":"string","description":"Policy path to the IP Block","description_kind":"plain","required":true},"description":{"type":"string","description":"Description for this resource","description_kind":"plain","optional":true},"display_name":{"type":"string","description":"Display name for this resource","description_kind":"plain","required":true},"id":{"type":"string","description_kind":"plain","optional":true,"computed":true},"nsx_id":{"type":"string","description":"NSX ID for this resource","description_kind":"plain","optional":true,"computed":true},"path":{"type":"string","description":"Policy path for this resource","description_kind":"plain","computed":true},"pool_path":{"type":"string","description":"Policy path to the IP Pool for this Subnet","description_kind":"plain","required":true},"revision":{"type":"number","description":"The _revision property describes the current revision of the resource. To prevent clients from overwriting each other's changes, PUT operations must include the current _revision of the resource, which clients should obtain by issuing a GET operation. If the _revision provided in a PUT request is missing or stale, the operation will be rejected","description_kind":"plain","computed":true},"size":{"type":"number","description":"Number of addresses","description_kind":"plain","required":true}},"block_types":{"context":{"nesting_mode":"list","block":{"attributes":{"project_id":{"type":"string","description":"Id of the project which the resource belongs to.","description_kind":"plain","required":true}},"description":"Resource context","description_kind":"plain"},"max_items":1},"tag":{"nesting_mode":"set","block":{"attributes":{"scope":{"type":"string","description_kind":"plain","optional":true},"tag":{"type":"string","description_kind":"plain","optional":true}},"description":"Set of opaque identifiers meaningful to the user","description_kind":"plain"}}},"description_kind":"plain"}},"nsxt_policy_ip_pool_static_subnet":{"version":0,"block":{"attributes":{"cidr":{"type":"string","description":"Network address and prefix length","description_kind":"plain","required":true},"description":{"type":"string","description":"Description for this resource","description_kind":"plain","optional":true},"display_name":{"type":"string","description":"Display name for this resource","description_kind":"plain","required":true},"dns_nameservers":{"type":["list","string"],"description":"The collection of up to 3 DNS servers for the subnet","description_kind":"plain","optional":true},"dns_suffix":{"type":"string","description":"DNS suffix for the nameserver","description_kind":"plain","optional":true},"gateway":{"type":"string","description":"The default gateway address","description_kind":"plain","optional":true},"id":{"type":"string","description_kind":"plain","optional":true,"computed":true},"nsx_id":{"type":"string","description":"NSX ID for this resource","description_kind":"plain","optional":true,"computed":true},"path":{"type":"string","description":"Policy path for this resource","description_kind":"plain","computed":true},"pool_path":{"type":"string","description":"Policy path to the IP Pool for this Subnet","description_kind":"plain","required":true},"revision":{"type":"number","description":"The _revision property describes the current revision of the resource. To prevent clients from overwriting each other's changes, PUT operations must include the current _revision of the resource, which clients should obtain by issuing a GET operation. If the _revision provided in a PUT request is missing or stale, the operation will be rejected","description_kind":"plain","computed":true}},"block_types":{"allocation_range":{"nesting_mode":"list","block":{"attributes":{"end":{"type":"string","description":"The end IP Address for the range","description_kind":"plain","required":true},"start":{"type":"string","description":"The start IP Address for the range","description_kind":"plain","required":true}},"description":"A collection of IPv4 or IPv6 IP ranges","description_kind":"plain"},"min_items":1},"context":{"nesting_mode":"list","block":{"attributes":{"project_id":{"type":"string","description":"Id of the project which the resource belongs to.","description_kind":"plain","required":true}},"description":"Resource context","description_kind":"plain"},"max_items":1},"tag":{"nesting_mode":"set","block":{"attributes":{"scope":{"type":"string","description_kind":"plain","optional":true},"tag":{"type":"string","description_kind":"plain","optional":true}},"description":"Set of opaque identifiers meaningful to the user","description_kind":"plain"}}},"description_kind":"plain"}},"nsxt_policy_ipsec_vpn_dpd_profile":{"version":0,"block":{"attributes":{"description":{"type":"string","description":"Description for this resource","description_kind":"plain","optional":true},"display_name":{"type":"string","description":"Display name for this resource","description_kind":"plain","required":true},"dpd_probe_interval":{"type":"number","description_kind":"plain","optional":true},"dpd_probe_mode":{"type":"string","description_kind":"plain","optional":true},"enabled":{"type":"bool","description_kind":"plain","optional":true},"id":{"type":"string","description_kind":"plain","optional":true,"computed":true},"nsx_id":{"type":"string","description":"NSX ID for this resource","description_kind":"plain","optional":true,"computed":true},"path":{"type":"string","description":"Policy path for this resource","description_kind":"plain","computed":true},"retry_count":{"type":"number","description_kind":"plain","optional":true},"revision":{"type":"number","description":"The _revision property describes the current revision of the resource. To prevent clients from overwriting each other's changes, PUT operations must include the current _revision of the resource, which clients should obtain by issuing a GET operation. If the _revision provided in a PUT request is missing or stale, the operation will be rejected","description_kind":"plain","computed":true}},"block_types":{"tag":{"nesting_mode":"set","block":{"attributes":{"scope":{"type":"string","description_kind":"plain","optional":true},"tag":{"type":"string","description_kind":"plain","optional":true}},"description":"Set of opaque identifiers meaningful to the user","description_kind":"plain"}}},"description_kind":"plain"}},"nsxt_policy_ipsec_vpn_ike_profile":{"version":0,"block":{"attributes":{"description":{"type":"string","description":"Description for this resource","description_kind":"plain","optional":true},"dh_groups":{"type":["set","string"],"description_kind":"plain","required":true},"digest_algorithms":{"type":["set","string"],"description_kind":"plain","optional":true},"display_name":{"type":"string","description":"Display name for this resource","description_kind":"plain","required":true},"encryption_algorithms":{"type":["set","string"],"description_kind":"plain","required":true},"id":{"type":"string","description_kind":"plain","optional":true,"computed":true},"ike_version":{"type":"string","description_kind":"plain","optional":true},"nsx_id":{"type":"string","description":"NSX ID for this resource","description_kind":"plain","optional":true,"computed":true},"path":{"type":"string","description":"Policy path for this resource","description_kind":"plain","computed":true},"revision":{"type":"number","description":"The _revision property describes the current revision of the resource. To prevent clients from overwriting each other's changes, PUT operations must include the current _revision of the resource, which clients should obtain by issuing a GET operation. If the _revision provided in a PUT request is missing or stale, the operation will be rejected","description_kind":"plain","computed":true},"sa_life_time":{"type":"number","description_kind":"plain","optional":true}},"block_types":{"tag":{"nesting_mode":"set","block":{"attributes":{"scope":{"type":"string","description_kind":"plain","optional":true},"tag":{"type":"string","description_kind":"plain","optional":true}},"description":"Set of opaque identifiers meaningful to the user","description_kind":"plain"}}},"description_kind":"plain"}},"nsxt_policy_ipsec_vpn_local_endpoint":{"version":0,"block":{"attributes":{"certificate_path":{"type":"string","description":"Policy path referencing site certificate","description_kind":"plain","optional":true},"description":{"type":"string","description":"Description for this resource","description_kind":"plain","optional":true},"display_name":{"type":"string","description":"Display name for this resource","description_kind":"plain","required":true},"id":{"type":"string","description_kind":"plain","optional":true,"computed":true},"local_address":{"type":"string","description_kind":"plain","required":true},"local_id":{"type":"string","description_kind":"plain","optional":true,"computed":true},"nsx_id":{"type":"string","description":"NSX ID for this resource","description_kind":"plain","optional":true,"computed":true},"path":{"type":"string","description":"Policy path for this resource","description_kind":"plain","computed":true},"revision":{"type":"number","description":"The _revision property describes the current revision of the resource. To prevent clients from overwriting each other's changes, PUT operations must include the current _revision of the resource, which clients should obtain by issuing a GET operation. If the _revision provided in a PUT request is missing or stale, the operation will be rejected","description_kind":"plain","computed":true},"service_path":{"type":"string","description":"Policy path for IPSec VPN service","description_kind":"plain","required":true},"trust_ca_paths":{"type":["set","string"],"description_kind":"plain","optional":true},"trust_crl_paths":{"type":["set","string"],"description_kind":"plain","optional":true}},"block_types":{"tag":{"nesting_mode":"set","block":{"attributes":{"scope":{"type":"string","description_kind":"plain","optional":true},"tag":{"type":"string","description_kind":"plain","optional":true}},"description":"Set of opaque identifiers meaningful to the user","description_kind":"plain"}}},"description_kind":"plain"}},"nsxt_policy_ipsec_vpn_service":{"version":0,"block":{"attributes":{"description":{"type":"string","description":"Description for this resource","description_kind":"plain","optional":true},"display_name":{"type":"string","description":"Display name for this resource","description_kind":"plain","required":true},"enabled":{"type":"bool","description":"Enable/Disable IPSec VPN service.","description_kind":"plain","optional":true},"gateway_path":{"type":"string","description":"Policy path for the gateway.","description_kind":"plain","optional":true},"ha_sync":{"type":"bool","description":"Enable/Disable IPSec VPN service HA state sync.","description_kind":"plain","optional":true},"id":{"type":"string","description_kind":"plain","optional":true,"computed":true},"ike_log_level":{"type":"string","description":"Log level for internet key exchange (IKE).","description_kind":"plain","optional":true},"locale_service_path":{"type":"string","description":"Polciy path for the locale service.","description_kind":"plain","deprecated":true,"optional":true},"nsx_id":{"type":"string","description":"NSX ID for this resource","description_kind":"plain","optional":true,"computed":true},"path":{"type":"string","description":"Policy path for this resource","description_kind":"plain","computed":true},"revision":{"type":"number","description":"The _revision property describes the current revision of the resource. To prevent clients from overwriting each other's changes, PUT operations must include the current _revision of the resource, which clients should obtain by issuing a GET operation. If the _revision provided in a PUT request is missing or stale, the operation will be rejected","description_kind":"plain","computed":true}},"block_types":{"bypass_rule":{"nesting_mode":"list","block":{"attributes":{"action":{"type":"string","description":"PROTECT - Protect rules are defined per policy based IPSec VPN session. BYPASS - Bypass rules are defined per IPSec VPN service and affects all policy based IPSec VPN sessions. Bypass rules are prioritized over protect rules.","description_kind":"plain","optional":true},"destinations":{"type":["set","string"],"description":"List of remote subnets","description_kind":"plain","optional":true},"nsx_id":{"type":"string","description":"NSX ID for this resource","description_kind":"plain","computed":true},"sources":{"type":["set","string"],"description":"List of local subnets. Specifying no value is interpreted as 0.0.0.0/0.","description_kind":"plain","optional":true}},"description":"For policy-based IPsec VPNs, a security policy specifies as its action the VPN tunnel to be used for transit traffic that meets the policy match criteria","description_kind":"plain"}},"tag":{"nesting_mode":"set","block":{"attributes":{"scope":{"type":"string","description_kind":"plain","optional":true},"tag":{"type":"string","description_kind":"plain","optional":true}},"description":"Set of opaque identifiers meaningful to the user","description_kind":"plain"}}},"description_kind":"plain"}},"nsxt_policy_ipsec_vpn_session":{"version":0,"block":{"attributes":{"authentication_mode":{"type":"string","description":"Peer authentication mode. PSK - In this mode a secret key shared between local and peer sites is to be used for authentication. The secret key can be a string with a maximum length of 128 characters. CERTIFICATE - In this mode a certificate defined at the global level is to be used for authentication.","description_kind":"plain","optional":true},"compliance_suite":{"type":"string","description":"Compliance suite.","description_kind":"plain","optional":true},"connection_initiation_mode":{"type":"string","description":"Connection initiation mode used by local endpoint to establish ike connection with peer site. INITIATOR - In this mode local endpoint initiates tunnel setup and will also respond to incoming tunnel setup requests from peer gateway. RESPOND_ONLY - In this mode, local endpoint shall only respond to incoming tunnel setup requests. It shall not initiate the tunnel setup. ON_DEMAND - In this mode local endpoint will initiate tunnel creation once first packet matching the policy rule is received and will also respond to incoming initiation request.","description_kind":"plain","optional":true},"description":{"type":"string","description":"Description for this resource","description_kind":"plain","optional":true},"direction":{"type":"string","description":"The traffic direction apply to the MSS clamping","description_kind":"plain","optional":true},"display_name":{"type":"string","description":"Display name for this resource","description_kind":"plain","required":true},"dpd_profile_path":{"type":"string","description":"Policy path referencing dpd profile.","description_kind":"plain","optional":true,"computed":true},"enabled":{"type":"bool","description":"Enable/Disable IPSec VPN session.","description_kind":"plain","optional":true},"id":{"type":"string","description_kind":"plain","optional":true,"computed":true},"ike_profile_path":{"type":"string","description":"Policy path referencing Ike profile.","description_kind":"plain","optional":true,"computed":true},"ip_addresses":{"type":["list","string"],"description":"IP Tunnel interface (commonly referred as VTI) ip addresses.","description_kind":"plain","optional":true},"local_endpoint_path":{"type":"string","description":"Policy path referencing Local endpoint.","description_kind":"plain","required":true},"max_segment_size":{"type":"number","description":"Maximum amount of data the host will accept in a Tcp segment.","description_kind":"plain","optional":true,"computed":true},"nsx_id":{"type":"string","description":"NSX ID for this resource","description_kind":"plain","optional":true,"computed":true},"path":{"type":"string","description":"Policy path for this resource","description_kind":"plain","computed":true},"peer_address":{"type":"string","description":"Public IPV4 address of the remote device terminating the VPN connection.","description_kind":"plain","required":true},"peer_id":{"type":"string","description":"Peer ID to uniquely identify the peer site. The peer ID is the public IP address of the remote device terminating the VPN tunnel. When NAT is configured for the peer, enter the private IP address of the peer.","description_kind":"plain","required":true},"prefix_length":{"type":"number","description":"Subnet Prefix Length.","description_kind":"plain","optional":true},"psk":{"type":"string","description":"IPSec Pre-shared key. Maximum length of this field is 128 characters.","description_kind":"plain","optional":true,"sensitive":true},"revision":{"type":"number","description":"The _revision property describes the current revision of the resource. To prevent clients from overwriting each other's changes, PUT operations must include the current _revision of the resource, which clients should obtain by issuing a GET operation. If the _revision provided in a PUT request is missing or stale, the operation will be rejected","description_kind":"plain","computed":true},"service_path":{"type":"string","description":"Policy path for IPSec VPN service","description_kind":"plain","required":true},"tunnel_profile_path":{"type":"string","description":"Policy path referencing tunnel profile.","description_kind":"plain","optional":true,"computed":true},"vpn_type":{"type":"string","description":"A Policy Based VPN requires to define protect rules that match local and peer subnets. IPSec security associations is negotiated for each pair of local and peer subnet. A Route Based VPN is more flexible, more powerful and recommended over policy based VPN. IP Tunnel port is created and all traffic routed via tunnel port is protected. Routes can be configured statically or can be learned through BGP. A route based VPN is must for establishing redundant VPN session to remote site.","description_kind":"plain","required":true}},"block_types":{"rule":{"nesting_mode":"list","block":{"attributes":{"action":{"type":"string","description":"PROTECT - Protect rules are defined per policy based IPSec VPN session. BYPASS - Bypass rules are defined per IPSec VPN service and affects all policy based IPSec VPN sessions. Bypass rules are prioritized over protect rules.","description_kind":"plain","optional":true},"destinations":{"type":["set","string"],"description":"List of remote subnets","description_kind":"plain","optional":true},"nsx_id":{"type":"string","description":"NSX ID for this resource","description_kind":"plain","computed":true},"sources":{"type":["set","string"],"description":"List of local subnets. Specifying no value is interpreted as 0.0.0.0/0.","description_kind":"plain","optional":true}},"description":"For policy-based IPsec VPNs, a security policy specifies as its action the VPN tunnel to be used for transit traffic that meets the policy match criteria","description_kind":"plain"}},"tag":{"nesting_mode":"set","block":{"attributes":{"scope":{"type":"string","description_kind":"plain","optional":true},"tag":{"type":"string","description_kind":"plain","optional":true}},"description":"Set of opaque identifiers meaningful to the user","description_kind":"plain"}}},"description_kind":"plain"}},"nsxt_policy_ipsec_vpn_tunnel_profile":{"version":0,"block":{"attributes":{"description":{"type":"string","description":"Description for this resource","description_kind":"plain","optional":true},"df_policy":{"type":"string","description_kind":"plain","optional":true},"dh_groups":{"type":["set","string"],"description_kind":"plain","required":true},"digest_algorithms":{"type":["set","string"],"description_kind":"plain","optional":true},"display_name":{"type":"string","description":"Display name for this resource","description_kind":"plain","required":true},"enable_perfect_forward_secrecy":{"type":"bool","description_kind":"plain","optional":true},"encryption_algorithms":{"type":["set","string"],"description_kind":"plain","required":true},"id":{"type":"string","description_kind":"plain","optional":true,"computed":true},"nsx_id":{"type":"string","description":"NSX ID for this resource","description_kind":"plain","optional":true,"computed":true},"path":{"type":"string","description":"Policy path for this resource","description_kind":"plain","computed":true},"revision":{"type":"number","description":"The _revision property describes the current revision of the resource. To prevent clients from overwriting each other's changes, PUT operations must include the current _revision of the resource, which clients should obtain by issuing a GET operation. If the _revision provided in a PUT request is missing or stale, the operation will be rejected","description_kind":"plain","computed":true},"sa_life_time":{"type":"number","description_kind":"plain","optional":true}},"block_types":{"tag":{"nesting_mode":"set","block":{"attributes":{"scope":{"type":"string","description_kind":"plain","optional":true},"tag":{"type":"string","description_kind":"plain","optional":true}},"description":"Set of opaque identifiers meaningful to the user","description_kind":"plain"}}},"description_kind":"plain"}},"nsxt_policy_l2_vpn_service":{"version":0,"block":{"attributes":{"description":{"type":"string","description":"Description for this resource","description_kind":"plain","optional":true},"display_name":{"type":"string","description":"Display name for this resource","description_kind":"plain","required":true},"enable_hub":{"type":"bool","description":"This property applies only in SERVER mode. If set to true, traffic from any client will be replicated to all other clients. If set to false, traffic received from clients is only replicated to the local VPN endpoint.","description_kind":"plain","optional":true},"encap_ip_pool":{"type":["list","string"],"description":"IP Pool to allocate local and peer endpoint IPs.","description_kind":"plain","optional":true},"gateway_path":{"type":"string","description":"Policy path for the gateway.","description_kind":"plain","optional":true},"id":{"type":"string","description_kind":"plain","optional":true,"computed":true},"locale_service_path":{"type":"string","description":"Polciy path for the locale service.","description_kind":"plain","deprecated":true,"optional":true},"mode":{"type":"string","description":"Specify an L2VPN service mode as SERVER or CLIENT.","description_kind":"plain","optional":true},"nsx_id":{"type":"string","description":"NSX ID for this resource","description_kind":"plain","optional":true,"computed":true},"path":{"type":"string","description":"Policy path for this resource","description_kind":"plain","computed":true},"revision":{"type":"number","description":"The _revision property describes the current revision of the resource. To prevent clients from overwriting each other's changes, PUT operations must include the current _revision of the resource, which clients should obtain by issuing a GET operation. If the _revision provided in a PUT request is missing or stale, the operation will be rejected","description_kind":"plain","computed":true}},"block_types":{"tag":{"nesting_mode":"set","block":{"attributes":{"scope":{"type":"string","description_kind":"plain","optional":true},"tag":{"type":"string","description_kind":"plain","optional":true}},"description":"Set of opaque identifiers meaningful to the user","description_kind":"plain"}}},"description_kind":"plain"}},"nsxt_policy_l2_vpn_session":{"version":0,"block":{"attributes":{"description":{"type":"string","description":"Description for this resource","description_kind":"plain","optional":true},"direction":{"type":"string","description":"The traffic direction apply to the MSS clamping","description_kind":"plain","optional":true},"display_name":{"type":"string","description":"Display name for this resource","description_kind":"plain","required":true},"enabled":{"type":"bool","description":"Enable/Disable IPSec VPN session.","description_kind":"plain","optional":true},"id":{"type":"string","description_kind":"plain","optional":true,"computed":true},"local_address":{"type":"string","description":"IP Address of the local tunnel port. This property only applies in CLIENT mode","description_kind":"plain","optional":true},"max_segment_size":{"type":"number","description":"Maximum amount of data the host will accept in a Tcp segment.","description_kind":"plain","optional":true,"computed":true},"nsx_id":{"type":"string","description":"NSX ID for this resource","description_kind":"plain","optional":true,"computed":true},"path":{"type":"string","description":"Policy path for this resource","description_kind":"plain","computed":true},"peer_address":{"type":"string","description":"IP Address of the peer tunnel port. This property only applies in CLIENT mode","description_kind":"plain","optional":true},"protocol":{"type":"string","description":"Encapsulation protocol used by the tunnel.","description_kind":"plain","optional":true},"revision":{"type":"number","description":"The _revision property describes the current revision of the resource. To prevent clients from overwriting each other's changes, PUT operations must include the current _revision of the resource, which clients should obtain by issuing a GET operation. If the _revision provided in a PUT request is missing or stale, the operation will be rejected","description_kind":"plain","computed":true},"service_path":{"type":"string","description":"Policy path for L2 VPN service","description_kind":"plain","required":true},"transport_tunnels":{"type":["list","string"],"description":"List of transport tunnels(vpn sessions path) for redundancy","description_kind":"plain","required":true}},"block_types":{"tag":{"nesting_mode":"set","block":{"attributes":{"scope":{"type":"string","description_kind":"plain","optional":true},"tag":{"type":"string","description_kind":"plain","optional":true}},"description":"Set of opaque identifiers meaningful to the user","description_kind":"plain"}}},"description_kind":"plain"}},"nsxt_policy_lb_pool":{"version":0,"block":{"attributes":{"active_monitor_path":{"type":"string","description":"Active healthcheck is disabled by default and can be enabled using this setting","description_kind":"plain","optional":true},"algorithm":{"type":"string","description_kind":"plain","optional":true},"description":{"type":"string","description":"Description for this resource","description_kind":"plain","optional":true},"display_name":{"type":"string","description":"Display name for this resource","description_kind":"plain","required":true},"id":{"type":"string","description_kind":"plain","optional":true,"computed":true},"min_active_members":{"type":"number","description_kind":"plain","optional":true},"nsx_id":{"type":"string","description":"NSX ID for this resource","description_kind":"plain","optional":true,"computed":true},"passive_monitor_path":{"type":"string","description":"Policy path for passive health monitor","description_kind":"plain","optional":true},"path":{"type":"string","description":"Policy path for this resource","description_kind":"plain","computed":true},"revision":{"type":"number","description":"The _revision property describes the current revision of the resource. To prevent clients from overwriting each other's changes, PUT operations must include the current _revision of the resource, which clients should obtain by issuing a GET operation. If the _revision provided in a PUT request is missing or stale, the operation will be rejected","description_kind":"plain","computed":true},"tcp_multiplexing_enabled":{"type":"bool","description_kind":"plain","optional":true},"tcp_multiplexing_number":{"type":"number","description_kind":"plain","optional":true}},"block_types":{"member":{"nesting_mode":"list","block":{"attributes":{"admin_state":{"type":"string","description":"Member admin state","description_kind":"plain","optional":true},"backup_member":{"type":"bool","description":"A boolean flag which reflects whether this is a backup pool member","description_kind":"plain","optional":true},"display_name":{"type":"string","description":"Pool member name","description_kind":"plain","optional":true,"computed":true},"ip_address":{"type":"string","description":"Pool member IP address","description_kind":"plain","required":true},"max_concurrent_connections":{"type":"number","description":"To ensure members are not overloaded, connections to a member can be capped by the load balancer. When a member reaches this limit, it is skipped during server selection. If it is not specified, it means that connections are unlimited","description_kind":"plain","optional":true},"port":{"type":"string","description":"If port is specified, all connections will be sent to this port. Only single port is supported. If unset, the same port the client connected to will be used, it could be overrode by default_pool_member_port setting in virtual server. The port should not specified for port range case","description_kind":"plain","optional":true},"weight":{"type":"number","description":"Pool member weight is used for WEIGHTED_ROUND_ROBIN balancing algorithm. The weight value would be ignored in other algorithms","description_kind":"plain","optional":true}},"description":"List of server pool members. Each pool member is identified, typically, by an IP address and a port","description_kind":"plain"}},"member_group":{"nesting_mode":"list","block":{"attributes":{"allow_ipv4":{"type":"bool","description":"Use IPv4 addresses as server IPs","description_kind":"plain","optional":true},"allow_ipv6":{"type":"bool","description":"Use IPv6 addresses as server IPs","description_kind":"plain","optional":true},"group_path":{"type":"string","description":"The IP list of the Group would be used as pool member IP setting","description_kind":"plain","required":true},"max_ip_list_size":{"type":"number","description":"Limits the max number of pool members to the specified value","description_kind":"plain","optional":true},"port":{"type":"string","description":"If port is specified, all connections will be sent to this port. If unset, the same port the client connected to will be used","description_kind":"plain","optional":true}},"description":"Dynamic pool members for the loadbalancing pool. When member group is defined, members setting should not be specified","description_kind":"plain"},"max_items":1},"snat":{"nesting_mode":"list","block":{"attributes":{"ip_pool_addresses":{"type":["list","string"],"description":"List of IP CIDRs or IP ranges for SNAT of type SNAT_IP_POOL","description_kind":"plain","optional":true},"type":{"type":"string","description":"Type of SNAT performed to ensure reverse traffic from the server can be received and processed by the loadbalancer","description_kind":"plain","optional":true}},"description":"SNAT configuration","description_kind":"plain"},"max_items":1},"tag":{"nesting_mode":"set","block":{"attributes":{"scope":{"type":"string","description_kind":"plain","optional":true},"tag":{"type":"string","description_kind":"plain","optional":true}},"description":"Set of opaque identifiers meaningful to the user","description_kind":"plain"}}},"description_kind":"plain"}},"nsxt_policy_lb_service":{"version":0,"block":{"attributes":{"connectivity_path":{"type":"string","description":"Policy path for connected policy object","description_kind":"plain","optional":true},"description":{"type":"string","description":"Description for this resource","description_kind":"plain","optional":true},"display_name":{"type":"string","description":"Display name for this resource","description_kind":"plain","required":true},"enabled":{"type":"bool","description":"Flag to enable the Service","description_kind":"plain","optional":true},"error_log_level":{"type":"string","description":"Log level for Load Balancer Service messages","description_kind":"plain","optional":true},"id":{"type":"string","description_kind":"plain","optional":true,"computed":true},"nsx_id":{"type":"string","description":"NSX ID for this resource","description_kind":"plain","optional":true,"computed":true},"path":{"type":"string","description":"Policy path for this resource","description_kind":"plain","computed":true},"revision":{"type":"number","description":"The _revision property describes the current revision of the resource. To prevent clients from overwriting each other's changes, PUT operations must include the current _revision of the resource, which clients should obtain by issuing a GET operation. If the _revision provided in a PUT request is missing or stale, the operation will be rejected","description_kind":"plain","computed":true},"size":{"type":"string","description":"Load Balancer Service size","description_kind":"plain","optional":true}},"block_types":{"tag":{"nesting_mode":"set","block":{"attributes":{"scope":{"type":"string","description_kind":"plain","optional":true},"tag":{"type":"string","description_kind":"plain","optional":true}},"description":"Set of opaque identifiers meaningful to the user","description_kind":"plain"}}},"description_kind":"plain"}},"nsxt_policy_lb_virtual_server":{"version":0,"block":{"attributes":{"access_log_enabled":{"type":"bool","description":"If enabled, all connections/requests sent to virtual server are logged to the access log file","description_kind":"plain","optional":true},"application_profile_path":{"type":"string","description":"Application profile for this virtual server","description_kind":"plain","required":true},"default_pool_member_ports":{"type":["list","string"],"description":"Default pool member ports when member port is not defined","description_kind":"plain","optional":true},"description":{"type":"string","description":"Description for this resource","description_kind":"plain","optional":true},"display_name":{"type":"string","description":"Display name for this resource","description_kind":"plain","required":true},"enabled":{"type":"bool","description":"Flag to enable Virtual Server","description_kind":"plain","optional":true},"id":{"type":"string","description_kind":"plain","optional":true,"computed":true},"ip_address":{"type":"string","description":"Virtual Server IP address","description_kind":"plain","required":true},"log_significant_event_only":{"type":"bool","description":"Flag to log significant events in access log, if access log is enabed","description_kind":"plain","optional":true},"max_concurrent_connections":{"type":"number","description":"To ensure one virtual server does not over consume resources, connections to a virtual server can be capped.","description_kind":"plain","optional":true},"max_new_connection_rate":{"type":"number","description":"To ensure one virtual server does not over consume resources, connections to a member can be rate limited.","description_kind":"plain","optional":true},"nsx_id":{"type":"string","description":"NSX ID for this resource","description_kind":"plain","optional":true,"computed":true},"path":{"type":"string","description":"Policy path for this resource","description_kind":"plain","computed":true},"persistence_profile_path":{"type":"string","description":"Path to persistence profile allowing related client connections to be sent to the same backend server.","description_kind":"plain","optional":true},"pool_path":{"type":"string","description":"Path for Load Balancer Pool","description_kind":"plain","optional":true},"ports":{"type":["list","string"],"description":"Virtual Server ports","description_kind":"plain","required":true},"revision":{"type":"number","description":"The _revision property describes the current revision of the resource. To prevent clients from overwriting each other's changes, PUT operations must include the current _revision of the resource, which clients should obtain by issuing a GET operation. If the _revision provided in a PUT request is missing or stale, the operation will be rejected","description_kind":"plain","computed":true},"service_path":{"type":"string","description":"Virtual Server can be associated with Load Balancer Service","description_kind":"plain","optional":true},"sorry_pool_path":{"type":"string","description":"When load balancer can not select server in default pool or pool in rules, the request would be served by sorry pool","description_kind":"plain","optional":true}},"block_types":{"access_list_control":{"nesting_mode":"list","block":{"attributes":{"action":{"type":"string","description":"Action to apply to connections matching the group","description_kind":"plain","required":true},"enabled":{"type":"bool","description":"Flag to enable access list control","description_kind":"plain","optional":true},"group_path":{"type":"string","description":"The path of grouping object which defines the IP addresses or ranges to match the client IP","description_kind":"plain","required":true}},"description":"IP access list control for filtering the connections from clients","description_kind":"plain"},"max_items":1},"client_ssl":{"nesting_mode":"list","block":{"attributes":{"ca_paths":{"type":["list","string"],"description":"If client auth type is REQUIRED, client certificate must be signed by one Certificate Authorities","description_kind":"plain","optional":true},"certificate_chain_depth":{"type":"number","description":"Certificate chain depth","description_kind":"plain","optional":true},"client_auth":{"type":"string","description":"Client authentication mode","description_kind":"plain","optional":true},"crl_paths":{"type":["list","string"],"description":"Certificate Revocation Lists can be specified to disallow compromised certificates","description_kind":"plain","optional":true},"default_certificate_path":{"type":"string","description":"Default Certificate Path","description_kind":"plain","required":true},"sni_paths":{"type":["list","string"],"description":"This setting allows multiple certificates, for different hostnames, to be bound to the same virtual server","description_kind":"plain","optional":true},"ssl_profile_path":{"type":"string","description":"Client SSL Profile Path","description_kind":"plain","optional":true}},"description":"This setting is used when load balancer terminates client SSL connection","description_kind":"plain"},"max_items":1},"rule":{"nesting_mode":"list","block":{"attributes":{"display_name":{"type":"string","description":"Display name for this resource","description_kind":"plain","required":true},"match_strategy":{"type":"string","description":"Match strategy for determining match of multiple conditions (ALL or ANY, default: ANY).","description_kind":"plain","optional":true},"phase":{"type":"string","description":"Load balancer processing phase, one of HTTP_REQUEST_REWRITE, HTTP_FORWARDING (Default), HTTP_RESPONSE_REWRITE, HTTP_ACCESS, TRANSPORT.","description_kind":"plain","optional":true}},"block_types":{"action":{"nesting_mode":"list","block":{"block_types":{"connection_drop":{"nesting_mode":"list","block":{"attributes":{"_dummy":{"type":"string","description_kind":"plain","optional":true}},"description":"Action to drop the connection.","description_kind":"plain"}},"http_redirect":{"nesting_mode":"list","block":{"attributes":{"redirect_status":{"type":"string","description_kind":"plain","required":true},"redirect_url":{"type":"string","description_kind":"plain","required":true}},"description":"Action to redirect HTTP request messages to a new URL.","description_kind":"plain"}},"http_reject":{"nesting_mode":"list","block":{"attributes":{"reply_message":{"type":"string","description_kind":"plain","optional":true},"reply_status":{"type":"string","description_kind":"plain","required":true}},"description":"Action to reject HTTP request messages","description_kind":"plain"}},"http_request_header_delete":{"nesting_mode":"list","block":{"attributes":{"header_name":{"type":"string","description_kind":"plain","required":true}},"description":"Action to delete header fields of HTTP request messages at HTTP_REQUEST_REWRITE phase.","description_kind":"plain"}},"http_request_header_rewrite":{"nesting_mode":"list","block":{"attributes":{"header_name":{"type":"string","description_kind":"plain","required":true},"header_value":{"type":"string","description_kind":"plain","required":true}},"description":"Action to rewrite header fields of HTTP request messages to specified new values at HTTP_REQUEST_REWRITE phase.","description_kind":"plain"}},"http_request_uri_rewrite":{"nesting_mode":"list","block":{"attributes":{"uri":{"type":"string","description_kind":"plain","required":true},"uri_arguments":{"type":"string","description_kind":"plain","optional":true}},"description":"Action to rewrite URIs in matched HTTP request messages.","description_kind":"plain"}},"http_response_header_delete":{"nesting_mode":"list","block":{"attributes":{"header_name":{"type":"string","description_kind":"plain","required":true}},"description":"Action to delete header fields of HTTP response messages at HTTP_RESPONSE_REWRITE phase.","description_kind":"plain"}},"http_response_header_rewrite":{"nesting_mode":"list","block":{"attributes":{"header_name":{"type":"string","description_kind":"plain","required":true},"header_value":{"type":"string","description_kind":"plain","required":true}},"description":"Action to rewrite header fields of HTTP response messages to specified new values at HTTP_RESPONSE_REWRITE phase.","description_kind":"plain"}},"jwt_auth":{"nesting_mode":"list","block":{"attributes":{"pass_jwt_to_pool":{"type":"bool","description_kind":"plain","optional":true},"realm":{"type":"string","description_kind":"plain","optional":true},"tokens":{"type":["list","string"],"description":"JWT tokens","description_kind":"plain","optional":true}},"block_types":{"key":{"nesting_mode":"set","block":{"attributes":{"certificate_path":{"type":"string","description_kind":"plain","optional":true},"public_key_content":{"type":"string","description_kind":"plain","optional":true},"symmetric_key":{"type":"string","description_kind":"plain","optional":true}},"description_kind":"plain"},"max_items":1}},"description":"Action  to control access to backend server resources using JSON Web Token(JWT) authentication.","description_kind":"plain"}},"select_pool":{"nesting_mode":"list","block":{"attributes":{"pool_id":{"type":"string","description_kind":"plain","required":true}},"description":"Action to select a pool for matched HTTP request messages.","description_kind":"plain"}},"ssl_mode_selection":{"nesting_mode":"list","block":{"attributes":{"ssl_mode":{"type":"string","description_kind":"plain","required":true}},"description":"Action to select SSL mode.","description_kind":"plain"}},"variable_assignment":{"nesting_mode":"list","block":{"attributes":{"variable_name":{"type":"string","description_kind":"plain","required":true},"variable_value":{"type":"string","description_kind":"plain","required":true}},"description":"Action to create a new variable and assign value to it.","description_kind":"plain"}},"variable_persistence_learn":{"nesting_mode":"list","block":{"attributes":{"persistence_profile_path":{"type":"string","description_kind":"plain","optional":true},"variable_hash_enabled":{"type":"bool","description_kind":"plain","optional":true},"variable_name":{"type":"string","description_kind":"plain","required":true}},"description":"Action to create a new variable and assign value to it.","description_kind":"plain"}},"variable_persistence_on":{"nesting_mode":"list","block":{"attributes":{"persistence_profile_path":{"type":"string","description_kind":"plain","optional":true},"variable_hash_enabled":{"type":"bool","description_kind":"plain","optional":true},"variable_name":{"type":"string","description_kind":"plain","required":true}},"description":"Action to create a new variable and assign value to it.","description_kind":"plain"}}},"description":"A list of actions to be executed at specified phase when load balancer rule matches.","description_kind":"plain"},"min_items":1},"condition":{"nesting_mode":"list","block":{"block_types":{"http_request_body":{"nesting_mode":"list","block":{"attributes":{"body_value":{"type":"string","description_kind":"plain","required":true},"case_sensitive":{"type":"bool","description":"If true, case is significant in condition matching","description_kind":"plain","optional":true},"inverse":{"type":"bool","description":"Whether to reverse match result of this condition","description_kind":"plain","optional":true},"match_type":{"type":"string","description":"Match type (STARTS_WITH, ENDS_WITH, EQUALS, CONTAINS, REGEX)","description_kind":"plain","required":true}},"description":"Rule condition based on HTTP request body","description_kind":"plain"}},"http_request_cookie":{"nesting_mode":"list","block":{"attributes":{"case_sensitive":{"type":"bool","description":"If true, case is significant in condition matching","description_kind":"plain","optional":true},"cookie_name":{"type":"string","description_kind":"plain","required":true},"cookie_value":{"type":"string","description_kind":"plain","required":true},"inverse":{"type":"bool","description":"Whether to reverse match result of this condition","description_kind":"plain","optional":true},"match_type":{"type":"string","description":"Match type (STARTS_WITH, ENDS_WITH, EQUALS, CONTAINS, REGEX)","description_kind":"plain","required":true}},"description":"Rule condition based on HTTP cookie","description_kind":"plain"}},"http_request_header":{"nesting_mode":"list","block":{"attributes":{"case_sensitive":{"type":"bool","description":"If true, case is significant in condition matching","description_kind":"plain","optional":true},"header_name":{"type":"string","description_kind":"plain","required":true},"header_value":{"type":"string","description_kind":"plain","required":true},"inverse":{"type":"bool","description":"Whether to reverse match result of this condition","description_kind":"plain","optional":true},"match_type":{"type":"string","description":"Match type (STARTS_WITH, ENDS_WITH, EQUALS, CONTAINS, REGEX)","description_kind":"plain","required":true}},"description":"Rule condition based on HTTP request header","description_kind":"plain"}},"http_request_method":{"nesting_mode":"list","block":{"attributes":{"inverse":{"type":"bool","description":"Whether to reverse match result of this condition","description_kind":"plain","optional":true},"method":{"type":"string","description_kind":"plain","required":true}},"description":"Rule condition based on http request method","description_kind":"plain"}},"http_request_uri":{"nesting_mode":"list","block":{"attributes":{"case_sensitive":{"type":"bool","description":"If true, case is significant in condition matching","description_kind":"plain","optional":true},"inverse":{"type":"bool","description":"Whether to reverse match result of this condition","description_kind":"plain","optional":true},"match_type":{"type":"string","description":"Match type (STARTS_WITH, ENDS_WITH, EQUALS, CONTAINS, REGEX)","description_kind":"plain","required":true},"uri":{"type":"string","description_kind":"plain","required":true}},"description":"Rule condition based on http request URI","description_kind":"plain"}},"http_request_uri_arguments":{"nesting_mode":"list","block":{"attributes":{"case_sensitive":{"type":"bool","description":"If true, case is significant in condition matching","description_kind":"plain","optional":true},"inverse":{"type":"bool","description":"Whether to reverse match result of this condition","description_kind":"plain","optional":true},"match_type":{"type":"string","description":"Match type (STARTS_WITH, ENDS_WITH, EQUALS, CONTAINS, REGEX)","description_kind":"plain","required":true},"uri_arguments":{"type":"string","description_kind":"plain","required":true}},"description":"Rule condition based on http request URI arguments (query string)","description_kind":"plain"}},"http_request_version":{"nesting_mode":"list","block":{"attributes":{"inverse":{"type":"bool","description":"Whether to reverse match result of this condition","description_kind":"plain","optional":true},"version":{"type":"string","description_kind":"plain","required":true}},"description":"Rule condition based on http request version","description_kind":"plain"},"max_items":1},"http_response_header":{"nesting_mode":"list","block":{"attributes":{"case_sensitive":{"type":"bool","description":"If true, case is significant in condition matching","description_kind":"plain","optional":true},"header_name":{"type":"string","description_kind":"plain","required":true},"header_value":{"type":"string","description_kind":"plain","required":true},"inverse":{"type":"bool","description":"Whether to reverse match result of this condition","description_kind":"plain","optional":true},"match_type":{"type":"string","description":"Match type (STARTS_WITH, ENDS_WITH, EQUALS, CONTAINS, REGEX)","description_kind":"plain","required":true}},"description":"Rule condition based on HTTP response header","description_kind":"plain"}},"http_ssl":{"nesting_mode":"list","block":{"attributes":{"client_supported_ssl_ciphers":{"type":["list","string"],"description":"Supported SSL ciphers","description_kind":"plain","optional":true},"inverse":{"type":"bool","description":"Whether to reverse match result of this condition","description_kind":"plain","optional":true},"session_reused":{"type":"string","description_kind":"plain","optional":true},"used_protocol":{"type":"string","description_kind":"plain","optional":true},"used_ssl_cipher":{"type":"string","description_kind":"plain","optional":true}},"block_types":{"client_certificate_issuer_dn":{"nesting_mode":"set","block":{"attributes":{"case_sensitive":{"type":"bool","description":"If true, case is significant in condition matching","description_kind":"plain","optional":true},"issuer_dn":{"type":"string","description_kind":"plain","required":true},"match_type":{"type":"string","description":"Match type (STARTS_WITH, ENDS_WITH, EQUALS, CONTAINS, REGEX)","description_kind":"plain","required":true}},"description_kind":"plain"}},"client_certificate_subject_dn":{"nesting_mode":"set","block":{"attributes":{"case_sensitive":{"type":"bool","description":"If true, case is significant in condition matching","description_kind":"plain","optional":true},"match_type":{"type":"string","description":"Match type (STARTS_WITH, ENDS_WITH, EQUALS, CONTAINS, REGEX)","description_kind":"plain","required":true},"subject_dn":{"type":"string","description_kind":"plain","required":true}},"description_kind":"plain"}}},"description":"Rule condition based on HTTP SSL handshake and connection","description_kind":"plain"}},"ip_header":{"nesting_mode":"list","block":{"attributes":{"group_path":{"type":"string","description_kind":"plain","optional":true},"inverse":{"type":"bool","description":"Whether to reverse match result of this condition","description_kind":"plain","optional":true},"source_address":{"type":"string","description_kind":"plain","optional":true}},"description":"Rule condition based on IP settings of the message","description_kind":"plain"}},"ssl_sni":{"nesting_mode":"list","block":{"attributes":{"case_sensitive":{"type":"bool","description":"If true, case is significant in condition matching","description_kind":"plain","optional":true},"inverse":{"type":"bool","description":"Whether to reverse match result of this condition","description_kind":"plain","optional":true},"match_type":{"type":"string","description":"Match type (STARTS_WITH, ENDS_WITH, EQUALS, CONTAINS, REGEX)","description_kind":"plain","required":true},"sni":{"type":"string","description_kind":"plain","required":true}},"description":"Rule condition based on SSL SNI in client hello","description_kind":"plain"}},"tcp_header":{"nesting_mode":"list","block":{"attributes":{"inverse":{"type":"bool","description":"Whether to reverse match result of this condition","description_kind":"plain","optional":true},"source_port":{"type":"string","description_kind":"plain","required":true}},"description":"Rule condition based on TCP settings of the message","description_kind":"plain"}},"variable":{"nesting_mode":"list","block":{"attributes":{"case_sensitive":{"type":"bool","description":"If true, case is significant in condition matching","description_kind":"plain","optional":true},"inverse":{"type":"bool","description":"Whether to reverse match result of this condition","description_kind":"plain","optional":true},"match_type":{"type":"string","description":"Match type (STARTS_WITH, ENDS_WITH, EQUALS, CONTAINS, REGEX)","description_kind":"plain","required":true},"variable_name":{"type":"string","description_kind":"plain","required":true},"variable_value":{"type":"string","description_kind":"plain","required":true}},"description":"Rule condition based on IP header","description_kind":"plain"}}},"description":"A list of match conditions used to match application traffic.","description_kind":"plain"}}},"description":"List of load balancer rules for layer 7 virtual servers with LBHttpProfile","description_kind":"plain"},"max_items":4000},"server_ssl":{"nesting_mode":"list","block":{"attributes":{"ca_paths":{"type":["list","string"],"description":"If server auth type is REQUIRED, server certificate must be signed by one Certificate Authorities","description_kind":"plain","optional":true},"certificate_chain_depth":{"type":"number","description":"Certificate chain depth","description_kind":"plain","optional":true},"client_certificate_path":{"type":"string","description":"Client certificat path for client authentication","description_kind":"plain","optional":true},"crl_paths":{"type":["list","string"],"description":"Certificate Revocation Lists can be specified disallow compromised certificates","description_kind":"plain","optional":true},"server_auth":{"type":"string","description":"Server authentication mode","description_kind":"plain","optional":true},"ssl_profile_path":{"type":"string","description":"Server SSL Profile Path","description_kind":"plain","optional":true}},"description":"This setting is used when load balancer establishes connection to the backend server","description_kind":"plain"},"max_items":1},"tag":{"nesting_mode":"set","block":{"attributes":{"scope":{"type":"string","description_kind":"plain","optional":true},"tag":{"type":"string","description_kind":"plain","optional":true}},"description":"Set of opaque identifiers meaningful to the user","description_kind":"plain"}}},"description_kind":"plain"}},"nsxt_policy_mac_discovery_profile":{"version":0,"block":{"attributes":{"description":{"type":"string","description":"Description for this resource","description_kind":"plain","optional":true},"display_name":{"type":"string","description":"Display name for this resource","description_kind":"plain","required":true},"id":{"type":"string","description_kind":"plain","optional":true,"computed":true},"mac_change_enabled":{"type":"bool","description_kind":"plain","optional":true},"mac_learning_enabled":{"type":"bool","description_kind":"plain","optional":true},"mac_limit":{"type":"number","description_kind":"plain","optional":true},"mac_limit_policy":{"type":"string","description_kind":"plain","optional":true},"nsx_id":{"type":"string","description":"NSX ID for this resource","description_kind":"plain","optional":true,"computed":true},"path":{"type":"string","description":"Policy path for this resource","description_kind":"plain","computed":true},"remote_overlay_mac_limit":{"type":"number","description_kind":"plain","optional":true},"revision":{"type":"number","description":"The _revision property describes the current revision of the resource. To prevent clients from overwriting each other's changes, PUT operations must include the current _revision of the resource, which clients should obtain by issuing a GET operation. If the _revision provided in a PUT request is missing or stale, the operation will be rejected","description_kind":"plain","computed":true},"unknown_unicast_flooding_enabled":{"type":"bool","description_kind":"plain","optional":true}},"block_types":{"context":{"nesting_mode":"list","block":{"attributes":{"project_id":{"type":"string","description":"Id of the project which the resource belongs to.","description_kind":"plain","required":true}},"description":"Resource context","description_kind":"plain"},"max_items":1},"tag":{"nesting_mode":"set","block":{"attributes":{"scope":{"type":"string","description_kind":"plain","optional":true},"tag":{"type":"string","description_kind":"plain","optional":true}},"description":"Set of opaque identifiers meaningful to the user","description_kind":"plain"}}},"description_kind":"plain"}},"nsxt_policy_nat_rule":{"version":0,"block":{"attributes":{"action":{"type":"string","description":"The action for the NAT Rule","description_kind":"plain","required":true},"description":{"type":"string","description":"Description for this resource","description_kind":"plain","optional":true},"destination_networks":{"type":["list","string"],"description":"The destination network(s) for the NAT Rule","description_kind":"plain","optional":true},"display_name":{"type":"string","description":"Display name for this resource","description_kind":"plain","required":true},"enabled":{"type":"bool","description":"Enable/disable the rule","description_kind":"plain","optional":true},"firewall_match":{"type":"string","description":"Firewall match flag","description_kind":"plain","optional":true},"gateway_path":{"type":"string","description":"The NSX-T Policy path to the Tier0 or Tier1 Gateway for this resource","description_kind":"plain","required":true},"id":{"type":"string","description_kind":"plain","optional":true,"computed":true},"logging":{"type":"bool","description":"Enable/disable the logging of rule","description_kind":"plain","optional":true},"nsx_id":{"type":"string","description":"NSX ID for this resource","description_kind":"plain","optional":true,"computed":true},"path":{"type":"string","description":"Policy path for this resource","description_kind":"plain","computed":true},"revision":{"type":"number","description":"The _revision property describes the current revision of the resource. To prevent clients from overwriting each other's changes, PUT operations must include the current _revision of the resource, which clients should obtain by issuing a GET operation. If the _revision provided in a PUT request is missing or stale, the operation will be rejected","description_kind":"plain","computed":true},"rule_priority":{"type":"number","description":"The sequence_number decides the rule_priority of a NAT rule. Valid range [0-2147483647]","description_kind":"plain","optional":true},"scope":{"type":["set","string"],"description":"Policy paths to interfaces or labels where the NAT Rule is enforced","description_kind":"plain","optional":true,"computed":true},"service":{"type":"string","description":"Policy path of Service on which the NAT rule will be applied","description_kind":"plain","optional":true},"source_networks":{"type":["list","string"],"description":"The source network(s) for the NAT Rule","description_kind":"plain","optional":true},"translated_networks":{"type":["list","string"],"description":"The translated network(s) for the NAT Rule","description_kind":"plain","optional":true},"translated_ports":{"type":"string","description":"Port number or port range. DNAT only","description_kind":"plain","optional":true}},"block_types":{"context":{"nesting_mode":"list","block":{"attributes":{"project_id":{"type":"string","description":"Id of the project which the resource belongs to.","description_kind":"plain","required":true}},"description":"Resource context","description_kind":"plain"},"max_items":1},"tag":{"nesting_mode":"set","block":{"attributes":{"scope":{"type":"string","description_kind":"plain","optional":true},"tag":{"type":"string","description_kind":"plain","optional":true}},"description":"Set of opaque identifiers meaningful to the user","description_kind":"plain"}}},"description_kind":"plain"}},"nsxt_policy_ospf_area":{"version":0,"block":{"attributes":{"area_id":{"type":"string","description":"OSPF area ID in decimal or dotted format","description_kind":"plain","required":true},"area_type":{"type":"string","description":"OSPF area type","description_kind":"plain","optional":true},"auth_mode":{"type":"string","description":"Authentication mode","description_kind":"plain","optional":true},"description":{"type":"string","description":"Description for this resource","description_kind":"plain","optional":true},"display_name":{"type":"string","description":"Display name for this resource","description_kind":"plain","required":true},"id":{"type":"string","description_kind":"plain","optional":true,"computed":true},"key_id":{"type":"number","description":"Authentication secret key id for MD5 auth mode","description_kind":"plain","optional":true,"sensitive":true},"nsx_id":{"type":"string","description":"NSX ID for this resource","description_kind":"plain","optional":true,"computed":true},"ospf_path":{"type":"string","description":"Policy path to the OSPF config for this area","description_kind":"plain","required":true},"path":{"type":"string","description":"Policy path for this resource","description_kind":"plain","computed":true},"revision":{"type":"number","description":"The _revision property describes the current revision of the resource. To prevent clients from overwriting each other's changes, PUT operations must include the current _revision of the resource, which clients should obtain by issuing a GET operation. If the _revision provided in a PUT request is missing or stale, the operation will be rejected","description_kind":"plain","computed":true},"secret_key":{"type":"string","description":"Authentication secret","description_kind":"plain","optional":true,"sensitive":true}},"block_types":{"tag":{"nesting_mode":"set","block":{"attributes":{"scope":{"type":"string","description_kind":"plain","optional":true},"tag":{"type":"string","description_kind":"plain","optional":true}},"description":"Set of opaque identifiers meaningful to the user","description_kind":"plain"}}},"description_kind":"plain"}},"nsxt_policy_ospf_config":{"version":0,"block":{"attributes":{"default_originate":{"type":"bool","description":"Flag to enable/disable advertisement of default route into OSPF domain","description_kind":"plain","optional":true},"description":{"type":"string","description":"Description for this resource","description_kind":"plain","optional":true},"display_name":{"type":"string","description":"Display name for this resource","description_kind":"plain","required":true},"ecmp":{"type":"bool","description":"Flag to enable ECMP","description_kind":"plain","optional":true},"enabled":{"type":"bool","description":"Flag to enable OSPF configuration","description_kind":"plain","optional":true},"gateway_id":{"type":"string","description":"NSX ID of associated Tier0 Gateway","description_kind":"plain","computed":true},"gateway_path":{"type":"string","description":"Policy path for the Tier0 Gateway","description_kind":"plain","required":true},"graceful_restart_mode":{"type":"string","description":"Graceful Restart Mode","description_kind":"plain","optional":true},"id":{"type":"string","description_kind":"plain","optional":true,"computed":true},"locale_service_id":{"type":"string","description":"NSX ID of associated Gateway Locale Service","description_kind":"plain","computed":true},"path":{"type":"string","description":"Policy path for this resource","description_kind":"plain","computed":true},"revision":{"type":"number","description":"The _revision property describes the current revision of the resource. To prevent clients from overwriting each other's changes, PUT operations must include the current _revision of the resource, which clients should obtain by issuing a GET operation. If the _revision provided in a PUT request is missing or stale, the operation will be rejected","description_kind":"plain","computed":true}},"block_types":{"summary_address":{"nesting_mode":"list","block":{"attributes":{"advertise":{"type":"bool","description":"Used to filter the advertisement of external routes into the OSPF domain","description_kind":"plain","optional":true},"prefix":{"type":"string","description":"OSPF Summary address in CIDR format","description_kind":"plain","optional":true}},"description":"List of addresses to summarize or filter external routes","description_kind":"plain"}},"tag":{"nesting_mode":"set","block":{"attributes":{"scope":{"type":"string","description_kind":"plain","optional":true},"tag":{"type":"string","description_kind":"plain","optional":true}},"description":"Set of opaque identifiers meaningful to the user","description_kind":"plain"}}},"description_kind":"plain"}},"nsxt_policy_predefined_gateway_policy":{"version":0,"block":{"attributes":{"description":{"type":"string","description":"Description for this resource","description_kind":"plain","optional":true,"computed":true},"id":{"type":"string","description_kind":"plain","optional":true,"computed":true},"path":{"type":"string","description":"Path for this Gateway Policy","description_kind":"plain","required":true},"revision":{"type":"number","description":"The _revision property describes the current revision of the resource. To prevent clients from overwriting each other's changes, PUT operations must include the current _revision of the resource, which clients should obtain by issuing a GET operation. If the _revision provided in a PUT request is missing or stale, the operation will be rejected","description_kind":"plain","computed":true}},"block_types":{"context":{"nesting_mode":"list","block":{"attributes":{"project_id":{"type":"string","description":"Id of the project which the resource belongs to.","description_kind":"plain","required":true}},"description":"Resource context","description_kind":"plain"},"max_items":1},"default_rule":{"nesting_mode":"list","block":{"attributes":{"action":{"type":"string","description":"Action","description_kind":"plain","optional":true},"description":{"type":"string","description":"Description for this resource","description_kind":"plain","optional":true,"computed":true},"log_label":{"type":"string","description":"Additional information (string) which will be propagated to the rule syslog","description_kind":"plain","optional":true},"logged":{"type":"bool","description":"Flag to enable packet logging","description_kind":"plain","optional":true},"nsx_id":{"type":"string","description":"NSX ID for this resource","description_kind":"plain","computed":true},"path":{"type":"string","description":"Policy path for this resource","description_kind":"plain","computed":true},"revision":{"type":"number","description":"The _revision property describes the current revision of the resource. To prevent clients from overwriting each other's changes, PUT operations must include the current _revision of the resource, which clients should obtain by issuing a GET operation. If the _revision provided in a PUT request is missing or stale, the operation will be rejected","description_kind":"plain","computed":true},"scope":{"type":"string","description":"Scope for this rule","description_kind":"plain","required":true},"sequence_number":{"type":"number","description":"Sequence number of the this rule","description_kind":"plain","computed":true}},"block_types":{"tag":{"nesting_mode":"set","block":{"attributes":{"scope":{"type":"string","description_kind":"plain","optional":true},"tag":{"type":"string","description_kind":"plain","optional":true}},"description":"Set of opaque identifiers meaningful to the user","description_kind":"plain"}}},"description":"List of default rules","description_kind":"plain"}},"rule":{"nesting_mode":"list","block":{"attributes":{"action":{"type":"string","description":"Action","description_kind":"plain","optional":true},"description":{"type":"string","description":"Description for this resource","description_kind":"plain","optional":true},"destination_groups":{"type":["set","string"],"description":"List of destination groups","description_kind":"plain","optional":true},"destinations_excluded":{"type":"bool","description":"Negation of destination groups","description_kind":"plain","optional":true},"direction":{"type":"string","description":"Traffic direction","description_kind":"plain","optional":true},"disabled":{"type":"bool","description":"Flag to disable the rule","description_kind":"plain","optional":true},"display_name":{"type":"string","description":"Display name for this resource","description_kind":"plain","required":true},"ip_version":{"type":"string","description":"IP version","description_kind":"plain","optional":true},"log_label":{"type":"string","description":"Additional information (string) which will be propagated to the rule syslog","description_kind":"plain","optional":true},"logged":{"type":"bool","description":"Flag to enable packet logging","description_kind":"plain","optional":true},"notes":{"type":"string","description":"Text for additional notes on changes","description_kind":"plain","optional":true},"nsx_id":{"type":"string","description":"NSX ID for this resource","description_kind":"plain","optional":true,"computed":true},"profiles":{"type":["set","string"],"description":"List of profiles","description_kind":"plain","optional":true},"revision":{"type":"number","description":"The _revision property describes the current revision of the resource. To prevent clients from overwriting each other's changes, PUT operations must include the current _revision of the resource, which clients should obtain by issuing a GET operation. If the _revision provided in a PUT request is missing or stale, the operation will be rejected","description_kind":"plain","computed":true},"rule_id":{"type":"number","description":"Unique positive number that is assigned by the system and is useful for debugging","description_kind":"plain","computed":true},"scope":{"type":["set","string"],"description":"List of policy paths where the rule is applied","description_kind":"plain","required":true},"sequence_number":{"type":"number","description":"Sequence number of the this rule","description_kind":"plain","optional":true,"computed":true},"services":{"type":["set","string"],"description":"List of services to match","description_kind":"plain","optional":true},"source_groups":{"type":["set","string"],"description":"List of source groups","description_kind":"plain","optional":true},"sources_excluded":{"type":"bool","description":"Negation of source groups","description_kind":"plain","optional":true}},"block_types":{"tag":{"nesting_mode":"set","block":{"attributes":{"scope":{"type":"string","description_kind":"plain","optional":true},"tag":{"type":"string","description_kind":"plain","optional":true}},"description":"Set of opaque identifiers meaningful to the user","description_kind":"plain"}}},"description":"List of rules in the section","description_kind":"plain"},"max_items":1000},"tag":{"nesting_mode":"set","block":{"attributes":{"scope":{"type":"string","description_kind":"plain","optional":true},"tag":{"type":"string","description_kind":"plain","optional":true}},"description":"Set of opaque identifiers meaningful to the user","description_kind":"plain"}}},"description_kind":"plain"}},"nsxt_policy_predefined_security_policy":{"version":0,"block":{"attributes":{"description":{"type":"string","description":"Description for this resource","description_kind":"plain","optional":true,"computed":true},"id":{"type":"string","description_kind":"plain","optional":true,"computed":true},"path":{"type":"string","description":"Path for this Security Policy","description_kind":"plain","required":true},"revision":{"type":"number","description":"The _revision property describes the current revision of the resource. To prevent clients from overwriting each other's changes, PUT operations must include the current _revision of the resource, which clients should obtain by issuing a GET operation. If the _revision provided in a PUT request is missing or stale, the operation will be rejected","description_kind":"plain","computed":true}},"block_types":{"context":{"nesting_mode":"list","block":{"attributes":{"project_id":{"type":"string","description":"Id of the project which the resource belongs to.","description_kind":"plain","required":true}},"description":"Resource context","description_kind":"plain"},"max_items":1},"default_rule":{"nesting_mode":"list","block":{"attributes":{"action":{"type":"string","description":"Action","description_kind":"plain","optional":true},"description":{"type":"string","description":"Description for this resource","description_kind":"plain","optional":true,"computed":true},"log_label":{"type":"string","description":"Additional information (string) which will be propagated to the rule syslog","description_kind":"plain","optional":true},"logged":{"type":"bool","description":"Flag to enable packet logging","description_kind":"plain","optional":true},"nsx_id":{"type":"string","description":"NSX ID for this resource","description_kind":"plain","computed":true},"path":{"type":"string","description":"Policy path for this resource","description_kind":"plain","computed":true},"revision":{"type":"number","description":"The _revision property describes the current revision of the resource. To prevent clients from overwriting each other's changes, PUT operations must include the current _revision of the resource, which clients should obtain by issuing a GET operation. If the _revision provided in a PUT request is missing or stale, the operation will be rejected","description_kind":"plain","computed":true},"scope":{"type":"string","description":"Scope for this rule","description_kind":"plain","computed":true},"sequence_number":{"type":"number","description":"Sequence number of the this rule","description_kind":"plain","computed":true}},"block_types":{"context":{"nesting_mode":"list","block":{"attributes":{"project_id":{"type":"string","description":"Id of the project which the resource belongs to.","description_kind":"plain","required":true}},"description":"Resource context","description_kind":"plain"},"max_items":1},"tag":{"nesting_mode":"set","block":{"attributes":{"scope":{"type":"string","description_kind":"plain","optional":true},"tag":{"type":"string","description_kind":"plain","optional":true}},"description":"Set of opaque identifiers meaningful to the user","description_kind":"plain"}}},"description":"List of default rules","description_kind":"plain"},"max_items":1},"rule":{"nesting_mode":"list","block":{"attributes":{"action":{"type":"string","description":"Action","description_kind":"plain","optional":true},"description":{"type":"string","description":"Description for this resource","description_kind":"plain","optional":true},"destination_groups":{"type":["set","string"],"description":"List of destination groups","description_kind":"plain","optional":true},"destinations_excluded":{"type":"bool","description":"Negation of destination groups","description_kind":"plain","optional":true},"direction":{"type":"string","description":"Traffic direction","description_kind":"plain","optional":true},"disabled":{"type":"bool","description":"Flag to disable the rule","description_kind":"plain","optional":true},"display_name":{"type":"string","description":"Display name for this resource","description_kind":"plain","required":true},"ip_version":{"type":"string","description":"IP version","description_kind":"plain","optional":true},"log_label":{"type":"string","description":"Additional information (string) which will be propagated to the rule syslog","description_kind":"plain","optional":true},"logged":{"type":"bool","description":"Flag to enable packet logging","description_kind":"plain","optional":true},"notes":{"type":"string","description":"Text for additional notes on changes","description_kind":"plain","optional":true},"nsx_id":{"type":"string","description":"NSX ID for this resource","description_kind":"plain","optional":true,"computed":true},"profiles":{"type":["set","string"],"description":"List of profiles","description_kind":"plain","optional":true},"revision":{"type":"number","description":"The _revision property describes the current revision of the resource. To prevent clients from overwriting each other's changes, PUT operations must include the current _revision of the resource, which clients should obtain by issuing a GET operation. If the _revision provided in a PUT request is missing or stale, the operation will be rejected","description_kind":"plain","computed":true},"rule_id":{"type":"number","description":"Unique positive number that is assigned by the system and is useful for debugging","description_kind":"plain","computed":true},"scope":{"type":["set","string"],"description":"List of policy paths where the rule is applied","description_kind":"plain","optional":true},"sequence_number":{"type":"number","description":"Sequence number of the this rule","description_kind":"plain","optional":true,"computed":true},"services":{"type":["set","string"],"description":"List of services to match","description_kind":"plain","optional":true},"source_groups":{"type":["set","string"],"description":"List of source groups","description_kind":"plain","optional":true},"sources_excluded":{"type":"bool","description":"Negation of source groups","description_kind":"plain","optional":true}},"block_types":{"tag":{"nesting_mode":"set","block":{"attributes":{"scope":{"type":"string","description_kind":"plain","optional":true},"tag":{"type":"string","description_kind":"plain","optional":true}},"description":"Set of opaque identifiers meaningful to the user","description_kind":"plain"}}},"description":"List of rules in the section","description_kind":"plain"},"max_items":1000},"tag":{"nesting_mode":"set","block":{"attributes":{"scope":{"type":"string","description_kind":"plain","optional":true},"tag":{"type":"string","description_kind":"plain","optional":true}},"description":"Set of opaque identifiers meaningful to the user","description_kind":"plain"}}},"description_kind":"plain"}},"nsxt_policy_project":{"version":0,"block":{"attributes":{"description":{"type":"string","description":"Description for this resource","description_kind":"plain","optional":true},"display_name":{"type":"string","description":"Display name for this resource","description_kind":"plain","required":true},"id":{"type":"string","description_kind":"plain","optional":true,"computed":true},"nsx_id":{"type":"string","description":"NSX ID for this resource","description_kind":"plain","optional":true,"computed":true},"path":{"type":"string","description":"Policy path for this resource","description_kind":"plain","computed":true},"revision":{"type":"number","description":"The _revision property describes the current revision of the resource. To prevent clients from overwriting each other's changes, PUT operations must include the current _revision of the resource, which clients should obtain by issuing a GET operation. If the _revision provided in a PUT request is missing or stale, the operation will be rejected","description_kind":"plain","computed":true},"short_id":{"type":"string","description_kind":"plain","optional":true,"computed":true},"tier0_gateway_paths":{"type":["list","string"],"description_kind":"plain","optional":true}},"block_types":{"site_info":{"nesting_mode":"list","block":{"attributes":{"edge_cluster_paths":{"type":["list","string"],"description_kind":"plain","optional":true},"site_path":{"type":"string","description_kind":"plain","optional":true}},"description_kind":"plain"}},"tag":{"nesting_mode":"set","block":{"attributes":{"scope":{"type":"string","description_kind":"plain","optional":true},"tag":{"type":"string","description_kind":"plain","optional":true}},"description":"Set of opaque identifiers meaningful to the user","description_kind":"plain"}}},"description_kind":"plain"}},"nsxt_policy_qos_profile":{"version":0,"block":{"attributes":{"class_of_service":{"type":"number","description":"Class of service","description_kind":"plain","optional":true},"description":{"type":"string","description":"Description for this resource","description_kind":"plain","optional":true},"display_name":{"type":"string","description":"Display name for this resource","description_kind":"plain","required":true},"dscp_priority":{"type":"number","description":"DSCP Priority","description_kind":"plain","optional":true},"dscp_trusted":{"type":"bool","description":"Trust mode for DSCP","description_kind":"plain","optional":true},"id":{"type":"string","description_kind":"plain","optional":true,"computed":true},"nsx_id":{"type":"string","description":"NSX ID for this resource","description_kind":"plain","optional":true,"computed":true},"path":{"type":"string","description":"Policy path for this resource","description_kind":"plain","computed":true},"revision":{"type":"number","description":"The _revision property describes the current revision of the resource. To prevent clients from overwriting each other's changes, PUT operations must include the current _revision of the resource, which clients should obtain by issuing a GET operation. If the _revision provided in a PUT request is missing or stale, the operation will be rejected","description_kind":"plain","computed":true}},"block_types":{"context":{"nesting_mode":"list","block":{"attributes":{"project_id":{"type":"string","description":"Id of the project which the resource belongs to.","description_kind":"plain","required":true}},"description":"Resource context","description_kind":"plain"},"max_items":1},"egress_rate_shaper":{"nesting_mode":"list","block":{"attributes":{"average_bw_mbps":{"type":"number","description":"Average Bandwidth in mbps","description_kind":"plain","optional":true},"burst_size":{"type":"number","description":"Burst size in bytes","description_kind":"plain","optional":true},"enabled":{"type":"bool","description":"Whether this rate shaper is enabled","description_kind":"plain","optional":true},"peak_bw_mbps":{"type":"number","description":"Peak Bandwidth in mbps","description_kind":"plain","optional":true}},"description_kind":"plain"},"max_items":1},"ingress_broadcast_rate_shaper":{"nesting_mode":"list","block":{"attributes":{"average_bw_kbps":{"type":"number","description":"Average Bandwidth in kbps","description_kind":"plain","optional":true},"burst_size":{"type":"number","description":"Burst size in bytes","description_kind":"plain","optional":true},"enabled":{"type":"bool","description":"Whether this rate shaper is enabled","description_kind":"plain","optional":true},"peak_bw_kbps":{"type":"number","description":"Peak Bandwidth in kbps","description_kind":"plain","optional":true}},"description_kind":"plain"},"max_items":1},"ingress_rate_shaper":{"nesting_mode":"list","block":{"attributes":{"average_bw_mbps":{"type":"number","description":"Average Bandwidth in mbps","description_kind":"plain","optional":true},"burst_size":{"type":"number","description":"Burst size in bytes","description_kind":"plain","optional":true},"enabled":{"type":"bool","description":"Whether this rate shaper is enabled","description_kind":"plain","optional":true},"peak_bw_mbps":{"type":"number","description":"Peak Bandwidth in mbps","description_kind":"plain","optional":true}},"description_kind":"plain"},"max_items":1},"tag":{"nesting_mode":"set","block":{"attributes":{"scope":{"type":"string","description_kind":"plain","optional":true},"tag":{"type":"string","description_kind":"plain","optional":true}},"description":"Set of opaque identifiers meaningful to the user","description_kind":"plain"}}},"description_kind":"plain"}},"nsxt_policy_security_policy":{"version":0,"block":{"attributes":{"category":{"type":"string","description":"Category","description_kind":"plain","required":true},"comments":{"type":"string","description":"Comments for security policy lock/unlock","description_kind":"plain","optional":true},"description":{"type":"string","description":"Description for this resource","description_kind":"plain","optional":true},"display_name":{"type":"string","description":"Display name for this resource","description_kind":"plain","required":true},"domain":{"type":"string","description":"The domain name to use for resources. If not specified 'default' is used","description_kind":"plain","optional":true},"id":{"type":"string","description_kind":"plain","optional":true,"computed":true},"locked":{"type":"bool","description":"Indicates whether a security policy should be locked. If locked by a user, no other user would be able to modify this policy","description_kind":"plain","optional":true},"nsx_id":{"type":"string","description":"NSX ID for this resource","description_kind":"plain","optional":true,"computed":true},"path":{"type":"string","description":"Policy path for this resource","description_kind":"plain","computed":true},"revision":{"type":"number","description":"The _revision property describes the current revision of the resource. To prevent clients from overwriting each other's changes, PUT operations must include the current _revision of the resource, which clients should obtain by issuing a GET operation. If the _revision provided in a PUT request is missing or stale, the operation will be rejected","description_kind":"plain","computed":true},"scope":{"type":["set","string"],"description":"The list of group paths where the rules in this policy will get applied","description_kind":"plain","optional":true},"sequence_number":{"type":"number","description":"This field is used to resolve conflicts between security policies across domains","description_kind":"plain","optional":true},"stateful":{"type":"bool","description":"When it is stateful, the state of the network connects are tracked and a stateful packet inspection is performed","description_kind":"plain","optional":true},"tcp_strict":{"type":"bool","description":"Ensures that a 3 way TCP handshake is done before the data packets are sent","description_kind":"plain","optional":true,"computed":true}},"block_types":{"context":{"nesting_mode":"list","block":{"attributes":{"project_id":{"type":"string","description":"Id of the project which the resource belongs to.","description_kind":"plain","required":true}},"description":"Resource context","description_kind":"plain"},"max_items":1},"rule":{"nesting_mode":"list","block":{"attributes":{"action":{"type":"string","description":"Action","description_kind":"plain","optional":true},"description":{"type":"string","description":"Description for this resource","description_kind":"plain","optional":true},"destination_groups":{"type":["set","string"],"description":"List of destination groups","description_kind":"plain","optional":true},"destinations_excluded":{"type":"bool","description":"Negation of destination groups","description_kind":"plain","optional":true},"direction":{"type":"string","description":"Traffic direction","description_kind":"plain","optional":true},"disabled":{"type":"bool","description":"Flag to disable the rule","description_kind":"plain","optional":true},"display_name":{"type":"string","description":"Display name for this resource","description_kind":"plain","required":true},"ip_version":{"type":"string","description":"IP version","description_kind":"plain","optional":true},"log_label":{"type":"string","description":"Additional information (string) which will be propagated to the rule syslog","description_kind":"plain","optional":true},"logged":{"type":"bool","description":"Flag to enable packet logging","description_kind":"plain","optional":true},"notes":{"type":"string","description":"Text for additional notes on changes","description_kind":"plain","optional":true},"nsx_id":{"type":"string","description":"NSX ID for this resource","description_kind":"plain","computed":true},"profiles":{"type":["set","string"],"description":"List of profiles","description_kind":"plain","optional":true},"revision":{"type":"number","description":"The _revision property describes the current revision of the resource. To prevent clients from overwriting each other's changes, PUT operations must include the current _revision of the resource, which clients should obtain by issuing a GET operation. If the _revision provided in a PUT request is missing or stale, the operation will be rejected","description_kind":"plain","computed":true},"rule_id":{"type":"number","description":"Unique positive number that is assigned by the system and is useful for debugging","description_kind":"plain","computed":true},"scope":{"type":["set","string"],"description":"List of policy paths where the rule is applied","description_kind":"plain","optional":true},"sequence_number":{"type":"number","description":"Sequence number of the this rule","description_kind":"plain","optional":true,"computed":true},"services":{"type":["set","string"],"description":"List of services to match","description_kind":"plain","optional":true},"source_groups":{"type":["set","string"],"description":"List of source groups","description_kind":"plain","optional":true},"sources_excluded":{"type":"bool","description":"Negation of source groups","description_kind":"plain","optional":true}},"block_types":{"tag":{"nesting_mode":"set","block":{"attributes":{"scope":{"type":"string","description_kind":"plain","optional":true},"tag":{"type":"string","description_kind":"plain","optional":true}},"description":"Set of opaque identifiers meaningful to the user","description_kind":"plain"}}},"description":"List of rules in the section","description_kind":"plain"},"max_items":1000},"tag":{"nesting_mode":"set","block":{"attributes":{"scope":{"type":"string","description_kind":"plain","optional":true},"tag":{"type":"string","description_kind":"plain","optional":true}},"description":"Set of opaque identifiers meaningful to the user","description_kind":"plain"}}},"description_kind":"plain"}},"nsxt_policy_segment":{"version":0,"block":{"attributes":{"connectivity_path":{"type":"string","description":"Policy path to the connecting Tier-0 or Tier-1","description_kind":"plain","optional":true},"description":{"type":"string","description":"Description for this resource","description_kind":"plain","optional":true},"dhcp_config_path":{"type":"string","description":"Policy path to DHCP server or relay configuration to use for subnets configured on this segment","description_kind":"plain","optional":true},"display_name":{"type":"string","description":"Display name for this resource","description_kind":"plain","required":true},"domain_name":{"type":"string","description":"DNS domain names","description_kind":"plain","optional":true},"id":{"type":"string","description_kind":"plain","optional":true,"computed":true},"nsx_id":{"type":"string","description":"NSX ID for this resource","description_kind":"plain","optional":true,"computed":true},"overlay_id":{"type":"number","description":"Overlay connectivity ID for this Segment","description_kind":"plain","optional":true,"computed":true},"path":{"type":"string","description":"Policy path for this resource","description_kind":"plain","computed":true},"replication_mode":{"type":"string","description":"Replication mode - MTEP or SOURCE","description_kind":"plain","optional":true},"revision":{"type":"number","description":"The _revision property describes the current revision of the resource. To prevent clients from overwriting each other's changes, PUT operations must include the current _revision of the resource, which clients should obtain by issuing a GET operation. If the _revision provided in a PUT request is missing or stale, the operation will be rejected","description_kind":"plain","computed":true},"transport_zone_path":{"type":"string","description":"Policy path to the transport zone","description_kind":"plain","optional":true,"computed":true},"vlan_ids":{"type":["list","string"],"description":"VLAN IDs for VLAN backed Segment","description_kind":"plain","optional":true}},"block_types":{"advanced_config":{"nesting_mode":"list","block":{"attributes":{"address_pool_path":{"type":"string","description":"Policy path to IP address pool","description_kind":"plain","optional":true},"connectivity":{"type":"string","description":"Connectivity configuration to manually connect (ON) or disconnect (OFF)","description_kind":"plain","optional":true},"hybrid":{"type":"bool","description":"Flag to identify a hybrid logical switch","description_kind":"plain","optional":true},"local_egress":{"type":"bool","description":"Flag to enable local egress","description_kind":"plain","optional":true},"uplink_teaming_policy":{"type":"string","description":"The name of the switching uplink teaming policy for the bridge endpoint","description_kind":"plain","optional":true},"urpf_mode":{"type":"string","description":"This URPF mode is applied to the downlink logical router port created while attaching this segment to gateway","description_kind":"plain","optional":true}},"description":"Advanced segment configuration","description_kind":"plain"},"max_items":1},"bridge_config":{"nesting_mode":"list","block":{"attributes":{"profile_path":{"type":"string","description":"profile path","description_kind":"plain","required":true},"transport_zone_path":{"type":"string","description":"vlan transport zone path","description_kind":"plain","required":true},"uplink_teaming_policy":{"type":"string","description_kind":"plain","optional":true},"vlan_ids":{"type":["list","string"],"description":"VLAN specification for bridge endpoint","description_kind":"plain","required":true}},"description":"Bridge configuration","description_kind":"plain"}},"context":{"nesting_mode":"list","block":{"attributes":{"project_id":{"type":"string","description":"Id of the project which the resource belongs to.","description_kind":"plain","required":true}},"description":"Resource context","description_kind":"plain"},"max_items":1},"discovery_profile":{"nesting_mode":"list","block":{"attributes":{"binding_map_path":{"type":"string","description":"Policy path of profile binding map","description_kind":"plain","optional":true,"computed":true},"ip_discovery_profile_path":{"type":"string","description":"Policy path of associated IP Discovery Profile","description_kind":"plain","optional":true},"mac_discovery_profile_path":{"type":"string","description":"Policy path of associated Mac Discovery Profile","description_kind":"plain","optional":true},"revision":{"type":"number","description":"The _revision property describes the current revision of the resource. To prevent clients from overwriting each other's changes, PUT operations must include the current _revision of the resource, which clients should obtain by issuing a GET operation. If the _revision provided in a PUT request is missing or stale, the operation will be rejected","description_kind":"plain","computed":true}},"description":"IP and MAC discovery profiles for this segment","description_kind":"plain"},"max_items":1},"l2_extension":{"nesting_mode":"list","block":{"attributes":{"l2vpn_paths":{"type":["list","string"],"description":"Policy paths of associated L2 VPN sessions","description_kind":"plain","optional":true},"tunnel_id":{"type":"number","description":"Tunnel ID","description_kind":"plain","optional":true}},"description":"Configuration for extending Segment through L2 VPN","description_kind":"plain"},"max_items":1},"qos_profile":{"nesting_mode":"list","block":{"attributes":{"binding_map_path":{"type":"string","description":"Policy path of profile binding map","description_kind":"plain","optional":true,"computed":true},"qos_profile_path":{"type":"string","description":"Policy path of associated QoS Profile","description_kind":"plain","required":true},"revision":{"type":"number","description":"The _revision property describes the current revision of the resource. To prevent clients from overwriting each other's changes, PUT operations must include the current _revision of the resource, which clients should obtain by issuing a GET operation. If the _revision provided in a PUT request is missing or stale, the operation will be rejected","description_kind":"plain","computed":true}},"description":"QoS profiles for this segment","description_kind":"plain"},"max_items":1},"security_profile":{"nesting_mode":"list","block":{"attributes":{"binding_map_path":{"type":"string","description":"Policy path of profile binding map","description_kind":"plain","optional":true,"computed":true},"revision":{"type":"number","description":"The _revision property describes the current revision of the resource. To prevent clients from overwriting each other's changes, PUT operations must include the current _revision of the resource, which clients should obtain by issuing a GET operation. If the _revision provided in a PUT request is missing or stale, the operation will be rejected","description_kind":"plain","computed":true},"security_profile_path":{"type":"string","description":"Policy path of associated Segment Security Profile","description_kind":"plain","optional":true},"spoofguard_profile_path":{"type":"string","description":"Policy path of associated Spoofguard Profile","description_kind":"plain","optional":true}},"description":"Security profiles for this segment","description_kind":"plain"},"max_items":1},"subnet":{"nesting_mode":"list","block":{"attributes":{"cidr":{"type":"string","description":"Gateway IP address in CIDR format","description_kind":"plain","optional":true},"dhcp_ranges":{"type":["list","string"],"description":"DHCP address ranges for dynamic IP allocation","description_kind":"plain","optional":true},"network":{"type":"string","description":"Network CIDR for subnet","description_kind":"plain","computed":true}},"block_types":{"dhcp_v4_config":{"nesting_mode":"list","block":{"attributes":{"dns_servers":{"type":["list","string"],"description":"IP addresses of DNS servers for subnet","description_kind":"plain","optional":true},"lease_time":{"type":"number","description":"DHCP lease time in seconds","description_kind":"plain","optional":true},"server_address":{"type":"string","description":"IP address of the DHCP server in CIDR format","description_kind":"plain","optional":true}},"block_types":{"dhcp_generic_option":{"nesting_mode":"list","block":{"attributes":{"code":{"type":"number","description":"DHCP option code, [0-255]","description_kind":"plain","required":true},"values":{"type":["list","string"],"description":"DHCP option values","description_kind":"plain","required":true}},"description":"Generic DHCP options","description_kind":"plain"}},"dhcp_option_121":{"nesting_mode":"list","block":{"attributes":{"network":{"type":"string","description":"Destination in cidr","description_kind":"plain","required":true},"next_hop":{"type":"string","description":"Next hop IP","description_kind":"plain","required":true}},"description":"DHCP classless static routes","description_kind":"plain"}}},"description_kind":"plain"},"max_items":1},"dhcp_v6_config":{"nesting_mode":"list","block":{"attributes":{"dns_servers":{"type":["list","string"],"description":"IP addresses of DNS servers for subnet","description_kind":"plain","optional":true},"domain_names":{"type":["list","string"],"description":"Domain names","description_kind":"plain","optional":true},"lease_time":{"type":"number","description":"DHCP lease time in seconds","description_kind":"plain","optional":true},"preferred_time":{"type":"number","description":"The time interval in seconds, in which the prefix is advertised as preferred","description_kind":"plain","optional":true},"server_address":{"type":"string","description":"IP address of the DHCP server in CIDR format","description_kind":"plain","optional":true},"sntp_servers":{"type":["list","string"],"description":"IPv6 address of SNTP servers for subnet","description_kind":"plain","optional":true}},"block_types":{"excluded_range":{"nesting_mode":"list","block":{"attributes":{"end":{"type":"string","description":"The end IP Address for the range","description_kind":"plain","required":true},"start":{"type":"string","description":"The start IP Address for the range","description_kind":"plain","required":true}},"description":"Excluded addresses to define dynamic ip allocation ranges","description_kind":"plain"}}},"description_kind":"plain"},"max_items":1}},"description":"Subnet configuration with at most 1 IPv4 CIDR and multiple IPv6 CIDRs","description_kind":"plain"}},"tag":{"nesting_mode":"set","block":{"attributes":{"scope":{"type":"string","description_kind":"plain","optional":true},"tag":{"type":"string","description_kind":"plain","optional":true}},"description":"Set of opaque identifiers meaningful to the user","description_kind":"plain"}}},"description_kind":"plain"}},"nsxt_policy_segment_security_profile":{"version":0,"block":{"attributes":{"bpdu_filter_allow":{"type":["set","string"],"description_kind":"plain","optional":true},"bpdu_filter_enable":{"type":"bool","description_kind":"plain","optional":true},"description":{"type":"string","description":"Description for this resource","description_kind":"plain","optional":true},"dhcp_client_block_enabled":{"type":"bool","description_kind":"plain","optional":true},"dhcp_client_block_v6_enabled":{"type":"bool","description_kind":"plain","optional":true},"dhcp_server_block_enabled":{"type":"bool","description_kind":"plain","optional":true},"dhcp_server_block_v6_enabled":{"type":"bool","description_kind":"plain","optional":true},"display_name":{"type":"string","description":"Display name for this resource","description_kind":"plain","required":true},"id":{"type":"string","description_kind":"plain","optional":true,"computed":true},"non_ip_traffic_block_enabled":{"type":"bool","description_kind":"plain","optional":true},"nsx_id":{"type":"string","description":"NSX ID for this resource","description_kind":"plain","optional":true,"computed":true},"path":{"type":"string","description":"Policy path for this resource","description_kind":"plain","computed":true},"ra_guard_enabled":{"type":"bool","description_kind":"plain","optional":true},"rate_limits_enabled":{"type":"bool","description_kind":"plain","optional":true},"revision":{"type":"number","description":"The _revision property describes the current revision of the resource. To prevent clients from overwriting each other's changes, PUT operations must include the current _revision of the resource, which clients should obtain by issuing a GET operation. If the _revision provided in a PUT request is missing or stale, the operation will be rejected","description_kind":"plain","computed":true}},"block_types":{"context":{"nesting_mode":"list","block":{"attributes":{"project_id":{"type":"string","description":"Id of the project which the resource belongs to.","description_kind":"plain","required":true}},"description":"Resource context","description_kind":"plain"},"max_items":1},"rate_limit":{"nesting_mode":"list","block":{"attributes":{"rx_broadcast":{"type":"number","description_kind":"plain","optional":true},"rx_multicast":{"type":"number","description_kind":"plain","optional":true},"tx_broadcast":{"type":"number","description_kind":"plain","optional":true},"tx_multicast":{"type":"number","description_kind":"plain","optional":true}},"description_kind":"plain"}},"tag":{"nesting_mode":"set","block":{"attributes":{"scope":{"type":"string","description_kind":"plain","optional":true},"tag":{"type":"string","description_kind":"plain","optional":true}},"description":"Set of opaque identifiers meaningful to the user","description_kind":"plain"}}},"description_kind":"plain"}},"nsxt_policy_service":{"version":0,"block":{"attributes":{"description":{"type":"string","description":"Description for this resource","description_kind":"plain","optional":true},"display_name":{"type":"string","description":"Display name for this resource","description_kind":"plain","required":true},"id":{"type":"string","description_kind":"plain","optional":true,"computed":true},"nsx_id":{"type":"string","description":"NSX ID for this resource","description_kind":"plain","optional":true,"computed":true},"path":{"type":"string","description":"Policy path for this resource","description_kind":"plain","computed":true},"revision":{"type":"number","description":"The _revision property describes the current revision of the resource. To prevent clients from overwriting each other's changes, PUT operations must include the current _revision of the resource, which clients should obtain by issuing a GET operation. If the _revision provided in a PUT request is missing or stale, the operation will be rejected","description_kind":"plain","computed":true}},"block_types":{"algorithm_entry":{"nesting_mode":"set","block":{"attributes":{"algorithm":{"type":"string","description":"Algorithm","description_kind":"plain","required":true},"description":{"type":"string","description":"Description for this resource","description_kind":"plain","optional":true},"destination_port":{"type":"string","description":"A single destination port","description_kind":"plain","required":true},"display_name":{"type":"string","description":"Display name for this resource","description_kind":"plain","optional":true},"source_ports":{"type":["set","string"],"description":"Set of source ports or ranges","description_kind":"plain","optional":true}},"description":"Algorithm type service entry","description_kind":"plain"}},"context":{"nesting_mode":"list","block":{"attributes":{"project_id":{"type":"string","description":"Id of the project which the resource belongs to.","description_kind":"plain","required":true}},"description":"Resource context","description_kind":"plain"},"max_items":1},"ether_type_entry":{"nesting_mode":"set","block":{"attributes":{"description":{"type":"string","description":"Description for this resource","description_kind":"plain","optional":true},"display_name":{"type":"string","description":"Display name for this resource","description_kind":"plain","optional":true},"ether_type":{"type":"number","description":"Type of the encapsulated protocol","description_kind":"plain","required":true}},"description":"Ether type service entry","description_kind":"plain"}},"icmp_entry":{"nesting_mode":"set","block":{"attributes":{"description":{"type":"string","description":"Description for this resource","description_kind":"plain","optional":true},"display_name":{"type":"string","description":"Display name for this resource","description_kind":"plain","optional":true},"icmp_code":{"type":"string","description":"ICMP message code","description_kind":"plain","optional":true},"icmp_type":{"type":"string","description":"ICMP message type","description_kind":"plain","optional":true},"protocol":{"type":"string","description":"Version of ICMP protocol (ICMPv4/ICMPv6)","description_kind":"plain","required":true}},"description":"ICMP type service entry","description_kind":"plain"}},"igmp_entry":{"nesting_mode":"set","block":{"attributes":{"description":{"type":"string","description":"Description for this resource","description_kind":"plain","optional":true},"display_name":{"type":"string","description":"Display name for this resource","description_kind":"plain","optional":true}},"description":"IGMP type service entry","description_kind":"plain"}},"ip_protocol_entry":{"nesting_mode":"set","block":{"attributes":{"description":{"type":"string","description":"Description for this resource","description_kind":"plain","optional":true},"display_name":{"type":"string","description":"Display name for this resource","description_kind":"plain","optional":true},"protocol":{"type":"number","description":"IP protocol number","description_kind":"plain","required":true}},"description":"IP Protocol type service entry","description_kind":"plain"}},"l4_port_set_entry":{"nesting_mode":"set","block":{"attributes":{"description":{"type":"string","description":"Description for this resource","description_kind":"plain","optional":true},"destination_ports":{"type":["set","string"],"description":"Set of destination ports","description_kind":"plain","optional":true},"display_name":{"type":"string","description":"Display name for this resource","description_kind":"plain","optional":true},"protocol":{"type":"string","description":"L4 Protocol","description_kind":"plain","required":true},"source_ports":{"type":["set","string"],"description":"Set of source ports","description_kind":"plain","optional":true}},"description":"L4 port set type service entry","description_kind":"plain"}},"nested_service_entry":{"nesting_mode":"set","block":{"attributes":{"description":{"type":"string","description":"Description for this resource","description_kind":"plain","optional":true},"display_name":{"type":"string","description":"Display name for this resource","description_kind":"plain","optional":true},"nested_service_path":{"type":"string","description":"Nested Service Path","description_kind":"plain","required":true}},"description":"Nested service service entry","description_kind":"plain"}},"tag":{"nesting_mode":"set","block":{"attributes":{"scope":{"type":"string","description_kind":"plain","optional":true},"tag":{"type":"string","description_kind":"plain","optional":true}},"description":"Set of opaque identifiers meaningful to the user","description_kind":"plain"}}},"description_kind":"plain"}},"nsxt_policy_spoof_guard_profile":{"version":0,"block":{"attributes":{"address_binding_allowlist":{"type":"bool","description_kind":"plain","optional":true},"description":{"type":"string","description":"Description for this resource","description_kind":"plain","optional":true},"display_name":{"type":"string","description":"Display name for this resource","description_kind":"plain","required":true},"id":{"type":"string","description_kind":"plain","optional":true,"computed":true},"nsx_id":{"type":"string","description":"NSX ID for this resource","description_kind":"plain","optional":true,"computed":true},"path":{"type":"string","description":"Policy path for this resource","description_kind":"plain","computed":true},"revision":{"type":"number","description":"The _revision property describes the current revision of the resource. To prevent clients from overwriting each other's changes, PUT operations must include the current _revision of the resource, which clients should obtain by issuing a GET operation. If the _revision provided in a PUT request is missing or stale, the operation will be rejected","description_kind":"plain","computed":true}},"block_types":{"context":{"nesting_mode":"list","block":{"attributes":{"project_id":{"type":"string","description":"Id of the project which the resource belongs to.","description_kind":"plain","required":true}},"description":"Resource context","description_kind":"plain"},"max_items":1},"tag":{"nesting_mode":"set","block":{"attributes":{"scope":{"type":"string","description_kind":"plain","optional":true},"tag":{"type":"string","description_kind":"plain","optional":true}},"description":"Set of opaque identifiers meaningful to the user","description_kind":"plain"}}},"description_kind":"plain"}},"nsxt_policy_static_route":{"version":0,"block":{"attributes":{"description":{"type":"string","description":"Description for this resource","description_kind":"plain","optional":true},"display_name":{"type":"string","description":"Display name for this resource","description_kind":"plain","required":true},"gateway_path":{"type":"string","description":"The NSX-T Policy path to the Tier0 or Tier1 Gateway for this resource","description_kind":"plain","required":true},"id":{"type":"string","description_kind":"plain","optional":true,"computed":true},"network":{"type":"string","description":"Network address in CIDR format","description_kind":"plain","required":true},"nsx_id":{"type":"string","description":"NSX ID for this resource","description_kind":"plain","optional":true,"computed":true},"path":{"type":"string","description":"Policy path for this resource","description_kind":"plain","computed":true},"revision":{"type":"number","description":"The _revision property describes the current revision of the resource. To prevent clients from overwriting each other's changes, PUT operations must include the current _revision of the resource, which clients should obtain by issuing a GET operation. If the _revision provided in a PUT request is missing or stale, the operation will be rejected","description_kind":"plain","computed":true}},"block_types":{"context":{"nesting_mode":"list","block":{"attributes":{"project_id":{"type":"string","description":"Id of the project which the resource belongs to.","description_kind":"plain","required":true}},"description":"Resource context","description_kind":"plain"},"max_items":1},"next_hop":{"nesting_mode":"list","block":{"attributes":{"admin_distance":{"type":"number","description":"Cost associated with next hop route","description_kind":"plain","optional":true},"interface":{"type":"string","description":"Interface path associated with current route","description_kind":"plain","optional":true},"ip_address":{"type":"string","description":"Next hop gateway IP address","description_kind":"plain","optional":true}},"description":"Next hop routes for network","description_kind":"plain"},"min_items":1},"tag":{"nesting_mode":"set","block":{"attributes":{"scope":{"type":"string","description_kind":"plain","optional":true},"tag":{"type":"string","description_kind":"plain","optional":true}},"description":"Set of opaque identifiers meaningful to the user","description_kind":"plain"}}},"description_kind":"plain"}},"nsxt_policy_static_route_bfd_peer":{"version":0,"block":{"attributes":{"bfd_profile_path":{"type":"string","description":"Policy path for BFD Profile","description_kind":"plain","required":true},"description":{"type":"string","description":"Description for this resource","description_kind":"plain","optional":true},"display_name":{"type":"string","description":"Display name for this resource","description_kind":"plain","required":true},"enabled":{"type":"bool","description":"Flag to enable/disable this peer","description_kind":"plain","optional":true},"gateway_path":{"type":"string","description":"Policy path for Tier0 gateway","description_kind":"plain","required":true},"id":{"type":"string","description_kind":"plain","optional":true,"computed":true},"nsx_id":{"type":"string","description":"NSX ID for this resource","description_kind":"plain","optional":true,"computed":true},"path":{"type":"string","description":"Policy path for this resource","description_kind":"plain","computed":true},"peer_address":{"type":"string","description":"IPv4 Address of the peer","description_kind":"plain","required":true},"revision":{"type":"number","description":"The _revision property describes the current revision of the resource. To prevent clients from overwriting each other's changes, PUT operations must include the current _revision of the resource, which clients should obtain by issuing a GET operation. If the _revision provided in a PUT request is missing or stale, the operation will be rejected","description_kind":"plain","computed":true},"source_addresses":{"type":["list","string"],"description":"Array of Tier0 external interface IP addresses","description_kind":"plain","optional":true}},"block_types":{"tag":{"nesting_mode":"set","block":{"attributes":{"scope":{"type":"string","description_kind":"plain","optional":true},"tag":{"type":"string","description_kind":"plain","optional":true}},"description":"Set of opaque identifiers meaningful to the user","description_kind":"plain"}}},"description_kind":"plain"}},"nsxt_policy_tier0_gateway":{"version":0,"block":{"attributes":{"default_rule_logging":{"type":"bool","description":"Default rule logging","description_kind":"plain","optional":true},"description":{"type":"string","description":"Description for this resource","description_kind":"plain","optional":true},"dhcp_config_path":{"type":"string","description":"Policy path to DHCP server or relay configuration to use for this Tier0","description_kind":"plain","optional":true},"display_name":{"type":"string","description":"Display name for this resource","description_kind":"plain","required":true},"edge_cluster_path":{"type":"string","description":"The path of the edge cluster connected to this gateway","description_kind":"plain","optional":true,"computed":true},"enable_firewall":{"type":"bool","description":"Enable edge firewall","description_kind":"plain","optional":true},"failover_mode":{"type":"string","description":"Failover mode","description_kind":"plain","optional":true},"force_whitelisting":{"type":"bool","description":"Force whitelisting","description_kind":"plain","deprecated":true,"optional":true},"ha_mode":{"type":"string","description":"High-availability Mode for Tier-0","description_kind":"plain","optional":true},"id":{"type":"string","description_kind":"plain","optional":true,"computed":true},"internal_transit_subnets":{"type":["list","string"],"description":"Internal transit subnets in CIDR format","description_kind":"plain","optional":true,"computed":true},"ipv6_dad_profile_path":{"type":"string","description":"The path of an IPv6 DAD profile","description_kind":"plain","optional":true,"computed":true},"ipv6_ndra_profile_path":{"type":"string","description":"The path of an IPv6 NDRA profile","description_kind":"plain","optional":true,"computed":true},"nsx_id":{"type":"string","description":"NSX ID for this resource","description_kind":"plain","optional":true,"computed":true},"path":{"type":"string","description":"Policy path for this resource","description_kind":"plain","computed":true},"rd_admin_address":{"type":"string","description":"Route distinguisher administrator address","description_kind":"plain","optional":true},"redistribution_set":{"type":"bool","description":"Internal flag to indicate whether legacy redistribution config is used","description_kind":"plain","computed":true},"revision":{"type":"number","description":"The _revision property describes the current revision of the resource. To prevent clients from overwriting each other's changes, PUT operations must include the current _revision of the resource, which clients should obtain by issuing a GET operation. If the _revision provided in a PUT request is missing or stale, the operation will be rejected","description_kind":"plain","computed":true},"transit_subnets":{"type":["list","string"],"description":"Transit subnets in CIDR format","description_kind":"plain","optional":true,"computed":true}},"block_types":{"bgp_config":{"nesting_mode":"list","block":{"attributes":{"ecmp":{"type":"bool","description":"Flag to enable ECMP","description_kind":"plain","optional":true},"enabled":{"type":"bool","description":"Flag to enable BGP configuration","description_kind":"plain","optional":true},"graceful_restart_mode":{"type":"string","description":"BGP Graceful Restart Configuration Mode","description_kind":"plain","optional":true},"graceful_restart_stale_route_timer":{"type":"number","description":"BGP Stale Route Timer","description_kind":"plain","optional":true},"graceful_restart_timer":{"type":"number","description":"BGP Graceful Restart Timer","description_kind":"plain","optional":true},"inter_sr_ibgp":{"type":"bool","description":"Enable inter SR IBGP configuration","description_kind":"plain","optional":true,"computed":true},"local_as_num":{"type":"string","description":"BGP AS number in ASPLAIN/ASDOT Format","description_kind":"plain","optional":true,"computed":true},"multipath_relax":{"type":"bool","description":"Flag to enable BGP multipath relax option","description_kind":"plain","optional":true,"computed":true},"path":{"type":"string","description":"Policy path for this resource","description_kind":"plain","computed":true},"revision":{"type":"number","description":"The _revision property describes the current revision of the resource. To prevent clients from overwriting each other's changes, PUT operations must include the current _revision of the resource, which clients should obtain by issuing a GET operation. If the _revision provided in a PUT request is missing or stale, the operation will be rejected","description_kind":"plain","computed":true}},"block_types":{"route_aggregation":{"nesting_mode":"list","block":{"attributes":{"prefix":{"type":"string","description":"CIDR of aggregate address","description_kind":"plain","optional":true},"summary_only":{"type":"bool","description":"Send only summarized route","description_kind":"plain","optional":true}},"description":"List of routes to be aggregated","description_kind":"plain"},"max_items":1000},"tag":{"nesting_mode":"set","block":{"attributes":{"scope":{"type":"string","description_kind":"plain","optional":true},"tag":{"type":"string","description_kind":"plain","optional":true}},"description":"Set of opaque identifiers meaningful to the user","description_kind":"plain"}}},"description":"BGP routing configuration","description_kind":"plain"},"max_items":1},"intersite_config":{"nesting_mode":"list","block":{"attributes":{"fallback_site_paths":{"type":["set","string"],"description":"Fallback sites to be used as new primary site on current primary site failure","description_kind":"plain","optional":true},"primary_site_path":{"type":"string","description":"Primary egress site for gateway","description_kind":"plain","optional":true},"transit_subnet":{"type":"string","description":"IPv4 subnet for inter-site transit segment connecting service routers across sites for stretched gateway. For IPv6 link local subnet is auto configured","description_kind":"plain","optional":true,"computed":true}},"description":"Locale Service for the gateway","description_kind":"plain"},"max_items":1},"locale_service":{"nesting_mode":"set","block":{"attributes":{"display_name":{"type":"string","description":"Display name for this resource","description_kind":"plain","computed":true},"edge_cluster_path":{"type":"string","description":"The path of the edge cluster connected to this gateway","description_kind":"plain","required":true},"path":{"type":"string","description":"Policy path for this resource","description_kind":"plain","computed":true},"preferred_edge_paths":{"type":["list","string"],"description":"Paths of specific edge nodes","description_kind":"plain","optional":true},"revision":{"type":"number","description":"The _revision property describes the current revision of the resource. To prevent clients from overwriting each other's changes, PUT operations must include the current _revision of the resource, which clients should obtain by issuing a GET operation. If the _revision provided in a PUT request is missing or stale, the operation will be rejected","description_kind":"plain","computed":true}},"block_types":{"redistribution_config":{"nesting_mode":"list","block":{"attributes":{"enabled":{"type":"bool","description":"Flag to enable route redistribution for BGP","description_kind":"plain","optional":true},"ospf_enabled":{"type":"bool","description":"Flag to enable route redistribution for OSPF","description_kind":"plain","optional":true}},"block_types":{"rule":{"nesting_mode":"list","block":{"attributes":{"bgp":{"type":"bool","description":"BGP destination for this rule","description_kind":"plain","optional":true},"name":{"type":"string","description":"Rule name","description_kind":"plain","optional":true},"ospf":{"type":"bool","description":"OSPF destination for this rule","description_kind":"plain","optional":true},"route_map_path":{"type":"string","description":"Route map to be associated with the redistribution rule","description_kind":"plain","optional":true},"types":{"type":["set","string"],"description":"List of redistribution types","description_kind":"plain","optional":true}},"description":"List of routes to be aggregated","description_kind":"plain"}}},"description":"Route Redistribution configuration","description_kind":"plain","deprecated":true},"max_items":1}},"description":"Locale Service for the gateway","description_kind":"plain"}},"redistribution_config":{"nesting_mode":"list","block":{"attributes":{"enabled":{"type":"bool","description":"Flag to enable route redistribution for BGP","description_kind":"plain","optional":true},"ospf_enabled":{"type":"bool","description":"Flag to enable route redistribution for OSPF","description_kind":"plain","optional":true}},"block_types":{"rule":{"nesting_mode":"list","block":{"attributes":{"bgp":{"type":"bool","description":"BGP destination for this rule","description_kind":"plain","optional":true},"name":{"type":"string","description":"Rule name","description_kind":"plain","optional":true},"ospf":{"type":"bool","description":"OSPF destination for this rule","description_kind":"plain","optional":true},"route_map_path":{"type":"string","description":"Route map to be associated with the redistribution rule","description_kind":"plain","optional":true},"types":{"type":["set","string"],"description":"List of redistribution types","description_kind":"plain","optional":true}},"description":"List of routes to be aggregated","description_kind":"plain"}}},"description":"Route Redistribution configuration","description_kind":"plain","deprecated":true},"max_items":1},"tag":{"nesting_mode":"set","block":{"attributes":{"scope":{"type":"string","description_kind":"plain","optional":true},"tag":{"type":"string","description_kind":"plain","optional":true}},"description":"Set of opaque identifiers meaningful to the user","description_kind":"plain"}},"vrf_config":{"nesting_mode":"list","block":{"attributes":{"evpn_transit_vni":{"type":"number","description":"L3 VNI associated with the VRF for overlay traffic. VNI must be unique and belong to configured VNI pool","description_kind":"plain","optional":true},"gateway_path":{"type":"string","description":"Default tier0 path","description_kind":"plain","required":true},"path":{"type":"string","description":"Policy path for this resource","description_kind":"plain","computed":true},"route_distinguisher":{"type":"string","description_kind":"plain","optional":true}},"block_types":{"route_target":{"nesting_mode":"list","block":{"attributes":{"address_family":{"type":"string","description_kind":"plain","optional":true},"auto_mode":{"type":"bool","description":"When set to false, targets should be configured","description_kind":"plain","optional":true},"export_targets":{"type":["list","string"],"description_kind":"plain","optional":true},"import_targets":{"type":["list","string"],"description_kind":"plain","optional":true}},"description":"Route targets","description_kind":"plain"},"max_items":1},"tag":{"nesting_mode":"set","block":{"attributes":{"scope":{"type":"string","description_kind":"plain","optional":true},"tag":{"type":"string","description_kind":"plain","optional":true}},"description":"Set of opaque identifiers meaningful to the user","description_kind":"plain"}}},"description":"VRF configuration","description_kind":"plain"},"max_items":1}},"description_kind":"plain"}},"nsxt_policy_tier0_gateway_ha_vip_config":{"version":0,"block":{"attributes":{"id":{"type":"string","description_kind":"plain","optional":true,"computed":true},"locale_service_id":{"type":"string","description":"Id of associated Gateway Locale Service on NSX","description_kind":"plain","computed":true},"tier0_id":{"type":"string","description":"Id of associated Tier0 Gateway on NSX","description_kind":"plain","computed":true}},"block_types":{"config":{"nesting_mode":"list","block":{"attributes":{"enabled":{"type":"bool","description":"Flag to enable this HA VIP config","description_kind":"plain","optional":true},"external_interface_paths":{"type":["list","string"],"description":"paths to Tier0 external interfaces which are to be paired to provide redundancy","description_kind":"plain","required":true},"vip_subnets":{"type":["list","string"],"description":"IP address subnets which will be used as floating IP addresses","description_kind":"plain","required":true}},"description":"Tier0 HA VIP Config","description_kind":"plain"},"min_items":1}},"description_kind":"plain"}},"nsxt_policy_tier0_gateway_interface":{"version":0,"block":{"attributes":{"access_vlan_id":{"type":"number","description":"Vlan ID","description_kind":"plain","optional":true},"description":{"type":"string","description":"Description for this resource","description_kind":"plain","optional":true},"display_name":{"type":"string","description":"Display name for this resource","description_kind":"plain","required":true},"edge_node_path":{"type":"string","description":"Policy path for edge node","description_kind":"plain","optional":true},"enable_pim":{"type":"bool","description":"Enable Protocol Independent Multicast on Interface, applicable only when interface type is EXTERNAL","description_kind":"plain","optional":true},"gateway_path":{"type":"string","description":"Policy path for Tier0 gateway","description_kind":"plain","required":true},"id":{"type":"string","description_kind":"plain","optional":true,"computed":true},"ip_addresses":{"type":["list","string"],"description":"Ip addresses","description_kind":"plain","computed":true},"ipv6_ndra_profile_path":{"type":"string","description":"The path of an IPv6 NDRA profile","description_kind":"plain","optional":true,"computed":true},"locale_service_id":{"type":"string","description":"Id of associated Gateway Locale Service on NSX","description_kind":"plain","computed":true},"mtu":{"type":"number","description":"Maximum transmission unit specifies the size of the largest packet that a network protocol can transmit","description_kind":"plain","optional":true},"nsx_id":{"type":"string","description":"NSX ID for this resource","description_kind":"plain","optional":true,"computed":true},"path":{"type":"string","description":"Policy path for this resource","description_kind":"plain","computed":true},"revision":{"type":"number","description":"The _revision property describes the current revision of the resource. To prevent clients from overwriting each other's changes, PUT operations must include the current _revision of the resource, which clients should obtain by issuing a GET operation. If the _revision provided in a PUT request is missing or stale, the operation will be rejected","description_kind":"plain","computed":true},"segment_path":{"type":"string","description":"Policy path for connected segment","description_kind":"plain","optional":true},"site_path":{"type":"string","description":"Path of the site the Tier0 edge cluster belongs to","description_kind":"plain","optional":true},"subnets":{"type":["list","string"],"description":"List of IP addresses and network prefixes for this interface","description_kind":"plain","required":true},"type":{"type":"string","description":"Interface Type","description_kind":"plain","optional":true},"urpf_mode":{"type":"string","description":"Unicast Reverse Path Forwarding mode","description_kind":"plain","optional":true}},"block_types":{"ospf":{"nesting_mode":"list","block":{"attributes":{"area_path":{"type":"string","description":"OSPF Area Path","description_kind":"plain","required":true},"bfd_profile_path":{"type":"string","description":"BFD profile path to be applied to all OSPF peers in this interface","description_kind":"plain","optional":true},"dead_interval":{"type":"number","description":"Number of seconds that router must wait before it declares OSPF neighbor router as down","description_kind":"plain","optional":true},"enable_bfd":{"type":"bool","description_kind":"plain","optional":true},"enabled":{"type":"bool","description_kind":"plain","optional":true},"hello_interval":{"type":"number","description":"Interval in seconds between hello packets that OSPF sends on this interface","description_kind":"plain","optional":true},"network_type":{"type":"string","description":"OSPF network type","description_kind":"plain","optional":true}},"description":"OSPF configuration for the interface","description_kind":"plain"},"max_items":1},"tag":{"nesting_mode":"set","block":{"attributes":{"scope":{"type":"string","description_kind":"plain","optional":true},"tag":{"type":"string","description_kind":"plain","optional":true}},"description":"Set of opaque identifiers meaningful to the user","description_kind":"plain"}}},"description_kind":"plain"}},"nsxt_policy_tier1_gateway":{"version":0,"block":{"attributes":{"default_rule_logging":{"type":"bool","description":"Default rule logging","description_kind":"plain","optional":true},"description":{"type":"string","description":"Description for this resource","description_kind":"plain","optional":true},"dhcp_config_path":{"type":"string","description":"Policy path to DHCP server or relay configuration to use for this Tier1","description_kind":"plain","optional":true},"display_name":{"type":"string","description":"Display name for this resource","description_kind":"plain","required":true},"edge_cluster_path":{"type":"string","description":"The path of the edge cluster connected to this gateway","description_kind":"plain","optional":true,"computed":true},"egress_qos_profile_path":{"type":"string","description":"Policy path to gateway QoS profile in egress direction","description_kind":"plain","optional":true},"enable_firewall":{"type":"bool","description":"Enable edge firewall","description_kind":"plain","optional":true},"enable_standby_relocation":{"type":"bool","description":"Enable standby relocation","description_kind":"plain","optional":true},"failover_mode":{"type":"string","description":"Failover mode","description_kind":"plain","optional":true},"force_whitelisting":{"type":"bool","description":"Force whitelisting","description_kind":"plain","deprecated":true,"optional":true},"ha_mode":{"type":"string","description":"High-availability Mode for Tier-1","description_kind":"plain","optional":true},"id":{"type":"string","description_kind":"plain","optional":true,"computed":true},"ingress_qos_profile_path":{"type":"string","description":"Policy path to gateway QoS profile in ingress direction","description_kind":"plain","optional":true},"ipv6_dad_profile_path":{"type":"string","description":"The path of an IPv6 DAD profile","description_kind":"plain","optional":true,"computed":true},"ipv6_ndra_profile_path":{"type":"string","description":"The path of an IPv6 NDRA profile","description_kind":"plain","optional":true,"computed":true},"nsx_id":{"type":"string","description":"NSX ID for this resource","description_kind":"plain","optional":true,"computed":true},"path":{"type":"string","description":"Policy path for this resource","description_kind":"plain","computed":true},"pool_allocation":{"type":"string","description":"Edge node allocation at different sizes for routing and load balancer service to meet performance and scalability requirements","description_kind":"plain","optional":true},"revision":{"type":"number","description":"The _revision property describes the current revision of the resource. To prevent clients from overwriting each other's changes, PUT operations must include the current _revision of the resource, which clients should obtain by issuing a GET operation. If the _revision provided in a PUT request is missing or stale, the operation will be rejected","description_kind":"plain","computed":true},"route_advertisement_types":{"type":["set","string"],"description":"Enable different types of route advertisements","description_kind":"plain","optional":true,"computed":true},"tier0_path":{"type":"string","description":"The path of the connected Tier0","description_kind":"plain","optional":true},"type":{"type":"string","description":"Tier-1 Type","description_kind":"plain","optional":true}},"block_types":{"context":{"nesting_mode":"list","block":{"attributes":{"project_id":{"type":"string","description":"Id of the project which the resource belongs to.","description_kind":"plain","required":true}},"description":"Resource context","description_kind":"plain"},"max_items":1},"intersite_config":{"nesting_mode":"list","block":{"attributes":{"fallback_site_paths":{"type":["set","string"],"description":"Fallback sites to be used as new primary site on current primary site failure","description_kind":"plain","optional":true},"primary_site_path":{"type":"string","description":"Primary egress site for gateway","description_kind":"plain","optional":true},"transit_subnet":{"type":"string","description":"IPv4 subnet for inter-site transit segment connecting service routers across sites for stretched gateway. For IPv6 link local subnet is auto configured","description_kind":"plain","optional":true,"computed":true}},"description":"Locale Service for the gateway","description_kind":"plain"},"max_items":1},"locale_service":{"nesting_mode":"set","block":{"attributes":{"display_name":{"type":"string","description":"Display name for this resource","description_kind":"plain","computed":true},"edge_cluster_path":{"type":"string","description":"The path of the edge cluster connected to this gateway","description_kind":"plain","required":true},"path":{"type":"string","description":"Policy path for this resource","description_kind":"plain","computed":true},"preferred_edge_paths":{"type":["list","string"],"description":"Paths of specific edge nodes","description_kind":"plain","optional":true},"revision":{"type":"number","description":"The _revision property describes the current revision of the resource. To prevent clients from overwriting each other's changes, PUT operations must include the current _revision of the resource, which clients should obtain by issuing a GET operation. If the _revision provided in a PUT request is missing or stale, the operation will be rejected","description_kind":"plain","computed":true}},"description":"Locale Service for the gateway","description_kind":"plain"}},"route_advertisement_rule":{"nesting_mode":"list","block":{"attributes":{"action":{"type":"string","description":"Action to advertise filtered routes to the connected Tier0 gateway","description_kind":"plain","optional":true},"name":{"type":"string","description":"Name of this rule","description_kind":"plain","required":true},"prefix_operator":{"type":"string","description":"Prefix operator to apply on networks","description_kind":"plain","optional":true},"route_advertisement_types":{"type":["set","string"],"description":"Enable different types of route advertisements","description_kind":"plain","optional":true},"subnets":{"type":["set","string"],"description":"List of network CIDRs to be routed","description_kind":"plain","required":true}},"description":"List of route advertisement rules","description_kind":"plain"}},"tag":{"nesting_mode":"set","block":{"attributes":{"scope":{"type":"string","description_kind":"plain","optional":true},"tag":{"type":"string","description_kind":"plain","optional":true}},"description":"Set of opaque identifiers meaningful to the user","description_kind":"plain"}}},"description_kind":"plain"}},"nsxt_policy_tier1_gateway_interface":{"version":0,"block":{"attributes":{"description":{"type":"string","description":"Description for this resource","description_kind":"plain","optional":true},"display_name":{"type":"string","description":"Display name for this resource","description_kind":"plain","required":true},"gateway_path":{"type":"string","description":"Policy path for tier1 gateway","description_kind":"plain","required":true},"id":{"type":"string","description_kind":"plain","optional":true,"computed":true},"ipv6_ndra_profile_path":{"type":"string","description":"The path of an IPv6 NDRA profile","description_kind":"plain","optional":true,"computed":true},"locale_service_id":{"type":"string","description":"Locale Service ID for this interface","description_kind":"plain","computed":true},"mtu":{"type":"number","description":"Maximum transmission unit specifies the size of the largest packet that a network protocol can transmit","description_kind":"plain","optional":true},"nsx_id":{"type":"string","description":"NSX ID for this resource","description_kind":"plain","optional":true,"computed":true},"path":{"type":"string","description":"Policy path for this resource","description_kind":"plain","computed":true},"revision":{"type":"number","description":"The _revision property describes the current revision of the resource. To prevent clients from overwriting each other's changes, PUT operations must include the current _revision of the resource, which clients should obtain by issuing a GET operation. If the _revision provided in a PUT request is missing or stale, the operation will be rejected","description_kind":"plain","computed":true},"segment_path":{"type":"string","description":"Policy path for connected segment","description_kind":"plain","required":true},"site_path":{"type":"string","description":"Path of the site the Tier1 edge cluster belongs to","description_kind":"plain","optional":true},"subnets":{"type":["list","string"],"description":"List of IP addresses and network prefixes for this interface","description_kind":"plain","required":true},"urpf_mode":{"type":"string","description":"Unicast Reverse Path Forwarding mode","description_kind":"plain","optional":true}},"block_types":{"context":{"nesting_mode":"list","block":{"attributes":{"project_id":{"type":"string","description":"Id of the project which the resource belongs to.","description_kind":"plain","required":true}},"description":"Resource context","description_kind":"plain"},"max_items":1},"tag":{"nesting_mode":"set","block":{"attributes":{"scope":{"type":"string","description_kind":"plain","optional":true},"tag":{"type":"string","description_kind":"plain","optional":true}},"description":"Set of opaque identifiers meaningful to the user","description_kind":"plain"}}},"description_kind":"plain"}},"nsxt_policy_transport_zone":{"version":0,"block":{"attributes":{"description":{"type":"string","description":"Description for this resource","description_kind":"plain","optional":true,"computed":true},"display_name":{"type":"string","description":"Display name of this resource","description_kind":"plain","optional":true,"computed":true},"enforcement_point":{"type":"string","description":"ID of the enforcement point this Transport Zone belongs to","description_kind":"plain","optional":true,"computed":true},"id":{"type":"string","description_kind":"plain","optional":true,"computed":true},"is_default":{"type":"bool","description":"Indicates whether the transport zone is default","description_kind":"plain","optional":true},"nsx_id":{"type":"string","description":"NSX ID for this resource","description_kind":"plain","optional":true,"computed":true},"path":{"type":"string","description":"Policy path for this resource","description_kind":"plain","computed":true},"realized_id":{"type":"string","description":"Computed ID of the realized object","description_kind":"plain","computed":true},"revision":{"type":"number","description":"The _revision property describes the current revision of the resource. To prevent clients from overwriting each other's changes, PUT operations must include the current _revision of the resource, which clients should obtain by issuing a GET operation. If the _revision provided in a PUT request is missing or stale, the operation will be rejected","description_kind":"plain","computed":true},"site_path":{"type":"string","description":"Path to the site this Transport Zone belongs to","description_kind":"plain","optional":true},"transport_type":{"type":"string","description":"Type of Transport Zone","description_kind":"plain","required":true},"uplink_teaming_policy_names":{"type":["list","string"],"description":"Names of the switching uplink teaming policies that are supported by this transport zone.","description_kind":"plain","optional":true}},"block_types":{"tag":{"nesting_mode":"set","block":{"attributes":{"scope":{"type":"string","description_kind":"plain","optional":true},"tag":{"type":"string","description_kind":"plain","optional":true}},"description":"Set of opaque identifiers meaningful to the user","description_kind":"plain"}}},"description_kind":"plain"}},"nsxt_policy_vlan_segment":{"version":0,"block":{"attributes":{"description":{"type":"string","description":"Description for this resource","description_kind":"plain","optional":true},"dhcp_config_path":{"type":"string","description":"Policy path to DHCP server or relay configuration to use for subnets configured on this segment","description_kind":"plain","optional":true},"display_name":{"type":"string","description":"Display name for this resource","description_kind":"plain","required":true},"domain_name":{"type":"string","description":"DNS domain names","description_kind":"plain","optional":true},"id":{"type":"string","description_kind":"plain","optional":true,"computed":true},"nsx_id":{"type":"string","description":"NSX ID for this resource","description_kind":"plain","optional":true,"computed":true},"path":{"type":"string","description":"Policy path for this resource","description_kind":"plain","computed":true},"replication_mode":{"type":"string","description":"Replication mode - MTEP or SOURCE","description_kind":"plain","optional":true},"revision":{"type":"number","description":"The _revision property describes the current revision of the resource. To prevent clients from overwriting each other's changes, PUT operations must include the current _revision of the resource, which clients should obtain by issuing a GET operation. If the _revision provided in a PUT request is missing or stale, the operation will be rejected","description_kind":"plain","computed":true},"transport_zone_path":{"type":"string","description":"Policy path to the transport zone","description_kind":"plain","optional":true,"computed":true},"vlan_ids":{"type":["list","string"],"description":"VLAN IDs for VLAN backed Segment","description_kind":"plain","required":true}},"block_types":{"advanced_config":{"nesting_mode":"list","block":{"attributes":{"address_pool_path":{"type":"string","description":"Policy path to IP address pool","description_kind":"plain","optional":true},"connectivity":{"type":"string","description":"Connectivity configuration to manually connect (ON) or disconnect (OFF)","description_kind":"plain","optional":true},"hybrid":{"type":"bool","description":"Flag to identify a hybrid logical switch","description_kind":"plain","optional":true},"local_egress":{"type":"bool","description":"Flag to enable local egress","description_kind":"plain","optional":true},"uplink_teaming_policy":{"type":"string","description":"The name of the switching uplink teaming policy for the bridge endpoint","description_kind":"plain","optional":true},"urpf_mode":{"type":"string","description":"This URPF mode is applied to the downlink logical router port created while attaching this segment to gateway","description_kind":"plain","optional":true}},"description":"Advanced segment configuration","description_kind":"plain"},"max_items":1},"bridge_config":{"nesting_mode":"list","block":{"attributes":{"profile_path":{"type":"string","description":"profile path","description_kind":"plain","required":true},"transport_zone_path":{"type":"string","description":"vlan transport zone path","description_kind":"plain","required":true},"uplink_teaming_policy":{"type":"string","description_kind":"plain","optional":true},"vlan_ids":{"type":["list","string"],"description":"VLAN specification for bridge endpoint","description_kind":"plain","required":true}},"description":"Bridge configuration","description_kind":"plain"}},"context":{"nesting_mode":"list","block":{"attributes":{"project_id":{"type":"string","description":"Id of the project which the resource belongs to.","description_kind":"plain","required":true}},"description":"Resource context","description_kind":"plain"},"max_items":1},"discovery_profile":{"nesting_mode":"list","block":{"attributes":{"binding_map_path":{"type":"string","description":"Policy path of profile binding map","description_kind":"plain","optional":true,"computed":true},"ip_discovery_profile_path":{"type":"string","description":"Policy path of associated IP Discovery Profile","description_kind":"plain","optional":true},"mac_discovery_profile_path":{"type":"string","description":"Policy path of associated Mac Discovery Profile","description_kind":"plain","optional":true},"revision":{"type":"number","description":"The _revision property describes the current revision of the resource. To prevent clients from overwriting each other's changes, PUT operations must include the current _revision of the resource, which clients should obtain by issuing a GET operation. If the _revision provided in a PUT request is missing or stale, the operation will be rejected","description_kind":"plain","computed":true}},"description":"IP and MAC discovery profiles for this segment","description_kind":"plain"},"max_items":1},"l2_extension":{"nesting_mode":"list","block":{"attributes":{"l2vpn_paths":{"type":["list","string"],"description":"Policy paths of associated L2 VPN sessions","description_kind":"plain","optional":true},"tunnel_id":{"type":"number","description":"Tunnel ID","description_kind":"plain","optional":true}},"description":"Configuration for extending Segment through L2 VPN","description_kind":"plain"},"max_items":1},"qos_profile":{"nesting_mode":"list","block":{"attributes":{"binding_map_path":{"type":"string","description":"Policy path of profile binding map","description_kind":"plain","optional":true,"computed":true},"qos_profile_path":{"type":"string","description":"Policy path of associated QoS Profile","description_kind":"plain","required":true},"revision":{"type":"number","description":"The _revision property describes the current revision of the resource. To prevent clients from overwriting each other's changes, PUT operations must include the current _revision of the resource, which clients should obtain by issuing a GET operation. If the _revision provided in a PUT request is missing or stale, the operation will be rejected","description_kind":"plain","computed":true}},"description":"QoS profiles for this segment","description_kind":"plain"},"max_items":1},"security_profile":{"nesting_mode":"list","block":{"attributes":{"binding_map_path":{"type":"string","description":"Policy path of profile binding map","description_kind":"plain","optional":true,"computed":true},"revision":{"type":"number","description":"The _revision property describes the current revision of the resource. To prevent clients from overwriting each other's changes, PUT operations must include the current _revision of the resource, which clients should obtain by issuing a GET operation. If the _revision provided in a PUT request is missing or stale, the operation will be rejected","description_kind":"plain","computed":true},"security_profile_path":{"type":"string","description":"Policy path of associated Segment Security Profile","description_kind":"plain","optional":true},"spoofguard_profile_path":{"type":"string","description":"Policy path of associated Spoofguard Profile","description_kind":"plain","optional":true}},"description":"Security profiles for this segment","description_kind":"plain"},"max_items":1},"subnet":{"nesting_mode":"list","block":{"attributes":{"cidr":{"type":"string","description":"Gateway IP address in CIDR format","description_kind":"plain","optional":true},"dhcp_ranges":{"type":["list","string"],"description":"DHCP address ranges for dynamic IP allocation","description_kind":"plain","optional":true},"network":{"type":"string","description":"Network CIDR for subnet","description_kind":"plain","computed":true}},"block_types":{"dhcp_v4_config":{"nesting_mode":"list","block":{"attributes":{"dns_servers":{"type":["list","string"],"description":"IP addresses of DNS servers for subnet","description_kind":"plain","optional":true},"lease_time":{"type":"number","description":"DHCP lease time in seconds","description_kind":"plain","optional":true},"server_address":{"type":"string","description":"IP address of the DHCP server in CIDR format","description_kind":"plain","optional":true}},"block_types":{"dhcp_generic_option":{"nesting_mode":"list","block":{"attributes":{"code":{"type":"number","description":"DHCP option code, [0-255]","description_kind":"plain","required":true},"values":{"type":["list","string"],"description":"DHCP option values","description_kind":"plain","required":true}},"description":"Generic DHCP options","description_kind":"plain"}},"dhcp_option_121":{"nesting_mode":"list","block":{"attributes":{"network":{"type":"string","description":"Destination in cidr","description_kind":"plain","required":true},"next_hop":{"type":"string","description":"Next hop IP","description_kind":"plain","required":true}},"description":"DHCP classless static routes","description_kind":"plain"}}},"description_kind":"plain"},"max_items":1},"dhcp_v6_config":{"nesting_mode":"list","block":{"attributes":{"dns_servers":{"type":["list","string"],"description":"IP addresses of DNS servers for subnet","description_kind":"plain","optional":true},"domain_names":{"type":["list","string"],"description":"Domain names","description_kind":"plain","optional":true},"lease_time":{"type":"number","description":"DHCP lease time in seconds","description_kind":"plain","optional":true},"preferred_time":{"type":"number","description":"The time interval in seconds, in which the prefix is advertised as preferred","description_kind":"plain","optional":true},"server_address":{"type":"string","description":"IP address of the DHCP server in CIDR format","description_kind":"plain","optional":true},"sntp_servers":{"type":["list","string"],"description":"IPv6 address of SNTP servers for subnet","description_kind":"plain","optional":true}},"block_types":{"excluded_range":{"nesting_mode":"list","block":{"attributes":{"end":{"type":"string","description":"The end IP Address for the range","description_kind":"plain","required":true},"start":{"type":"string","description":"The start IP Address for the range","description_kind":"plain","required":true}},"description":"Excluded addresses to define dynamic ip allocation ranges","description_kind":"plain"}}},"description_kind":"plain"},"max_items":1}},"description":"Subnet configuration with at most 1 IPv4 CIDR and multiple IPv6 CIDRs","description_kind":"plain"}},"tag":{"nesting_mode":"set","block":{"attributes":{"scope":{"type":"string","description_kind":"plain","optional":true},"tag":{"type":"string","description_kind":"plain","optional":true}},"description":"Set of opaque identifiers meaningful to the user","description_kind":"plain"}}},"description_kind":"plain"}},"nsxt_policy_vm_tags":{"version":0,"block":{"attributes":{"id":{"type":"string","description_kind":"plain","optional":true,"computed":true},"instance_id":{"type":"string","description":"Instance id","description_kind":"plain","required":true}},"block_types":{"context":{"nesting_mode":"list","block":{"attributes":{"project_id":{"type":"string","description":"Id of the project which the resource belongs to.","description_kind":"plain","required":true}},"description":"Resource context","description_kind":"plain"},"max_items":1},"port":{"nesting_mode":"list","block":{"attributes":{"segment_path":{"type":"string","description":"Segment path where VM port should be tagged","description_kind":"plain","required":true}},"block_types":{"tag":{"nesting_mode":"set","block":{"attributes":{"scope":{"type":"string","description_kind":"plain","optional":true},"tag":{"type":"string","description_kind":"plain","optional":true}},"description":"Set of opaque identifiers meaningful to the user","description_kind":"plain"}}},"description":"Tag specificiation for corresponding segment port","description_kind":"plain"}},"tag":{"nesting_mode":"set","block":{"attributes":{"scope":{"type":"string","description_kind":"plain","optional":true},"tag":{"type":"string","description_kind":"plain","optional":true}},"description":"Set of opaque identifiers meaningful to the user","description_kind":"plain"}}},"description_kind":"plain"}},"nsxt_policy_vni_pool":{"version":0,"block":{"attributes":{"description":{"type":"string","description":"Description for this resource","description_kind":"plain","optional":true},"display_name":{"type":"string","description":"Display name for this resource","description_kind":"plain","required":true},"end":{"type":"number","description":"End value of VNI Pool range","description_kind":"plain","required":true},"id":{"type":"string","description_kind":"plain","optional":true,"computed":true},"nsx_id":{"type":"string","description":"NSX ID for this resource","description_kind":"plain","optional":true,"computed":true},"path":{"type":"string","description":"Policy path for this resource","description_kind":"plain","computed":true},"revision":{"type":"number","description":"The _revision property describes the current revision of the resource. To prevent clients from overwriting each other's changes, PUT operations must include the current _revision of the resource, which clients should obtain by issuing a GET operation. If the _revision provided in a PUT request is missing or stale, the operation will be rejected","description_kind":"plain","computed":true},"start":{"type":"number","description":"Start value of VNI Pool range","description_kind":"plain","required":true}},"block_types":{"tag":{"nesting_mode":"set","block":{"attributes":{"scope":{"type":"string","description_kind":"plain","optional":true},"tag":{"type":"string","description_kind":"plain","optional":true}},"description":"Set of opaque identifiers meaningful to the user","description_kind":"plain"}}},"description_kind":"plain"}},"nsxt_qos_switching_profile":{"version":0,"block":{"attributes":{"class_of_service":{"type":"number","description":"Class of service","description_kind":"plain","optional":true},"description":{"type":"string","description":"Description of this resource","description_kind":"plain","optional":true},"display_name":{"type":"string","description":"The display name of this resource. Defaults to ID if not set","description_kind":"plain","optional":true,"computed":true},"dscp_priority":{"type":"number","description":"DSCP Priority","description_kind":"plain","optional":true},"dscp_trusted":{"type":"bool","description":"Trust mode for DSCP","description_kind":"plain","optional":true},"id":{"type":"string","description_kind":"plain","optional":true,"computed":true},"revision":{"type":"number","description":"The _revision property describes the current revision of the resource. To prevent clients from overwriting each other's changes, PUT operations must include the current _revision of the resource, which clients should obtain by issuing a GET operation. If the _revision provided in a PUT request is missing or stale, the operation will be rejected","description_kind":"plain","computed":true}},"block_types":{"egress_rate_shaper":{"nesting_mode":"list","block":{"attributes":{"average_bw_mbps":{"type":"number","description":"Average Bandwidth in mbps","description_kind":"plain","optional":true},"burst_size":{"type":"number","description":"Burst size in bytes","description_kind":"plain","optional":true},"enabled":{"type":"bool","description":"Whether this rate shaper is enabled","description_kind":"plain","optional":true},"peak_bw_mbps":{"type":"number","description":"Peak Bandwidth in mbps","description_kind":"plain","optional":true}},"description_kind":"plain"},"max_items":1},"ingress_broadcast_rate_shaper":{"nesting_mode":"list","block":{"attributes":{"average_bw_kbps":{"type":"number","description":"Average Bandwidth in kbps","description_kind":"plain","optional":true},"burst_size":{"type":"number","description":"Burst size in bytes","description_kind":"plain","optional":true},"enabled":{"type":"bool","description":"Whether this rate shaper is enabled","description_kind":"plain","optional":true},"peak_bw_kbps":{"type":"number","description":"Peak Bandwidth in kbps","description_kind":"plain","optional":true}},"description_kind":"plain"},"max_items":1},"ingress_rate_shaper":{"nesting_mode":"list","block":{"attributes":{"average_bw_mbps":{"type":"number","description":"Average Bandwidth in mbps","description_kind":"plain","optional":true},"burst_size":{"type":"number","description":"Burst size in bytes","description_kind":"plain","optional":true},"enabled":{"type":"bool","description":"Whether this rate shaper is enabled","description_kind":"plain","optional":true},"peak_bw_mbps":{"type":"number","description":"Peak Bandwidth in mbps","description_kind":"plain","optional":true}},"description_kind":"plain"},"max_items":1},"tag":{"nesting_mode":"set","block":{"attributes":{"scope":{"type":"string","description_kind":"plain","optional":true},"tag":{"type":"string","description_kind":"plain","optional":true}},"description":"Set of opaque identifiers meaningful to the user","description_kind":"plain"}}},"description_kind":"plain","deprecated":true}},"nsxt_spoofguard_switching_profile":{"version":0,"block":{"attributes":{"address_binding_whitelist_enabled":{"type":"bool","description":"When true, this profile overrides the default system wide settings for Spoof Guard when assigned to ports","description_kind":"plain","optional":true},"description":{"type":"string","description":"Description of this resource","description_kind":"plain","optional":true},"display_name":{"type":"string","description":"The display name of this resource. Defaults to ID if not set","description_kind":"plain","optional":true,"computed":true},"id":{"type":"string","description_kind":"plain","optional":true,"computed":true},"revision":{"type":"number","description":"The _revision property describes the current revision of the resource. To prevent clients from overwriting each other's changes, PUT operations must include the current _revision of the resource, which clients should obtain by issuing a GET operation. If the _revision provided in a PUT request is missing or stale, the operation will be rejected","description_kind":"plain","computed":true}},"block_types":{"tag":{"nesting_mode":"set","block":{"attributes":{"scope":{"type":"string","description_kind":"plain","optional":true},"tag":{"type":"string","description_kind":"plain","optional":true}},"description":"Set of opaque identifiers meaningful to the user","description_kind":"plain"}}},"description_kind":"plain","deprecated":true}},"nsxt_static_route":{"version":0,"block":{"attributes":{"description":{"type":"string","description":"Description of this resource","description_kind":"plain","optional":true},"display_name":{"type":"string","description":"Defaults to ID if not set","description_kind":"plain","optional":true,"computed":true},"id":{"type":"string","description_kind":"plain","optional":true,"computed":true},"logical_router_id":{"type":"string","description":"Logical router id","description_kind":"plain","required":true},"network":{"type":"string","description":"CIDR","description_kind":"plain","required":true},"revision":{"type":"number","description":"The _revision property describes the current revision of the resource. To prevent clients from overwriting each other's changes, PUT operations must include the current _revision of the resource, which clients should obtain by issuing a GET operation. If the _revision provided in a PUT request is missing or stale, the operation will be rejected","description_kind":"plain","computed":true}},"block_types":{"next_hop":{"nesting_mode":"list","block":{"attributes":{"administrative_distance":{"type":"number","description":"Administrative Distance for the next hop IP","description_kind":"plain","optional":true},"bfd_enabled":{"type":"bool","description":"Status of bfd for this next hop where bfdEnabled = true indicate bfd is enabled for this next hop and bfdEnabled = false indicate bfd peer is disabled or not configured for this next hop.","description_kind":"plain","computed":true},"blackhole_action":{"type":"string","description":"Action to be taken on matching packets for NULL routes","description_kind":"plain","computed":true},"ip_address":{"type":"string","description":"Next Hop IP","description_kind":"plain","optional":true},"logical_router_port_id":{"type":"string","description":"Logical router port id","description_kind":"plain","optional":true}},"description_kind":"plain"},"min_items":1},"tag":{"nesting_mode":"set","block":{"attributes":{"scope":{"type":"string","description_kind":"plain","optional":true},"tag":{"type":"string","description_kind":"plain","optional":true}},"description":"Set of opaque identifiers meaningful to the user","description_kind":"plain"}}},"description_kind":"plain","deprecated":true}},"nsxt_switch_security_switching_profile":{"version":0,"block":{"attributes":{"block_client_dhcp":{"type":"bool","description":"Indicates whether DHCP client blocking is enabled","description_kind":"plain","optional":true},"block_non_ip":{"type":"bool","description":"Block all traffic except IP/(G)ARP/BPDU","description_kind":"plain","optional":true},"block_server_dhcp":{"type":"bool","description":"Indicates whether DHCP server blocking is enabled","description_kind":"plain","optional":true},"bpdu_filter_enabled":{"type":"bool","description":"Indicates whether BPDU filter is enabled","description_kind":"plain","optional":true},"bpdu_filter_whitelist":{"type":["set","string"],"description":"Set of allowed MAC addresses to be excluded from BPDU filtering","description_kind":"plain","optional":true},"description":{"type":"string","description":"Description of this resource","description_kind":"plain","optional":true},"display_name":{"type":"string","description":"The display name of this resource. Defaults to ID if not set","description_kind":"plain","optional":true,"computed":true},"id":{"type":"string","description_kind":"plain","optional":true,"computed":true},"revision":{"type":"number","description":"The _revision property describes the current revision of the resource. To prevent clients from overwriting each other's changes, PUT operations must include the current _revision of the resource, which clients should obtain by issuing a GET operation. If the _revision provided in a PUT request is missing or stale, the operation will be rejected","description_kind":"plain","computed":true}},"block_types":{"rate_limits":{"nesting_mode":"list","block":{"attributes":{"enabled":{"type":"bool","description":"Whether rate limiting is enabled","description_kind":"plain","optional":true},"rx_broadcast":{"type":"number","description":"Incoming broadcast traffic limit in packets per second","description_kind":"plain","optional":true},"rx_multicast":{"type":"number","description":"Incoming multicast traffic limit in packets per second","description_kind":"plain","optional":true},"tx_broadcast":{"type":"number","description":"Outgoing broadcast traffic limit in packets per second","description_kind":"plain","optional":true},"tx_multicast":{"type":"number","description":"Outgoing multicast traffic limit in packets per second","description_kind":"plain","optional":true}},"description_kind":"plain"},"max_items":1},"tag":{"nesting_mode":"set","block":{"attributes":{"scope":{"type":"string","description_kind":"plain","optional":true},"tag":{"type":"string","description_kind":"plain","optional":true}},"description":"Set of opaque identifiers meaningful to the user","description_kind":"plain"}}},"description_kind":"plain","deprecated":true}},"nsxt_transport_node":{"version":0,"block":{"attributes":{"description":{"type":"string","description":"Description for this resource","description_kind":"plain","optional":true},"display_name":{"type":"string","description":"Display name for this resource","description_kind":"plain","required":true},"failure_domain":{"type":"string","description":"Id of the failure domain","description_kind":"plain","optional":true,"computed":true},"id":{"type":"string","description_kind":"plain","optional":true,"computed":true},"revision":{"type":"number","description":"The _revision property describes the current revision of the resource. To prevent clients from overwriting each other's changes, PUT operations must include the current _revision of the resource, which clients should obtain by issuing a GET operation. If the _revision provided in a PUT request is missing or stale, the operation will be rejected","description_kind":"plain","computed":true}},"block_types":{"edge_node":{"nesting_mode":"list","block":{"attributes":{"external_id":{"type":"string","description":"ID of the Node","description_kind":"plain","optional":true,"computed":true},"fqdn":{"type":"string","description":"Fully qualified domain name of the fabric node","description_kind":"plain","computed":true},"id":{"type":"string","description":"NSX ID for this resource","description_kind":"plain","optional":true,"computed":true},"ip_addresses":{"type":["list","string"],"description":"IP Addresses of the Node, version 4 or 6","description_kind":"plain","optional":true,"computed":true}},"block_types":{"deployment_config":{"nesting_mode":"list","block":{"attributes":{"form_factor":{"type":"string","description_kind":"plain","optional":true}},"block_types":{"node_user_settings":{"nesting_mode":"list","block":{"attributes":{"audit_password":{"type":"string","description":"Node audit user password","description_kind":"plain","optional":true,"sensitive":true},"audit_username":{"type":"string","description":"CLI \"audit\" username","description_kind":"plain","optional":true},"cli_password":{"type":"string","description":"Node cli password","description_kind":"plain","required":true,"sensitive":true},"cli_username":{"type":"string","description":"CLI \"admin\" username","description_kind":"plain","optional":true},"root_password":{"type":"string","description":"Node root user password","description_kind":"plain","required":true,"sensitive":true}},"description":"Node user settings","description_kind":"plain"},"min_items":1,"max_items":1},"vm_deployment_config":{"nesting_mode":"list","block":{"attributes":{"compute_folder_id":{"type":"string","description":"Compute folder identifier in the specified vcenter server","description_kind":"plain","optional":true},"compute_id":{"type":"string","description":"Cluster identifier or resourcepool identifier for specified vcenter server","description_kind":"plain","required":true},"data_network_ids":{"type":["list","string"],"description":"List of portgroups, logical switch identifiers or segment paths for datapath connectivity","description_kind":"plain","required":true},"default_gateway_address":{"type":["list","string"],"description":"Default gateway for the node","description_kind":"plain","optional":true,"computed":true},"host_id":{"type":"string","description":"Host identifier in the specified vcenter server","description_kind":"plain","optional":true},"ipv4_assignment_enabled":{"type":"bool","description":"This flag represents whether IPv4 configuration is enabled or not","description_kind":"plain","optional":true},"management_network_id":{"type":"string","description":"Portgroup, logical switch identifier or segment path for management network connectivity","description_kind":"plain","required":true},"storage_id":{"type":"string","description":"Storage/datastore identifier in the specified vcenter server","description_kind":"plain","required":true},"vc_id":{"type":"string","description":"Vsphere compute identifier for identifying the vcenter server","description_kind":"plain","required":true}},"block_types":{"management_port_subnet":{"nesting_mode":"list","block":{"attributes":{"ip_addresses":{"type":["list","string"],"description":"IP Addresses","description_kind":"plain","required":true},"prefix_length":{"type":"number","description":"Subnet Prefix Length","description_kind":"plain","required":true}},"description":"Port subnets for management port. IPv4, IPv6 and Dual Stack Address is supported","description_kind":"plain"},"max_items":2},"reservation_info":{"nesting_mode":"list","block":{"attributes":{"cpu_reservation_in_mhz":{"type":"number","description":"CPU reservation in MHz","description_kind":"plain","optional":true},"cpu_reservation_in_shares":{"type":"string","description":"CPU reservation in shares","description_kind":"plain","optional":true},"memory_reservation_percentage":{"type":"number","description":"Memory reservation percentage","description_kind":"plain","optional":true}},"description":"Resource reservation settings","description_kind":"plain"},"max_items":1}},"description":"The vSphere deployment configuration determines where to deploy the edge node","description_kind":"plain"},"min_items":1,"max_items":1}},"description":"Config for automatic deployment of edge node virtual machine","description_kind":"plain"},"max_items":1},"node_settings":{"nesting_mode":"list","block":{"attributes":{"allow_ssh_root_login":{"type":"bool","description":"Allow root SSH logins","description_kind":"plain","optional":true},"dns_servers":{"type":["list","string"],"description":"DNS servers","description_kind":"plain","optional":true},"enable_ssh":{"type":"bool","description":"Enable SSH","description_kind":"plain","optional":true},"enable_upt_mode":{"type":"bool","description":"Enable Uniform Passthrough mode","description_kind":"plain","optional":true},"hostname":{"type":"string","description":"Host name or FQDN for edge node","description_kind":"plain","required":true},"ntp_servers":{"type":["list","string"],"description":"NTP servers","description_kind":"plain","optional":true},"search_domains":{"type":["list","string"],"description":"Search domain names","description_kind":"plain","optional":true}},"block_types":{"advanced_configuration":{"nesting_mode":"list","block":{"attributes":{"key":{"type":"string","description_kind":"plain","required":true},"value":{"type":"string","description_kind":"plain","required":true}},"description":"Advanced configuration","description_kind":"plain"}},"syslog_server":{"nesting_mode":"list","block":{"attributes":{"log_level":{"type":"string","description":"Log level to be redirected","description_kind":"plain","optional":true},"name":{"type":"string","description":"Display name of the syslog server","description_kind":"plain","optional":true},"port":{"type":"number","description":"Syslog server port","description_kind":"plain","optional":true},"protocol":{"type":"string","description":"Syslog protocol","description_kind":"plain","optional":true},"server":{"type":"string","description":"Server IP or fqdn","description_kind":"plain","required":true}},"description":"Syslog servers","description_kind":"plain"},"max_items":5}},"description":"Current configuration on edge node","description_kind":"plain"},"min_items":1,"max_items":1}},"description_kind":"plain"},"max_items":1},"host_node":{"nesting_mode":"list","block":{"attributes":{"external_id":{"type":"string","description":"ID of the Node","description_kind":"plain","optional":true,"computed":true},"fqdn":{"type":"string","description":"Fully qualified domain name of the fabric node","description_kind":"plain","computed":true},"id":{"type":"string","description":"NSX ID for this resource","description_kind":"plain","optional":true,"computed":true},"ip_addresses":{"type":["list","string"],"description":"IP Addresses of the Node, version 4 or 6","description_kind":"plain","optional":true,"computed":true},"os_type":{"type":"string","description":"Hypervisor OS type","description_kind":"plain","required":true},"os_version":{"type":"string","description":"Hypervisor OS version","description_kind":"plain","optional":true},"windows_install_location":{"type":"string","description":"Install location of Windows Server on baremetal being managed by NSX","description_kind":"plain","optional":true}},"block_types":{"host_credential":{"nesting_mode":"list","block":{"attributes":{"password":{"type":"string","description":"The authentication password of the host node","description_kind":"plain","required":true,"sensitive":true},"thumbprint":{"type":"string","description":"ESXi thumbprint or SSH key fingerprint of the host node","description_kind":"plain","optional":true},"username":{"type":"string","description":"The username of the account on the host node","description_kind":"plain","required":true}},"description":"Host login credentials","description_kind":"plain"},"max_items":1}},"description_kind":"plain"},"max_items":1},"node":{"nesting_mode":"list","block":{"attributes":{"external_id":{"type":"string","description":"ID of the Node","description_kind":"plain","optional":true,"computed":true},"fqdn":{"type":"string","description":"Fully qualified domain name of the fabric node","description_kind":"plain","computed":true},"id":{"type":"string","description":"NSX ID for this resource","description_kind":"plain","optional":true,"computed":true},"ip_addresses":{"type":["list","string"],"description":"IP Addresses of the Node, version 4 or 6","description_kind":"plain","optional":true,"computed":true}},"description_kind":"plain"},"max_items":1},"preconfigured_host_switch":{"nesting_mode":"list","block":{"attributes":{"endpoint":{"type":"string","description":"Name of the virtual tunnel endpoint","description_kind":"plain","optional":true},"host_switch_id":{"type":"string","description":"External Id of the preconfigured host switch","description_kind":"plain","required":true}},"block_types":{"transport_zone_endpoint":{"nesting_mode":"list","block":{"attributes":{"transport_zone":{"type":"string","description":"Unique ID identifying the transport zone for this endpoint","description_kind":"plain","required":true},"transport_zone_profile":{"type":["list","string"],"description":"Identifiers of the transport zone profiles associated with this transport zone endpoint on this transport node","description_kind":"plain","optional":true,"computed":true}},"description":"Transport zone endpoints","description_kind":"plain"}}},"description":"Preconfigured host switch","description_kind":"plain"},"max_items":1},"public_cloud_gateway_node":{"nesting_mode":"list","block":{"attributes":{"external_id":{"type":"string","description":"ID of the Node","description_kind":"plain","optional":true,"computed":true},"fqdn":{"type":"string","description":"Fully qualified domain name of the fabric node","description_kind":"plain","computed":true},"id":{"type":"string","description":"NSX ID for this resource","description_kind":"plain","optional":true,"computed":true},"ip_addresses":{"type":["list","string"],"description":"IP Addresses of the Node, version 4 or 6","description_kind":"plain","optional":true,"computed":true}},"block_types":{"deployment_config":{"nesting_mode":"list","block":{"attributes":{"form_factor":{"type":"string","description_kind":"plain","optional":true}},"block_types":{"node_user_settings":{"nesting_mode":"list","block":{"attributes":{"audit_password":{"type":"string","description":"Node audit user password","description_kind":"plain","optional":true,"sensitive":true},"audit_username":{"type":"string","description":"CLI \"audit\" username","description_kind":"plain","optional":true},"cli_password":{"type":"string","description":"Node cli password","description_kind":"plain","required":true,"sensitive":true},"cli_username":{"type":"string","description":"CLI \"admin\" username","description_kind":"plain","optional":true},"root_password":{"type":"string","description":"Node root user password","description_kind":"plain","required":true,"sensitive":true}},"description":"Node user settings","description_kind":"plain"},"min_items":1,"max_items":1},"vm_deployment_config":{"nesting_mode":"list","block":{"attributes":{"compute_folder_id":{"type":"string","description":"Compute folder identifier in the specified vcenter server","description_kind":"plain","optional":true},"compute_id":{"type":"string","description":"Cluster identifier or resourcepool identifier for specified vcenter server","description_kind":"plain","required":true},"data_network_ids":{"type":["list","string"],"description":"List of portgroups, logical switch identifiers or segment paths for datapath connectivity","description_kind":"plain","required":true},"default_gateway_address":{"type":["list","string"],"description":"Default gateway for the node","description_kind":"plain","optional":true,"computed":true},"host_id":{"type":"string","description":"Host identifier in the specified vcenter server","description_kind":"plain","optional":true},"ipv4_assignment_enabled":{"type":"bool","description":"This flag represents whether IPv4 configuration is enabled or not","description_kind":"plain","optional":true},"management_network_id":{"type":"string","description":"Portgroup, logical switch identifier or segment path for management network connectivity","description_kind":"plain","required":true},"storage_id":{"type":"string","description":"Storage/datastore identifier in the specified vcenter server","description_kind":"plain","required":true},"vc_id":{"type":"string","description":"Vsphere compute identifier for identifying the vcenter server","description_kind":"plain","required":true}},"block_types":{"management_port_subnet":{"nesting_mode":"list","block":{"attributes":{"ip_addresses":{"type":["list","string"],"description":"IP Addresses","description_kind":"plain","required":true},"prefix_length":{"type":"number","description":"Subnet Prefix Length","description_kind":"plain","required":true}},"description":"Port subnets for management port. IPv4, IPv6 and Dual Stack Address is supported","description_kind":"plain"},"max_items":2},"reservation_info":{"nesting_mode":"list","block":{"attributes":{"cpu_reservation_in_mhz":{"type":"number","description":"CPU reservation in MHz","description_kind":"plain","optional":true},"cpu_reservation_in_shares":{"type":"string","description":"CPU reservation in shares","description_kind":"plain","optional":true},"memory_reservation_percentage":{"type":"number","description":"Memory reservation percentage","description_kind":"plain","optional":true}},"description":"Resource reservation settings","description_kind":"plain"},"max_items":1}},"description":"The vSphere deployment configuration determines where to deploy the edge node","description_kind":"plain"},"min_items":1,"max_items":1}},"description":"Config for automatic deployment of edge node virtual machine","description_kind":"plain"},"max_items":1},"node_settings":{"nesting_mode":"list","block":{"attributes":{"allow_ssh_root_login":{"type":"bool","description":"Allow root SSH logins","description_kind":"plain","optional":true},"dns_servers":{"type":["list","string"],"description":"DNS servers","description_kind":"plain","optional":true},"enable_ssh":{"type":"bool","description":"Enable SSH","description_kind":"plain","optional":true},"enable_upt_mode":{"type":"bool","description":"Enable Uniform Passthrough mode","description_kind":"plain","optional":true},"hostname":{"type":"string","description":"Host name or FQDN for edge node","description_kind":"plain","required":true},"ntp_servers":{"type":["list","string"],"description":"NTP servers","description_kind":"plain","optional":true},"search_domains":{"type":["list","string"],"description":"Search domain names","description_kind":"plain","optional":true}},"block_types":{"advanced_configuration":{"nesting_mode":"list","block":{"attributes":{"key":{"type":"string","description_kind":"plain","required":true},"value":{"type":"string","description_kind":"plain","required":true}},"description":"Advanced configuration","description_kind":"plain"}},"syslog_server":{"nesting_mode":"list","block":{"attributes":{"log_level":{"type":"string","description":"Log level to be redirected","description_kind":"plain","optional":true},"name":{"type":"string","description":"Display name of the syslog server","description_kind":"plain","optional":true},"port":{"type":"number","description":"Syslog server port","description_kind":"plain","optional":true},"protocol":{"type":"string","description":"Syslog protocol","description_kind":"plain","optional":true},"server":{"type":"string","description":"Server IP or fqdn","description_kind":"plain","required":true}},"description":"Syslog servers","description_kind":"plain"},"max_items":5}},"description":"Current configuration on edge node","description_kind":"plain"},"min_items":1,"max_items":1}},"description_kind":"plain"},"max_items":1},"remote_tunnel_endpoint":{"nesting_mode":"list","block":{"attributes":{"host_switch_name":{"type":"string","description":"The host switch name to be used for the remote tunnel endpoint","description_kind":"plain","required":true},"named_teaming_policy":{"type":"string","description":"The named teaming policy to be used by the remote tunnel endpoint","description_kind":"plain","optional":true},"rtep_vlan":{"type":"number","description":"VLAN id for remote tunnel endpoint","description_kind":"plain","required":true}},"block_types":{"ip_assignment":{"nesting_mode":"list","block":{"attributes":{"assigned_by_dhcp":{"type":"bool","description":"Enables DHCP assignment","description_kind":"plain","optional":true},"static_ip_pool":{"type":"string","description":"IP assignment specification for Static IP Pool","description_kind":"plain","optional":true}},"block_types":{"static_ip":{"nesting_mode":"list","block":{"attributes":{"default_gateway":{"type":"string","description":"Gateway IP","description_kind":"plain","required":true},"ip_addresses":{"type":["list","string"],"description":"List of IPs for transport node host switch virtual tunnel endpoints","description_kind":"plain","required":true},"subnet_mask":{"type":"string","description":"Subnet mask","description_kind":"plain","required":true}},"description":"IP assignment specification for Static IP List.","description_kind":"plain"},"max_items":1},"static_ip_mac":{"nesting_mode":"list","block":{"attributes":{"default_gateway":{"type":"string","description":"Gateway IP","description_kind":"plain","required":true},"subnet_mask":{"type":"string","description":"Subnet mask","description_kind":"plain","required":true}},"block_types":{"ip_mac_pair":{"nesting_mode":"list","block":{"attributes":{"ip":{"type":"string","description":"IP address","description_kind":"plain","required":true},"mac":{"type":"string","description":"MAC address","description_kind":"plain","optional":true}},"description":"List of IPs and MACs for transport node host switch virtual tunnel endpoints","description_kind":"plain"},"min_items":1}},"description":"IP and MAC assignment specification for Static IP List","description_kind":"plain"},"max_items":1}},"description":"Specification for IPs to be used with host switch virtual tunnel endpoints","description_kind":"plain"},"min_items":1,"max_items":1}},"description":"Configuration for a remote tunnel endpoint","description_kind":"plain"},"max_items":1},"standard_host_switch":{"nesting_mode":"list","block":{"attributes":{"host_switch_id":{"type":"string","description":"The host switch id. This ID will be used to reference a host switch","description_kind":"plain","optional":true,"computed":true},"host_switch_mode":{"type":"string","description":"Operational mode of a HostSwitch","description_kind":"plain","optional":true},"host_switch_profile":{"type":["list","string"],"description":"Identifiers of host switch profiles to be associated with this host switch","description_kind":"plain","optional":true},"host_switch_type":{"type":"string","description":"Type of HostSwitch","description_kind":"plain","optional":true},"is_migrate_pnics":{"type":"bool","description":"Migrate any pnics which are in use","description_kind":"plain","optional":true},"portgroup_transport_zone":{"type":"string","description":"Transport Zone ID representing the DVS used in NSX on DVPG","description_kind":"plain","optional":true}},"block_types":{"cpu_config":{"nesting_mode":"list","block":{"attributes":{"num_lcores":{"type":"number","description":"Number of Logical cpu cores (Lcores) to be placed on a specified NUMA node","description_kind":"plain","required":true},"numa_node_index":{"type":"number","description":"Unique index of the Non Uniform Memory Access (NUMA) node","description_kind":"plain","required":true}},"description":"Enhanced Networking Stack enabled HostSwitch CPU configuration","description_kind":"plain"}},"ip_assignment":{"nesting_mode":"list","block":{"attributes":{"assigned_by_dhcp":{"type":"bool","description":"Enables DHCP assignment","description_kind":"plain","optional":true},"static_ip_pool":{"type":"string","description":"IP assignment specification for Static IP Pool","description_kind":"plain","optional":true}},"block_types":{"static_ip":{"nesting_mode":"list","block":{"attributes":{"default_gateway":{"type":"string","description":"Gateway IP","description_kind":"plain","required":true},"ip_addresses":{"type":["list","string"],"description":"List of IPs for transport node host switch virtual tunnel endpoints","description_kind":"plain","required":true},"subnet_mask":{"type":"string","description":"Subnet mask","description_kind":"plain","required":true}},"description":"IP assignment specification for Static IP List.","description_kind":"plain"},"max_items":1},"static_ip_mac":{"nesting_mode":"list","block":{"attributes":{"default_gateway":{"type":"string","description":"Gateway IP","description_kind":"plain","required":true},"subnet_mask":{"type":"string","description":"Subnet mask","description_kind":"plain","required":true}},"block_types":{"ip_mac_pair":{"nesting_mode":"list","block":{"attributes":{"ip":{"type":"string","description":"IP address","description_kind":"plain","required":true},"mac":{"type":"string","description":"MAC address","description_kind":"plain","optional":true}},"description":"List of IPs and MACs for transport node host switch virtual tunnel endpoints","description_kind":"plain"},"min_items":1}},"description":"IP and MAC assignment specification for Static IP List","description_kind":"plain"},"max_items":1}},"description":"Specification for IPs to be used with host switch virtual tunnel endpoints","description_kind":"plain"},"min_items":1,"max_items":1},"pnic":{"nesting_mode":"list","block":{"attributes":{"device_name":{"type":"string","description":"Device name or key","description_kind":"plain","required":true},"uplink_name":{"type":"string","description":"Uplink name for this Pnic","description_kind":"plain","required":true}},"description":"Physical NICs connected to the host switch","description_kind":"plain"}},"transport_node_profile_sub_config":{"nesting_mode":"list","block":{"attributes":{"name":{"type":"string","description":"Name of the transport node profile config option","description_kind":"plain","required":true}},"block_types":{"host_switch_config_option":{"nesting_mode":"list","block":{"attributes":{"host_switch_id":{"type":"string","description":"The host switch id. This ID will be used to reference a host switch","description_kind":"plain","optional":true},"host_switch_profile":{"type":["list","string"],"description":"Identifiers of host switch profiles to be associated with this host switch","description_kind":"plain","optional":true}},"block_types":{"ip_assignment":{"nesting_mode":"list","block":{"attributes":{"assigned_by_dhcp":{"type":"bool","description":"Enables DHCP assignment","description_kind":"plain","optional":true},"static_ip_pool":{"type":"string","description":"IP assignment specification for Static IP Pool","description_kind":"plain","optional":true}},"block_types":{"static_ip":{"nesting_mode":"list","block":{"attributes":{"default_gateway":{"type":"string","description":"Gateway IP","description_kind":"plain","required":true},"ip_addresses":{"type":["list","string"],"description":"List of IPs for transport node host switch virtual tunnel endpoints","description_kind":"plain","required":true},"subnet_mask":{"type":"string","description":"Subnet mask","description_kind":"plain","required":true}},"description":"IP assignment specification for Static IP List.","description_kind":"plain"},"max_items":1},"static_ip_mac":{"nesting_mode":"list","block":{"attributes":{"default_gateway":{"type":"string","description":"Gateway IP","description_kind":"plain","required":true},"subnet_mask":{"type":"string","description":"Subnet mask","description_kind":"plain","required":true}},"block_types":{"ip_mac_pair":{"nesting_mode":"list","block":{"attributes":{"ip":{"type":"string","description":"IP address","description_kind":"plain","required":true},"mac":{"type":"string","description":"MAC address","description_kind":"plain","optional":true}},"description":"List of IPs and MACs for transport node host switch virtual tunnel endpoints","description_kind":"plain"},"min_items":1}},"description":"IP and MAC assignment specification for Static IP List","description_kind":"plain"},"max_items":1}},"description":"Specification for IPs to be used with host switch virtual tunnel endpoints","description_kind":"plain"},"min_items":1,"max_items":1},"uplink":{"nesting_mode":"list","block":{"attributes":{"uplink_name":{"type":"string","description":"Uplink name from UplinkHostSwitch profile","description_kind":"plain","required":true},"vds_lag_name":{"type":"string","description":"Link Aggregation Group (LAG) name of Virtual Distributed Switch","description_kind":"plain","optional":true},"vds_uplink_name":{"type":"string","description":"Uplink name of VMware vSphere Distributed Switch (VDS)","description_kind":"plain","optional":true}},"description":"Uplink/LAG of VMware vSphere Distributed Switch connected to the HostSwitch","description_kind":"plain"}}},"description":"Subset of the host switch configuration","description_kind":"plain"},"min_items":1,"max_items":1}},"description":"Transport Node Profile sub-configuration Options","description_kind":"plain"},"max_items":16},"transport_zone_endpoint":{"nesting_mode":"list","block":{"attributes":{"transport_zone":{"type":"string","description":"Unique ID identifying the transport zone for this endpoint","description_kind":"plain","required":true},"transport_zone_profile":{"type":["list","string"],"description":"Identifiers of the transport zone profiles associated with this transport zone endpoint on this transport node","description_kind":"plain","optional":true,"computed":true}},"description":"Transport zone endpoints","description_kind":"plain"}},"uplink":{"nesting_mode":"list","block":{"attributes":{"uplink_name":{"type":"string","description":"Uplink name from UplinkHostSwitch profile","description_kind":"plain","required":true},"vds_lag_name":{"type":"string","description":"Link Aggregation Group (LAG) name of Virtual Distributed Switch","description_kind":"plain","optional":true},"vds_uplink_name":{"type":"string","description":"Uplink name of VMware vSphere Distributed Switch (VDS)","description_kind":"plain","optional":true}},"description":"Uplink/LAG of VMware vSphere Distributed Switch connected to the HostSwitch","description_kind":"plain"}},"vmk_install_migration":{"nesting_mode":"list","block":{"attributes":{"destination_network":{"type":"string","description":"The network id to which the ESX vmk interface will be migrated","description_kind":"plain","required":true},"device_name":{"type":"string","description":"ESX vmk interface name","description_kind":"plain","required":true}},"description":"The vmknic and logical switch mappings","description_kind":"plain"}}},"description":"Standard host switch specification","description_kind":"plain"},"max_items":1},"tag":{"nesting_mode":"set","block":{"attributes":{"scope":{"type":"string","description_kind":"plain","optional":true},"tag":{"type":"string","description_kind":"plain","optional":true}},"description":"Set of opaque identifiers meaningful to the user","description_kind":"plain"}}},"description_kind":"plain"}},"nsxt_uplink_host_switch_profile":{"version":0,"block":{"attributes":{"description":{"type":"string","description":"Description for this resource","description_kind":"plain","optional":true},"display_name":{"type":"string","description":"Display name for this resource","description_kind":"plain","required":true},"id":{"type":"string","description_kind":"plain","optional":true,"computed":true},"mtu":{"type":"number","description":"Maximum Transmission Unit used for uplinks","description_kind":"plain","optional":true},"nsx_id":{"type":"string","description":"NSX ID for this resource","description_kind":"plain","optional":true,"computed":true},"overlay_encap":{"type":"string","description":"The protocol used to encapsulate overlay traffic","description_kind":"plain","optional":true},"path":{"type":"string","description":"Policy path for this resource","description_kind":"plain","computed":true},"realized_id":{"type":"string","description":"Computed ID of the realized object","description_kind":"plain","computed":true},"revision":{"type":"number","description":"The _revision property describes the current revision of the resource. To prevent clients from overwriting each other's changes, PUT operations must include the current _revision of the resource, which clients should obtain by issuing a GET operation. If the _revision provided in a PUT request is missing or stale, the operation will be rejected","description_kind":"plain","computed":true},"transport_vlan":{"type":"number","description":"VLAN used for tagging Overlay traffic of associated HostSwitch","description_kind":"plain","optional":true}},"block_types":{"lag":{"nesting_mode":"list","block":{"attributes":{"id":{"type":"string","description":"unique id","description_kind":"plain","computed":true},"load_balance_algorithm":{"type":"string","description":"LACP load balance Algorithm","description_kind":"plain","required":true},"mode":{"type":"string","description":"LACP group mode","description_kind":"plain","required":true},"name":{"type":"string","description":"Lag name","description_kind":"plain","required":true},"number_of_uplinks":{"type":"number","description":"Number of uplinks","description_kind":"plain","required":true},"timeout_type":{"type":"string","description":"LACP timeout type","description_kind":"plain","optional":true},"uplink":{"type":["list",["object",{"uplink_name":"string","uplink_type":"string"}]],"description":"uplink names","description_kind":"plain","computed":true}},"description":"List of LACP group","description_kind":"plain"},"max_items":64},"named_teaming":{"nesting_mode":"list","block":{"attributes":{"name":{"type":"string","description":"The name of the uplink teaming policy","description_kind":"plain","required":true},"policy":{"type":"string","description":"Teaming policy","description_kind":"plain","required":true}},"block_types":{"active":{"nesting_mode":"list","block":{"attributes":{"uplink_name":{"type":"string","description":"Name of this uplink","description_kind":"plain","required":true},"uplink_type":{"type":"string","description":"Type of the uplink","description_kind":"plain","required":true}},"description":"List of Uplinks used in active list","description_kind":"plain"},"min_items":1},"standby":{"nesting_mode":"list","block":{"attributes":{"uplink_name":{"type":"string","description":"Name of this uplink","description_kind":"plain","required":true},"uplink_type":{"type":"string","description":"Type of the uplink","description_kind":"plain","required":true}},"description":"List of Uplinks used in standby list","description_kind":"plain"}}},"description":"List of named uplink teaming policies that can be used by logical switches","description_kind":"plain"},"max_items":32},"tag":{"nesting_mode":"set","block":{"attributes":{"scope":{"type":"string","description_kind":"plain","optional":true},"tag":{"type":"string","description_kind":"plain","optional":true}},"description":"Set of opaque identifiers meaningful to the user","description_kind":"plain"}},"teaming":{"nesting_mode":"list","block":{"attributes":{"policy":{"type":"string","description":"Teaming policy","description_kind":"plain","required":true}},"block_types":{"active":{"nesting_mode":"list","block":{"attributes":{"uplink_name":{"type":"string","description":"Name of this uplink","description_kind":"plain","required":true},"uplink_type":{"type":"string","description":"Type of the uplink","description_kind":"plain","required":true}},"description":"List of Uplinks used in active list","description_kind":"plain"},"min_items":1},"standby":{"nesting_mode":"list","block":{"attributes":{"uplink_name":{"type":"string","description":"Name of this uplink","description_kind":"plain","required":true},"uplink_type":{"type":"string","description":"Type of the uplink","description_kind":"plain","required":true}},"description":"List of Uplinks used in standby list","description_kind":"plain"}}},"description":"Default TeamingPolicy associated with this UplinkProfile","description_kind":"plain"},"min_items":1,"max_items":1}},"description_kind":"plain"}},"nsxt_vlan_logical_switch":{"version":0,"block":{"attributes":{"admin_state":{"type":"string","description":"Represents Desired state of the object","description_kind":"plain","optional":true},"description":{"type":"string","description":"Description of this resource","description_kind":"plain","optional":true},"display_name":{"type":"string","description":"The display name of this resource. Defaults to ID if not set","description_kind":"plain","optional":true,"computed":true},"id":{"type":"string","description_kind":"plain","optional":true,"computed":true},"ip_pool_id":{"type":"string","description":"IP pool id that associated with a LogicalSwitch","description_kind":"plain","optional":true},"mac_pool_id":{"type":"string","description":"Mac pool id that associated with a LogicalSwitch","description_kind":"plain","optional":true},"revision":{"type":"number","description":"The _revision property describes the current revision of the resource. To prevent clients from overwriting each other's changes, PUT operations must include the current _revision of the resource, which clients should obtain by issuing a GET operation. If the _revision provided in a PUT request is missing or stale, the operation will be rejected","description_kind":"plain","computed":true},"transport_zone_id":{"type":"string","description":"Id of the TransportZone to which this LogicalSwitch is associated","description_kind":"plain","required":true},"vlan":{"type":"number","description":"VLAN Id","description_kind":"plain","required":true}},"block_types":{"address_binding":{"nesting_mode":"set","block":{"attributes":{"ip_address":{"type":"string","description":"A single IP address or a subnet cidr","description_kind":"plain","optional":true},"mac_address":{"type":"string","description":"A single MAC address","description_kind":"plain","optional":true},"vlan":{"type":"number","description":"A single vlan tag value","description_kind":"plain","optional":true}},"description":"Address bindings for the Logical switch","description_kind":"plain"}},"switching_profile_id":{"nesting_mode":"set","block":{"attributes":{"key":{"type":"string","description":"The resource type of this profile","description_kind":"plain","required":true},"value":{"type":"string","description":"The ID of this profile","description_kind":"plain","required":true}},"description":"List of IDs of switching profiles (of various types) to be associated with this object. Default switching profiles will be used if not specified","description_kind":"plain"}},"tag":{"nesting_mode":"set","block":{"attributes":{"scope":{"type":"string","description_kind":"plain","optional":true},"tag":{"type":"string","description_kind":"plain","optional":true}},"description":"Set of opaque identifiers meaningful to the user","description_kind":"plain"}}},"description_kind":"plain","deprecated":true}},"nsxt_vm_tags":{"version":0,"block":{"attributes":{"id":{"type":"string","description_kind":"plain","optional":true,"computed":true},"instance_id":{"type":"string","description":"Instance id","description_kind":"plain","required":true}},"block_types":{"logical_port_tag":{"nesting_mode":"set","block":{"attributes":{"scope":{"type":"string","description_kind":"plain","optional":true},"tag":{"type":"string","description_kind":"plain","optional":true}},"description":"Set of opaque identifiers meaningful to the user","description_kind":"plain"}},"tag":{"nesting_mode":"set","block":{"attributes":{"scope":{"type":"string","description_kind":"plain","optional":true},"tag":{"type":"string","description_kind":"plain","optional":true}},"description":"Set of opaque identifiers meaningful to the user","description_kind":"plain"}}},"description_kind":"plain","deprecated":true}}},"data_source_schemas":{"nsxt_certificate":{"version":0,"block":{"attributes":{"description":{"type":"string","description":"Description of this resource","description_kind":"plain","optional":true,"computed":true},"display_name":{"type":"string","description":"The display name of this resource","description_kind":"plain","optional":true,"computed":true},"id":{"type":"string","description":"Unique ID of this resource","description_kind":"plain","optional":true,"computed":true}},"description_kind":"plain","deprecated":true}},"nsxt_compute_collection":{"version":0,"block":{"attributes":{"cm_local_id":{"type":"string","description":"Local Id of the compute collection in the Compute Manager","description_kind":"plain","optional":true},"display_name":{"type":"string","description":"Display name for this resource","description_kind":"plain","required":true},"id":{"type":"string","description":"Unique ID of this resource","description_kind":"plain","optional":true,"computed":true},"origin_id":{"type":"string","description":"Id of the compute manager from where this Compute Collection was discovered","description_kind":"plain","optional":true},"origin_type":{"type":"string","description":"ComputeCollection type like VC_Cluster. Here the Compute Manager type prefix would help in differentiating similar named Compute Collection types from different Compute Managers","description_kind":"plain","optional":true}},"description_kind":"plain"}},"nsxt_compute_manager":{"version":0,"block":{"attributes":{"description":{"type":"string","description":"Description for this resource","description_kind":"plain","optional":true},"display_name":{"type":"string","description":"Display name for this resource","description_kind":"plain","required":true},"id":{"type":"string","description":"Unique ID of this resource","description_kind":"plain","optional":true,"computed":true},"server":{"type":"string","description":"IP address or hostname of compute manager","description_kind":"plain","computed":true}},"description_kind":"plain"}},"nsxt_edge_cluster":{"version":0,"block":{"attributes":{"deployment_type":{"type":"string","description":"The deployment type of edge cluster members (UNKNOWN/VIRTUAL_MACHINE|PHYSICAL_MACHINE)","description_kind":"plain","optional":true,"computed":true},"description":{"type":"string","description":"Description of this resource","description_kind":"plain","optional":true,"computed":true},"display_name":{"type":"string","description":"The display name of this resource","description_kind":"plain","optional":true,"computed":true},"id":{"type":"string","description":"Unique ID of this resource","description_kind":"plain","optional":true,"computed":true},"member_node_type":{"type":"string","description":"Type of transport nodes","description_kind":"plain","optional":true,"computed":true}},"description_kind":"plain","deprecated":true}},"nsxt_failure_domain":{"version":0,"block":{"attributes":{"description":{"type":"string","description":"Description for this resource","description_kind":"plain","optional":true,"computed":true},"display_name":{"type":"string","description":"Display name of this resource","description_kind":"plain","optional":true,"computed":true},"id":{"type":"string","description":"Unique ID of this resource","description_kind":"plain","optional":true,"computed":true}},"description_kind":"plain"}},"nsxt_firewall_section":{"version":0,"block":{"attributes":{"description":{"type":"string","description":"Description of this resource","description_kind":"plain","optional":true,"computed":true},"display_name":{"type":"string","description":"The display name of this resource","description_kind":"plain","optional":true,"computed":true},"id":{"type":"string","description":"Unique ID of this resource","description_kind":"plain","optional":true,"computed":true}},"description_kind":"plain","deprecated":true}},"nsxt_ip_pool":{"version":0,"block":{"attributes":{"description":{"type":"string","description":"Description of this resource","description_kind":"plain","optional":true,"computed":true},"display_name":{"type":"string","description":"The display name of this resource","description_kind":"plain","optional":true,"computed":true},"id":{"type":"string","description":"Unique ID of this resource","description_kind":"plain","optional":true,"computed":true}},"description_kind":"plain","deprecated":true}},"nsxt_logical_tier0_router":{"version":0,"block":{"attributes":{"description":{"type":"string","description":"Description of this resource","description_kind":"plain","optional":true,"computed":true},"display_name":{"type":"string","description":"The display name of this resource","description_kind":"plain","optional":true,"computed":true},"edge_cluster_id":{"type":"string","description":"The ID of the edge cluster connected to this router","description_kind":"plain","optional":true,"computed":true},"high_availability_mode":{"type":"string","description":"The High availability mode of this router","description_kind":"plain","optional":true,"computed":true},"id":{"type":"string","description":"Unique ID of this resource","description_kind":"plain","optional":true,"computed":true}},"description_kind":"plain","deprecated":true}},"nsxt_logical_tier1_router":{"version":0,"block":{"attributes":{"description":{"type":"string","description":"Description of this resource","description_kind":"plain","optional":true,"computed":true},"display_name":{"type":"string","description":"The display name of this resource","description_kind":"plain","optional":true,"computed":true},"edge_cluster_id":{"type":"string","description":"The ID of the edge cluster connected to this router","description_kind":"plain","optional":true,"computed":true},"id":{"type":"string","description":"Unique ID of this resource","description_kind":"plain","optional":true,"computed":true}},"description_kind":"plain","deprecated":true}},"nsxt_mac_pool":{"version":0,"block":{"attributes":{"description":{"type":"string","description":"Description of this resource","description_kind":"plain","optional":true,"computed":true},"display_name":{"type":"string","description":"The display name of this resource","description_kind":"plain","optional":true,"computed":true},"id":{"type":"string","description":"Unique ID of this resource","description_kind":"plain","optional":true,"computed":true}},"description_kind":"plain","deprecated":true}},"nsxt_management_cluster":{"version":0,"block":{"attributes":{"id":{"type":"string","description":"Unique identifier of this cluster.","description_kind":"plain","computed":true},"node_sha256_thumbprint":{"type":"string","description":"SHA256 of certificate thumbprint of this manager node.","description_kind":"plain","computed":true}},"description_kind":"plain","deprecated":true}},"nsxt_ns_group":{"version":0,"block":{"attributes":{"description":{"type":"string","description":"Description of this resource","description_kind":"plain","optional":true,"computed":true},"display_name":{"type":"string","description":"The display name of this resource","description_kind":"plain","optional":true,"computed":true},"id":{"type":"string","description":"Unique ID of this resource","description_kind":"plain","optional":true,"computed":true}},"description_kind":"plain","deprecated":true}},"nsxt_ns_groups":{"version":0,"block":{"attributes":{"id":{"type":"string","description_kind":"plain","optional":true,"computed":true},"items":{"type":["map","string"],"description":"Mapping of group UUID by display name","description_kind":"plain","computed":true}},"description_kind":"plain","deprecated":true}},"nsxt_ns_service":{"version":0,"block":{"attributes":{"description":{"type":"string","description":"Description of this resource","description_kind":"plain","optional":true,"computed":true},"display_name":{"type":"string","description":"The display name of this resource","description_kind":"plain","optional":true,"computed":true},"id":{"type":"string","description":"Unique ID of this resource","description_kind":"plain","optional":true,"computed":true}},"description_kind":"plain","deprecated":true}},"nsxt_ns_services":{"version":0,"block":{"attributes":{"id":{"type":"string","description_kind":"plain","optional":true,"computed":true},"items":{"type":["map","string"],"description":"Mapping of service UUID by display name","description_kind":"plain","computed":true}},"description_kind":"plain","deprecated":true}},"nsxt_policy_bfd_profile":{"version":0,"block":{"attributes":{"description":{"type":"string","description":"Description for this resource","description_kind":"plain","optional":true,"computed":true},"display_name":{"type":"string","description":"Display name of this resource","description_kind":"plain","optional":true,"computed":true},"id":{"type":"string","description":"Unique ID of this resource","description_kind":"plain","optional":true,"computed":true},"path":{"type":"string","description":"Policy path for this resource","description_kind":"plain","computed":true}},"description_kind":"plain"}},"nsxt_policy_bridge_profile":{"version":0,"block":{"attributes":{"description":{"type":"string","description":"Description for this resource","description_kind":"plain","optional":true,"computed":true},"display_name":{"type":"string","description":"Display name of this resource","description_kind":"plain","optional":true,"computed":true},"id":{"type":"string","description":"Unique ID of this resource","description_kind":"plain","optional":true,"computed":true},"path":{"type":"string","description":"Policy path for this resource","description_kind":"plain","computed":true}},"description_kind":"plain"}},"nsxt_policy_certificate":{"version":0,"block":{"attributes":{"description":{"type":"string","description":"Description for this resource","description_kind":"plain","optional":true,"computed":true},"display_name":{"type":"string","description":"Display name of this resource","description_kind":"plain","optional":true,"computed":true},"id":{"type":"string","description":"Unique ID of this resource","description_kind":"plain","optional":true,"computed":true},"path":{"type":"string","description":"Policy path for this resource","description_kind":"plain","computed":true}},"description_kind":"plain"}},"nsxt_policy_context_profile":{"version":0,"block":{"attributes":{"description":{"type":"string","description":"Description for this resource","description_kind":"plain","optional":true,"computed":true},"display_name":{"type":"string","description":"Display name of this resource","description_kind":"plain","optional":true,"computed":true},"id":{"type":"string","description":"Unique ID of this resource","description_kind":"plain","optional":true,"computed":true},"path":{"type":"string","description":"Policy path for this resource","description_kind":"plain","computed":true}},"block_types":{"context":{"nesting_mode":"list","block":{"attributes":{"project_id":{"type":"string","description":"Id of the project which the resource belongs to.","description_kind":"plain","required":true}},"description":"Resource context","description_kind":"plain"},"max_items":1}},"description_kind":"plain"}},"nsxt_policy_dhcp_server":{"version":0,"block":{"attributes":{"description":{"type":"string","description":"Description for this resource","description_kind":"plain","optional":true,"computed":true},"display_name":{"type":"string","description":"Display name of this resource","description_kind":"plain","optional":true,"computed":true},"id":{"type":"string","description":"Unique ID of this resource","description_kind":"plain","optional":true,"computed":true},"path":{"type":"string","description":"Policy path for this resource","description_kind":"plain","computed":true}},"block_types":{"context":{"nesting_mode":"list","block":{"attributes":{"project_id":{"type":"string","description":"Id of the project which the resource belongs to.","description_kind":"plain","required":true}},"description":"Resource context","description_kind":"plain"},"max_items":1}},"description_kind":"plain"}},"nsxt_policy_edge_cluster":{"version":0,"block":{"attributes":{"description":{"type":"string","description":"Description for this resource","description_kind":"plain","optional":true,"computed":true},"display_name":{"type":"string","description":"Display name of this resource","description_kind":"plain","optional":true,"computed":true},"id":{"type":"string","description":"Unique ID of this resource","description_kind":"plain","optional":true,"computed":true},"path":{"type":"string","description":"Policy path for this resource","description_kind":"plain","computed":true},"site_path":{"type":"string","description":"Path of the site this Edge cluster belongs to","description_kind":"plain","optional":true}},"description_kind":"plain"}},"nsxt_policy_edge_node":{"version":0,"block":{"attributes":{"description":{"type":"string","description":"Description for this resource","description_kind":"plain","optional":true,"computed":true},"display_name":{"type":"string","description":"Display name of this resource","description_kind":"plain","optional":true,"computed":true},"edge_cluster_path":{"type":"string","description":"Edge cluster Path","description_kind":"plain","required":true},"id":{"type":"string","description":"Unique ID of this resource","description_kind":"plain","optional":true,"computed":true},"member_index":{"type":"number","description":"Index of this node within edge cluster","description_kind":"plain","optional":true},"path":{"type":"string","description":"Policy path for this resource","description_kind":"plain","computed":true}},"description_kind":"plain"}},"nsxt_policy_gateway_locale_service":{"version":0,"block":{"attributes":{"bgp_path":{"type":"string","description":"Path for BGP config","description_kind":"plain","optional":true,"computed":true},"description":{"type":"string","description":"Description for this resource","description_kind":"plain","optional":true,"computed":true},"display_name":{"type":"string","description":"Display name of this resource","description_kind":"plain","optional":true,"computed":true},"edge_cluster_path":{"type":"string","description":"The path of the edge cluster connected to this Tier0 gateway","description_kind":"plain","optional":true,"computed":true},"gateway_path":{"type":"string","description":"Gateway path","description_kind":"plain","required":true},"id":{"type":"string","description":"Unique ID of this resource","description_kind":"plain","optional":true,"computed":true},"path":{"type":"string","description":"Policy path for this resource","description_kind":"plain","computed":true}},"block_types":{"context":{"nesting_mode":"list","block":{"attributes":{"project_id":{"type":"string","description":"Id of the project which the resource belongs to.","description_kind":"plain","required":true}},"description":"Resource context","description_kind":"plain"},"max_items":1}},"description_kind":"plain"}},"nsxt_policy_gateway_policy":{"version":0,"block":{"attributes":{"category":{"type":"string","description":"Category","description_kind":"plain","optional":true,"computed":true},"description":{"type":"string","description":"Description for this resource","description_kind":"plain","optional":true,"computed":true},"display_name":{"type":"string","description":"Display name of this resource","description_kind":"plain","optional":true,"computed":true},"domain":{"type":"string","description":"The domain name. If not specified 'default' is used","description_kind":"plain","optional":true},"id":{"type":"string","description":"Unique ID of this resource","description_kind":"plain","optional":true,"computed":true},"path":{"type":"string","description":"Policy path for this resource","description_kind":"plain","computed":true}},"block_types":{"context":{"nesting_mode":"list","block":{"attributes":{"project_id":{"type":"string","description":"Id of the project which the resource belongs to.","description_kind":"plain","required":true}},"description":"Resource context","description_kind":"plain"},"max_items":1}},"description_kind":"plain"}},"nsxt_policy_gateway_prefix_list":{"version":0,"block":{"attributes":{"description":{"type":"string","description":"Description for this resource","description_kind":"plain","optional":true},"display_name":{"type":"string","description":"Display name for this resource","description_kind":"plain","required":true},"gateway_path":{"type":"string","description":"Gateway path","description_kind":"plain","optional":true},"id":{"type":"string","description":"Unique ID of this resource","description_kind":"plain","optional":true,"computed":true},"path":{"type":"string","description":"Policy path for this resource","description_kind":"plain","computed":true}},"description_kind":"plain"}},"nsxt_policy_gateway_qos_profile":{"version":0,"block":{"attributes":{"description":{"type":"string","description":"Description for this resource","description_kind":"plain","optional":true,"computed":true},"display_name":{"type":"string","description":"Display name of this resource","description_kind":"plain","optional":true,"computed":true},"id":{"type":"string","description":"Unique ID of this resource","description_kind":"plain","optional":true,"computed":true},"path":{"type":"string","description":"Policy path for this resource","description_kind":"plain","computed":true}},"block_types":{"context":{"nesting_mode":"list","block":{"attributes":{"project_id":{"type":"string","description":"Id of the project which the resource belongs to.","description_kind":"plain","required":true}},"description":"Resource context","description_kind":"plain"},"max_items":1}},"description_kind":"plain"}},"nsxt_policy_gateway_route_map":{"version":0,"block":{"attributes":{"description":{"type":"string","description":"Description for this resource","description_kind":"plain","optional":true},"display_name":{"type":"string","description":"Display name for this resource","description_kind":"plain","required":true},"gateway_path":{"type":"string","description":"Gateway path","description_kind":"plain","optional":true},"id":{"type":"string","description":"Unique ID of this resource","description_kind":"plain","optional":true,"computed":true},"path":{"type":"string","description":"Policy path for this resource","description_kind":"plain","computed":true}},"description_kind":"plain"}},"nsxt_policy_group":{"version":0,"block":{"attributes":{"description":{"type":"string","description":"Description for this resource","description_kind":"plain","optional":true,"computed":true},"display_name":{"type":"string","description":"Display name of this resource","description_kind":"plain","optional":true,"computed":true},"domain":{"type":"string","description":"The domain name to use for resources. If not specified 'default' is used","description_kind":"plain","optional":true},"id":{"type":"string","description":"Unique ID of this resource","description_kind":"plain","optional":true,"computed":true},"path":{"type":"string","description":"Policy path for this resource","description_kind":"plain","computed":true}},"block_types":{"context":{"nesting_mode":"list","block":{"attributes":{"project_id":{"type":"string","description":"Id of the project which the resource belongs to.","description_kind":"plain","required":true}},"description":"Resource context","description_kind":"plain"},"max_items":1}},"description_kind":"plain"}},"nsxt_policy_intrusion_service_profile":{"version":0,"block":{"attributes":{"description":{"type":"string","description":"Description for this resource","description_kind":"plain","optional":true,"computed":true},"display_name":{"type":"string","description":"Display name of this resource","description_kind":"plain","optional":true,"computed":true},"id":{"type":"string","description":"Unique ID of this resource","description_kind":"plain","optional":true,"computed":true},"path":{"type":"string","description":"Policy path for this resource","description_kind":"plain","computed":true}},"description_kind":"plain"}},"nsxt_policy_ip_block":{"version":0,"block":{"attributes":{"description":{"type":"string","description":"Description for this resource","description_kind":"plain","optional":true,"computed":true},"display_name":{"type":"string","description":"Display name of this resource","description_kind":"plain","optional":true,"computed":true},"id":{"type":"string","description":"Unique ID of this resource","description_kind":"plain","optional":true,"computed":true},"path":{"type":"string","description":"Policy path for this resource","description_kind":"plain","computed":true}},"block_types":{"context":{"nesting_mode":"list","block":{"attributes":{"project_id":{"type":"string","description":"Id of the project which the resource belongs to.","description_kind":"plain","required":true}},"description":"Resource context","description_kind":"plain"},"max_items":1}},"description_kind":"plain"}},"nsxt_policy_ip_discovery_profile":{"version":0,"block":{"attributes":{"description":{"type":"string","description":"Description for this resource","description_kind":"plain","optional":true,"computed":true},"display_name":{"type":"string","description":"Display name of this resource","description_kind":"plain","optional":true,"computed":true},"id":{"type":"string","description":"Unique ID of this resource","description_kind":"plain","optional":true,"computed":true},"path":{"type":"string","description":"Policy path for this resource","description_kind":"plain","computed":true}},"block_types":{"context":{"nesting_mode":"list","block":{"attributes":{"project_id":{"type":"string","description":"Id of the project which the resource belongs to.","description_kind":"plain","required":true}},"description":"Resource context","description_kind":"plain"},"max_items":1}},"description_kind":"plain"}},"nsxt_policy_ip_pool":{"version":0,"block":{"attributes":{"description":{"type":"string","description":"Description for this resource","description_kind":"plain","optional":true,"computed":true},"display_name":{"type":"string","description":"Display name of this resource","description_kind":"plain","optional":true,"computed":true},"id":{"type":"string","description":"Unique ID of this resource","description_kind":"plain","optional":true,"computed":true},"path":{"type":"string","description":"Policy path for this resource","description_kind":"plain","computed":true}},"block_types":{"context":{"nesting_mode":"list","block":{"attributes":{"project_id":{"type":"string","description":"Id of the project which the resource belongs to.","description_kind":"plain","required":true}},"description":"Resource context","description_kind":"plain"},"max_items":1}},"description_kind":"plain"}},"nsxt_policy_ipsec_vpn_local_endpoint":{"version":0,"block":{"attributes":{"description":{"type":"string","description":"Description for this resource","description_kind":"plain","optional":true,"computed":true},"display_name":{"type":"string","description":"Display name of this resource","description_kind":"plain","optional":true,"computed":true},"id":{"type":"string","description":"Unique ID of this resource","description_kind":"plain","optional":true,"computed":true},"local_address":{"type":"string","description":"Local IPv4 IP address","description_kind":"plain","computed":true},"path":{"type":"string","description":"Policy path for this resource","description_kind":"plain","computed":true},"service_path":{"type":"string","description":"Policy path for IPSec VPN service","description_kind":"plain","optional":true}},"description_kind":"plain"}},"nsxt_policy_ipsec_vpn_service":{"version":0,"block":{"attributes":{"description":{"type":"string","description":"Description for this resource","description_kind":"plain","optional":true},"display_name":{"type":"string","description":"Display name for this resource","description_kind":"plain","required":true},"gateway_path":{"type":"string","description":"Gateway path","description_kind":"plain","optional":true},"id":{"type":"string","description":"Unique ID of this resource","description_kind":"plain","optional":true,"computed":true},"path":{"type":"string","description":"Policy path for this resource","description_kind":"plain","computed":true}},"description_kind":"plain"}},"nsxt_policy_ipv6_dad_profile":{"version":0,"block":{"attributes":{"description":{"type":"string","description":"Description for this resource","description_kind":"plain","optional":true,"computed":true},"display_name":{"type":"string","description":"Display name of this resource","description_kind":"plain","optional":true,"computed":true},"id":{"type":"string","description":"Unique ID of this resource","description_kind":"plain","optional":true,"computed":true},"path":{"type":"string","description":"Policy path for this resource","description_kind":"plain","computed":true}},"block_types":{"context":{"nesting_mode":"list","block":{"attributes":{"project_id":{"type":"string","description":"Id of the project which the resource belongs to.","description_kind":"plain","required":true}},"description":"Resource context","description_kind":"plain"},"max_items":1}},"description_kind":"plain"}},"nsxt_policy_ipv6_ndra_profile":{"version":0,"block":{"attributes":{"description":{"type":"string","description":"Description for this resource","description_kind":"plain","optional":true,"computed":true},"display_name":{"type":"string","description":"Display name of this resource","description_kind":"plain","optional":true,"computed":true},"id":{"type":"string","description":"Unique ID of this resource","description_kind":"plain","optional":true,"computed":true},"path":{"type":"string","description":"Policy path for this resource","description_kind":"plain","computed":true}},"block_types":{"context":{"nesting_mode":"list","block":{"attributes":{"project_id":{"type":"string","description":"Id of the project which the resource belongs to.","description_kind":"plain","required":true}},"description":"Resource context","description_kind":"plain"},"max_items":1}},"description_kind":"plain"}},"nsxt_policy_l2_vpn_service":{"version":0,"block":{"attributes":{"description":{"type":"string","description":"Description for this resource","description_kind":"plain","optional":true},"display_name":{"type":"string","description":"Display name for this resource","description_kind":"plain","required":true},"gateway_path":{"type":"string","description":"Gateway path","description_kind":"plain","optional":true},"id":{"type":"string","description":"Unique ID of this resource","description_kind":"plain","optional":true,"computed":true},"path":{"type":"string","description":"Policy path for this resource","description_kind":"plain","computed":true}},"description_kind":"plain"}},"nsxt_policy_lb_app_profile":{"version":0,"block":{"attributes":{"description":{"type":"string","description":"Description for this resource","description_kind":"plain","optional":true,"computed":true},"display_name":{"type":"string","description":"Display name of this resource","description_kind":"plain","optional":true,"computed":true},"id":{"type":"string","description":"Unique ID of this resource","description_kind":"plain","optional":true,"computed":true},"path":{"type":"string","description":"Policy path for this resource","description_kind":"plain","computed":true},"type":{"type":"string","description":"Application Profile Type","description_kind":"plain","optional":true}},"description_kind":"plain"}},"nsxt_policy_lb_client_ssl_profile":{"version":0,"block":{"attributes":{"description":{"type":"string","description":"Description for this resource","description_kind":"plain","optional":true,"computed":true},"display_name":{"type":"string","description":"Display name of this resource","description_kind":"plain","optional":true,"computed":true},"id":{"type":"string","description":"Unique ID of this resource","description_kind":"plain","optional":true,"computed":true},"path":{"type":"string","description":"Policy path for this resource","description_kind":"plain","computed":true}},"description_kind":"plain"}},"nsxt_policy_lb_monitor":{"version":0,"block":{"attributes":{"description":{"type":"string","description":"Description for this resource","description_kind":"plain","optional":true,"computed":true},"display_name":{"type":"string","description":"Display name of this resource","description_kind":"plain","optional":true,"computed":true},"id":{"type":"string","description":"Unique ID of this resource","description_kind":"plain","optional":true,"computed":true},"path":{"type":"string","description":"Policy path for this resource","description_kind":"plain","computed":true},"type":{"type":"string","description":"Load Balancer Monitor Type","description_kind":"plain","optional":true}},"description_kind":"plain"}},"nsxt_policy_lb_persistence_profile":{"version":0,"block":{"attributes":{"description":{"type":"string","description":"Description for this resource","description_kind":"plain","optional":true,"computed":true},"display_name":{"type":"string","description":"Display name of this resource","description_kind":"plain","optional":true,"computed":true},"id":{"type":"string","description":"Unique ID of this resource","description_kind":"plain","optional":true,"computed":true},"path":{"type":"string","description":"Policy path for this resource","description_kind":"plain","computed":true},"type":{"type":"string","description":"Load Balancer Persistence Type","description_kind":"plain","optional":true}},"description_kind":"plain"}},"nsxt_policy_lb_server_ssl_profile":{"version":0,"block":{"attributes":{"description":{"type":"string","description":"Description for this resource","description_kind":"plain","optional":true,"computed":true},"display_name":{"type":"string","description":"Display name of this resource","description_kind":"plain","optional":true,"computed":true},"id":{"type":"string","description":"Unique ID of this resource","description_kind":"plain","optional":true,"computed":true},"path":{"type":"string","description":"Policy path for this resource","description_kind":"plain","computed":true}},"description_kind":"plain"}},"nsxt_policy_lb_service":{"version":0,"block":{"attributes":{"description":{"type":"string","description":"Description for this resource","description_kind":"plain","optional":true,"computed":true},"display_name":{"type":"string","description":"Display name of this resource","description_kind":"plain","optional":true,"computed":true},"id":{"type":"string","description":"Unique ID of this resource","description_kind":"plain","optional":true,"computed":true},"path":{"type":"string","description":"Policy path for this resource","description_kind":"plain","computed":true}},"description_kind":"plain"}},"nsxt_policy_mac_discovery_profile":{"version":0,"block":{"attributes":{"description":{"type":"string","description":"Description for this resource","description_kind":"plain","optional":true,"computed":true},"display_name":{"type":"string","description":"Display name of this resource","description_kind":"plain","optional":true,"computed":true},"id":{"type":"string","description":"Unique ID of this resource","description_kind":"plain","optional":true,"computed":true},"path":{"type":"string","description":"Policy path for this resource","description_kind":"plain","computed":true}},"block_types":{"context":{"nesting_mode":"list","block":{"attributes":{"project_id":{"type":"string","description":"Id of the project which the resource belongs to.","description_kind":"plain","required":true}},"description":"Resource context","description_kind":"plain"},"max_items":1}},"description_kind":"plain"}},"nsxt_policy_project":{"version":0,"block":{"attributes":{"description":{"type":"string","description":"Description for this resource","description_kind":"plain","optional":true,"computed":true},"display_name":{"type":"string","description":"Display name of this resource","description_kind":"plain","optional":true,"computed":true},"id":{"type":"string","description":"Unique ID of this resource","description_kind":"plain","optional":true,"computed":true},"path":{"type":"string","description":"Policy path for this resource","description_kind":"plain","computed":true},"short_id":{"type":"string","description_kind":"plain","optional":true},"tier0_gateway_paths":{"type":["list","string"],"description_kind":"plain","optional":true}},"block_types":{"site_info":{"nesting_mode":"list","block":{"attributes":{"edge_cluster_paths":{"type":["list","string"],"description_kind":"plain","optional":true},"site_path":{"type":"string","description_kind":"plain","optional":true}},"description_kind":"plain"}}},"description_kind":"plain"}},"nsxt_policy_qos_profile":{"version":0,"block":{"attributes":{"description":{"type":"string","description":"Description for this resource","description_kind":"plain","optional":true,"computed":true},"display_name":{"type":"string","description":"Display name of this resource","description_kind":"plain","optional":true,"computed":true},"id":{"type":"string","description":"Unique ID of this resource","description_kind":"plain","optional":true,"computed":true},"path":{"type":"string","description":"Policy path for this resource","description_kind":"plain","computed":true}},"block_types":{"context":{"nesting_mode":"list","block":{"attributes":{"project_id":{"type":"string","description":"Id of the project which the resource belongs to.","description_kind":"plain","required":true}},"description":"Resource context","description_kind":"plain"},"max_items":1}},"description_kind":"plain"}},"nsxt_policy_realization_info":{"version":0,"block":{"attributes":{"delay":{"type":"number","description":"Initial delay to start realization checks in seconds","description_kind":"plain","optional":true},"entity_type":{"type":"string","description":"The entity type of the realized resource","description_kind":"plain","optional":true,"computed":true},"id":{"type":"string","description":"Unique ID of this resource","description_kind":"plain","optional":true,"computed":true},"path":{"type":"string","description":"The path for the policy resource","description_kind":"plain","required":true},"realized_id":{"type":"string","description":"The ID of the realized resource","description_kind":"plain","computed":true},"site_path":{"type":"string","description":"Path of the site this resource belongs to","description_kind":"plain","optional":true},"state":{"type":"string","description":"The state of the realized resource","description_kind":"plain","computed":true},"timeout":{"type":"number","description":"Realization timeout in seconds","description_kind":"plain","optional":true}},"block_types":{"context":{"nesting_mode":"list","block":{"attributes":{"project_id":{"type":"string","description":"Id of the project which the resource belongs to.","description_kind":"plain","required":true}},"description":"Resource context","description_kind":"plain"},"max_items":1}},"description_kind":"plain"}},"nsxt_policy_security_policy":{"version":0,"block":{"attributes":{"category":{"type":"string","description":"Category","description_kind":"plain","optional":true,"computed":true},"description":{"type":"string","description":"Description for this resource","description_kind":"plain","optional":true,"computed":true},"display_name":{"type":"string","description":"Display name of this resource","description_kind":"plain","optional":true,"computed":true},"domain":{"type":"string","description":"The domain name. If not specified 'default' is used","description_kind":"plain","optional":true},"id":{"type":"string","description":"Unique ID of this resource","description_kind":"plain","optional":true,"computed":true},"is_default":{"type":"bool","description":"Is this a default policy","description_kind":"plain","optional":true},"path":{"type":"string","description":"Policy path for this resource","description_kind":"plain","computed":true}},"block_types":{"context":{"nesting_mode":"list","block":{"attributes":{"project_id":{"type":"string","description":"Id of the project which the resource belongs to.","description_kind":"plain","required":true}},"description":"Resource context","description_kind":"plain"},"max_items":1}},"description_kind":"plain"}},"nsxt_policy_segment":{"version":0,"block":{"attributes":{"description":{"type":"string","description":"Description for this resource","description_kind":"plain","optional":true,"computed":true},"display_name":{"type":"string","description":"Display name of this resource","description_kind":"plain","optional":true,"computed":true},"id":{"type":"string","description":"Unique ID of this resource","description_kind":"plain","optional":true,"computed":true},"path":{"type":"string","description":"Policy path for this resource","description_kind":"plain","computed":true}},"block_types":{"context":{"nesting_mode":"list","block":{"attributes":{"project_id":{"type":"string","description":"Id of the project which the resource belongs to.","description_kind":"plain","required":true}},"description":"Resource context","description_kind":"plain"},"max_items":1}},"description_kind":"plain"}},"nsxt_policy_segment_realization":{"version":0,"block":{"attributes":{"id":{"type":"string","description":"Unique ID of this resource","description_kind":"plain","optional":true,"computed":true},"network_name":{"type":"string","description":"Network name on the hypervisors","description_kind":"plain","computed":true},"path":{"type":"string","description":"The path for the policy segment","description_kind":"plain","required":true},"state":{"type":"string","description":"The state of the realized resource on hypervisors","description_kind":"plain","computed":true}},"block_types":{"context":{"nesting_mode":"list","block":{"attributes":{"project_id":{"type":"string","description":"Id of the project which the resource belongs to.","description_kind":"plain","required":true}},"description":"Resource context","description_kind":"plain"},"max_items":1}},"description_kind":"plain"}},"nsxt_policy_segment_security_profile":{"version":0,"block":{"attributes":{"description":{"type":"string","description":"Description for this resource","description_kind":"plain","optional":true,"computed":true},"display_name":{"type":"string","description":"Display name of this resource","description_kind":"plain","optional":true,"computed":true},"id":{"type":"string","description":"Unique ID of this resource","description_kind":"plain","optional":true,"computed":true},"path":{"type":"string","description":"Policy path for this resource","description_kind":"plain","computed":true}},"block_types":{"context":{"nesting_mode":"list","block":{"attributes":{"project_id":{"type":"string","description":"Id of the project which the resource belongs to.","description_kind":"plain","required":true}},"description":"Resource context","description_kind":"plain"},"max_items":1}},"description_kind":"plain"}},"nsxt_policy_service":{"version":0,"block":{"attributes":{"description":{"type":"string","description":"Description for this resource","description_kind":"plain","optional":true,"computed":true},"display_name":{"type":"string","description":"Display name of this resource","description_kind":"plain","optional":true,"computed":true},"id":{"type":"string","description":"Unique ID of this resource","description_kind":"plain","optional":true,"computed":true},"path":{"type":"string","description":"Policy path for this resource","description_kind":"plain","computed":true}},"block_types":{"context":{"nesting_mode":"list","block":{"attributes":{"project_id":{"type":"string","description":"Id of the project which the resource belongs to.","description_kind":"plain","required":true}},"description":"Resource context","description_kind":"plain"},"max_items":1}},"description_kind":"plain"}},"nsxt_policy_site":{"version":0,"block":{"attributes":{"description":{"type":"string","description":"Description for this resource","description_kind":"plain","optional":true,"computed":true},"display_name":{"type":"string","description":"Display name of this resource","description_kind":"plain","optional":true,"computed":true},"id":{"type":"string","description":"Unique ID of this resource","description_kind":"plain","optional":true,"computed":true},"path":{"type":"string","description":"Policy path for this resource","description_kind":"plain","computed":true}},"description_kind":"plain"}},"nsxt_policy_spoofguard_profile":{"version":0,"block":{"attributes":{"description":{"type":"string","description":"Description for this resource","description_kind":"plain","optional":true,"computed":true},"display_name":{"type":"string","description":"Display name of this resource","description_kind":"plain","optional":true,"computed":true},"id":{"type":"string","description":"Unique ID of this resource","description_kind":"plain","optional":true,"computed":true},"path":{"type":"string","description":"Policy path for this resource","description_kind":"plain","computed":true}},"block_types":{"context":{"nesting_mode":"list","block":{"attributes":{"project_id":{"type":"string","description":"Id of the project which the resource belongs to.","description_kind":"plain","required":true}},"description":"Resource context","description_kind":"plain"},"max_items":1}},"description_kind":"plain"}},"nsxt_policy_tier0_gateway":{"version":0,"block":{"attributes":{"description":{"type":"string","description":"Description for this resource","description_kind":"plain","optional":true,"computed":true},"display_name":{"type":"string","description":"Display name of this resource","description_kind":"plain","optional":true,"computed":true},"edge_cluster_path":{"type":"string","description":"The path of the edge cluster connected to this Tier0 gateway","description_kind":"plain","optional":true,"computed":true},"id":{"type":"string","description":"Unique ID of this resource","description_kind":"plain","optional":true,"computed":true},"path":{"type":"string","description":"Policy path for this resource","description_kind":"plain","computed":true}},"description_kind":"plain"}},"nsxt_policy_tier1_gateway":{"version":0,"block":{"attributes":{"description":{"type":"string","description":"Description for this resource","description_kind":"plain","optional":true,"computed":true},"display_name":{"type":"string","description":"Display name of this resource","description_kind":"plain","optional":true,"computed":true},"edge_cluster_path":{"type":"string","description":"The path of the edge cluster connected to this Tier1 gateway","description_kind":"plain","optional":true,"computed":true},"id":{"type":"string","description":"Unique ID of this resource","description_kind":"plain","optional":true,"computed":true},"path":{"type":"string","description":"Policy path for this resource","description_kind":"plain","computed":true}},"block_types":{"context":{"nesting_mode":"list","block":{"attributes":{"project_id":{"type":"string","description":"Id of the project which the resource belongs to.","description_kind":"plain","required":true}},"description":"Resource context","description_kind":"plain"},"max_items":1}},"description_kind":"plain"}},"nsxt_policy_transport_zone":{"version":0,"block":{"attributes":{"description":{"type":"string","description":"Description for this resource","description_kind":"plain","optional":true,"computed":true},"display_name":{"type":"string","description":"Display name of this resource","description_kind":"plain","optional":true,"computed":true},"id":{"type":"string","description":"Unique ID of this resource","description_kind":"plain","optional":true,"computed":true},"is_default":{"type":"bool","description":"Indicates whether the transport zone is default","description_kind":"plain","optional":true,"computed":true},"path":{"type":"string","description":"Policy path for this resource","description_kind":"plain","computed":true},"site_path":{"type":"string","description":"Path of the site this Transport Zone belongs to","description_kind":"plain","optional":true},"transport_type":{"type":"string","description":"Type of Transport Zone","description_kind":"plain","optional":true,"computed":true}},"description_kind":"plain"}},"nsxt_policy_vm":{"version":0,"block":{"attributes":{"bios_id":{"type":"string","description":"BIOS UUID of the Virtual Machine","description_kind":"plain","optional":true,"computed":true},"description":{"type":"string","description":"Description for this resource","description_kind":"plain","optional":true,"computed":true},"display_name":{"type":"string","description":"Display name of this resource","description_kind":"plain","optional":true,"computed":true},"external_id":{"type":"string","description":"External ID of the Virtual Machine","description_kind":"plain","optional":true,"computed":true},"id":{"type":"string","description_kind":"plain","optional":true,"computed":true},"instance_id":{"type":"string","description":"Instance UUID of the Virtual Machine","description_kind":"plain","optional":true,"computed":true}},"block_types":{"context":{"nesting_mode":"list","block":{"attributes":{"project_id":{"type":"string","description":"Id of the project which the resource belongs to.","description_kind":"plain","required":true}},"description":"Resource context","description_kind":"plain"},"max_items":1}},"description_kind":"plain"}},"nsxt_policy_vms":{"version":0,"block":{"attributes":{"guest_os":{"type":"string","description":"Operating system","description_kind":"plain","optional":true},"id":{"type":"string","description_kind":"plain","optional":true,"computed":true},"items":{"type":["map","string"],"description":"Mapping of VM instance ID by display name","description_kind":"plain","computed":true},"state":{"type":"string","description":"Power state of the VM","description_kind":"plain","optional":true},"value_type":{"type":"string","description":"Type of data populated in map value","description_kind":"plain","optional":true}},"block_types":{"context":{"nesting_mode":"list","block":{"attributes":{"project_id":{"type":"string","description":"Id of the project which the resource belongs to.","description_kind":"plain","required":true}},"description":"Resource context","description_kind":"plain"},"max_items":1}},"description_kind":"plain"}},"nsxt_policy_vni_pool":{"version":0,"block":{"attributes":{"description":{"type":"string","description":"Description for this resource","description_kind":"plain","optional":true,"computed":true},"display_name":{"type":"string","description":"Display name of this resource","description_kind":"plain","optional":true,"computed":true},"end":{"type":"number","description":"End of VNI Pool range","description_kind":"plain","computed":true},"id":{"type":"string","description":"Unique ID of this resource","description_kind":"plain","optional":true,"computed":true},"path":{"type":"string","description":"Policy path for this resource","description_kind":"plain","computed":true},"start":{"type":"number","description":"Start of VNI Pool range","description_kind":"plain","computed":true}},"description_kind":"plain"}},"nsxt_provider_info":{"version":0,"block":{"attributes":{"commit":{"type":"string","description":"Latest commit hash","description_kind":"plain","computed":true},"date":{"type":"string","description":"Date compiled","description_kind":"plain","computed":true},"id":{"type":"string","description_kind":"plain","optional":true,"computed":true}},"description_kind":"plain"}},"nsxt_switching_profile":{"version":0,"block":{"attributes":{"description":{"type":"string","description":"Description of this resource","description_kind":"plain","optional":true,"computed":true},"display_name":{"type":"string","description":"The display name of this resource","description_kind":"plain","optional":true,"computed":true},"id":{"type":"string","description":"Unique ID of this resource","description_kind":"plain","optional":true,"computed":true},"resource_type":{"type":"string","description":"The resource type representing the specific type of this profile","description_kind":"plain","computed":true}},"description_kind":"plain","deprecated":true}},"nsxt_transport_node_realization":{"version":0,"block":{"attributes":{"delay":{"type":"number","description":"Initial delay to start realization checks in seconds","description_kind":"plain","optional":true},"id":{"type":"string","description":"Unique ID of this resource","description_kind":"plain","required":true},"state":{"type":"string","description":"Overall state of desired configuration","description_kind":"plain","computed":true},"timeout":{"type":"number","description":"Realization timeout in seconds","description_kind":"plain","optional":true}},"description_kind":"plain"}},"nsxt_transport_zone":{"version":0,"block":{"attributes":{"description":{"type":"string","description":"Description of this resource","description_kind":"plain","optional":true,"computed":true},"display_name":{"type":"string","description":"The display name of this resource","description_kind":"plain","optional":true,"computed":true},"host_switch_name":{"type":"string","description":"Name of the host switch on all transport nodes in this transport zone that will be used to run NSX network traffic","description_kind":"plain","optional":true,"computed":true},"id":{"type":"string","description":"Unique ID of this resource","description_kind":"plain","optional":true,"computed":true},"transport_type":{"type":"string","description":"The transport type of this transport zone (OVERLAY or VLAN)","description_kind":"plain","optional":true,"computed":true}},"description_kind":"plain","deprecated":true}},"nsxt_uplink_host_switch_profile":{"version":0,"block":{"attributes":{"description":{"type":"string","description":"Description for this resource","description_kind":"plain","optional":true},"display_name":{"type":"string","description":"Display name for this resource","description_kind":"plain","required":true},"id":{"type":"string","description":"Unique ID of this resource","description_kind":"plain","optional":true,"computed":true},"path":{"type":"string","description":"Policy path for this resource","description_kind":"plain","computed":true}},"description_kind":"plain"}}}}}}
